{
  "version": 4,
  "terraform_version": "1.7.3",
  "serial": 265,
  "lineage": "a62b20c1-a314-955a-1118-202bc64be4dc",
  "outputs": {
    "controller_ip": {
      "value": "52.173.128.238",
      "type": "string"
    },
    "private_ip_addresses": {
      "value": {
        "0": "10.0.1.10",
        "1": "10.0.1.11",
        "2": "10.0.1.12"
      },
      "type": [
        "object",
        {
          "0": "string",
          "1": "string",
          "2": "string"
        }
      ]
    },
    "private_key": {
      "value": "-----BEGIN RSA PRIVATE KEY-----\nMIIJKQIBAAKCAgEA0n5VnY9DkH3CAJuMi0yUhuCxtj5G4k5+Je0Vqm3/c8OIclgJ\nBvmO6dT4/P4HOld3+ALXCa0kF+khqqaBYHD02OxyvMN/Hc9e/pImNK07izgUnbkx\nAJe2okcndbZTV/7KVPwj8OiJz4+tHE5UtC/bBGT3MPyY5qVpzg40O5CiaWLua141\ngbWLir8EbXeA9PLfwpjZMWiD20CkCBIR9TtlBSQPfYV9PMWPj8ZrA+d3p1A+5TqC\nxyeMOpV3jDRuaXTBBGSH8IS2rk9H/kp6pcSG4fCgFuCyQcz8zm1BukgRMej1Q0yx\nklHqWGaIpvgesl3xSuUsLCnIhpkD0CJzp9h+9Bk+yJmPTVMdSV3fMATCZ7dEoXBO\nnqzpgIzl6mtZhA22C+tdtEdpgF1KKiBNrtDe9z4wDr9kE7jxK5gko6FoaAvvgCB7\nblHszVJUDFXbpH/vMQIyHQN0M5PGNk/6/6nhU3eT9HwwiyaMiW7at5GC7mE/hrhn\n99HWTbz3gGZ48hkF3Azf/fLSCtRCVu7GBoLp+aTXxkBKq5shZ8Qx3SmZbM/Gspt2\nt/hjf8l8qrsw9XY+Jw7DDPzxJxWvSv28+7uL4Bx/qqrlKtYGEYHIXH3pgdWhZkBz\nAyC9ocXVhcuM8oaZhLMnuE2IOtuZY9kN5boDkYHuyvJoTGUuGhNu6qzNGwcCAwEA\nAQKCAgB8irMtXi6jt0SqB17IrK7Ufu2m3oIiND7/QZ+oDx0t6Ws5/EybC907DP+k\n8MhmBIq++y8wUnkgjJeW2J2D6lF0Z7IbbbAwexnBlcd1M2ofnTbVe1U6/Ijayy7V\nvuLhFaexUN4TFAM2A9RxAweq9QWpO/Pl0A7HqOdJO6477/+oSxi1/i+6ZygBF7QO\n8L4kL++ku7sGOMiLWVu0SrzFVDcZK5Tet7S52Epwzv1SegmZvSj5h/0IyKV3pCfv\nlLYfPy1U5AZqkJtl1xLJqleW7QjBdhXCc4AE3rxVht900F8cILG8+Au4fy8gzsnb\nwMKo1lyF68KO/snemXpgE4JKtRWnVEhYErOWa09yxEBfh3YAiPHUZch+ygbsv38v\nBFcE3LNEUsCxnR8Km9RLplvaQCeiXs7ziWjJCBPRJqk47duTr7ea6SYOLF/pI6nY\nMxFhPolMO2hJWYT+ttE8jL1ckc7TnfXwdLarQYKDl90aN2w3HPiWE9alZP4CXzSG\nmL0MeMXzbg8IMDbtkdNWUEXTNLM6fQI0SsRhYA2zneAWTXlQhFYmhYH1bt6em5DT\ngxLaYG9tWPJMUlbf+dFeX6dH6USDhu/IzwPv7B5nGar7tqmnVXw8yno5U0JhUtB3\nohEn3oUwoKUIFaRL7ch86/b/Hvk+6L7c9TeMHQvK4QhhqdwBwQKCAQEA2F5NvaSj\nj88fb4qSWLuJHYqpImsl+o+Aa77Y1l2UpI9km01A+tgRoVFia2+LN1IgrDraZwrd\nR3+XY6oEatSCWP8uuJP8XV7VTjuYA8AIl/9C2THdNW0F6a8uI1r2RERDKViwgq0H\nepeCyxjwNcne/D9rxNQTrNhEJWoD6r4h7bZzfmybrDauwwnjL2j1gC9p/5AfPjQp\nDURYL7mfEnzGr/neUwyPwDsVRh+JAQ1jOMQWh398CL5lez3LpJ/t6ZB02LFJlLcQ\nsVgz13ivJSeCmGypva2FVpnuBae5ZkHLTPsV92NT0J5yTRFK0dP2Wo4tOPq38P2p\nlRvRCK301kbfFQKCAQEA+QyNe6lSdw2HjLScWkigLcErpOW2XowhkpNnix7WuJXu\nNIOPkfbXZZ/k1/DigPpqQSPuagNsT1hgo9pGVGOc8wktU9Pa1Qk0kpLo2oWHoAmi\nLe+UqyCiXO0FVeoulcJr9n5aPt39GEw+m++A+i6IcP3d62mu1DbEKDk0xup4xdWW\nKcRPUdzQQgRE0qq8b29NrTliJ+Zd+eDx7S0pxawBWm9TYyLxBV/xSRx9p4FxQtom\n3f2Mzbob3I9xZduQlueHSZgV/W5H4bgkzuYq7sXrLLQqsaA7GXHkhL+2nmH0/8Bz\nqN/aJQ0N5AMJNPByh2KaaI1cqDuscqPmZwCIfmO4qwKCAQEAmHcTZvAuBXdZWnsW\nFwrHWxbLiiJg18fpIYORPrUgujkFFt6ATIKXIcq8hKJMQoZP2a17GyMvvGMvZZ53\nkGQBGf9vh8dYDN93hbI+s13NcHYCQBSAIVaa1QmJhIZjhMVpYihJ8TtGSt+a3czL\n78s5oxx5r3AWETUwCAFFk1O5is2HYu3bYKYDzhIYkd7vKA3BLsH7EhUlXGDtl2vA\nqQFd7MExJepzHW1E123/V8t8QJMEoSR3XZ302rw31OCRgIU3oT6EcBPz4lQZ69rx\n6EeIIipoDe3JSLYdYMTIw0LXpH5GA1ZtyFLujloCFAu9zB/lxAIAPgQxTI4WZXxX\nS+sS5QKCAQEAv6u/f7qystmAxvOBmaJnVI9kjYYVMvLaK7qyZ8mWK32IVHYkGoxE\n/ftu3hqP1//horyKkqCLzQ0RY0lr8yqu8gTQE8HqmyZ4hY33E6bM2IhRftTyMDnv\ne2EXSCXxMGTvPkfEILosPXUAgnZzZxhE/eED2Ff/q2dy1Boi2iw+QtO8u+xPt4sf\n5I7wgMnSOFkLCRQuzNJo5RUQXB70FSPp7rXbEWMk56QNSN1af34Jsw+99f9bTEG9\ni6QB/AhdYSZTYnpgAinLvJZCDdHqnNVJx5/pc8cDdPPIkboSTBbLvcFZwlB1zSoc\n1KzZexrKqhNjDrAs7XTvpVMq0X8BjXQl/QKCAQBJUc99TGW6hf3xgUkma9dYflL4\nxPcZ/uzGFkf5DNYR5TXjXMTOEAxiytpxiTkzplsqiV86aXAVXwF7Yo7v7VgHHFAJ\nqqZjw/v8SPtpRN8XwtoRYXzUbh7AU/ZucFgG/QTo5JELAJvJalo8KpKhRqyNoE7K\nwluMr2RCC2qPOGs7m0UsBRQx0T6I5puwl///q9xoOHXORglHjdWyO5eAOj/KboM1\nLVlYQ4yCLkkmY4T0oa/vZ300lDG8qjKfc6vyXLDjH0LAJrvczqJPkzmUH1tQPMN/\nHeawKTRylZJpLd8/H0oLQrM0fslBJRwvgwvGiwrgho6mWHgRh8trl5gzHIDv\n-----END RSA PRIVATE KEY-----\n",
      "type": "string",
      "sensitive": true
    }
  },
  "resources": [
    {
      "mode": "managed",
      "type": "azurerm_linux_virtual_machine",
      "name": "nodecontroller",
      "provider": "provider[\"registry.terraform.io/hashicorp/azurerm\"]",
      "instances": [
        {
          "schema_version": 0,
          "attributes": {
            "additional_capabilities": [],
            "admin_password": "P@ssw0rd!123",
            "admin_ssh_key": [
              {
                "public_key": "ssh-rsa AAAAB3NzaC1yc2EAAAADAQABAAACAQDSflWdj0OQfcIAm4yLTJSG4LG2PkbiTn4l7RWqbf9zw4hyWAkG+Y7p1Pj8/gc6V3f4AtcJrSQX6SGqpoFgcPTY7HK8w38dz17+kiY0rTuLOBSduTEAl7aiRyd1tlNX/spU/CPw6InPj60cTlS0L9sEZPcw/JjmpWnODjQ7kKJpYu5rXjWBtYuKvwRtd4D08t/CmNkxaIPbQKQIEhH1O2UFJA99hX08xY+PxmsD53enUD7lOoLHJ4w6lXeMNG5pdMEEZIfwhLauT0f+SnqlxIbh8KAW4LJBzPzObUG6SBEx6PVDTLGSUepYZoim+B6yXfFK5SwsKciGmQPQInOn2H70GT7ImY9NUx1JXd8wBMJnt0ShcE6erOmAjOXqa1mEDbYL6120R2mAXUoqIE2u0N73PjAOv2QTuPErmCSjoWhoC++AIHtuUezNUlQMVdukf+8xAjIdA3Qzk8Y2T/r/qeFTd5P0fDCLJoyJbtq3kYLuYT+GuGf30dZNvPeAZnjyGQXcDN/98tIK1EJW7sYGgun5pNfGQEqrmyFnxDHdKZlsz8aym3a3+GN/yXyquzD1dj4nDsMM/PEnFa9K/bz7u4vgHH+qquUq1gYRgchcfemB1aFmQHMDIL2hxdWFy4zyhpmEsye4TYg625lj2Q3lugORge7K8mhMZS4aE27qrM0bBw==\n",
                "username": "rooty"
              }
            ],
            "admin_username": "rooty",
            "allow_extension_operations": true,
            "availability_set_id": "",
            "boot_diagnostics": [],
            "bypass_platform_safety_checks_on_user_schedule_enabled": false,
            "capacity_reservation_group_id": "",
            "computer_name": "nodecontroller",
            "custom_data": null,
            "dedicated_host_group_id": "",
            "dedicated_host_id": "",
            "disable_password_authentication": true,
            "disk_controller_type": "",
            "edge_zone": "",
            "encryption_at_host_enabled": false,
            "eviction_policy": "",
            "extensions_time_budget": "PT1H30M",
            "gallery_application": [],
            "id": "/subscriptions/c20f51b2-62aa-4af4-8033-ed6246ab50ca/resourceGroups/ansible_group/providers/Microsoft.Compute/virtualMachines/nodecontroller",
            "identity": [],
            "license_type": "",
            "location": "centralus",
            "max_bid_price": -1,
            "name": "nodecontroller",
            "network_interface_ids": [
              "/subscriptions/c20f51b2-62aa-4af4-8033-ed6246ab50ca/resourceGroups/ansible_group/providers/Microsoft.Network/networkInterfaces/nic_prod_controller"
            ],
            "os_disk": [
              {
                "caching": "ReadWrite",
                "diff_disk_settings": [],
                "disk_encryption_set_id": "",
                "disk_size_gb": 30,
                "name": "NodeControlDisk",
                "secure_vm_disk_encryption_set_id": "",
                "security_encryption_type": "",
                "storage_account_type": "Premium_LRS",
                "write_accelerator_enabled": false
              }
            ],
            "os_image_notification": [],
            "patch_assessment_mode": "ImageDefault",
            "patch_mode": "ImageDefault",
            "plan": [],
            "platform_fault_domain": -1,
            "priority": "Regular",
            "private_ip_address": "10.0.1.4",
            "private_ip_addresses": [
              "10.0.1.4"
            ],
            "provision_vm_agent": true,
            "proximity_placement_group_id": "",
            "public_ip_address": "52.173.128.238",
            "public_ip_addresses": [
              "52.173.128.238"
            ],
            "reboot_setting": "",
            "resource_group_name": "ansible_group",
            "secret": [],
            "secure_boot_enabled": false,
            "size": "Standard_DS1_v2",
            "source_image_id": "",
            "source_image_reference": [
              {
                "offer": "0001-com-ubuntu-server-jammy",
                "publisher": "Canonical",
                "sku": "22_04-lts",
                "version": "latest"
              }
            ],
            "tags": null,
            "termination_notification": null,
            "timeouts": null,
            "user_data": "",
            "virtual_machine_id": "dd6acb17-ac9a-47da-8278-4651defce91f",
            "virtual_machine_scale_set_id": "",
            "vm_agent_platform_updates_enabled": false,
            "vtpm_enabled": false,
            "zone": ""
          },
          "sensitive_attributes": [],
          "private": "eyJlMmJmYjczMC1lY2FhLTExZTYtOGY4OC0zNDM2M2JjN2M0YzAiOnsiY3JlYXRlIjoyNzAwMDAwMDAwMDAwLCJkZWxldGUiOjI3MDAwMDAwMDAwMDAsInJlYWQiOjMwMDAwMDAwMDAwMCwidXBkYXRlIjoyNzAwMDAwMDAwMDAwfX0=",
          "dependencies": [
            "azurerm_network_interface.nic_prod_controller",
            "azurerm_public_ip.pubip_controller",
            "azurerm_resource_group.prod_group",
            "azurerm_subnet.subnet_prod",
            "azurerm_virtual_network.vnet_prod",
            "tls_private_key.ssh_key_linux_openssh"
          ]
        }
      ]
    },
    {
      "mode": "managed",
      "type": "azurerm_linux_virtual_machine",
      "name": "nodes",
      "provider": "provider[\"registry.terraform.io/hashicorp/azurerm\"]",
      "instances": [
        {
          "index_key": 0,
          "schema_version": 0,
          "attributes": {
            "additional_capabilities": [],
            "admin_password": "P@ssw0rd!123",
            "admin_ssh_key": [
              {
                "public_key": "ssh-rsa AAAAB3NzaC1yc2EAAAADAQABAAACAQDSflWdj0OQfcIAm4yLTJSG4LG2PkbiTn4l7RWqbf9zw4hyWAkG+Y7p1Pj8/gc6V3f4AtcJrSQX6SGqpoFgcPTY7HK8w38dz17+kiY0rTuLOBSduTEAl7aiRyd1tlNX/spU/CPw6InPj60cTlS0L9sEZPcw/JjmpWnODjQ7kKJpYu5rXjWBtYuKvwRtd4D08t/CmNkxaIPbQKQIEhH1O2UFJA99hX08xY+PxmsD53enUD7lOoLHJ4w6lXeMNG5pdMEEZIfwhLauT0f+SnqlxIbh8KAW4LJBzPzObUG6SBEx6PVDTLGSUepYZoim+B6yXfFK5SwsKciGmQPQInOn2H70GT7ImY9NUx1JXd8wBMJnt0ShcE6erOmAjOXqa1mEDbYL6120R2mAXUoqIE2u0N73PjAOv2QTuPErmCSjoWhoC++AIHtuUezNUlQMVdukf+8xAjIdA3Qzk8Y2T/r/qeFTd5P0fDCLJoyJbtq3kYLuYT+GuGf30dZNvPeAZnjyGQXcDN/98tIK1EJW7sYGgun5pNfGQEqrmyFnxDHdKZlsz8aym3a3+GN/yXyquzD1dj4nDsMM/PEnFa9K/bz7u4vgHH+qquUq1gYRgchcfemB1aFmQHMDIL2hxdWFy4zyhpmEsye4TYg625lj2Q3lugORge7K8mhMZS4aE27qrM0bBw==\n",
                "username": "rooty"
              }
            ],
            "admin_username": "rooty",
            "allow_extension_operations": true,
            "availability_set_id": "",
            "boot_diagnostics": [],
            "bypass_platform_safety_checks_on_user_schedule_enabled": false,
            "capacity_reservation_group_id": "",
            "computer_name": "node-web01",
            "custom_data": null,
            "dedicated_host_group_id": "",
            "dedicated_host_id": "",
            "disable_password_authentication": true,
            "disk_controller_type": "",
            "edge_zone": "",
            "encryption_at_host_enabled": false,
            "eviction_policy": "",
            "extensions_time_budget": "PT1H30M",
            "gallery_application": [],
            "id": "/subscriptions/c20f51b2-62aa-4af4-8033-ed6246ab50ca/resourceGroups/ansible_group/providers/Microsoft.Compute/virtualMachines/node-web01",
            "identity": [],
            "license_type": "",
            "location": "centralus",
            "max_bid_price": -1,
            "name": "node-web01",
            "network_interface_ids": [
              "/subscriptions/c20f51b2-62aa-4af4-8033-ed6246ab50ca/resourceGroups/ansible_group/providers/Microsoft.Network/networkInterfaces/nic_prod_node_0"
            ],
            "os_disk": [
              {
                "caching": "ReadWrite",
                "diff_disk_settings": [],
                "disk_encryption_set_id": "",
                "disk_size_gb": 30,
                "name": "node0Disk",
                "secure_vm_disk_encryption_set_id": "",
                "security_encryption_type": "",
                "storage_account_type": "Premium_LRS",
                "write_accelerator_enabled": false
              }
            ],
            "os_image_notification": [],
            "patch_assessment_mode": "ImageDefault",
            "patch_mode": "ImageDefault",
            "plan": [],
            "platform_fault_domain": -1,
            "priority": "Regular",
            "private_ip_address": "10.0.1.10",
            "private_ip_addresses": [
              "10.0.1.10"
            ],
            "provision_vm_agent": true,
            "proximity_placement_group_id": "",
            "public_ip_address": "52.173.128.243",
            "public_ip_addresses": [
              "52.173.128.243"
            ],
            "reboot_setting": "",
            "resource_group_name": "ansible_group",
            "secret": [],
            "secure_boot_enabled": false,
            "size": "Standard_DS1_v2",
            "source_image_id": "",
            "source_image_reference": [
              {
                "offer": "0001-com-ubuntu-server-jammy",
                "publisher": "Canonical",
                "sku": "22_04-lts",
                "version": "latest"
              }
            ],
            "tags": null,
            "termination_notification": null,
            "timeouts": null,
            "user_data": "",
            "virtual_machine_id": "db58603e-e2b3-4e9e-a612-34af466c137a",
            "virtual_machine_scale_set_id": "",
            "vm_agent_platform_updates_enabled": false,
            "vtpm_enabled": false,
            "zone": ""
          },
          "sensitive_attributes": [],
          "private": "eyJlMmJmYjczMC1lY2FhLTExZTYtOGY4OC0zNDM2M2JjN2M0YzAiOnsiY3JlYXRlIjoyNzAwMDAwMDAwMDAwLCJkZWxldGUiOjI3MDAwMDAwMDAwMDAsInJlYWQiOjMwMDAwMDAwMDAwMCwidXBkYXRlIjoyNzAwMDAwMDAwMDAwfX0=",
          "dependencies": [
            "azurerm_network_interface.nic_prod_nodes",
            "azurerm_public_ip.pubip_node_serve",
            "azurerm_resource_group.prod_group",
            "azurerm_subnet.subnet_prod",
            "azurerm_virtual_network.vnet_prod",
            "tls_private_key.ssh_key_linux_openssh"
          ]
        },
        {
          "index_key": 1,
          "schema_version": 0,
          "attributes": {
            "additional_capabilities": [],
            "admin_password": "P@ssw0rd!123",
            "admin_ssh_key": [
              {
                "public_key": "ssh-rsa AAAAB3NzaC1yc2EAAAADAQABAAACAQDSflWdj0OQfcIAm4yLTJSG4LG2PkbiTn4l7RWqbf9zw4hyWAkG+Y7p1Pj8/gc6V3f4AtcJrSQX6SGqpoFgcPTY7HK8w38dz17+kiY0rTuLOBSduTEAl7aiRyd1tlNX/spU/CPw6InPj60cTlS0L9sEZPcw/JjmpWnODjQ7kKJpYu5rXjWBtYuKvwRtd4D08t/CmNkxaIPbQKQIEhH1O2UFJA99hX08xY+PxmsD53enUD7lOoLHJ4w6lXeMNG5pdMEEZIfwhLauT0f+SnqlxIbh8KAW4LJBzPzObUG6SBEx6PVDTLGSUepYZoim+B6yXfFK5SwsKciGmQPQInOn2H70GT7ImY9NUx1JXd8wBMJnt0ShcE6erOmAjOXqa1mEDbYL6120R2mAXUoqIE2u0N73PjAOv2QTuPErmCSjoWhoC++AIHtuUezNUlQMVdukf+8xAjIdA3Qzk8Y2T/r/qeFTd5P0fDCLJoyJbtq3kYLuYT+GuGf30dZNvPeAZnjyGQXcDN/98tIK1EJW7sYGgun5pNfGQEqrmyFnxDHdKZlsz8aym3a3+GN/yXyquzD1dj4nDsMM/PEnFa9K/bz7u4vgHH+qquUq1gYRgchcfemB1aFmQHMDIL2hxdWFy4zyhpmEsye4TYg625lj2Q3lugORge7K8mhMZS4aE27qrM0bBw==\n",
                "username": "rooty"
              }
            ],
            "admin_username": "rooty",
            "allow_extension_operations": true,
            "availability_set_id": "",
            "boot_diagnostics": [],
            "bypass_platform_safety_checks_on_user_schedule_enabled": false,
            "capacity_reservation_group_id": "",
            "computer_name": "node-database02",
            "custom_data": null,
            "dedicated_host_group_id": "",
            "dedicated_host_id": "",
            "disable_password_authentication": true,
            "disk_controller_type": "",
            "edge_zone": "",
            "encryption_at_host_enabled": false,
            "eviction_policy": "",
            "extensions_time_budget": "PT1H30M",
            "gallery_application": [],
            "id": "/subscriptions/c20f51b2-62aa-4af4-8033-ed6246ab50ca/resourceGroups/ansible_group/providers/Microsoft.Compute/virtualMachines/node-database02",
            "identity": [],
            "license_type": "",
            "location": "centralus",
            "max_bid_price": -1,
            "name": "node-database02",
            "network_interface_ids": [
              "/subscriptions/c20f51b2-62aa-4af4-8033-ed6246ab50ca/resourceGroups/ansible_group/providers/Microsoft.Network/networkInterfaces/nic_prod_node_1"
            ],
            "os_disk": [
              {
                "caching": "ReadWrite",
                "diff_disk_settings": [],
                "disk_encryption_set_id": "",
                "disk_size_gb": 30,
                "name": "node1Disk",
                "secure_vm_disk_encryption_set_id": "",
                "security_encryption_type": "",
                "storage_account_type": "Premium_LRS",
                "write_accelerator_enabled": false
              }
            ],
            "os_image_notification": [],
            "patch_assessment_mode": "ImageDefault",
            "patch_mode": "ImageDefault",
            "plan": [],
            "platform_fault_domain": -1,
            "priority": "Regular",
            "private_ip_address": "10.0.1.11",
            "private_ip_addresses": [
              "10.0.1.11"
            ],
            "provision_vm_agent": true,
            "proximity_placement_group_id": "",
            "public_ip_address": "52.173.128.235",
            "public_ip_addresses": [
              "52.173.128.235"
            ],
            "reboot_setting": "",
            "resource_group_name": "ansible_group",
            "secret": [],
            "secure_boot_enabled": false,
            "size": "Standard_DS1_v2",
            "source_image_id": "",
            "source_image_reference": [
              {
                "offer": "0001-com-ubuntu-server-jammy",
                "publisher": "Canonical",
                "sku": "22_04-lts",
                "version": "latest"
              }
            ],
            "tags": null,
            "termination_notification": null,
            "timeouts": null,
            "user_data": "",
            "virtual_machine_id": "b11d64d3-b653-4e96-a89e-0841f28466a6",
            "virtual_machine_scale_set_id": "",
            "vm_agent_platform_updates_enabled": false,
            "vtpm_enabled": false,
            "zone": ""
          },
          "sensitive_attributes": [],
          "private": "eyJlMmJmYjczMC1lY2FhLTExZTYtOGY4OC0zNDM2M2JjN2M0YzAiOnsiY3JlYXRlIjoyNzAwMDAwMDAwMDAwLCJkZWxldGUiOjI3MDAwMDAwMDAwMDAsInJlYWQiOjMwMDAwMDAwMDAwMCwidXBkYXRlIjoyNzAwMDAwMDAwMDAwfX0=",
          "dependencies": [
            "azurerm_network_interface.nic_prod_nodes",
            "azurerm_public_ip.pubip_node_serve",
            "azurerm_resource_group.prod_group",
            "azurerm_subnet.subnet_prod",
            "azurerm_virtual_network.vnet_prod",
            "tls_private_key.ssh_key_linux_openssh"
          ]
        },
        {
          "index_key": 2,
          "schema_version": 0,
          "attributes": {
            "additional_capabilities": [],
            "admin_password": "P@ssw0rd!123",
            "admin_ssh_key": [
              {
                "public_key": "ssh-rsa AAAAB3NzaC1yc2EAAAADAQABAAACAQDSflWdj0OQfcIAm4yLTJSG4LG2PkbiTn4l7RWqbf9zw4hyWAkG+Y7p1Pj8/gc6V3f4AtcJrSQX6SGqpoFgcPTY7HK8w38dz17+kiY0rTuLOBSduTEAl7aiRyd1tlNX/spU/CPw6InPj60cTlS0L9sEZPcw/JjmpWnODjQ7kKJpYu5rXjWBtYuKvwRtd4D08t/CmNkxaIPbQKQIEhH1O2UFJA99hX08xY+PxmsD53enUD7lOoLHJ4w6lXeMNG5pdMEEZIfwhLauT0f+SnqlxIbh8KAW4LJBzPzObUG6SBEx6PVDTLGSUepYZoim+B6yXfFK5SwsKciGmQPQInOn2H70GT7ImY9NUx1JXd8wBMJnt0ShcE6erOmAjOXqa1mEDbYL6120R2mAXUoqIE2u0N73PjAOv2QTuPErmCSjoWhoC++AIHtuUezNUlQMVdukf+8xAjIdA3Qzk8Y2T/r/qeFTd5P0fDCLJoyJbtq3kYLuYT+GuGf30dZNvPeAZnjyGQXcDN/98tIK1EJW7sYGgun5pNfGQEqrmyFnxDHdKZlsz8aym3a3+GN/yXyquzD1dj4nDsMM/PEnFa9K/bz7u4vgHH+qquUq1gYRgchcfemB1aFmQHMDIL2hxdWFy4zyhpmEsye4TYg625lj2Q3lugORge7K8mhMZS4aE27qrM0bBw==\n",
                "username": "rooty"
              }
            ],
            "admin_username": "rooty",
            "allow_extension_operations": true,
            "availability_set_id": "",
            "boot_diagnostics": [],
            "bypass_platform_safety_checks_on_user_schedule_enabled": false,
            "capacity_reservation_group_id": "",
            "computer_name": "node-api03",
            "custom_data": null,
            "dedicated_host_group_id": "",
            "dedicated_host_id": "",
            "disable_password_authentication": true,
            "disk_controller_type": "",
            "edge_zone": "",
            "encryption_at_host_enabled": false,
            "eviction_policy": "",
            "extensions_time_budget": "PT1H30M",
            "gallery_application": [],
            "id": "/subscriptions/c20f51b2-62aa-4af4-8033-ed6246ab50ca/resourceGroups/ansible_group/providers/Microsoft.Compute/virtualMachines/node-api03",
            "identity": [],
            "license_type": "",
            "location": "centralus",
            "max_bid_price": -1,
            "name": "node-api03",
            "network_interface_ids": [
              "/subscriptions/c20f51b2-62aa-4af4-8033-ed6246ab50ca/resourceGroups/ansible_group/providers/Microsoft.Network/networkInterfaces/nic_prod_node_2"
            ],
            "os_disk": [
              {
                "caching": "ReadWrite",
                "diff_disk_settings": [],
                "disk_encryption_set_id": "",
                "disk_size_gb": 30,
                "name": "node2Disk",
                "secure_vm_disk_encryption_set_id": "",
                "security_encryption_type": "",
                "storage_account_type": "Premium_LRS",
                "write_accelerator_enabled": false
              }
            ],
            "os_image_notification": [],
            "patch_assessment_mode": "ImageDefault",
            "patch_mode": "ImageDefault",
            "plan": [],
            "platform_fault_domain": -1,
            "priority": "Regular",
            "private_ip_address": "10.0.1.12",
            "private_ip_addresses": [
              "10.0.1.12"
            ],
            "provision_vm_agent": true,
            "proximity_placement_group_id": "",
            "public_ip_address": "52.173.128.250",
            "public_ip_addresses": [
              "52.173.128.250"
            ],
            "reboot_setting": "",
            "resource_group_name": "ansible_group",
            "secret": [],
            "secure_boot_enabled": false,
            "size": "Standard_DS1_v2",
            "source_image_id": "",
            "source_image_reference": [
              {
                "offer": "0001-com-ubuntu-server-jammy",
                "publisher": "Canonical",
                "sku": "22_04-lts",
                "version": "latest"
              }
            ],
            "tags": null,
            "termination_notification": null,
            "timeouts": null,
            "user_data": "",
            "virtual_machine_id": "4054d105-e385-4a86-ac11-6d8e72a9ef22",
            "virtual_machine_scale_set_id": "",
            "vm_agent_platform_updates_enabled": false,
            "vtpm_enabled": false,
            "zone": ""
          },
          "sensitive_attributes": [],
          "private": "eyJlMmJmYjczMC1lY2FhLTExZTYtOGY4OC0zNDM2M2JjN2M0YzAiOnsiY3JlYXRlIjoyNzAwMDAwMDAwMDAwLCJkZWxldGUiOjI3MDAwMDAwMDAwMDAsInJlYWQiOjMwMDAwMDAwMDAwMCwidXBkYXRlIjoyNzAwMDAwMDAwMDAwfX0=",
          "dependencies": [
            "azurerm_network_interface.nic_prod_nodes",
            "azurerm_public_ip.pubip_node_serve",
            "azurerm_resource_group.prod_group",
            "azurerm_subnet.subnet_prod",
            "azurerm_virtual_network.vnet_prod",
            "tls_private_key.ssh_key_linux_openssh"
          ]
        }
      ]
    },
    {
      "mode": "managed",
      "type": "azurerm_network_interface",
      "name": "nic_prod_controller",
      "provider": "provider[\"registry.terraform.io/hashicorp/azurerm\"]",
      "instances": [
        {
          "schema_version": 0,
          "attributes": {
            "applied_dns_servers": [],
            "auxiliary_mode": "",
            "auxiliary_sku": "",
            "dns_servers": [],
            "edge_zone": "",
            "enable_accelerated_networking": false,
            "enable_ip_forwarding": false,
            "id": "/subscriptions/c20f51b2-62aa-4af4-8033-ed6246ab50ca/resourceGroups/ansible_group/providers/Microsoft.Network/networkInterfaces/nic_prod_controller",
            "internal_dns_name_label": "",
            "internal_domain_name_suffix": "5uenpfzplkcehccpcyyy0zq42e.gx.internal.cloudapp.net",
            "ip_configuration": [
              {
                "gateway_load_balancer_frontend_ip_configuration_id": "",
                "name": "nic_controller_config",
                "primary": true,
                "private_ip_address": "10.0.1.4",
                "private_ip_address_allocation": "Dynamic",
                "private_ip_address_version": "IPv4",
                "public_ip_address_id": "/subscriptions/c20f51b2-62aa-4af4-8033-ed6246ab50ca/resourceGroups/ansible_group/providers/Microsoft.Network/publicIPAddresses/pubip_controller",
                "subnet_id": "/subscriptions/c20f51b2-62aa-4af4-8033-ed6246ab50ca/resourceGroups/ansible_group/providers/Microsoft.Network/virtualNetworks/vnet_prod/subnets/subnet_prod_internal"
              }
            ],
            "location": "centralus",
            "mac_address": "",
            "name": "nic_prod_controller",
            "private_ip_address": "10.0.1.4",
            "private_ip_addresses": [
              "10.0.1.4"
            ],
            "resource_group_name": "ansible_group",
            "tags": null,
            "timeouts": null,
            "virtual_machine_id": ""
          },
          "sensitive_attributes": [],
          "private": "eyJlMmJmYjczMC1lY2FhLTExZTYtOGY4OC0zNDM2M2JjN2M0YzAiOnsiY3JlYXRlIjoxODAwMDAwMDAwMDAwLCJkZWxldGUiOjE4MDAwMDAwMDAwMDAsInJlYWQiOjMwMDAwMDAwMDAwMCwidXBkYXRlIjoxODAwMDAwMDAwMDAwfX0=",
          "dependencies": [
            "azurerm_public_ip.pubip_controller",
            "azurerm_resource_group.prod_group",
            "azurerm_subnet.subnet_prod",
            "azurerm_virtual_network.vnet_prod"
          ]
        }
      ]
    },
    {
      "mode": "managed",
      "type": "azurerm_network_interface",
      "name": "nic_prod_nodes",
      "provider": "provider[\"registry.terraform.io/hashicorp/azurerm\"]",
      "instances": [
        {
          "index_key": 0,
          "schema_version": 0,
          "attributes": {
            "applied_dns_servers": [],
            "auxiliary_mode": "",
            "auxiliary_sku": "",
            "dns_servers": [],
            "edge_zone": "",
            "enable_accelerated_networking": false,
            "enable_ip_forwarding": false,
            "id": "/subscriptions/c20f51b2-62aa-4af4-8033-ed6246ab50ca/resourceGroups/ansible_group/providers/Microsoft.Network/networkInterfaces/nic_prod_node_0",
            "internal_dns_name_label": "",
            "internal_domain_name_suffix": "5uenpfzplkcehccpcyyy0zq42e.gx.internal.cloudapp.net",
            "ip_configuration": [
              {
                "gateway_load_balancer_frontend_ip_configuration_id": "",
                "name": "nic_node_0_config",
                "primary": true,
                "private_ip_address": "10.0.1.10",
                "private_ip_address_allocation": "Static",
                "private_ip_address_version": "IPv4",
                "public_ip_address_id": "/subscriptions/c20f51b2-62aa-4af4-8033-ed6246ab50ca/resourceGroups/ansible_group/providers/Microsoft.Network/publicIPAddresses/pubip_node_0",
                "subnet_id": "/subscriptions/c20f51b2-62aa-4af4-8033-ed6246ab50ca/resourceGroups/ansible_group/providers/Microsoft.Network/virtualNetworks/vnet_prod/subnets/subnet_prod_internal"
              }
            ],
            "location": "centralus",
            "mac_address": "",
            "name": "nic_prod_node_0",
            "private_ip_address": "10.0.1.10",
            "private_ip_addresses": [
              "10.0.1.10"
            ],
            "resource_group_name": "ansible_group",
            "tags": null,
            "timeouts": null,
            "virtual_machine_id": ""
          },
          "sensitive_attributes": [],
          "private": "eyJlMmJmYjczMC1lY2FhLTExZTYtOGY4OC0zNDM2M2JjN2M0YzAiOnsiY3JlYXRlIjoxODAwMDAwMDAwMDAwLCJkZWxldGUiOjE4MDAwMDAwMDAwMDAsInJlYWQiOjMwMDAwMDAwMDAwMCwidXBkYXRlIjoxODAwMDAwMDAwMDAwfX0=",
          "dependencies": [
            "azurerm_public_ip.pubip_node_serve",
            "azurerm_resource_group.prod_group",
            "azurerm_subnet.subnet_prod",
            "azurerm_virtual_network.vnet_prod"
          ]
        },
        {
          "index_key": 1,
          "schema_version": 0,
          "attributes": {
            "applied_dns_servers": [],
            "auxiliary_mode": "",
            "auxiliary_sku": "",
            "dns_servers": [],
            "edge_zone": "",
            "enable_accelerated_networking": false,
            "enable_ip_forwarding": false,
            "id": "/subscriptions/c20f51b2-62aa-4af4-8033-ed6246ab50ca/resourceGroups/ansible_group/providers/Microsoft.Network/networkInterfaces/nic_prod_node_1",
            "internal_dns_name_label": "",
            "internal_domain_name_suffix": "5uenpfzplkcehccpcyyy0zq42e.gx.internal.cloudapp.net",
            "ip_configuration": [
              {
                "gateway_load_balancer_frontend_ip_configuration_id": "",
                "name": "nic_node_1_config",
                "primary": true,
                "private_ip_address": "10.0.1.11",
                "private_ip_address_allocation": "Static",
                "private_ip_address_version": "IPv4",
                "public_ip_address_id": "/subscriptions/c20f51b2-62aa-4af4-8033-ed6246ab50ca/resourceGroups/ansible_group/providers/Microsoft.Network/publicIPAddresses/pubip_node_1",
                "subnet_id": "/subscriptions/c20f51b2-62aa-4af4-8033-ed6246ab50ca/resourceGroups/ansible_group/providers/Microsoft.Network/virtualNetworks/vnet_prod/subnets/subnet_prod_internal"
              }
            ],
            "location": "centralus",
            "mac_address": "",
            "name": "nic_prod_node_1",
            "private_ip_address": "10.0.1.11",
            "private_ip_addresses": [
              "10.0.1.11"
            ],
            "resource_group_name": "ansible_group",
            "tags": null,
            "timeouts": null,
            "virtual_machine_id": ""
          },
          "sensitive_attributes": [],
          "private": "eyJlMmJmYjczMC1lY2FhLTExZTYtOGY4OC0zNDM2M2JjN2M0YzAiOnsiY3JlYXRlIjoxODAwMDAwMDAwMDAwLCJkZWxldGUiOjE4MDAwMDAwMDAwMDAsInJlYWQiOjMwMDAwMDAwMDAwMCwidXBkYXRlIjoxODAwMDAwMDAwMDAwfX0=",
          "dependencies": [
            "azurerm_public_ip.pubip_node_serve",
            "azurerm_resource_group.prod_group",
            "azurerm_subnet.subnet_prod",
            "azurerm_virtual_network.vnet_prod"
          ]
        },
        {
          "index_key": 2,
          "schema_version": 0,
          "attributes": {
            "applied_dns_servers": [],
            "auxiliary_mode": "",
            "auxiliary_sku": "",
            "dns_servers": [],
            "edge_zone": "",
            "enable_accelerated_networking": false,
            "enable_ip_forwarding": false,
            "id": "/subscriptions/c20f51b2-62aa-4af4-8033-ed6246ab50ca/resourceGroups/ansible_group/providers/Microsoft.Network/networkInterfaces/nic_prod_node_2",
            "internal_dns_name_label": "",
            "internal_domain_name_suffix": "5uenpfzplkcehccpcyyy0zq42e.gx.internal.cloudapp.net",
            "ip_configuration": [
              {
                "gateway_load_balancer_frontend_ip_configuration_id": "",
                "name": "nic_node_2_config",
                "primary": true,
                "private_ip_address": "10.0.1.12",
                "private_ip_address_allocation": "Static",
                "private_ip_address_version": "IPv4",
                "public_ip_address_id": "/subscriptions/c20f51b2-62aa-4af4-8033-ed6246ab50ca/resourceGroups/ansible_group/providers/Microsoft.Network/publicIPAddresses/pubip_node_2",
                "subnet_id": "/subscriptions/c20f51b2-62aa-4af4-8033-ed6246ab50ca/resourceGroups/ansible_group/providers/Microsoft.Network/virtualNetworks/vnet_prod/subnets/subnet_prod_internal"
              }
            ],
            "location": "centralus",
            "mac_address": "",
            "name": "nic_prod_node_2",
            "private_ip_address": "10.0.1.12",
            "private_ip_addresses": [
              "10.0.1.12"
            ],
            "resource_group_name": "ansible_group",
            "tags": null,
            "timeouts": null,
            "virtual_machine_id": ""
          },
          "sensitive_attributes": [],
          "private": "eyJlMmJmYjczMC1lY2FhLTExZTYtOGY4OC0zNDM2M2JjN2M0YzAiOnsiY3JlYXRlIjoxODAwMDAwMDAwMDAwLCJkZWxldGUiOjE4MDAwMDAwMDAwMDAsInJlYWQiOjMwMDAwMDAwMDAwMCwidXBkYXRlIjoxODAwMDAwMDAwMDAwfX0=",
          "dependencies": [
            "azurerm_public_ip.pubip_node_serve",
            "azurerm_resource_group.prod_group",
            "azurerm_subnet.subnet_prod",
            "azurerm_virtual_network.vnet_prod"
          ]
        }
      ]
    },
    {
      "mode": "managed",
      "type": "azurerm_network_interface_security_group_association",
      "name": "prod_sga_controller",
      "provider": "provider[\"registry.terraform.io/hashicorp/azurerm\"]",
      "instances": [
        {
          "schema_version": 0,
          "attributes": {
            "id": "/subscriptions/c20f51b2-62aa-4af4-8033-ed6246ab50ca/resourceGroups/ansible_group/providers/Microsoft.Network/networkInterfaces/nic_prod_controller|/subscriptions/c20f51b2-62aa-4af4-8033-ed6246ab50ca/resourceGroups/ansible_group/providers/Microsoft.Network/networkSecurityGroups/prod_security_group",
            "network_interface_id": "/subscriptions/c20f51b2-62aa-4af4-8033-ed6246ab50ca/resourceGroups/ansible_group/providers/Microsoft.Network/networkInterfaces/nic_prod_controller",
            "network_security_group_id": "/subscriptions/c20f51b2-62aa-4af4-8033-ed6246ab50ca/resourceGroups/ansible_group/providers/Microsoft.Network/networkSecurityGroups/prod_security_group",
            "timeouts": null
          },
          "sensitive_attributes": [],
          "private": "eyJlMmJmYjczMC1lY2FhLTExZTYtOGY4OC0zNDM2M2JjN2M0YzAiOnsiY3JlYXRlIjoxODAwMDAwMDAwMDAwLCJkZWxldGUiOjE4MDAwMDAwMDAwMDAsInJlYWQiOjMwMDAwMDAwMDAwMH19",
          "dependencies": [
            "azurerm_network_interface.nic_prod_controller",
            "azurerm_network_security_group.prod_security_group",
            "azurerm_public_ip.pubip_controller",
            "azurerm_resource_group.prod_group",
            "azurerm_subnet.subnet_prod",
            "azurerm_virtual_network.vnet_prod"
          ]
        }
      ]
    },
    {
      "mode": "managed",
      "type": "azurerm_network_interface_security_group_association",
      "name": "prod_sga_nodes",
      "provider": "provider[\"registry.terraform.io/hashicorp/azurerm\"]",
      "instances": [
        {
          "index_key": "0",
          "schema_version": 0,
          "attributes": {
            "id": "/subscriptions/c20f51b2-62aa-4af4-8033-ed6246ab50ca/resourceGroups/ansible_group/providers/Microsoft.Network/networkInterfaces/nic_prod_node_0|/subscriptions/c20f51b2-62aa-4af4-8033-ed6246ab50ca/resourceGroups/ansible_group/providers/Microsoft.Network/networkSecurityGroups/prod_security_group",
            "network_interface_id": "/subscriptions/c20f51b2-62aa-4af4-8033-ed6246ab50ca/resourceGroups/ansible_group/providers/Microsoft.Network/networkInterfaces/nic_prod_node_0",
            "network_security_group_id": "/subscriptions/c20f51b2-62aa-4af4-8033-ed6246ab50ca/resourceGroups/ansible_group/providers/Microsoft.Network/networkSecurityGroups/prod_security_group",
            "timeouts": null
          },
          "sensitive_attributes": [],
          "private": "eyJlMmJmYjczMC1lY2FhLTExZTYtOGY4OC0zNDM2M2JjN2M0YzAiOnsiY3JlYXRlIjoxODAwMDAwMDAwMDAwLCJkZWxldGUiOjE4MDAwMDAwMDAwMDAsInJlYWQiOjMwMDAwMDAwMDAwMH19",
          "dependencies": [
            "azurerm_network_interface.nic_prod_nodes",
            "azurerm_network_security_group.prod_security_group",
            "azurerm_public_ip.pubip_node_serve",
            "azurerm_resource_group.prod_group",
            "azurerm_subnet.subnet_prod",
            "azurerm_virtual_network.vnet_prod"
          ]
        },
        {
          "index_key": "1",
          "schema_version": 0,
          "attributes": {
            "id": "/subscriptions/c20f51b2-62aa-4af4-8033-ed6246ab50ca/resourceGroups/ansible_group/providers/Microsoft.Network/networkInterfaces/nic_prod_node_1|/subscriptions/c20f51b2-62aa-4af4-8033-ed6246ab50ca/resourceGroups/ansible_group/providers/Microsoft.Network/networkSecurityGroups/prod_security_group",
            "network_interface_id": "/subscriptions/c20f51b2-62aa-4af4-8033-ed6246ab50ca/resourceGroups/ansible_group/providers/Microsoft.Network/networkInterfaces/nic_prod_node_1",
            "network_security_group_id": "/subscriptions/c20f51b2-62aa-4af4-8033-ed6246ab50ca/resourceGroups/ansible_group/providers/Microsoft.Network/networkSecurityGroups/prod_security_group",
            "timeouts": null
          },
          "sensitive_attributes": [],
          "private": "eyJlMmJmYjczMC1lY2FhLTExZTYtOGY4OC0zNDM2M2JjN2M0YzAiOnsiY3JlYXRlIjoxODAwMDAwMDAwMDAwLCJkZWxldGUiOjE4MDAwMDAwMDAwMDAsInJlYWQiOjMwMDAwMDAwMDAwMH19",
          "dependencies": [
            "azurerm_network_interface.nic_prod_nodes",
            "azurerm_network_security_group.prod_security_group",
            "azurerm_public_ip.pubip_node_serve",
            "azurerm_resource_group.prod_group",
            "azurerm_subnet.subnet_prod",
            "azurerm_virtual_network.vnet_prod"
          ]
        },
        {
          "index_key": "2",
          "schema_version": 0,
          "attributes": {
            "id": "/subscriptions/c20f51b2-62aa-4af4-8033-ed6246ab50ca/resourceGroups/ansible_group/providers/Microsoft.Network/networkInterfaces/nic_prod_node_2|/subscriptions/c20f51b2-62aa-4af4-8033-ed6246ab50ca/resourceGroups/ansible_group/providers/Microsoft.Network/networkSecurityGroups/prod_security_group",
            "network_interface_id": "/subscriptions/c20f51b2-62aa-4af4-8033-ed6246ab50ca/resourceGroups/ansible_group/providers/Microsoft.Network/networkInterfaces/nic_prod_node_2",
            "network_security_group_id": "/subscriptions/c20f51b2-62aa-4af4-8033-ed6246ab50ca/resourceGroups/ansible_group/providers/Microsoft.Network/networkSecurityGroups/prod_security_group",
            "timeouts": null
          },
          "sensitive_attributes": [],
          "private": "eyJlMmJmYjczMC1lY2FhLTExZTYtOGY4OC0zNDM2M2JjN2M0YzAiOnsiY3JlYXRlIjoxODAwMDAwMDAwMDAwLCJkZWxldGUiOjE4MDAwMDAwMDAwMDAsInJlYWQiOjMwMDAwMDAwMDAwMH19",
          "dependencies": [
            "azurerm_network_interface.nic_prod_nodes",
            "azurerm_network_security_group.prod_security_group",
            "azurerm_public_ip.pubip_node_serve",
            "azurerm_resource_group.prod_group",
            "azurerm_subnet.subnet_prod",
            "azurerm_virtual_network.vnet_prod"
          ]
        }
      ]
    },
    {
      "mode": "managed",
      "type": "azurerm_network_security_group",
      "name": "prod_security_group",
      "provider": "provider[\"registry.terraform.io/hashicorp/azurerm\"]",
      "instances": [
        {
          "schema_version": 0,
          "attributes": {
            "id": "/subscriptions/c20f51b2-62aa-4af4-8033-ed6246ab50ca/resourceGroups/ansible_group/providers/Microsoft.Network/networkSecurityGroups/prod_security_group",
            "location": "centralus",
            "name": "prod_security_group",
            "resource_group_name": "ansible_group",
            "security_rule": [
              {
                "access": "Allow",
                "description": "",
                "destination_address_prefix": "10.0.1.0/24",
                "destination_address_prefixes": [],
                "destination_application_security_group_ids": [],
                "destination_port_range": "22",
                "destination_port_ranges": [],
                "direction": "Inbound",
                "name": "SSH",
                "priority": 100,
                "protocol": "Tcp",
                "source_address_prefix": "*",
                "source_address_prefixes": [],
                "source_application_security_group_ids": [],
                "source_port_range": "*",
                "source_port_ranges": []
              },
              {
                "access": "Allow",
                "description": "",
                "destination_address_prefix": "10.0.1.10/32",
                "destination_address_prefixes": [],
                "destination_application_security_group_ids": [],
                "destination_port_range": "80",
                "destination_port_ranges": [],
                "direction": "Inbound",
                "name": "HTTP-APP",
                "priority": 101,
                "protocol": "Tcp",
                "source_address_prefix": "*",
                "source_address_prefixes": [],
                "source_application_security_group_ids": [],
                "source_port_range": "*",
                "source_port_ranges": []
              },
              {
                "access": "Allow",
                "description": "",
                "destination_address_prefix": "10.0.1.11/32",
                "destination_address_prefixes": [],
                "destination_application_security_group_ids": [],
                "destination_port_range": "80",
                "destination_port_ranges": [],
                "direction": "Inbound",
                "name": "HTTP-API",
                "priority": 102,
                "protocol": "Tcp",
                "source_address_prefix": "10.0.1.10/32",
                "source_address_prefixes": [],
                "source_application_security_group_ids": [],
                "source_port_range": "*",
                "source_port_ranges": []
              },
              {
                "access": "Allow",
                "description": "",
                "destination_address_prefix": "10.0.1.12/32",
                "destination_address_prefixes": [],
                "destination_application_security_group_ids": [],
                "destination_port_range": "3306",
                "destination_port_ranges": [],
                "direction": "Inbound",
                "name": "MYSQL",
                "priority": 103,
                "protocol": "Tcp",
                "source_address_prefix": "10.0.1.11/32",
                "source_address_prefixes": [],
                "source_application_security_group_ids": [],
                "source_port_range": "*",
                "source_port_ranges": []
              }
            ],
            "tags": {
              "env": "Production"
            },
            "timeouts": null
          },
          "sensitive_attributes": [],
          "private": "eyJlMmJmYjczMC1lY2FhLTExZTYtOGY4OC0zNDM2M2JjN2M0YzAiOnsiY3JlYXRlIjoxODAwMDAwMDAwMDAwLCJkZWxldGUiOjE4MDAwMDAwMDAwMDAsInJlYWQiOjMwMDAwMDAwMDAwMCwidXBkYXRlIjoxODAwMDAwMDAwMDAwfX0=",
          "dependencies": [
            "azurerm_resource_group.prod_group",
            "azurerm_subnet.subnet_prod",
            "azurerm_virtual_network.vnet_prod"
          ]
        }
      ]
    },
    {
      "mode": "managed",
      "type": "azurerm_public_ip",
      "name": "pubip_controller",
      "provider": "provider[\"registry.terraform.io/hashicorp/azurerm\"]",
      "instances": [
        {
          "schema_version": 0,
          "attributes": {
            "allocation_method": "Static",
            "ddos_protection_mode": "VirtualNetworkInherited",
            "ddos_protection_plan_id": null,
            "domain_name_label": null,
            "edge_zone": "",
            "fqdn": null,
            "id": "/subscriptions/c20f51b2-62aa-4af4-8033-ed6246ab50ca/resourceGroups/ansible_group/providers/Microsoft.Network/publicIPAddresses/pubip_controller",
            "idle_timeout_in_minutes": 4,
            "ip_address": "52.173.128.238",
            "ip_tags": null,
            "ip_version": "IPv4",
            "location": "centralus",
            "name": "pubip_controller",
            "public_ip_prefix_id": null,
            "resource_group_name": "ansible_group",
            "reverse_fqdn": null,
            "sku": "Basic",
            "sku_tier": "Regional",
            "tags": {
              "environment": "Production"
            },
            "timeouts": null,
            "zones": null
          },
          "sensitive_attributes": [],
          "private": "eyJlMmJmYjczMC1lY2FhLTExZTYtOGY4OC0zNDM2M2JjN2M0YzAiOnsiY3JlYXRlIjoxODAwMDAwMDAwMDAwLCJkZWxldGUiOjE4MDAwMDAwMDAwMDAsInJlYWQiOjMwMDAwMDAwMDAwMCwidXBkYXRlIjoxODAwMDAwMDAwMDAwfX0=",
          "dependencies": [
            "azurerm_resource_group.prod_group"
          ]
        }
      ]
    },
    {
      "mode": "managed",
      "type": "azurerm_public_ip",
      "name": "pubip_node_serve",
      "provider": "provider[\"registry.terraform.io/hashicorp/azurerm\"]",
      "instances": [
        {
          "index_key": 0,
          "schema_version": 0,
          "attributes": {
            "allocation_method": "Static",
            "ddos_protection_mode": "VirtualNetworkInherited",
            "ddos_protection_plan_id": null,
            "domain_name_label": null,
            "edge_zone": "",
            "fqdn": null,
            "id": "/subscriptions/c20f51b2-62aa-4af4-8033-ed6246ab50ca/resourceGroups/ansible_group/providers/Microsoft.Network/publicIPAddresses/pubip_node_0",
            "idle_timeout_in_minutes": 4,
            "ip_address": "52.173.128.243",
            "ip_tags": null,
            "ip_version": "IPv4",
            "location": "centralus",
            "name": "pubip_node_0",
            "public_ip_prefix_id": null,
            "resource_group_name": "ansible_group",
            "reverse_fqdn": null,
            "sku": "Basic",
            "sku_tier": "Regional",
            "tags": {
              "environment": "Production"
            },
            "timeouts": null,
            "zones": null
          },
          "sensitive_attributes": [],
          "private": "eyJlMmJmYjczMC1lY2FhLTExZTYtOGY4OC0zNDM2M2JjN2M0YzAiOnsiY3JlYXRlIjoxODAwMDAwMDAwMDAwLCJkZWxldGUiOjE4MDAwMDAwMDAwMDAsInJlYWQiOjMwMDAwMDAwMDAwMCwidXBkYXRlIjoxODAwMDAwMDAwMDAwfX0=",
          "dependencies": [
            "azurerm_resource_group.prod_group"
          ]
        },
        {
          "index_key": 1,
          "schema_version": 0,
          "attributes": {
            "allocation_method": "Static",
            "ddos_protection_mode": "VirtualNetworkInherited",
            "ddos_protection_plan_id": null,
            "domain_name_label": null,
            "edge_zone": "",
            "fqdn": null,
            "id": "/subscriptions/c20f51b2-62aa-4af4-8033-ed6246ab50ca/resourceGroups/ansible_group/providers/Microsoft.Network/publicIPAddresses/pubip_node_1",
            "idle_timeout_in_minutes": 4,
            "ip_address": "52.173.128.235",
            "ip_tags": null,
            "ip_version": "IPv4",
            "location": "centralus",
            "name": "pubip_node_1",
            "public_ip_prefix_id": null,
            "resource_group_name": "ansible_group",
            "reverse_fqdn": null,
            "sku": "Basic",
            "sku_tier": "Regional",
            "tags": {
              "environment": "Production"
            },
            "timeouts": null,
            "zones": null
          },
          "sensitive_attributes": [],
          "private": "eyJlMmJmYjczMC1lY2FhLTExZTYtOGY4OC0zNDM2M2JjN2M0YzAiOnsiY3JlYXRlIjoxODAwMDAwMDAwMDAwLCJkZWxldGUiOjE4MDAwMDAwMDAwMDAsInJlYWQiOjMwMDAwMDAwMDAwMCwidXBkYXRlIjoxODAwMDAwMDAwMDAwfX0=",
          "dependencies": [
            "azurerm_resource_group.prod_group"
          ]
        },
        {
          "index_key": 2,
          "schema_version": 0,
          "attributes": {
            "allocation_method": "Static",
            "ddos_protection_mode": "VirtualNetworkInherited",
            "ddos_protection_plan_id": null,
            "domain_name_label": null,
            "edge_zone": "",
            "fqdn": null,
            "id": "/subscriptions/c20f51b2-62aa-4af4-8033-ed6246ab50ca/resourceGroups/ansible_group/providers/Microsoft.Network/publicIPAddresses/pubip_node_2",
            "idle_timeout_in_minutes": 4,
            "ip_address": "52.173.128.250",
            "ip_tags": null,
            "ip_version": "IPv4",
            "location": "centralus",
            "name": "pubip_node_2",
            "public_ip_prefix_id": null,
            "resource_group_name": "ansible_group",
            "reverse_fqdn": null,
            "sku": "Basic",
            "sku_tier": "Regional",
            "tags": {
              "environment": "Production"
            },
            "timeouts": null,
            "zones": null
          },
          "sensitive_attributes": [],
          "private": "eyJlMmJmYjczMC1lY2FhLTExZTYtOGY4OC0zNDM2M2JjN2M0YzAiOnsiY3JlYXRlIjoxODAwMDAwMDAwMDAwLCJkZWxldGUiOjE4MDAwMDAwMDAwMDAsInJlYWQiOjMwMDAwMDAwMDAwMCwidXBkYXRlIjoxODAwMDAwMDAwMDAwfX0=",
          "dependencies": [
            "azurerm_resource_group.prod_group"
          ]
        }
      ]
    },
    {
      "mode": "managed",
      "type": "azurerm_resource_group",
      "name": "prod_group",
      "provider": "provider[\"registry.terraform.io/hashicorp/azurerm\"]",
      "instances": [
        {
          "schema_version": 0,
          "attributes": {
            "id": "/subscriptions/c20f51b2-62aa-4af4-8033-ed6246ab50ca/resourceGroups/ansible_group",
            "location": "centralus",
            "managed_by": "",
            "name": "ansible_group",
            "tags": null,
            "timeouts": null
          },
          "sensitive_attributes": [],
          "private": "eyJlMmJmYjczMC1lY2FhLTExZTYtOGY4OC0zNDM2M2JjN2M0YzAiOnsiY3JlYXRlIjo1NDAwMDAwMDAwMDAwLCJkZWxldGUiOjU0MDAwMDAwMDAwMDAsInJlYWQiOjMwMDAwMDAwMDAwMCwidXBkYXRlIjo1NDAwMDAwMDAwMDAwfX0="
        }
      ]
    },
    {
      "mode": "managed",
      "type": "azurerm_subnet",
      "name": "subnet_prod",
      "provider": "provider[\"registry.terraform.io/hashicorp/azurerm\"]",
      "instances": [
        {
          "schema_version": 0,
          "attributes": {
            "address_prefixes": [
              "10.0.1.0/24"
            ],
            "delegation": [],
            "enforce_private_link_endpoint_network_policies": false,
            "enforce_private_link_service_network_policies": false,
            "id": "/subscriptions/c20f51b2-62aa-4af4-8033-ed6246ab50ca/resourceGroups/ansible_group/providers/Microsoft.Network/virtualNetworks/vnet_prod/subnets/subnet_prod_internal",
            "name": "subnet_prod_internal",
            "private_endpoint_network_policies_enabled": true,
            "private_link_service_network_policies_enabled": true,
            "resource_group_name": "ansible_group",
            "service_endpoint_policy_ids": null,
            "service_endpoints": null,
            "timeouts": null,
            "virtual_network_name": "vnet_prod"
          },
          "sensitive_attributes": [],
          "private": "eyJlMmJmYjczMC1lY2FhLTExZTYtOGY4OC0zNDM2M2JjN2M0YzAiOnsiY3JlYXRlIjoxODAwMDAwMDAwMDAwLCJkZWxldGUiOjE4MDAwMDAwMDAwMDAsInJlYWQiOjMwMDAwMDAwMDAwMCwidXBkYXRlIjoxODAwMDAwMDAwMDAwfX0=",
          "dependencies": [
            "azurerm_resource_group.prod_group",
            "azurerm_virtual_network.vnet_prod"
          ]
        }
      ]
    },
    {
      "mode": "managed",
      "type": "azurerm_virtual_network",
      "name": "vnet_prod",
      "provider": "provider[\"registry.terraform.io/hashicorp/azurerm\"]",
      "instances": [
        {
          "schema_version": 0,
          "attributes": {
            "address_space": [
              "10.0.0.0/16"
            ],
            "bgp_community": "",
            "ddos_protection_plan": [],
            "dns_servers": [],
            "edge_zone": "",
            "encryption": [],
            "flow_timeout_in_minutes": 0,
            "guid": "97d708fd-5a2f-4384-884f-16318d661ee4",
            "id": "/subscriptions/c20f51b2-62aa-4af4-8033-ed6246ab50ca/resourceGroups/ansible_group/providers/Microsoft.Network/virtualNetworks/vnet_prod",
            "location": "centralus",
            "name": "vnet_prod",
            "resource_group_name": "ansible_group",
            "subnet": [],
            "tags": null,
            "timeouts": null
          },
          "sensitive_attributes": [],
          "private": "eyJlMmJmYjczMC1lY2FhLTExZTYtOGY4OC0zNDM2M2JjN2M0YzAiOnsiY3JlYXRlIjoxODAwMDAwMDAwMDAwLCJkZWxldGUiOjE4MDAwMDAwMDAwMDAsInJlYWQiOjMwMDAwMDAwMDAwMCwidXBkYXRlIjoxODAwMDAwMDAwMDAwfX0=",
          "dependencies": [
            "azurerm_resource_group.prod_group"
          ]
        }
      ]
    },
    {
      "mode": "managed",
      "type": "local_file",
      "name": "export_private_key",
      "provider": "provider[\"registry.terraform.io/hashicorp/local\"]",
      "instances": [
        {
          "schema_version": 0,
          "attributes": {
            "content": "-----BEGIN RSA PRIVATE KEY-----\nMIIJKQIBAAKCAgEA0n5VnY9DkH3CAJuMi0yUhuCxtj5G4k5+Je0Vqm3/c8OIclgJ\nBvmO6dT4/P4HOld3+ALXCa0kF+khqqaBYHD02OxyvMN/Hc9e/pImNK07izgUnbkx\nAJe2okcndbZTV/7KVPwj8OiJz4+tHE5UtC/bBGT3MPyY5qVpzg40O5CiaWLua141\ngbWLir8EbXeA9PLfwpjZMWiD20CkCBIR9TtlBSQPfYV9PMWPj8ZrA+d3p1A+5TqC\nxyeMOpV3jDRuaXTBBGSH8IS2rk9H/kp6pcSG4fCgFuCyQcz8zm1BukgRMej1Q0yx\nklHqWGaIpvgesl3xSuUsLCnIhpkD0CJzp9h+9Bk+yJmPTVMdSV3fMATCZ7dEoXBO\nnqzpgIzl6mtZhA22C+tdtEdpgF1KKiBNrtDe9z4wDr9kE7jxK5gko6FoaAvvgCB7\nblHszVJUDFXbpH/vMQIyHQN0M5PGNk/6/6nhU3eT9HwwiyaMiW7at5GC7mE/hrhn\n99HWTbz3gGZ48hkF3Azf/fLSCtRCVu7GBoLp+aTXxkBKq5shZ8Qx3SmZbM/Gspt2\nt/hjf8l8qrsw9XY+Jw7DDPzxJxWvSv28+7uL4Bx/qqrlKtYGEYHIXH3pgdWhZkBz\nAyC9ocXVhcuM8oaZhLMnuE2IOtuZY9kN5boDkYHuyvJoTGUuGhNu6qzNGwcCAwEA\nAQKCAgB8irMtXi6jt0SqB17IrK7Ufu2m3oIiND7/QZ+oDx0t6Ws5/EybC907DP+k\n8MhmBIq++y8wUnkgjJeW2J2D6lF0Z7IbbbAwexnBlcd1M2ofnTbVe1U6/Ijayy7V\nvuLhFaexUN4TFAM2A9RxAweq9QWpO/Pl0A7HqOdJO6477/+oSxi1/i+6ZygBF7QO\n8L4kL++ku7sGOMiLWVu0SrzFVDcZK5Tet7S52Epwzv1SegmZvSj5h/0IyKV3pCfv\nlLYfPy1U5AZqkJtl1xLJqleW7QjBdhXCc4AE3rxVht900F8cILG8+Au4fy8gzsnb\nwMKo1lyF68KO/snemXpgE4JKtRWnVEhYErOWa09yxEBfh3YAiPHUZch+ygbsv38v\nBFcE3LNEUsCxnR8Km9RLplvaQCeiXs7ziWjJCBPRJqk47duTr7ea6SYOLF/pI6nY\nMxFhPolMO2hJWYT+ttE8jL1ckc7TnfXwdLarQYKDl90aN2w3HPiWE9alZP4CXzSG\nmL0MeMXzbg8IMDbtkdNWUEXTNLM6fQI0SsRhYA2zneAWTXlQhFYmhYH1bt6em5DT\ngxLaYG9tWPJMUlbf+dFeX6dH6USDhu/IzwPv7B5nGar7tqmnVXw8yno5U0JhUtB3\nohEn3oUwoKUIFaRL7ch86/b/Hvk+6L7c9TeMHQvK4QhhqdwBwQKCAQEA2F5NvaSj\nj88fb4qSWLuJHYqpImsl+o+Aa77Y1l2UpI9km01A+tgRoVFia2+LN1IgrDraZwrd\nR3+XY6oEatSCWP8uuJP8XV7VTjuYA8AIl/9C2THdNW0F6a8uI1r2RERDKViwgq0H\nepeCyxjwNcne/D9rxNQTrNhEJWoD6r4h7bZzfmybrDauwwnjL2j1gC9p/5AfPjQp\nDURYL7mfEnzGr/neUwyPwDsVRh+JAQ1jOMQWh398CL5lez3LpJ/t6ZB02LFJlLcQ\nsVgz13ivJSeCmGypva2FVpnuBae5ZkHLTPsV92NT0J5yTRFK0dP2Wo4tOPq38P2p\nlRvRCK301kbfFQKCAQEA+QyNe6lSdw2HjLScWkigLcErpOW2XowhkpNnix7WuJXu\nNIOPkfbXZZ/k1/DigPpqQSPuagNsT1hgo9pGVGOc8wktU9Pa1Qk0kpLo2oWHoAmi\nLe+UqyCiXO0FVeoulcJr9n5aPt39GEw+m++A+i6IcP3d62mu1DbEKDk0xup4xdWW\nKcRPUdzQQgRE0qq8b29NrTliJ+Zd+eDx7S0pxawBWm9TYyLxBV/xSRx9p4FxQtom\n3f2Mzbob3I9xZduQlueHSZgV/W5H4bgkzuYq7sXrLLQqsaA7GXHkhL+2nmH0/8Bz\nqN/aJQ0N5AMJNPByh2KaaI1cqDuscqPmZwCIfmO4qwKCAQEAmHcTZvAuBXdZWnsW\nFwrHWxbLiiJg18fpIYORPrUgujkFFt6ATIKXIcq8hKJMQoZP2a17GyMvvGMvZZ53\nkGQBGf9vh8dYDN93hbI+s13NcHYCQBSAIVaa1QmJhIZjhMVpYihJ8TtGSt+a3czL\n78s5oxx5r3AWETUwCAFFk1O5is2HYu3bYKYDzhIYkd7vKA3BLsH7EhUlXGDtl2vA\nqQFd7MExJepzHW1E123/V8t8QJMEoSR3XZ302rw31OCRgIU3oT6EcBPz4lQZ69rx\n6EeIIipoDe3JSLYdYMTIw0LXpH5GA1ZtyFLujloCFAu9zB/lxAIAPgQxTI4WZXxX\nS+sS5QKCAQEAv6u/f7qystmAxvOBmaJnVI9kjYYVMvLaK7qyZ8mWK32IVHYkGoxE\n/ftu3hqP1//horyKkqCLzQ0RY0lr8yqu8gTQE8HqmyZ4hY33E6bM2IhRftTyMDnv\ne2EXSCXxMGTvPkfEILosPXUAgnZzZxhE/eED2Ff/q2dy1Boi2iw+QtO8u+xPt4sf\n5I7wgMnSOFkLCRQuzNJo5RUQXB70FSPp7rXbEWMk56QNSN1af34Jsw+99f9bTEG9\ni6QB/AhdYSZTYnpgAinLvJZCDdHqnNVJx5/pc8cDdPPIkboSTBbLvcFZwlB1zSoc\n1KzZexrKqhNjDrAs7XTvpVMq0X8BjXQl/QKCAQBJUc99TGW6hf3xgUkma9dYflL4\nxPcZ/uzGFkf5DNYR5TXjXMTOEAxiytpxiTkzplsqiV86aXAVXwF7Yo7v7VgHHFAJ\nqqZjw/v8SPtpRN8XwtoRYXzUbh7AU/ZucFgG/QTo5JELAJvJalo8KpKhRqyNoE7K\nwluMr2RCC2qPOGs7m0UsBRQx0T6I5puwl///q9xoOHXORglHjdWyO5eAOj/KboM1\nLVlYQ4yCLkkmY4T0oa/vZ300lDG8qjKfc6vyXLDjH0LAJrvczqJPkzmUH1tQPMN/\nHeawKTRylZJpLd8/H0oLQrM0fslBJRwvgwvGiwrgho6mWHgRh8trl5gzHIDv\n-----END RSA PRIVATE KEY-----\n",
            "content_base64": null,
            "content_base64sha256": "tGLdqNvRl9Y9wNP5ONonK5LJkjs2m2gXBpIpIk7Pc3I=",
            "content_base64sha512": "l0UqhK+xLEoJVa26wmcJ9k5RytVd2+l4/5nv2pzqA2FgbfCABUzINUB0O0VNDXjPoVST6XbflVVzTXMWuPUbOQ==",
            "content_md5": "c95082b7ffa9928e9324e847508cec54",
            "content_sha1": "2b383ae0b3bd6a0bc7e32dd275e3e234ee53a5cb",
            "content_sha256": "b462dda8dbd197d63dc0d3f938da272b92c9923b369b6817069229224ecf7372",
            "content_sha512": "97452a84afb12c4a0955adbac26709f64e51cad55ddbe978ff99efda9cea0361606df080054cc83540743b454d0d78cfa15493e976df9555734d7316b8f51b39",
            "directory_permission": "0777",
            "file_permission": "0777",
            "filename": "priv.pem",
            "id": "2b383ae0b3bd6a0bc7e32dd275e3e234ee53a5cb",
            "sensitive_content": null,
            "source": null
          },
          "sensitive_attributes": [
            [
              {
                "type": "get_attr",
                "value": "content"
              }
            ]
          ],
          "dependencies": [
            "tls_private_key.ssh_key_linux_openssh"
          ]
        }
      ]
    },
    {
      "mode": "managed",
      "type": "local_file",
      "name": "export_public_key",
      "provider": "provider[\"registry.terraform.io/hashicorp/local\"]",
      "instances": [
        {
          "schema_version": 0,
          "attributes": {
            "content": "ssh-rsa AAAAB3NzaC1yc2EAAAADAQABAAACAQDSflWdj0OQfcIAm4yLTJSG4LG2PkbiTn4l7RWqbf9zw4hyWAkG+Y7p1Pj8/gc6V3f4AtcJrSQX6SGqpoFgcPTY7HK8w38dz17+kiY0rTuLOBSduTEAl7aiRyd1tlNX/spU/CPw6InPj60cTlS0L9sEZPcw/JjmpWnODjQ7kKJpYu5rXjWBtYuKvwRtd4D08t/CmNkxaIPbQKQIEhH1O2UFJA99hX08xY+PxmsD53enUD7lOoLHJ4w6lXeMNG5pdMEEZIfwhLauT0f+SnqlxIbh8KAW4LJBzPzObUG6SBEx6PVDTLGSUepYZoim+B6yXfFK5SwsKciGmQPQInOn2H70GT7ImY9NUx1JXd8wBMJnt0ShcE6erOmAjOXqa1mEDbYL6120R2mAXUoqIE2u0N73PjAOv2QTuPErmCSjoWhoC++AIHtuUezNUlQMVdukf+8xAjIdA3Qzk8Y2T/r/qeFTd5P0fDCLJoyJbtq3kYLuYT+GuGf30dZNvPeAZnjyGQXcDN/98tIK1EJW7sYGgun5pNfGQEqrmyFnxDHdKZlsz8aym3a3+GN/yXyquzD1dj4nDsMM/PEnFa9K/bz7u4vgHH+qquUq1gYRgchcfemB1aFmQHMDIL2hxdWFy4zyhpmEsye4TYg625lj2Q3lugORge7K8mhMZS4aE27qrM0bBw==\n",
            "content_base64": null,
            "content_base64sha256": "Zy4diyiWyQ5CKo1t7d+XnuTiXEmCFj1nAFI18itc2VI=",
            "content_base64sha512": "RPOuWHmHmj+lagniVVXChkwMAJCnVItUIryMTLbz7sjwjJu7zeeEXOYcZPD75LOXVInL03c9JmLsKk6Sqjf3cg==",
            "content_md5": "0d641291c17b46f94eb042a563dbd4fb",
            "content_sha1": "d2556bcc5143845fa15ce5b0ba1961776cd60636",
            "content_sha256": "672e1d8b2896c90e422a8d6deddf979ee4e25c4982163d67005235f22b5cd952",
            "content_sha512": "44f3ae5879879a3fa56a09e25555c2864c0c0090a7548b5422bc8c4cb6f3eec8f08c9bbbcde7845ce61c64f0fbe4b3975489cbd3773d2662ec2a4e92aa37f772",
            "directory_permission": "0777",
            "file_permission": "0777",
            "filename": "public.pub",
            "id": "d2556bcc5143845fa15ce5b0ba1961776cd60636",
            "sensitive_content": null,
            "source": null
          },
          "sensitive_attributes": [],
          "dependencies": [
            "tls_private_key.ssh_key_linux_openssh"
          ]
        }
      ]
    },
    {
      "mode": "managed",
      "type": "null_resource",
      "name": "controller_provision",
      "provider": "provider[\"registry.terraform.io/hashicorp/null\"]",
      "instances": [
        {
          "status": "tainted",
          "schema_version": 0,
          "attributes": {
            "id": "6181604593555221172",
            "triggers": null
          },
          "sensitive_attributes": [],
          "dependencies": [
            "azurerm_linux_virtual_machine.nodes",
            "azurerm_network_interface.nic_prod_nodes",
            "azurerm_public_ip.pubip_controller",
            "azurerm_public_ip.pubip_node_serve",
            "azurerm_resource_group.prod_group",
            "azurerm_subnet.subnet_prod",
            "azurerm_virtual_network.vnet_prod",
            "null_resource.output_private_ips",
            "tls_private_key.ssh_key_linux_openssh"
          ]
        }
      ]
    },
    {
      "mode": "managed",
      "type": "null_resource",
      "name": "cp_iplist",
      "provider": "provider[\"registry.terraform.io/hashicorp/null\"]",
      "instances": [
        {
          "schema_version": 0,
          "attributes": {
            "id": "7930814474905081198",
            "triggers": null
          },
          "sensitive_attributes": [],
          "dependencies": [
            "azurerm_linux_virtual_machine.nodes",
            "azurerm_network_interface.nic_prod_nodes",
            "azurerm_public_ip.pubip_controller",
            "azurerm_public_ip.pubip_node_serve",
            "azurerm_resource_group.prod_group",
            "azurerm_subnet.subnet_prod",
            "azurerm_virtual_network.vnet_prod",
            "null_resource.output_private_ips",
            "tls_private_key.ssh_key_linux_openssh"
          ]
        }
      ]
    },
    {
      "mode": "managed",
      "type": "null_resource",
      "name": "cp_playbooks",
      "provider": "provider[\"registry.terraform.io/hashicorp/null\"]",
      "instances": [
        {
          "schema_version": 0,
          "attributes": {
            "id": "299656703067358028",
            "triggers": null
          },
          "sensitive_attributes": [],
          "dependencies": [
            "azurerm_public_ip.pubip_controller",
            "azurerm_resource_group.prod_group",
            "tls_private_key.ssh_key_linux_openssh"
          ]
        }
      ]
    },
    {
      "mode": "managed",
      "type": "null_resource",
      "name": "output_private_ips",
      "provider": "provider[\"registry.terraform.io/hashicorp/null\"]",
      "instances": [
        {
          "schema_version": 0,
          "attributes": {
            "id": "8947589730154501643",
            "triggers": null
          },
          "sensitive_attributes": [],
          "dependencies": [
            "azurerm_linux_virtual_machine.nodes",
            "azurerm_network_interface.nic_prod_nodes",
            "azurerm_public_ip.pubip_node_serve",
            "azurerm_resource_group.prod_group",
            "azurerm_subnet.subnet_prod",
            "azurerm_virtual_network.vnet_prod",
            "tls_private_key.ssh_key_linux_openssh"
          ]
        }
      ]
    },
    {
      "mode": "managed",
      "type": "tls_private_key",
      "name": "ssh_key_linux_openssh",
      "provider": "provider[\"registry.terraform.io/hashicorp/tls\"]",
      "instances": [
        {
          "schema_version": 1,
          "attributes": {
            "algorithm": "RSA",
            "ecdsa_curve": "P224",
            "id": "e554d64a171459b95bb9b67c86bb22d75ce8f3c3",
            "private_key_openssh": "-----BEGIN OPENSSH PRIVATE KEY-----\nb3BlbnNzaC1rZXktdjEAAAAABG5vbmUAAAAEbm9uZQAAAAAAAAABAAACFwAAAAdz\nc2gtcnNhAAAAAwEAAQAAAgEA0n5VnY9DkH3CAJuMi0yUhuCxtj5G4k5+Je0Vqm3/\nc8OIclgJBvmO6dT4/P4HOld3+ALXCa0kF+khqqaBYHD02OxyvMN/Hc9e/pImNK07\nizgUnbkxAJe2okcndbZTV/7KVPwj8OiJz4+tHE5UtC/bBGT3MPyY5qVpzg40O5Ci\naWLua141gbWLir8EbXeA9PLfwpjZMWiD20CkCBIR9TtlBSQPfYV9PMWPj8ZrA+d3\np1A+5TqCxyeMOpV3jDRuaXTBBGSH8IS2rk9H/kp6pcSG4fCgFuCyQcz8zm1BukgR\nMej1Q0yxklHqWGaIpvgesl3xSuUsLCnIhpkD0CJzp9h+9Bk+yJmPTVMdSV3fMATC\nZ7dEoXBOnqzpgIzl6mtZhA22C+tdtEdpgF1KKiBNrtDe9z4wDr9kE7jxK5gko6Fo\naAvvgCB7blHszVJUDFXbpH/vMQIyHQN0M5PGNk/6/6nhU3eT9HwwiyaMiW7at5GC\n7mE/hrhn99HWTbz3gGZ48hkF3Azf/fLSCtRCVu7GBoLp+aTXxkBKq5shZ8Qx3SmZ\nbM/Gspt2t/hjf8l8qrsw9XY+Jw7DDPzxJxWvSv28+7uL4Bx/qqrlKtYGEYHIXH3p\ngdWhZkBzAyC9ocXVhcuM8oaZhLMnuE2IOtuZY9kN5boDkYHuyvJoTGUuGhNu6qzN\nGwcAAAc4Y+wKomPsCqIAAAAHc3NoLXJzYQAAAgEA0n5VnY9DkH3CAJuMi0yUhuCx\ntj5G4k5+Je0Vqm3/c8OIclgJBvmO6dT4/P4HOld3+ALXCa0kF+khqqaBYHD02Oxy\nvMN/Hc9e/pImNK07izgUnbkxAJe2okcndbZTV/7KVPwj8OiJz4+tHE5UtC/bBGT3\nMPyY5qVpzg40O5CiaWLua141gbWLir8EbXeA9PLfwpjZMWiD20CkCBIR9TtlBSQP\nfYV9PMWPj8ZrA+d3p1A+5TqCxyeMOpV3jDRuaXTBBGSH8IS2rk9H/kp6pcSG4fCg\nFuCyQcz8zm1BukgRMej1Q0yxklHqWGaIpvgesl3xSuUsLCnIhpkD0CJzp9h+9Bk+\nyJmPTVMdSV3fMATCZ7dEoXBOnqzpgIzl6mtZhA22C+tdtEdpgF1KKiBNrtDe9z4w\nDr9kE7jxK5gko6FoaAvvgCB7blHszVJUDFXbpH/vMQIyHQN0M5PGNk/6/6nhU3eT\n9HwwiyaMiW7at5GC7mE/hrhn99HWTbz3gGZ48hkF3Azf/fLSCtRCVu7GBoLp+aTX\nxkBKq5shZ8Qx3SmZbM/Gspt2t/hjf8l8qrsw9XY+Jw7DDPzxJxWvSv28+7uL4Bx/\nqqrlKtYGEYHIXH3pgdWhZkBzAyC9ocXVhcuM8oaZhLMnuE2IOtuZY9kN5boDkYHu\nyvJoTGUuGhNu6qzNGwcAAAADAQABAAACAHyKsy1eLqO3RKoHXsisrtR+7abegiI0\nPv9Bn6gPHS3pazn8TJsL3TsM/6TwyGYEir77LzBSeSCMl5bYnYPqUXRnshttsDB7\nGcGVx3Uzah+dNtV7VTr8iNrLLtW+4uEVp7FQ3hMUAzYD1HEDB6r1Bak78+XQDseo\n50k7rjvv/6hLGLX+L7pnKAEXtA7wviQv76S7uwY4yItZW7RKvMVUNxkrlN63tLnY\nSnDO/VJ6CZm9KPmH/QjIpXekJ++Uth8/LVTkBmqQm2XXEsmqV5btCMF2FcJzgATe\nvFWG33TQXxwgsbz4C7h/LyDOydvAwqjWXIXrwo7+yd6ZemATgkq1FadUSFgSs5Zr\nT3LEQF+HdgCI8dRlyH7KBuy/fy8EVwTcs0RSwLGdHwqb1EumW9pAJ6JezvOJaMkI\nE9EmqTjt25Ovt5rpJg4sX+kjqdgzEWE+iUw7aElZhP620TyMvVyRztOd9fB0tqtB\ngoOX3Ro3bDcc+JYT1qVk/gJfNIaYvQx4xfNuDwgwNu2R01ZQRdM0szp9AjRKxGFg\nDbOd4BZNeVCEViaFgfVu3p6bkNODEtpgb21Y8kxSVt/50V5fp0fpRIOG78jPA+/s\nHmcZqvu2qadVfDzKejlTQmFS0HeiESfehTCgpQgVpEvtyHzr9v8e+T7ovtz1N4wd\nC8rhCGGp3AHBAAABAElRz31MZbqF/fGBSSZr11h+UvjE9xn+7MYWR/kM1hHlNeNc\nxM4QDGLK2nGJOTOmWyqJXzppcBVfAXtiju/tWAccUAmqpmPD+/xI+2lE3xfC2hFh\nfNRuHsBT9m5wWAb9BOjkkQsAm8lqWjwqkqFGrI2gTsrCW4yvZEILao84azubRSwF\nFDHRPojmm7CX//+r3Gg4dc5GCUeN1bI7l4A6P8pugzUtWVhDjIIuSSZjhPShr+9n\nfTSUMbyqMp9zq/JcsOMfQsAmu9zOok+TOZQfW1A8w38d5rApNHKVkmkt3z8fSgtC\nszR+yUElHC+DC8aLCuCGjqZYeBGHy2uXmDMcgO8AAAEBANheTb2ko4/PH2+Kkli7\niR2KqSJrJfqPgGu+2NZdlKSPZJtNQPrYEaFRYmtvizdSIKw62mcK3Ud/l2OqBGrU\nglj/LriT/F1e1U47mAPACJf/Qtkx3TVtBemvLiNa9kREQylYsIKtB3qXgssY8DXJ\n3vw/a8TUE6zYRCVqA+q+Ie22c35sm6w2rsMJ4y9o9YAvaf+QHz40KQ1EWC+5nxJ8\nxq/53lMMj8A7FUYfiQENYzjEFod/fAi+ZXs9y6Sf7emQdNixSZS3ELFYM9d4ryUn\ngphsqb2thVaZ7gWnuWZBy0z7FfdjU9Ceck0RStHT9lqOLTj6t/D9qZUb0Qit9NZG\n3xUAAAEBAPkMjXupUncNh4y0nFpIoC3BK6Tltl6MIZKTZ4se1riV7jSDj5H212Wf\n5Nfw4oD6akEj7moDbE9YYKPaRlRjnPMJLVPT2tUJNJKS6NqFh6AJoi3vlKsgolzt\nBVXqLpXCa/Z+Wj7d/RhMPpvvgPouiHD93etprtQ2xCg5NMbqeMXVlinET1Hc0EIE\nRNKqvG9vTa05YifmXfng8e0tKcWsAVpvU2Mi8QVf8UkcfaeBcULaJt39jM26G9yP\ncWXbkJbnh0mYFf1uR+G4JM7mKu7F6yy0KrGgOxlx5IS/tp5h9P/Ac6jf2iUNDeQD\nCTTwcodimmiNXKg7rHKj5mcAiH5juKsAAAAAAQID\n-----END OPENSSH PRIVATE KEY-----\n",
            "private_key_pem": "-----BEGIN RSA PRIVATE KEY-----\nMIIJKQIBAAKCAgEA0n5VnY9DkH3CAJuMi0yUhuCxtj5G4k5+Je0Vqm3/c8OIclgJ\nBvmO6dT4/P4HOld3+ALXCa0kF+khqqaBYHD02OxyvMN/Hc9e/pImNK07izgUnbkx\nAJe2okcndbZTV/7KVPwj8OiJz4+tHE5UtC/bBGT3MPyY5qVpzg40O5CiaWLua141\ngbWLir8EbXeA9PLfwpjZMWiD20CkCBIR9TtlBSQPfYV9PMWPj8ZrA+d3p1A+5TqC\nxyeMOpV3jDRuaXTBBGSH8IS2rk9H/kp6pcSG4fCgFuCyQcz8zm1BukgRMej1Q0yx\nklHqWGaIpvgesl3xSuUsLCnIhpkD0CJzp9h+9Bk+yJmPTVMdSV3fMATCZ7dEoXBO\nnqzpgIzl6mtZhA22C+tdtEdpgF1KKiBNrtDe9z4wDr9kE7jxK5gko6FoaAvvgCB7\nblHszVJUDFXbpH/vMQIyHQN0M5PGNk/6/6nhU3eT9HwwiyaMiW7at5GC7mE/hrhn\n99HWTbz3gGZ48hkF3Azf/fLSCtRCVu7GBoLp+aTXxkBKq5shZ8Qx3SmZbM/Gspt2\nt/hjf8l8qrsw9XY+Jw7DDPzxJxWvSv28+7uL4Bx/qqrlKtYGEYHIXH3pgdWhZkBz\nAyC9ocXVhcuM8oaZhLMnuE2IOtuZY9kN5boDkYHuyvJoTGUuGhNu6qzNGwcCAwEA\nAQKCAgB8irMtXi6jt0SqB17IrK7Ufu2m3oIiND7/QZ+oDx0t6Ws5/EybC907DP+k\n8MhmBIq++y8wUnkgjJeW2J2D6lF0Z7IbbbAwexnBlcd1M2ofnTbVe1U6/Ijayy7V\nvuLhFaexUN4TFAM2A9RxAweq9QWpO/Pl0A7HqOdJO6477/+oSxi1/i+6ZygBF7QO\n8L4kL++ku7sGOMiLWVu0SrzFVDcZK5Tet7S52Epwzv1SegmZvSj5h/0IyKV3pCfv\nlLYfPy1U5AZqkJtl1xLJqleW7QjBdhXCc4AE3rxVht900F8cILG8+Au4fy8gzsnb\nwMKo1lyF68KO/snemXpgE4JKtRWnVEhYErOWa09yxEBfh3YAiPHUZch+ygbsv38v\nBFcE3LNEUsCxnR8Km9RLplvaQCeiXs7ziWjJCBPRJqk47duTr7ea6SYOLF/pI6nY\nMxFhPolMO2hJWYT+ttE8jL1ckc7TnfXwdLarQYKDl90aN2w3HPiWE9alZP4CXzSG\nmL0MeMXzbg8IMDbtkdNWUEXTNLM6fQI0SsRhYA2zneAWTXlQhFYmhYH1bt6em5DT\ngxLaYG9tWPJMUlbf+dFeX6dH6USDhu/IzwPv7B5nGar7tqmnVXw8yno5U0JhUtB3\nohEn3oUwoKUIFaRL7ch86/b/Hvk+6L7c9TeMHQvK4QhhqdwBwQKCAQEA2F5NvaSj\nj88fb4qSWLuJHYqpImsl+o+Aa77Y1l2UpI9km01A+tgRoVFia2+LN1IgrDraZwrd\nR3+XY6oEatSCWP8uuJP8XV7VTjuYA8AIl/9C2THdNW0F6a8uI1r2RERDKViwgq0H\nepeCyxjwNcne/D9rxNQTrNhEJWoD6r4h7bZzfmybrDauwwnjL2j1gC9p/5AfPjQp\nDURYL7mfEnzGr/neUwyPwDsVRh+JAQ1jOMQWh398CL5lez3LpJ/t6ZB02LFJlLcQ\nsVgz13ivJSeCmGypva2FVpnuBae5ZkHLTPsV92NT0J5yTRFK0dP2Wo4tOPq38P2p\nlRvRCK301kbfFQKCAQEA+QyNe6lSdw2HjLScWkigLcErpOW2XowhkpNnix7WuJXu\nNIOPkfbXZZ/k1/DigPpqQSPuagNsT1hgo9pGVGOc8wktU9Pa1Qk0kpLo2oWHoAmi\nLe+UqyCiXO0FVeoulcJr9n5aPt39GEw+m++A+i6IcP3d62mu1DbEKDk0xup4xdWW\nKcRPUdzQQgRE0qq8b29NrTliJ+Zd+eDx7S0pxawBWm9TYyLxBV/xSRx9p4FxQtom\n3f2Mzbob3I9xZduQlueHSZgV/W5H4bgkzuYq7sXrLLQqsaA7GXHkhL+2nmH0/8Bz\nqN/aJQ0N5AMJNPByh2KaaI1cqDuscqPmZwCIfmO4qwKCAQEAmHcTZvAuBXdZWnsW\nFwrHWxbLiiJg18fpIYORPrUgujkFFt6ATIKXIcq8hKJMQoZP2a17GyMvvGMvZZ53\nkGQBGf9vh8dYDN93hbI+s13NcHYCQBSAIVaa1QmJhIZjhMVpYihJ8TtGSt+a3czL\n78s5oxx5r3AWETUwCAFFk1O5is2HYu3bYKYDzhIYkd7vKA3BLsH7EhUlXGDtl2vA\nqQFd7MExJepzHW1E123/V8t8QJMEoSR3XZ302rw31OCRgIU3oT6EcBPz4lQZ69rx\n6EeIIipoDe3JSLYdYMTIw0LXpH5GA1ZtyFLujloCFAu9zB/lxAIAPgQxTI4WZXxX\nS+sS5QKCAQEAv6u/f7qystmAxvOBmaJnVI9kjYYVMvLaK7qyZ8mWK32IVHYkGoxE\n/ftu3hqP1//horyKkqCLzQ0RY0lr8yqu8gTQE8HqmyZ4hY33E6bM2IhRftTyMDnv\ne2EXSCXxMGTvPkfEILosPXUAgnZzZxhE/eED2Ff/q2dy1Boi2iw+QtO8u+xPt4sf\n5I7wgMnSOFkLCRQuzNJo5RUQXB70FSPp7rXbEWMk56QNSN1af34Jsw+99f9bTEG9\ni6QB/AhdYSZTYnpgAinLvJZCDdHqnNVJx5/pc8cDdPPIkboSTBbLvcFZwlB1zSoc\n1KzZexrKqhNjDrAs7XTvpVMq0X8BjXQl/QKCAQBJUc99TGW6hf3xgUkma9dYflL4\nxPcZ/uzGFkf5DNYR5TXjXMTOEAxiytpxiTkzplsqiV86aXAVXwF7Yo7v7VgHHFAJ\nqqZjw/v8SPtpRN8XwtoRYXzUbh7AU/ZucFgG/QTo5JELAJvJalo8KpKhRqyNoE7K\nwluMr2RCC2qPOGs7m0UsBRQx0T6I5puwl///q9xoOHXORglHjdWyO5eAOj/KboM1\nLVlYQ4yCLkkmY4T0oa/vZ300lDG8qjKfc6vyXLDjH0LAJrvczqJPkzmUH1tQPMN/\nHeawKTRylZJpLd8/H0oLQrM0fslBJRwvgwvGiwrgho6mWHgRh8trl5gzHIDv\n-----END RSA PRIVATE KEY-----\n",
            "private_key_pem_pkcs8": "-----BEGIN PRIVATE KEY-----\nMIIJQwIBADANBgkqhkiG9w0BAQEFAASCCS0wggkpAgEAAoICAQDSflWdj0OQfcIA\nm4yLTJSG4LG2PkbiTn4l7RWqbf9zw4hyWAkG+Y7p1Pj8/gc6V3f4AtcJrSQX6SGq\npoFgcPTY7HK8w38dz17+kiY0rTuLOBSduTEAl7aiRyd1tlNX/spU/CPw6InPj60c\nTlS0L9sEZPcw/JjmpWnODjQ7kKJpYu5rXjWBtYuKvwRtd4D08t/CmNkxaIPbQKQI\nEhH1O2UFJA99hX08xY+PxmsD53enUD7lOoLHJ4w6lXeMNG5pdMEEZIfwhLauT0f+\nSnqlxIbh8KAW4LJBzPzObUG6SBEx6PVDTLGSUepYZoim+B6yXfFK5SwsKciGmQPQ\nInOn2H70GT7ImY9NUx1JXd8wBMJnt0ShcE6erOmAjOXqa1mEDbYL6120R2mAXUoq\nIE2u0N73PjAOv2QTuPErmCSjoWhoC++AIHtuUezNUlQMVdukf+8xAjIdA3Qzk8Y2\nT/r/qeFTd5P0fDCLJoyJbtq3kYLuYT+GuGf30dZNvPeAZnjyGQXcDN/98tIK1EJW\n7sYGgun5pNfGQEqrmyFnxDHdKZlsz8aym3a3+GN/yXyquzD1dj4nDsMM/PEnFa9K\n/bz7u4vgHH+qquUq1gYRgchcfemB1aFmQHMDIL2hxdWFy4zyhpmEsye4TYg625lj\n2Q3lugORge7K8mhMZS4aE27qrM0bBwIDAQABAoICAHyKsy1eLqO3RKoHXsisrtR+\n7abegiI0Pv9Bn6gPHS3pazn8TJsL3TsM/6TwyGYEir77LzBSeSCMl5bYnYPqUXRn\nshttsDB7GcGVx3Uzah+dNtV7VTr8iNrLLtW+4uEVp7FQ3hMUAzYD1HEDB6r1Bak7\n8+XQDseo50k7rjvv/6hLGLX+L7pnKAEXtA7wviQv76S7uwY4yItZW7RKvMVUNxkr\nlN63tLnYSnDO/VJ6CZm9KPmH/QjIpXekJ++Uth8/LVTkBmqQm2XXEsmqV5btCMF2\nFcJzgATevFWG33TQXxwgsbz4C7h/LyDOydvAwqjWXIXrwo7+yd6ZemATgkq1FadU\nSFgSs5ZrT3LEQF+HdgCI8dRlyH7KBuy/fy8EVwTcs0RSwLGdHwqb1EumW9pAJ6Je\nzvOJaMkIE9EmqTjt25Ovt5rpJg4sX+kjqdgzEWE+iUw7aElZhP620TyMvVyRztOd\n9fB0tqtBgoOX3Ro3bDcc+JYT1qVk/gJfNIaYvQx4xfNuDwgwNu2R01ZQRdM0szp9\nAjRKxGFgDbOd4BZNeVCEViaFgfVu3p6bkNODEtpgb21Y8kxSVt/50V5fp0fpRIOG\n78jPA+/sHmcZqvu2qadVfDzKejlTQmFS0HeiESfehTCgpQgVpEvtyHzr9v8e+T7o\nvtz1N4wdC8rhCGGp3AHBAoIBAQDYXk29pKOPzx9vipJYu4kdiqkiayX6j4BrvtjW\nXZSkj2SbTUD62BGhUWJrb4s3UiCsOtpnCt1Hf5djqgRq1IJY/y64k/xdXtVOO5gD\nwAiX/0LZMd01bQXpry4jWvZEREMpWLCCrQd6l4LLGPA1yd78P2vE1BOs2EQlagPq\nviHttnN+bJusNq7DCeMvaPWAL2n/kB8+NCkNRFgvuZ8SfMav+d5TDI/AOxVGH4kB\nDWM4xBaHf3wIvmV7Pcukn+3pkHTYsUmUtxCxWDPXeK8lJ4KYbKm9rYVWme4Fp7lm\nQctM+xX3Y1PQnnJNEUrR0/Zaji04+rfw/amVG9EIrfTWRt8VAoIBAQD5DI17qVJ3\nDYeMtJxaSKAtwSuk5bZejCGSk2eLHta4le40g4+R9tdln+TX8OKA+mpBI+5qA2xP\nWGCj2kZUY5zzCS1T09rVCTSSkujahYegCaIt75SrIKJc7QVV6i6Vwmv2flo+3f0Y\nTD6b74D6Lohw/d3raa7UNsQoOTTG6njF1ZYpxE9R3NBCBETSqrxvb02tOWIn5l35\n4PHtLSnFrAFab1NjIvEFX/FJHH2ngXFC2ibd/YzNuhvcj3Fl25CW54dJmBX9bkfh\nuCTO5iruxesstCqxoDsZceSEv7aeYfT/wHOo39olDQ3kAwk08HKHYppojVyoO6xy\no+ZnAIh+Y7irAoIBAQCYdxNm8C4Fd1laexYXCsdbFsuKImDXx+khg5E+tSC6OQUW\n3oBMgpchyryEokxChk/ZrXsbIy+8Yy9lnneQZAEZ/2+Hx1gM33eFsj6zXc1wdgJA\nFIAhVprVCYmEhmOExWliKEnxO0ZK35rdzMvvyzmjHHmvcBYRNTAIAUWTU7mKzYdi\n7dtgpgPOEhiR3u8oDcEuwfsSFSVcYO2Xa8CpAV3swTEl6nMdbUTXbf9Xy3xAkwSh\nJHddnfTavDfU4JGAhTehPoRwE/PiVBnr2vHoR4giKmgN7clIth1gxMjDQtekfkYD\nVm3IUu6OWgIUC73MH+XEAgA+BDFMjhZlfFdL6xLlAoIBAQC/q79/urKy2YDG84GZ\nomdUj2SNhhUy8torurJnyZYrfYhUdiQajET9+27eGo/X/+GivIqSoIvNDRFjSWvz\nKq7yBNATweqbJniFjfcTpszYiFF+1PIwOe97YRdIJfEwZO8+R8Qguiw9dQCCdnNn\nGET94QPYV/+rZ3LUGiLaLD5C07y77E+3ix/kjvCAydI4WQsJFC7M0mjlFRBcHvQV\nI+nutdsRYyTnpA1I3Vp/fgmzD731/1tMQb2LpAH8CF1hJlNiemACKcu8lkIN0eqc\n1UnHn+lzxwN088iRuhJMFsu9wVnCUHXNKhzUrNl7GsqqE2MOsCztdO+lUyrRfwGN\ndCX9AoIBAElRz31MZbqF/fGBSSZr11h+UvjE9xn+7MYWR/kM1hHlNeNcxM4QDGLK\n2nGJOTOmWyqJXzppcBVfAXtiju/tWAccUAmqpmPD+/xI+2lE3xfC2hFhfNRuHsBT\n9m5wWAb9BOjkkQsAm8lqWjwqkqFGrI2gTsrCW4yvZEILao84azubRSwFFDHRPojm\nm7CX//+r3Gg4dc5GCUeN1bI7l4A6P8pugzUtWVhDjIIuSSZjhPShr+9nfTSUMbyq\nMp9zq/JcsOMfQsAmu9zOok+TOZQfW1A8w38d5rApNHKVkmkt3z8fSgtCszR+yUEl\nHC+DC8aLCuCGjqZYeBGHy2uXmDMcgO8=\n-----END PRIVATE KEY-----\n",
            "public_key_fingerprint_md5": "6f:ab:f5:03:28:63:46:85:41:c1:d8:84:29:41:23:4b",
            "public_key_fingerprint_sha256": "SHA256:VoLEfomZNBKhH3Ww2WkRyqW+YCnJi8acAIIwRWSLmrQ",
            "public_key_openssh": "ssh-rsa AAAAB3NzaC1yc2EAAAADAQABAAACAQDSflWdj0OQfcIAm4yLTJSG4LG2PkbiTn4l7RWqbf9zw4hyWAkG+Y7p1Pj8/gc6V3f4AtcJrSQX6SGqpoFgcPTY7HK8w38dz17+kiY0rTuLOBSduTEAl7aiRyd1tlNX/spU/CPw6InPj60cTlS0L9sEZPcw/JjmpWnODjQ7kKJpYu5rXjWBtYuKvwRtd4D08t/CmNkxaIPbQKQIEhH1O2UFJA99hX08xY+PxmsD53enUD7lOoLHJ4w6lXeMNG5pdMEEZIfwhLauT0f+SnqlxIbh8KAW4LJBzPzObUG6SBEx6PVDTLGSUepYZoim+B6yXfFK5SwsKciGmQPQInOn2H70GT7ImY9NUx1JXd8wBMJnt0ShcE6erOmAjOXqa1mEDbYL6120R2mAXUoqIE2u0N73PjAOv2QTuPErmCSjoWhoC++AIHtuUezNUlQMVdukf+8xAjIdA3Qzk8Y2T/r/qeFTd5P0fDCLJoyJbtq3kYLuYT+GuGf30dZNvPeAZnjyGQXcDN/98tIK1EJW7sYGgun5pNfGQEqrmyFnxDHdKZlsz8aym3a3+GN/yXyquzD1dj4nDsMM/PEnFa9K/bz7u4vgHH+qquUq1gYRgchcfemB1aFmQHMDIL2hxdWFy4zyhpmEsye4TYg625lj2Q3lugORge7K8mhMZS4aE27qrM0bBw==\n",
            "public_key_pem": "-----BEGIN PUBLIC KEY-----\nMIICIjANBgkqhkiG9w0BAQEFAAOCAg8AMIICCgKCAgEA0n5VnY9DkH3CAJuMi0yU\nhuCxtj5G4k5+Je0Vqm3/c8OIclgJBvmO6dT4/P4HOld3+ALXCa0kF+khqqaBYHD0\n2OxyvMN/Hc9e/pImNK07izgUnbkxAJe2okcndbZTV/7KVPwj8OiJz4+tHE5UtC/b\nBGT3MPyY5qVpzg40O5CiaWLua141gbWLir8EbXeA9PLfwpjZMWiD20CkCBIR9Ttl\nBSQPfYV9PMWPj8ZrA+d3p1A+5TqCxyeMOpV3jDRuaXTBBGSH8IS2rk9H/kp6pcSG\n4fCgFuCyQcz8zm1BukgRMej1Q0yxklHqWGaIpvgesl3xSuUsLCnIhpkD0CJzp9h+\n9Bk+yJmPTVMdSV3fMATCZ7dEoXBOnqzpgIzl6mtZhA22C+tdtEdpgF1KKiBNrtDe\n9z4wDr9kE7jxK5gko6FoaAvvgCB7blHszVJUDFXbpH/vMQIyHQN0M5PGNk/6/6nh\nU3eT9HwwiyaMiW7at5GC7mE/hrhn99HWTbz3gGZ48hkF3Azf/fLSCtRCVu7GBoLp\n+aTXxkBKq5shZ8Qx3SmZbM/Gspt2t/hjf8l8qrsw9XY+Jw7DDPzxJxWvSv28+7uL\n4Bx/qqrlKtYGEYHIXH3pgdWhZkBzAyC9ocXVhcuM8oaZhLMnuE2IOtuZY9kN5boD\nkYHuyvJoTGUuGhNu6qzNGwcCAwEAAQ==\n-----END PUBLIC KEY-----\n",
            "rsa_bits": 4096
          },
          "sensitive_attributes": []
        }
      ]
    }
  ],
  "check_results": null
}
