{
  "version": 4,
  "terraform_version": "1.7.3",
  "serial": 162,
  "lineage": "4653457f-6116-d8c5-20b9-1de3d8e4134c",
  "outputs": {
    "controller_ip": {
      "value": "40.69.143.71",
      "type": "string"
    },
    "private_ip_addresses": {
      "value": {
        "0": "10.0.1.10",
        "1": "10.0.1.11",
        "2": "10.0.1.12"
      },
      "type": [
        "object",
        {
          "0": "string",
          "1": "string",
          "2": "string"
        }
      ]
    },
    "private_key": {
      "value": "-----BEGIN RSA PRIVATE KEY-----\nMIIJJwIBAAKCAgEAufr+GK0Cs0f9TrVYA2yuQjAX9wN0ezgI9fhDZh7FoLYudzJb\n3MzKTYHz/SmMlMKCmkbngC/91qx+xyKKM79ypgCaxHJTgnIGuSQfc5OGxP6eMYXK\nfb3SivHQ8cO9qDGzM8glrHfkkD4ym9wjfR2Pn49i3sG4ObPep9IixIovODA8oS04\nj4KnuDFjQd8Nvt5Q+yQX8sgl4FR8x6FaBo7oSgFZ/afoRTTPBpcCSMhcquDq1lJF\nfwbVSYGGgnUWZ6tJxNZl/cDvAUr1wRPvDO84kb1pBREkbnDnRLc+/FJk+WSzZ6Ft\nKgd6OsWq15ay1V/srGv2EspNiUbsPVwzaP/TC8T8yu9Ad+ylE8LKmurkFE+hfw8L\ndLbOXsxR7XiJJjPt3K9Y6b1O2xf39RNaU6UWa1+AQVwLh9PoKdWm181/EuHx0jNZ\nRUvMGJCQtFIl0IYEHqiviGFEtms5MJI9dVekFlzuKX1jIv9G7mEKx4UxXRQHhQJT\nVi9vbL9AjSsZtaXo6FYfp9YYCOxpFdGXHRnBEXavt/HUrC3FmeAESF/TCVu31w2i\n09i8VIUvcSc3QQ/z5d3OMeh6IGg2eSj+9UXH3JawemdDiVE/CEBsBtzcdVozHaEe\nXwIGFQShIrTinUAQmfHoauYUOkxx4HMeb3hTuhEZNHgTtwnOFMO7B1eFdnECAwEA\nAQKCAgAP8sofa5azsRSzzzFA+eznmCA1+oHenyuFjEibVUA1S+ooJpViFd2zT9WQ\nfCOmDhgNCs+HWpY19ozYnsmjLmOygJLFDdjDcuvIrKRV0OzZr8v5CzQWHFUVvS7h\nzJtS9RAc/KjeZVmgVPUaEIKqlAJg+HbOC2a07AvH8Gky2Xa7JsfMOoiDJf0j+ng8\nidgv6fif0LSNCUTWO+iHZfrGXTLmRb9l1SRB6wll00VK4IOx05/PyTZUck2QBB94\nyHmnYjTtQEV2wTi9r6Prbr4tKcZ8GPYMjS/GmL/8UIqCML6f9Fa+KEWoOQPuTk0c\nN7wWOCefkZKEgfysLPzNNj7iXi3GyxPPDJ15XdQC4CIXignenFcAMbkUxVRlMvqj\nCfR7ZC5asB/+gqEMdWNVwL8IxLxEY1w7mV0RxrHIBWmIX3zASMWOmfg0LkUp8HXP\ndUGdfyCY338HfLjpYiLrOfWQm4epT+McymUP8JKJRwoem29iyhjE7MCPtDmncGfe\n+T5eDuGNpgVi+zZ5xgHWmvWP3W2ajdAMwUbleut6uw7adFh667wfvdNU7TZawFll\n2PzzGB9C06TQW+x0XfLJDvEQwZd17nKnPRbDiWNN2Rk3VCzKxJyAZ5xMsvl5SERR\nVEWiN8l+2g0o3bttKKLdSmUPToO5iuzEQD7cA6eFGzqY2i5WkQKCAQEA6rwAORk/\n3yvEfIXOqxkhRDbxasaFefK+ynKAJpPdjT1faHZzWAOt7DRbFkTXCss+n3T1YfPg\nP5mC5Nk58t7+ccN8nHwHIw9l69rXoT2OxqHViBmgqiYPWobyLQ5dHnWEDprQCmP8\nsFA6TF+g5GcIjfD7hzZMlZeOyZWMlE97Cu9VmFEkKOxCjcw6TQNLRbn+dOubsYTO\n0dfmpAV9YOinlfRUrb10ohSTv4kDaQB960vaVFiLm6UFJAxYQzx/719JZBBkZ7Ev\n5bm/+OwoAZ4fQxlpMZS0JR2g2zyTtEefjvW4BqLkzolVK7pJjDSrX4SiJydSTi9x\nklR9zSODGs4QcwKCAQEAytRIO4Ejfr5VdoJmBoQKoXscGBguK9wOc/ECVoj96pKo\nthcuq0fwM/kG8cBTzIkS5NJQRvP7OQq/ZJ2dcXDmFqI/BGy5N8yKTUNCClJblkrH\n8E4pgM3W2L7A/0tm4vxtKAr7i1PzlKLN4dxFiEiuGg9LGNYjcD0Bwq5+FBY9pWDc\nMKQDvYDSAkBzcRLe/juM7fgau658hlbCD0hV35/klkBYMjRS+xtGBiT2SgVhboZi\nf9Gp6SDkIWbZNjK2FPyMXoKsgzc3tHS8gjZsAMXDiEiq9LLU/FSsM7SoHrd75WlL\nEqCtInYsjMO1ozUfODFM0LH3b4j5X0NB7gqq1FlYiwKCAQB4hViT+Ivb2QwEZ2tq\nW/fBn3gqu40yxNkC9vEnXYpGh3liGFc2nIUDHwqZj3Td/ObFVnba+S1tWjNjrsjb\nE3WPEbD8Y44CiVhqVa2bAxE4mUUaoRXl5q7Ba0ISsipLhkjser5QZ3AJUtfr+LmS\nK/ivcEik7tM5h1xv0hIg4AIr5iCLmTW4sT2msnJIsmVGgq3MeGAzMB5EjdbE5nCu\nfiX1j0KfBgRJZ8lIcV/H3NHKKuMJpYDgxES0coYq13hUfhcfgm8a8lXGXK3db9tG\noVopyHVDWLd5yxGZHywzRwb8jtsSxTY3eTm6vuYeT7ihzWa4Na9Dp4ZnfGwvFImv\nDJhTAoIBADjDYhetE2b0E2zgH3dxWpxInNstYTaLFkxiRZo8KnuMYcTcBgaPUmzp\nI4ViotEaB3ycUzUYMNWM6XVaGubVhr8M1wABAXDZQFdRHFlRJSqRcRUSetD+SkNM\nVyzbSEb8B/xt3mnmq8OMMHwmLhtu47KNVyHzQ+W0XRrDxKsQcl4nFlhSfm15cMyK\nhwQ9GMUjm1Q53BlsQpNCEns+bjHwSIO4LDaYqCR4RIeRro+Wo+bPmx9UaO3Cc7XZ\nV66wUH7dEtecUHVEbcWF6f+zBVTOA+PPGnDy32Jiu/KYe3hlNzpD1mu3Jd0AH4Wh\ne+LaCguq2GmLdMj1F30OkJPyzk4xVvMCggEAJCIQVk7seK0irx5Z5y0kZNpQqxcX\ny/rwKsmP4vPSEcWCwkUAd23DH0ljttAlcL/MsZuFG57GyZMHMfBXLpwV5SpcmKLO\nX9NZqtXuUrDll/dbCW58tF6mI082MNSudwo3TH0odmkAopMw7adpbz8wIQWq2P+g\nRkxCRjpou473miATGmKXnWB+XN6vEQKPiIWV7yYCovxEIFxH6CgKvTV+Baz+cWlG\nTEqRlSQGmFtLPvHuqudPZTPF6xEmiOvM2JWcwIPst7+AwetK9QduwPjaqwXcaiMy\n2v2WsU0HrNc3M/RqV1WHxIt7s4HuBp4lfOpIg0VeVoZNnRtuHYS4Fyp7Tw==\n-----END RSA PRIVATE KEY-----\n",
      "type": "string",
      "sensitive": true
    }
  },
  "resources": [
    {
      "mode": "managed",
      "type": "azurerm_linux_virtual_machine",
      "name": "nodecontroller",
      "provider": "provider[\"registry.terraform.io/hashicorp/azurerm\"]",
      "instances": [
        {
          "schema_version": 0,
          "attributes": {
            "additional_capabilities": [],
            "admin_password": "P@ssw0rd!123",
            "admin_ssh_key": [
              {
                "public_key": "ssh-rsa AAAAB3NzaC1yc2EAAAADAQABAAACAQC5+v4YrQKzR/1OtVgDbK5CMBf3A3R7OAj1+ENmHsWgti53MlvczMpNgfP9KYyUwoKaRueAL/3WrH7HIoozv3KmAJrEclOCcga5JB9zk4bE/p4xhcp9vdKK8dDxw72oMbMzyCWsd+SQPjKb3CN9HY+fj2Lewbg5s96n0iLEii84MDyhLTiPgqe4MWNB3w2+3lD7JBfyyCXgVHzHoVoGjuhKAVn9p+hFNM8GlwJIyFyq4OrWUkV/BtVJgYaCdRZnq0nE1mX9wO8BSvXBE+8M7ziRvWkFESRucOdEtz78UmT5ZLNnoW0qB3o6xarXlrLVX+ysa/YSyk2JRuw9XDNo/9MLxPzK70B37KUTwsqa6uQUT6F/Dwt0ts5ezFHteIkmM+3cr1jpvU7bF/f1E1pTpRZrX4BBXAuH0+gp1abXzX8S4fHSM1lFS8wYkJC0UiXQhgQeqK+IYUS2azkwkj11V6QWXO4pfWMi/0buYQrHhTFdFAeFAlNWL29sv0CNKxm1pejoVh+n1hgI7GkV0ZcdGcERdq+38dSsLcWZ4ARIX9MJW7fXDaLT2LxUhS9xJzdBD/Pl3c4x6HogaDZ5KP71RcfclrB6Z0OJUT8IQGwG3Nx1WjMdoR5fAgYVBKEitOKdQBCZ8ehq5hQ6THHgcx5veFO6ERk0eBO3Cc4Uw7sHV4V2cQ==\n",
                "username": "rooty"
              }
            ],
            "admin_username": "rooty",
            "allow_extension_operations": true,
            "availability_set_id": "",
            "boot_diagnostics": [],
            "bypass_platform_safety_checks_on_user_schedule_enabled": false,
            "capacity_reservation_group_id": "",
            "computer_name": "nodecontroller",
            "custom_data": null,
            "dedicated_host_group_id": "",
            "dedicated_host_id": "",
            "disable_password_authentication": true,
            "disk_controller_type": "",
            "edge_zone": "",
            "encryption_at_host_enabled": false,
            "eviction_policy": "",
            "extensions_time_budget": "PT1H30M",
            "gallery_application": [],
            "id": "/subscriptions/c20f51b2-62aa-4af4-8033-ed6246ab50ca/resourceGroups/production_group/providers/Microsoft.Compute/virtualMachines/nodecontroller",
            "identity": [],
            "license_type": "",
            "location": "centralus",
            "max_bid_price": -1,
            "name": "nodecontroller",
            "network_interface_ids": [
              "/subscriptions/c20f51b2-62aa-4af4-8033-ed6246ab50ca/resourceGroups/production_group/providers/Microsoft.Network/networkInterfaces/nic_prod_controller"
            ],
            "os_disk": [
              {
                "caching": "ReadWrite",
                "diff_disk_settings": [],
                "disk_encryption_set_id": "",
                "disk_size_gb": 30,
                "name": "NodeControlDisk",
                "secure_vm_disk_encryption_set_id": "",
                "security_encryption_type": "",
                "storage_account_type": "Premium_LRS",
                "write_accelerator_enabled": false
              }
            ],
            "os_image_notification": [],
            "patch_assessment_mode": "ImageDefault",
            "patch_mode": "ImageDefault",
            "plan": [],
            "platform_fault_domain": -1,
            "priority": "Regular",
            "private_ip_address": "10.1.1.4",
            "private_ip_addresses": [
              "10.1.1.4"
            ],
            "provision_vm_agent": true,
            "proximity_placement_group_id": "",
            "public_ip_address": "40.69.143.71",
            "public_ip_addresses": [
              "40.69.143.71"
            ],
            "reboot_setting": "",
            "resource_group_name": "production_group",
            "secret": [],
            "secure_boot_enabled": false,
            "size": "Standard_DS1_v2",
            "source_image_id": "",
            "source_image_reference": [
              {
                "offer": "0001-com-ubuntu-server-jammy",
                "publisher": "Canonical",
                "sku": "22_04-lts",
                "version": "latest"
              }
            ],
            "tags": null,
            "termination_notification": null,
            "timeouts": null,
            "user_data": "",
            "virtual_machine_id": "87170c8d-5a93-4c95-a567-6651ff5c0f2b",
            "virtual_machine_scale_set_id": "",
            "vm_agent_platform_updates_enabled": false,
            "vtpm_enabled": false,
            "zone": ""
          },
          "sensitive_attributes": [],
          "private": "eyJlMmJmYjczMC1lY2FhLTExZTYtOGY4OC0zNDM2M2JjN2M0YzAiOnsiY3JlYXRlIjoyNzAwMDAwMDAwMDAwLCJkZWxldGUiOjI3MDAwMDAwMDAwMDAsInJlYWQiOjMwMDAwMDAwMDAwMCwidXBkYXRlIjoyNzAwMDAwMDAwMDAwfX0=",
          "dependencies": [
            "azurerm_network_interface.nic_prod_controller",
            "azurerm_public_ip.pubip_controller",
            "azurerm_resource_group.prod_group",
            "azurerm_subnet.subnet_prod_controller",
            "azurerm_virtual_network.vnet_prod_controller",
            "tls_private_key.ssh_key_linux_openssh"
          ]
        }
      ]
    },
    {
      "mode": "managed",
      "type": "azurerm_linux_virtual_machine",
      "name": "nodes",
      "provider": "provider[\"registry.terraform.io/hashicorp/azurerm\"]",
      "instances": [
        {
          "index_key": 0,
          "schema_version": 0,
          "attributes": {
            "additional_capabilities": [],
            "admin_password": "P@ssw0rd!123",
            "admin_ssh_key": [
              {
                "public_key": "ssh-rsa AAAAB3NzaC1yc2EAAAADAQABAAACAQC5+v4YrQKzR/1OtVgDbK5CMBf3A3R7OAj1+ENmHsWgti53MlvczMpNgfP9KYyUwoKaRueAL/3WrH7HIoozv3KmAJrEclOCcga5JB9zk4bE/p4xhcp9vdKK8dDxw72oMbMzyCWsd+SQPjKb3CN9HY+fj2Lewbg5s96n0iLEii84MDyhLTiPgqe4MWNB3w2+3lD7JBfyyCXgVHzHoVoGjuhKAVn9p+hFNM8GlwJIyFyq4OrWUkV/BtVJgYaCdRZnq0nE1mX9wO8BSvXBE+8M7ziRvWkFESRucOdEtz78UmT5ZLNnoW0qB3o6xarXlrLVX+ysa/YSyk2JRuw9XDNo/9MLxPzK70B37KUTwsqa6uQUT6F/Dwt0ts5ezFHteIkmM+3cr1jpvU7bF/f1E1pTpRZrX4BBXAuH0+gp1abXzX8S4fHSM1lFS8wYkJC0UiXQhgQeqK+IYUS2azkwkj11V6QWXO4pfWMi/0buYQrHhTFdFAeFAlNWL29sv0CNKxm1pejoVh+n1hgI7GkV0ZcdGcERdq+38dSsLcWZ4ARIX9MJW7fXDaLT2LxUhS9xJzdBD/Pl3c4x6HogaDZ5KP71RcfclrB6Z0OJUT8IQGwG3Nx1WjMdoR5fAgYVBKEitOKdQBCZ8ehq5hQ6THHgcx5veFO6ERk0eBO3Cc4Uw7sHV4V2cQ==\n",
                "username": "rooty"
              }
            ],
            "admin_username": "rooty",
            "allow_extension_operations": true,
            "availability_set_id": "",
            "boot_diagnostics": [],
            "bypass_platform_safety_checks_on_user_schedule_enabled": false,
            "capacity_reservation_group_id": "",
            "computer_name": "node-web01",
            "custom_data": null,
            "dedicated_host_group_id": "",
            "dedicated_host_id": "",
            "disable_password_authentication": true,
            "disk_controller_type": "",
            "edge_zone": "",
            "encryption_at_host_enabled": false,
            "eviction_policy": "",
            "extensions_time_budget": "PT1H30M",
            "gallery_application": [],
            "id": "/subscriptions/c20f51b2-62aa-4af4-8033-ed6246ab50ca/resourceGroups/production_group/providers/Microsoft.Compute/virtualMachines/node-web01",
            "identity": [],
            "license_type": "",
            "location": "centralus",
            "max_bid_price": -1,
            "name": "node-web01",
            "network_interface_ids": [
              "/subscriptions/c20f51b2-62aa-4af4-8033-ed6246ab50ca/resourceGroups/production_group/providers/Microsoft.Network/networkInterfaces/nic_prod_node_0"
            ],
            "os_disk": [
              {
                "caching": "ReadWrite",
                "diff_disk_settings": [],
                "disk_encryption_set_id": "",
                "disk_size_gb": 30,
                "name": "node0Disk",
                "secure_vm_disk_encryption_set_id": "",
                "security_encryption_type": "",
                "storage_account_type": "Premium_LRS",
                "write_accelerator_enabled": false
              }
            ],
            "os_image_notification": [],
            "patch_assessment_mode": "ImageDefault",
            "patch_mode": "ImageDefault",
            "plan": [],
            "platform_fault_domain": -1,
            "priority": "Regular",
            "private_ip_address": "10.0.1.10",
            "private_ip_addresses": [
              "10.0.1.10"
            ],
            "provision_vm_agent": true,
            "proximity_placement_group_id": "",
            "public_ip_address": "40.69.137.138",
            "public_ip_addresses": [
              "40.69.137.138"
            ],
            "reboot_setting": "",
            "resource_group_name": "production_group",
            "secret": [],
            "secure_boot_enabled": false,
            "size": "Standard_DS1_v2",
            "source_image_id": "",
            "source_image_reference": [
              {
                "offer": "0001-com-ubuntu-server-jammy",
                "publisher": "Canonical",
                "sku": "22_04-lts",
                "version": "latest"
              }
            ],
            "tags": null,
            "termination_notification": null,
            "timeouts": null,
            "user_data": "",
            "virtual_machine_id": "d3336dcc-c7e9-4111-b92c-15e936946bcb",
            "virtual_machine_scale_set_id": "",
            "vm_agent_platform_updates_enabled": false,
            "vtpm_enabled": false,
            "zone": ""
          },
          "sensitive_attributes": [],
          "private": "eyJlMmJmYjczMC1lY2FhLTExZTYtOGY4OC0zNDM2M2JjN2M0YzAiOnsiY3JlYXRlIjoyNzAwMDAwMDAwMDAwLCJkZWxldGUiOjI3MDAwMDAwMDAwMDAsInJlYWQiOjMwMDAwMDAwMDAwMCwidXBkYXRlIjoyNzAwMDAwMDAwMDAwfX0=",
          "dependencies": [
            "azurerm_network_interface.nic_prod_nodes",
            "azurerm_public_ip.pubip_node_web",
            "azurerm_resource_group.prod_group",
            "azurerm_subnet.subnet_prod",
            "azurerm_virtual_network.vnet_prod",
            "tls_private_key.ssh_key_linux_openssh"
          ]
        },
        {
          "index_key": 1,
          "schema_version": 0,
          "attributes": {
            "additional_capabilities": [],
            "admin_password": "P@ssw0rd!123",
            "admin_ssh_key": [
              {
                "public_key": "ssh-rsa AAAAB3NzaC1yc2EAAAADAQABAAACAQC5+v4YrQKzR/1OtVgDbK5CMBf3A3R7OAj1+ENmHsWgti53MlvczMpNgfP9KYyUwoKaRueAL/3WrH7HIoozv3KmAJrEclOCcga5JB9zk4bE/p4xhcp9vdKK8dDxw72oMbMzyCWsd+SQPjKb3CN9HY+fj2Lewbg5s96n0iLEii84MDyhLTiPgqe4MWNB3w2+3lD7JBfyyCXgVHzHoVoGjuhKAVn9p+hFNM8GlwJIyFyq4OrWUkV/BtVJgYaCdRZnq0nE1mX9wO8BSvXBE+8M7ziRvWkFESRucOdEtz78UmT5ZLNnoW0qB3o6xarXlrLVX+ysa/YSyk2JRuw9XDNo/9MLxPzK70B37KUTwsqa6uQUT6F/Dwt0ts5ezFHteIkmM+3cr1jpvU7bF/f1E1pTpRZrX4BBXAuH0+gp1abXzX8S4fHSM1lFS8wYkJC0UiXQhgQeqK+IYUS2azkwkj11V6QWXO4pfWMi/0buYQrHhTFdFAeFAlNWL29sv0CNKxm1pejoVh+n1hgI7GkV0ZcdGcERdq+38dSsLcWZ4ARIX9MJW7fXDaLT2LxUhS9xJzdBD/Pl3c4x6HogaDZ5KP71RcfclrB6Z0OJUT8IQGwG3Nx1WjMdoR5fAgYVBKEitOKdQBCZ8ehq5hQ6THHgcx5veFO6ERk0eBO3Cc4Uw7sHV4V2cQ==\n",
                "username": "rooty"
              }
            ],
            "admin_username": "rooty",
            "allow_extension_operations": true,
            "availability_set_id": "",
            "boot_diagnostics": [],
            "bypass_platform_safety_checks_on_user_schedule_enabled": false,
            "capacity_reservation_group_id": "",
            "computer_name": "node-database02",
            "custom_data": null,
            "dedicated_host_group_id": "",
            "dedicated_host_id": "",
            "disable_password_authentication": true,
            "disk_controller_type": "",
            "edge_zone": "",
            "encryption_at_host_enabled": false,
            "eviction_policy": "",
            "extensions_time_budget": "PT1H30M",
            "gallery_application": [],
            "id": "/subscriptions/c20f51b2-62aa-4af4-8033-ed6246ab50ca/resourceGroups/production_group/providers/Microsoft.Compute/virtualMachines/node-database02",
            "identity": [],
            "license_type": "",
            "location": "centralus",
            "max_bid_price": -1,
            "name": "node-database02",
            "network_interface_ids": [
              "/subscriptions/c20f51b2-62aa-4af4-8033-ed6246ab50ca/resourceGroups/production_group/providers/Microsoft.Network/networkInterfaces/nic_prod_node_1"
            ],
            "os_disk": [
              {
                "caching": "ReadWrite",
                "diff_disk_settings": [],
                "disk_encryption_set_id": "",
                "disk_size_gb": 30,
                "name": "node1Disk",
                "secure_vm_disk_encryption_set_id": "",
                "security_encryption_type": "",
                "storage_account_type": "Premium_LRS",
                "write_accelerator_enabled": false
              }
            ],
            "os_image_notification": [],
            "patch_assessment_mode": "ImageDefault",
            "patch_mode": "ImageDefault",
            "plan": [],
            "platform_fault_domain": -1,
            "priority": "Regular",
            "private_ip_address": "10.0.1.11",
            "private_ip_addresses": [
              "10.0.1.11"
            ],
            "provision_vm_agent": true,
            "proximity_placement_group_id": "",
            "public_ip_address": "",
            "public_ip_addresses": [],
            "reboot_setting": "",
            "resource_group_name": "production_group",
            "secret": [],
            "secure_boot_enabled": false,
            "size": "Standard_DS1_v2",
            "source_image_id": "",
            "source_image_reference": [
              {
                "offer": "0001-com-ubuntu-server-jammy",
                "publisher": "Canonical",
                "sku": "22_04-lts",
                "version": "latest"
              }
            ],
            "tags": null,
            "termination_notification": null,
            "timeouts": null,
            "user_data": "",
            "virtual_machine_id": "6e87f9cb-e3a2-4d70-a455-e9313a794efb",
            "virtual_machine_scale_set_id": "",
            "vm_agent_platform_updates_enabled": false,
            "vtpm_enabled": false,
            "zone": ""
          },
          "sensitive_attributes": [],
          "private": "eyJlMmJmYjczMC1lY2FhLTExZTYtOGY4OC0zNDM2M2JjN2M0YzAiOnsiY3JlYXRlIjoyNzAwMDAwMDAwMDAwLCJkZWxldGUiOjI3MDAwMDAwMDAwMDAsInJlYWQiOjMwMDAwMDAwMDAwMCwidXBkYXRlIjoyNzAwMDAwMDAwMDAwfX0=",
          "dependencies": [
            "azurerm_network_interface.nic_prod_nodes",
            "azurerm_public_ip.pubip_node_web",
            "azurerm_resource_group.prod_group",
            "azurerm_subnet.subnet_prod",
            "azurerm_virtual_network.vnet_prod",
            "tls_private_key.ssh_key_linux_openssh"
          ]
        },
        {
          "index_key": 2,
          "schema_version": 0,
          "attributes": {
            "additional_capabilities": [],
            "admin_password": "P@ssw0rd!123",
            "admin_ssh_key": [
              {
                "public_key": "ssh-rsa AAAAB3NzaC1yc2EAAAADAQABAAACAQC5+v4YrQKzR/1OtVgDbK5CMBf3A3R7OAj1+ENmHsWgti53MlvczMpNgfP9KYyUwoKaRueAL/3WrH7HIoozv3KmAJrEclOCcga5JB9zk4bE/p4xhcp9vdKK8dDxw72oMbMzyCWsd+SQPjKb3CN9HY+fj2Lewbg5s96n0iLEii84MDyhLTiPgqe4MWNB3w2+3lD7JBfyyCXgVHzHoVoGjuhKAVn9p+hFNM8GlwJIyFyq4OrWUkV/BtVJgYaCdRZnq0nE1mX9wO8BSvXBE+8M7ziRvWkFESRucOdEtz78UmT5ZLNnoW0qB3o6xarXlrLVX+ysa/YSyk2JRuw9XDNo/9MLxPzK70B37KUTwsqa6uQUT6F/Dwt0ts5ezFHteIkmM+3cr1jpvU7bF/f1E1pTpRZrX4BBXAuH0+gp1abXzX8S4fHSM1lFS8wYkJC0UiXQhgQeqK+IYUS2azkwkj11V6QWXO4pfWMi/0buYQrHhTFdFAeFAlNWL29sv0CNKxm1pejoVh+n1hgI7GkV0ZcdGcERdq+38dSsLcWZ4ARIX9MJW7fXDaLT2LxUhS9xJzdBD/Pl3c4x6HogaDZ5KP71RcfclrB6Z0OJUT8IQGwG3Nx1WjMdoR5fAgYVBKEitOKdQBCZ8ehq5hQ6THHgcx5veFO6ERk0eBO3Cc4Uw7sHV4V2cQ==\n",
                "username": "rooty"
              }
            ],
            "admin_username": "rooty",
            "allow_extension_operations": true,
            "availability_set_id": "",
            "boot_diagnostics": [],
            "bypass_platform_safety_checks_on_user_schedule_enabled": false,
            "capacity_reservation_group_id": "",
            "computer_name": "node-api03",
            "custom_data": null,
            "dedicated_host_group_id": "",
            "dedicated_host_id": "",
            "disable_password_authentication": true,
            "disk_controller_type": "",
            "edge_zone": "",
            "encryption_at_host_enabled": false,
            "eviction_policy": "",
            "extensions_time_budget": "PT1H30M",
            "gallery_application": [],
            "id": "/subscriptions/c20f51b2-62aa-4af4-8033-ed6246ab50ca/resourceGroups/production_group/providers/Microsoft.Compute/virtualMachines/node-api03",
            "identity": [],
            "license_type": "",
            "location": "centralus",
            "max_bid_price": -1,
            "name": "node-api03",
            "network_interface_ids": [
              "/subscriptions/c20f51b2-62aa-4af4-8033-ed6246ab50ca/resourceGroups/production_group/providers/Microsoft.Network/networkInterfaces/nic_prod_node_2"
            ],
            "os_disk": [
              {
                "caching": "ReadWrite",
                "diff_disk_settings": [],
                "disk_encryption_set_id": "",
                "disk_size_gb": 30,
                "name": "node2Disk",
                "secure_vm_disk_encryption_set_id": "",
                "security_encryption_type": "",
                "storage_account_type": "Premium_LRS",
                "write_accelerator_enabled": false
              }
            ],
            "os_image_notification": [],
            "patch_assessment_mode": "ImageDefault",
            "patch_mode": "ImageDefault",
            "plan": [],
            "platform_fault_domain": -1,
            "priority": "Regular",
            "private_ip_address": "10.0.1.12",
            "private_ip_addresses": [
              "10.0.1.12"
            ],
            "provision_vm_agent": true,
            "proximity_placement_group_id": "",
            "public_ip_address": "",
            "public_ip_addresses": [],
            "reboot_setting": "",
            "resource_group_name": "production_group",
            "secret": [],
            "secure_boot_enabled": false,
            "size": "Standard_DS1_v2",
            "source_image_id": "",
            "source_image_reference": [
              {
                "offer": "0001-com-ubuntu-server-jammy",
                "publisher": "Canonical",
                "sku": "22_04-lts",
                "version": "latest"
              }
            ],
            "tags": null,
            "termination_notification": null,
            "timeouts": null,
            "user_data": "",
            "virtual_machine_id": "4d95e091-7ebe-4043-ae01-b62a17caba13",
            "virtual_machine_scale_set_id": "",
            "vm_agent_platform_updates_enabled": false,
            "vtpm_enabled": false,
            "zone": ""
          },
          "sensitive_attributes": [],
          "private": "eyJlMmJmYjczMC1lY2FhLTExZTYtOGY4OC0zNDM2M2JjN2M0YzAiOnsiY3JlYXRlIjoyNzAwMDAwMDAwMDAwLCJkZWxldGUiOjI3MDAwMDAwMDAwMDAsInJlYWQiOjMwMDAwMDAwMDAwMCwidXBkYXRlIjoyNzAwMDAwMDAwMDAwfX0=",
          "dependencies": [
            "azurerm_network_interface.nic_prod_nodes",
            "azurerm_public_ip.pubip_node_web",
            "azurerm_resource_group.prod_group",
            "azurerm_subnet.subnet_prod",
            "azurerm_virtual_network.vnet_prod",
            "tls_private_key.ssh_key_linux_openssh"
          ]
        }
      ]
    },
    {
      "mode": "managed",
      "type": "azurerm_network_interface",
      "name": "nic_prod_controller",
      "provider": "provider[\"registry.terraform.io/hashicorp/azurerm\"]",
      "instances": [
        {
          "schema_version": 0,
          "attributes": {
            "applied_dns_servers": [],
            "auxiliary_mode": "",
            "auxiliary_sku": "",
            "dns_servers": [],
            "edge_zone": "",
            "enable_accelerated_networking": false,
            "enable_ip_forwarding": false,
            "id": "/subscriptions/c20f51b2-62aa-4af4-8033-ed6246ab50ca/resourceGroups/production_group/providers/Microsoft.Network/networkInterfaces/nic_prod_controller",
            "internal_dns_name_label": "",
            "internal_domain_name_suffix": "hniqjflhdieejpewgj2vkkjuag.gx.internal.cloudapp.net",
            "ip_configuration": [
              {
                "gateway_load_balancer_frontend_ip_configuration_id": "",
                "name": "nic_controller_config",
                "primary": true,
                "private_ip_address": "10.1.1.4",
                "private_ip_address_allocation": "Dynamic",
                "private_ip_address_version": "IPv4",
                "public_ip_address_id": "/subscriptions/c20f51b2-62aa-4af4-8033-ed6246ab50ca/resourceGroups/production_group/providers/Microsoft.Network/publicIPAddresses/pubip_controller",
                "subnet_id": "/subscriptions/c20f51b2-62aa-4af4-8033-ed6246ab50ca/resourceGroups/production_group/providers/Microsoft.Network/virtualNetworks/vnet_prod_controller/subnets/subnet_controller_prod_internal"
              }
            ],
            "location": "centralus",
            "mac_address": "",
            "name": "nic_prod_controller",
            "private_ip_address": "10.1.1.4",
            "private_ip_addresses": [
              "10.1.1.4"
            ],
            "resource_group_name": "production_group",
            "tags": null,
            "timeouts": null,
            "virtual_machine_id": ""
          },
          "sensitive_attributes": [],
          "private": "eyJlMmJmYjczMC1lY2FhLTExZTYtOGY4OC0zNDM2M2JjN2M0YzAiOnsiY3JlYXRlIjoxODAwMDAwMDAwMDAwLCJkZWxldGUiOjE4MDAwMDAwMDAwMDAsInJlYWQiOjMwMDAwMDAwMDAwMCwidXBkYXRlIjoxODAwMDAwMDAwMDAwfX0=",
          "dependencies": [
            "azurerm_public_ip.pubip_controller",
            "azurerm_resource_group.prod_group",
            "azurerm_subnet.subnet_prod_controller",
            "azurerm_virtual_network.vnet_prod_controller"
          ]
        }
      ]
    },
    {
      "mode": "managed",
      "type": "azurerm_network_interface",
      "name": "nic_prod_nodes",
      "provider": "provider[\"registry.terraform.io/hashicorp/azurerm\"]",
      "instances": [
        {
          "index_key": 0,
          "schema_version": 0,
          "attributes": {
            "applied_dns_servers": [],
            "auxiliary_mode": "",
            "auxiliary_sku": "",
            "dns_servers": [],
            "edge_zone": "",
            "enable_accelerated_networking": false,
            "enable_ip_forwarding": false,
            "id": "/subscriptions/c20f51b2-62aa-4af4-8033-ed6246ab50ca/resourceGroups/production_group/providers/Microsoft.Network/networkInterfaces/nic_prod_node_0",
            "internal_dns_name_label": "",
            "internal_domain_name_suffix": "1gihloxja1oupoxhvuorvpelyh.gx.internal.cloudapp.net",
            "ip_configuration": [
              {
                "gateway_load_balancer_frontend_ip_configuration_id": "",
                "name": "nic_node_0_config",
                "primary": true,
                "private_ip_address": "10.0.1.10",
                "private_ip_address_allocation": "Static",
                "private_ip_address_version": "IPv4",
                "public_ip_address_id": "/subscriptions/c20f51b2-62aa-4af4-8033-ed6246ab50ca/resourceGroups/production_group/providers/Microsoft.Network/publicIPAddresses/pubip_node_web",
                "subnet_id": "/subscriptions/c20f51b2-62aa-4af4-8033-ed6246ab50ca/resourceGroups/production_group/providers/Microsoft.Network/virtualNetworks/vnet_prod/subnets/subnet_prod_internal"
              }
            ],
            "location": "centralus",
            "mac_address": "",
            "name": "nic_prod_node_0",
            "private_ip_address": "10.0.1.10",
            "private_ip_addresses": [
              "10.0.1.10"
            ],
            "resource_group_name": "production_group",
            "tags": null,
            "timeouts": null,
            "virtual_machine_id": ""
          },
          "sensitive_attributes": [],
          "private": "eyJlMmJmYjczMC1lY2FhLTExZTYtOGY4OC0zNDM2M2JjN2M0YzAiOnsiY3JlYXRlIjoxODAwMDAwMDAwMDAwLCJkZWxldGUiOjE4MDAwMDAwMDAwMDAsInJlYWQiOjMwMDAwMDAwMDAwMCwidXBkYXRlIjoxODAwMDAwMDAwMDAwfX0=",
          "dependencies": [
            "azurerm_public_ip.pubip_node_web",
            "azurerm_resource_group.prod_group",
            "azurerm_subnet.subnet_prod",
            "azurerm_virtual_network.vnet_prod"
          ]
        },
        {
          "index_key": 1,
          "schema_version": 0,
          "attributes": {
            "applied_dns_servers": [],
            "auxiliary_mode": "",
            "auxiliary_sku": "",
            "dns_servers": [],
            "edge_zone": "",
            "enable_accelerated_networking": false,
            "enable_ip_forwarding": false,
            "id": "/subscriptions/c20f51b2-62aa-4af4-8033-ed6246ab50ca/resourceGroups/production_group/providers/Microsoft.Network/networkInterfaces/nic_prod_node_1",
            "internal_dns_name_label": "",
            "internal_domain_name_suffix": "1gihloxja1oupoxhvuorvpelyh.gx.internal.cloudapp.net",
            "ip_configuration": [
              {
                "gateway_load_balancer_frontend_ip_configuration_id": "",
                "name": "nic_node_1_config",
                "primary": true,
                "private_ip_address": "10.0.1.11",
                "private_ip_address_allocation": "Static",
                "private_ip_address_version": "IPv4",
                "public_ip_address_id": "",
                "subnet_id": "/subscriptions/c20f51b2-62aa-4af4-8033-ed6246ab50ca/resourceGroups/production_group/providers/Microsoft.Network/virtualNetworks/vnet_prod/subnets/subnet_prod_internal"
              }
            ],
            "location": "centralus",
            "mac_address": "",
            "name": "nic_prod_node_1",
            "private_ip_address": "10.0.1.11",
            "private_ip_addresses": [
              "10.0.1.11"
            ],
            "resource_group_name": "production_group",
            "tags": null,
            "timeouts": null,
            "virtual_machine_id": ""
          },
          "sensitive_attributes": [],
          "private": "eyJlMmJmYjczMC1lY2FhLTExZTYtOGY4OC0zNDM2M2JjN2M0YzAiOnsiY3JlYXRlIjoxODAwMDAwMDAwMDAwLCJkZWxldGUiOjE4MDAwMDAwMDAwMDAsInJlYWQiOjMwMDAwMDAwMDAwMCwidXBkYXRlIjoxODAwMDAwMDAwMDAwfX0=",
          "dependencies": [
            "azurerm_public_ip.pubip_node_web",
            "azurerm_resource_group.prod_group",
            "azurerm_subnet.subnet_prod",
            "azurerm_virtual_network.vnet_prod"
          ]
        },
        {
          "index_key": 2,
          "schema_version": 0,
          "attributes": {
            "applied_dns_servers": [],
            "auxiliary_mode": "",
            "auxiliary_sku": "",
            "dns_servers": [],
            "edge_zone": "",
            "enable_accelerated_networking": false,
            "enable_ip_forwarding": false,
            "id": "/subscriptions/c20f51b2-62aa-4af4-8033-ed6246ab50ca/resourceGroups/production_group/providers/Microsoft.Network/networkInterfaces/nic_prod_node_2",
            "internal_dns_name_label": "",
            "internal_domain_name_suffix": "1gihloxja1oupoxhvuorvpelyh.gx.internal.cloudapp.net",
            "ip_configuration": [
              {
                "gateway_load_balancer_frontend_ip_configuration_id": "",
                "name": "nic_node_2_config",
                "primary": true,
                "private_ip_address": "10.0.1.12",
                "private_ip_address_allocation": "Static",
                "private_ip_address_version": "IPv4",
                "public_ip_address_id": "",
                "subnet_id": "/subscriptions/c20f51b2-62aa-4af4-8033-ed6246ab50ca/resourceGroups/production_group/providers/Microsoft.Network/virtualNetworks/vnet_prod/subnets/subnet_prod_internal"
              }
            ],
            "location": "centralus",
            "mac_address": "",
            "name": "nic_prod_node_2",
            "private_ip_address": "10.0.1.12",
            "private_ip_addresses": [
              "10.0.1.12"
            ],
            "resource_group_name": "production_group",
            "tags": null,
            "timeouts": null,
            "virtual_machine_id": ""
          },
          "sensitive_attributes": [],
          "private": "eyJlMmJmYjczMC1lY2FhLTExZTYtOGY4OC0zNDM2M2JjN2M0YzAiOnsiY3JlYXRlIjoxODAwMDAwMDAwMDAwLCJkZWxldGUiOjE4MDAwMDAwMDAwMDAsInJlYWQiOjMwMDAwMDAwMDAwMCwidXBkYXRlIjoxODAwMDAwMDAwMDAwfX0=",
          "dependencies": [
            "azurerm_public_ip.pubip_node_web",
            "azurerm_resource_group.prod_group",
            "azurerm_subnet.subnet_prod",
            "azurerm_virtual_network.vnet_prod"
          ]
        }
      ]
    },
    {
      "mode": "managed",
      "type": "azurerm_network_interface_security_group_association",
      "name": "prod_sga_controller",
      "provider": "provider[\"registry.terraform.io/hashicorp/azurerm\"]",
      "instances": [
        {
          "schema_version": 0,
          "attributes": {
            "id": "/subscriptions/c20f51b2-62aa-4af4-8033-ed6246ab50ca/resourceGroups/production_group/providers/Microsoft.Network/networkInterfaces/nic_prod_controller|/subscriptions/c20f51b2-62aa-4af4-8033-ed6246ab50ca/resourceGroups/production_group/providers/Microsoft.Network/networkSecurityGroups/prod_security_group_controller",
            "network_interface_id": "/subscriptions/c20f51b2-62aa-4af4-8033-ed6246ab50ca/resourceGroups/production_group/providers/Microsoft.Network/networkInterfaces/nic_prod_controller",
            "network_security_group_id": "/subscriptions/c20f51b2-62aa-4af4-8033-ed6246ab50ca/resourceGroups/production_group/providers/Microsoft.Network/networkSecurityGroups/prod_security_group_controller",
            "timeouts": null
          },
          "sensitive_attributes": [],
          "private": "eyJlMmJmYjczMC1lY2FhLTExZTYtOGY4OC0zNDM2M2JjN2M0YzAiOnsiY3JlYXRlIjoxODAwMDAwMDAwMDAwLCJkZWxldGUiOjE4MDAwMDAwMDAwMDAsInJlYWQiOjMwMDAwMDAwMDAwMH19",
          "dependencies": [
            "azurerm_network_interface.nic_prod_controller",
            "azurerm_network_security_group.prod_security_group_controller",
            "azurerm_public_ip.pubip_controller",
            "azurerm_resource_group.prod_group",
            "azurerm_subnet.subnet_prod_controller",
            "azurerm_virtual_network.vnet_prod_controller"
          ]
        }
      ]
    },
    {
      "mode": "managed",
      "type": "azurerm_network_interface_security_group_association",
      "name": "prod_sga_nodes",
      "provider": "provider[\"registry.terraform.io/hashicorp/azurerm\"]",
      "instances": [
        {
          "index_key": "0",
          "schema_version": 0,
          "attributes": {
            "id": "/subscriptions/c20f51b2-62aa-4af4-8033-ed6246ab50ca/resourceGroups/production_group/providers/Microsoft.Network/networkInterfaces/nic_prod_node_0|/subscriptions/c20f51b2-62aa-4af4-8033-ed6246ab50ca/resourceGroups/production_group/providers/Microsoft.Network/networkSecurityGroups/prod_security_group_nodes",
            "network_interface_id": "/subscriptions/c20f51b2-62aa-4af4-8033-ed6246ab50ca/resourceGroups/production_group/providers/Microsoft.Network/networkInterfaces/nic_prod_node_0",
            "network_security_group_id": "/subscriptions/c20f51b2-62aa-4af4-8033-ed6246ab50ca/resourceGroups/production_group/providers/Microsoft.Network/networkSecurityGroups/prod_security_group_nodes",
            "timeouts": null
          },
          "sensitive_attributes": [],
          "private": "eyJlMmJmYjczMC1lY2FhLTExZTYtOGY4OC0zNDM2M2JjN2M0YzAiOnsiY3JlYXRlIjoxODAwMDAwMDAwMDAwLCJkZWxldGUiOjE4MDAwMDAwMDAwMDAsInJlYWQiOjMwMDAwMDAwMDAwMH19",
          "dependencies": [
            "azurerm_network_interface.nic_prod_nodes",
            "azurerm_network_security_group.prod_security_group_nodes",
            "azurerm_public_ip.pubip_node_web",
            "azurerm_resource_group.prod_group",
            "azurerm_subnet.subnet_prod",
            "azurerm_virtual_network.vnet_prod"
          ]
        },
        {
          "index_key": "1",
          "schema_version": 0,
          "attributes": {
            "id": "/subscriptions/c20f51b2-62aa-4af4-8033-ed6246ab50ca/resourceGroups/production_group/providers/Microsoft.Network/networkInterfaces/nic_prod_node_1|/subscriptions/c20f51b2-62aa-4af4-8033-ed6246ab50ca/resourceGroups/production_group/providers/Microsoft.Network/networkSecurityGroups/prod_security_group_nodes",
            "network_interface_id": "/subscriptions/c20f51b2-62aa-4af4-8033-ed6246ab50ca/resourceGroups/production_group/providers/Microsoft.Network/networkInterfaces/nic_prod_node_1",
            "network_security_group_id": "/subscriptions/c20f51b2-62aa-4af4-8033-ed6246ab50ca/resourceGroups/production_group/providers/Microsoft.Network/networkSecurityGroups/prod_security_group_nodes",
            "timeouts": null
          },
          "sensitive_attributes": [],
          "private": "eyJlMmJmYjczMC1lY2FhLTExZTYtOGY4OC0zNDM2M2JjN2M0YzAiOnsiY3JlYXRlIjoxODAwMDAwMDAwMDAwLCJkZWxldGUiOjE4MDAwMDAwMDAwMDAsInJlYWQiOjMwMDAwMDAwMDAwMH19",
          "dependencies": [
            "azurerm_network_interface.nic_prod_nodes",
            "azurerm_network_security_group.prod_security_group_nodes",
            "azurerm_public_ip.pubip_node_web",
            "azurerm_resource_group.prod_group",
            "azurerm_subnet.subnet_prod",
            "azurerm_virtual_network.vnet_prod"
          ]
        },
        {
          "index_key": "2",
          "schema_version": 0,
          "attributes": {
            "id": "/subscriptions/c20f51b2-62aa-4af4-8033-ed6246ab50ca/resourceGroups/production_group/providers/Microsoft.Network/networkInterfaces/nic_prod_node_2|/subscriptions/c20f51b2-62aa-4af4-8033-ed6246ab50ca/resourceGroups/production_group/providers/Microsoft.Network/networkSecurityGroups/prod_security_group_nodes",
            "network_interface_id": "/subscriptions/c20f51b2-62aa-4af4-8033-ed6246ab50ca/resourceGroups/production_group/providers/Microsoft.Network/networkInterfaces/nic_prod_node_2",
            "network_security_group_id": "/subscriptions/c20f51b2-62aa-4af4-8033-ed6246ab50ca/resourceGroups/production_group/providers/Microsoft.Network/networkSecurityGroups/prod_security_group_nodes",
            "timeouts": null
          },
          "sensitive_attributes": [],
          "private": "eyJlMmJmYjczMC1lY2FhLTExZTYtOGY4OC0zNDM2M2JjN2M0YzAiOnsiY3JlYXRlIjoxODAwMDAwMDAwMDAwLCJkZWxldGUiOjE4MDAwMDAwMDAwMDAsInJlYWQiOjMwMDAwMDAwMDAwMH19",
          "dependencies": [
            "azurerm_network_interface.nic_prod_nodes",
            "azurerm_network_security_group.prod_security_group_nodes",
            "azurerm_public_ip.pubip_node_web",
            "azurerm_resource_group.prod_group",
            "azurerm_subnet.subnet_prod",
            "azurerm_virtual_network.vnet_prod"
          ]
        }
      ]
    },
    {
      "mode": "managed",
      "type": "azurerm_network_security_group",
      "name": "prod_security_group_controller",
      "provider": "provider[\"registry.terraform.io/hashicorp/azurerm\"]",
      "instances": [
        {
          "schema_version": 0,
          "attributes": {
            "id": "/subscriptions/c20f51b2-62aa-4af4-8033-ed6246ab50ca/resourceGroups/production_group/providers/Microsoft.Network/networkSecurityGroups/prod_security_group_controller",
            "location": "centralus",
            "name": "prod_security_group_controller",
            "resource_group_name": "production_group",
            "security_rule": [
              {
                "access": "Allow",
                "description": "",
                "destination_address_prefix": "10.1.1.0/24",
                "destination_address_prefixes": [],
                "destination_application_security_group_ids": [],
                "destination_port_range": "22",
                "destination_port_ranges": [],
                "direction": "Inbound",
                "name": "SSH",
                "priority": 100,
                "protocol": "Tcp",
                "source_address_prefix": "*",
                "source_address_prefixes": [],
                "source_application_security_group_ids": [],
                "source_port_range": "*",
                "source_port_ranges": []
              }
            ],
            "tags": {
              "env": "Production"
            },
            "timeouts": null
          },
          "sensitive_attributes": [],
          "private": "eyJlMmJmYjczMC1lY2FhLTExZTYtOGY4OC0zNDM2M2JjN2M0YzAiOnsiY3JlYXRlIjoxODAwMDAwMDAwMDAwLCJkZWxldGUiOjE4MDAwMDAwMDAwMDAsInJlYWQiOjMwMDAwMDAwMDAwMCwidXBkYXRlIjoxODAwMDAwMDAwMDAwfX0=",
          "dependencies": [
            "azurerm_resource_group.prod_group",
            "azurerm_subnet.subnet_prod_controller",
            "azurerm_virtual_network.vnet_prod_controller"
          ]
        }
      ]
    },
    {
      "mode": "managed",
      "type": "azurerm_network_security_group",
      "name": "prod_security_group_nodes",
      "provider": "provider[\"registry.terraform.io/hashicorp/azurerm\"]",
      "instances": [
        {
          "schema_version": 0,
          "attributes": {
            "id": "/subscriptions/c20f51b2-62aa-4af4-8033-ed6246ab50ca/resourceGroups/production_group/providers/Microsoft.Network/networkSecurityGroups/prod_security_group_nodes",
            "location": "centralus",
            "name": "prod_security_group_nodes",
            "resource_group_name": "production_group",
            "security_rule": [
              {
                "access": "Allow",
                "description": "",
                "destination_address_prefix": "10.0.1.0/24",
                "destination_address_prefixes": [],
                "destination_application_security_group_ids": [],
                "destination_port_range": "22",
                "destination_port_ranges": [],
                "direction": "Inbound",
                "name": "SSH",
                "priority": 100,
                "protocol": "Tcp",
                "source_address_prefix": "10.1.1.0/24",
                "source_address_prefixes": [],
                "source_application_security_group_ids": [],
                "source_port_range": "*",
                "source_port_ranges": []
              },
              {
                "access": "Allow",
                "description": "",
                "destination_address_prefix": "10.0.1.10/32",
                "destination_address_prefixes": [],
                "destination_application_security_group_ids": [],
                "destination_port_range": "80",
                "destination_port_ranges": [],
                "direction": "Inbound",
                "name": "HTTP-APP",
                "priority": 101,
                "protocol": "Tcp",
                "source_address_prefix": "*",
                "source_address_prefixes": [],
                "source_application_security_group_ids": [],
                "source_port_range": "*",
                "source_port_ranges": []
              },
              {
                "access": "Allow",
                "description": "",
                "destination_address_prefix": "10.0.1.11/32",
                "destination_address_prefixes": [],
                "destination_application_security_group_ids": [],
                "destination_port_range": "80",
                "destination_port_ranges": [],
                "direction": "Inbound",
                "name": "HTTP-API",
                "priority": 102,
                "protocol": "Tcp",
                "source_address_prefix": "10.0.1.10/32",
                "source_address_prefixes": [],
                "source_application_security_group_ids": [],
                "source_port_range": "*",
                "source_port_ranges": []
              },
              {
                "access": "Allow",
                "description": "",
                "destination_address_prefix": "10.0.1.12/32",
                "destination_address_prefixes": [],
                "destination_application_security_group_ids": [],
                "destination_port_range": "3306",
                "destination_port_ranges": [],
                "direction": "Inbound",
                "name": "MYSQL",
                "priority": 103,
                "protocol": "Tcp",
                "source_address_prefix": "10.0.1.11/32",
                "source_address_prefixes": [],
                "source_application_security_group_ids": [],
                "source_port_range": "*",
                "source_port_ranges": []
              }
            ],
            "tags": {
              "env": "Production"
            },
            "timeouts": null
          },
          "sensitive_attributes": [],
          "private": "eyJlMmJmYjczMC1lY2FhLTExZTYtOGY4OC0zNDM2M2JjN2M0YzAiOnsiY3JlYXRlIjoxODAwMDAwMDAwMDAwLCJkZWxldGUiOjE4MDAwMDAwMDAwMDAsInJlYWQiOjMwMDAwMDAwMDAwMCwidXBkYXRlIjoxODAwMDAwMDAwMDAwfX0=",
          "dependencies": [
            "azurerm_resource_group.prod_group"
          ]
        }
      ]
    },
    {
      "mode": "managed",
      "type": "azurerm_public_ip",
      "name": "pubip_controller",
      "provider": "provider[\"registry.terraform.io/hashicorp/azurerm\"]",
      "instances": [
        {
          "schema_version": 0,
          "attributes": {
            "allocation_method": "Static",
            "ddos_protection_mode": "VirtualNetworkInherited",
            "ddos_protection_plan_id": null,
            "domain_name_label": null,
            "edge_zone": "",
            "fqdn": null,
            "id": "/subscriptions/c20f51b2-62aa-4af4-8033-ed6246ab50ca/resourceGroups/production_group/providers/Microsoft.Network/publicIPAddresses/pubip_controller",
            "idle_timeout_in_minutes": 4,
            "ip_address": "40.69.143.71",
            "ip_tags": null,
            "ip_version": "IPv4",
            "location": "centralus",
            "name": "pubip_controller",
            "public_ip_prefix_id": null,
            "resource_group_name": "production_group",
            "reverse_fqdn": null,
            "sku": "Basic",
            "sku_tier": "Regional",
            "tags": {
              "environment": "Production"
            },
            "timeouts": null,
            "zones": null
          },
          "sensitive_attributes": [],
          "private": "eyJlMmJmYjczMC1lY2FhLTExZTYtOGY4OC0zNDM2M2JjN2M0YzAiOnsiY3JlYXRlIjoxODAwMDAwMDAwMDAwLCJkZWxldGUiOjE4MDAwMDAwMDAwMDAsInJlYWQiOjMwMDAwMDAwMDAwMCwidXBkYXRlIjoxODAwMDAwMDAwMDAwfX0=",
          "dependencies": [
            "azurerm_resource_group.prod_group"
          ]
        }
      ]
    },
    {
      "mode": "managed",
      "type": "azurerm_public_ip",
      "name": "pubip_node_web",
      "provider": "provider[\"registry.terraform.io/hashicorp/azurerm\"]",
      "instances": [
        {
          "schema_version": 0,
          "attributes": {
            "allocation_method": "Static",
            "ddos_protection_mode": "VirtualNetworkInherited",
            "ddos_protection_plan_id": null,
            "domain_name_label": null,
            "edge_zone": "",
            "fqdn": null,
            "id": "/subscriptions/c20f51b2-62aa-4af4-8033-ed6246ab50ca/resourceGroups/production_group/providers/Microsoft.Network/publicIPAddresses/pubip_node_web",
            "idle_timeout_in_minutes": 4,
            "ip_address": "40.69.137.138",
            "ip_tags": null,
            "ip_version": "IPv4",
            "location": "centralus",
            "name": "pubip_node_web",
            "public_ip_prefix_id": null,
            "resource_group_name": "production_group",
            "reverse_fqdn": null,
            "sku": "Basic",
            "sku_tier": "Regional",
            "tags": {
              "environment": "Production"
            },
            "timeouts": null,
            "zones": null
          },
          "sensitive_attributes": [],
          "private": "eyJlMmJmYjczMC1lY2FhLTExZTYtOGY4OC0zNDM2M2JjN2M0YzAiOnsiY3JlYXRlIjoxODAwMDAwMDAwMDAwLCJkZWxldGUiOjE4MDAwMDAwMDAwMDAsInJlYWQiOjMwMDAwMDAwMDAwMCwidXBkYXRlIjoxODAwMDAwMDAwMDAwfX0=",
          "dependencies": [
            "azurerm_resource_group.prod_group"
          ]
        }
      ]
    },
    {
      "mode": "managed",
      "type": "azurerm_resource_group",
      "name": "prod_group",
      "provider": "provider[\"registry.terraform.io/hashicorp/azurerm\"]",
      "instances": [
        {
          "schema_version": 0,
          "attributes": {
            "id": "/subscriptions/c20f51b2-62aa-4af4-8033-ed6246ab50ca/resourceGroups/production_group",
            "location": "centralus",
            "managed_by": "",
            "name": "production_group",
            "tags": null,
            "timeouts": null
          },
          "sensitive_attributes": [],
          "private": "eyJlMmJmYjczMC1lY2FhLTExZTYtOGY4OC0zNDM2M2JjN2M0YzAiOnsiY3JlYXRlIjo1NDAwMDAwMDAwMDAwLCJkZWxldGUiOjU0MDAwMDAwMDAwMDAsInJlYWQiOjMwMDAwMDAwMDAwMCwidXBkYXRlIjo1NDAwMDAwMDAwMDAwfX0="
        }
      ]
    },
    {
      "mode": "managed",
      "type": "azurerm_subnet",
      "name": "subnet_prod",
      "provider": "provider[\"registry.terraform.io/hashicorp/azurerm\"]",
      "instances": [
        {
          "schema_version": 0,
          "attributes": {
            "address_prefixes": [
              "10.0.0.0/16"
            ],
            "delegation": [],
            "enforce_private_link_endpoint_network_policies": false,
            "enforce_private_link_service_network_policies": false,
            "id": "/subscriptions/c20f51b2-62aa-4af4-8033-ed6246ab50ca/resourceGroups/production_group/providers/Microsoft.Network/virtualNetworks/vnet_prod/subnets/subnet_prod_internal",
            "name": "subnet_prod_internal",
            "private_endpoint_network_policies_enabled": true,
            "private_link_service_network_policies_enabled": true,
            "resource_group_name": "production_group",
            "service_endpoint_policy_ids": null,
            "service_endpoints": null,
            "timeouts": null,
            "virtual_network_name": "vnet_prod"
          },
          "sensitive_attributes": [],
          "private": "eyJlMmJmYjczMC1lY2FhLTExZTYtOGY4OC0zNDM2M2JjN2M0YzAiOnsiY3JlYXRlIjoxODAwMDAwMDAwMDAwLCJkZWxldGUiOjE4MDAwMDAwMDAwMDAsInJlYWQiOjMwMDAwMDAwMDAwMCwidXBkYXRlIjoxODAwMDAwMDAwMDAwfX0=",
          "dependencies": [
            "azurerm_resource_group.prod_group",
            "azurerm_virtual_network.vnet_prod"
          ]
        }
      ]
    },
    {
      "mode": "managed",
      "type": "azurerm_subnet",
      "name": "subnet_prod_controller",
      "provider": "provider[\"registry.terraform.io/hashicorp/azurerm\"]",
      "instances": [
        {
          "schema_version": 0,
          "attributes": {
            "address_prefixes": [
              "10.1.1.0/24"
            ],
            "delegation": [],
            "enforce_private_link_endpoint_network_policies": false,
            "enforce_private_link_service_network_policies": false,
            "id": "/subscriptions/c20f51b2-62aa-4af4-8033-ed6246ab50ca/resourceGroups/production_group/providers/Microsoft.Network/virtualNetworks/vnet_prod_controller/subnets/subnet_controller_prod_internal",
            "name": "subnet_controller_prod_internal",
            "private_endpoint_network_policies_enabled": true,
            "private_link_service_network_policies_enabled": true,
            "resource_group_name": "production_group",
            "service_endpoint_policy_ids": null,
            "service_endpoints": null,
            "timeouts": null,
            "virtual_network_name": "vnet_prod_controller"
          },
          "sensitive_attributes": [],
          "private": "eyJlMmJmYjczMC1lY2FhLTExZTYtOGY4OC0zNDM2M2JjN2M0YzAiOnsiY3JlYXRlIjoxODAwMDAwMDAwMDAwLCJkZWxldGUiOjE4MDAwMDAwMDAwMDAsInJlYWQiOjMwMDAwMDAwMDAwMCwidXBkYXRlIjoxODAwMDAwMDAwMDAwfX0=",
          "dependencies": [
            "azurerm_resource_group.prod_group",
            "azurerm_virtual_network.vnet_prod_controller"
          ]
        }
      ]
    },
    {
      "mode": "managed",
      "type": "azurerm_virtual_network",
      "name": "vnet_prod",
      "provider": "provider[\"registry.terraform.io/hashicorp/azurerm\"]",
      "instances": [
        {
          "schema_version": 0,
          "attributes": {
            "address_space": [
              "10.0.0.0/16"
            ],
            "bgp_community": "",
            "ddos_protection_plan": [],
            "dns_servers": [],
            "edge_zone": "",
            "encryption": [],
            "flow_timeout_in_minutes": 0,
            "guid": "ba7590d9-06e9-47dd-bae7-ad1d1abc8bc7",
            "id": "/subscriptions/c20f51b2-62aa-4af4-8033-ed6246ab50ca/resourceGroups/production_group/providers/Microsoft.Network/virtualNetworks/vnet_prod",
            "location": "centralus",
            "name": "vnet_prod",
            "resource_group_name": "production_group",
            "subnet": [],
            "tags": null,
            "timeouts": null
          },
          "sensitive_attributes": [],
          "private": "eyJlMmJmYjczMC1lY2FhLTExZTYtOGY4OC0zNDM2M2JjN2M0YzAiOnsiY3JlYXRlIjoxODAwMDAwMDAwMDAwLCJkZWxldGUiOjE4MDAwMDAwMDAwMDAsInJlYWQiOjMwMDAwMDAwMDAwMCwidXBkYXRlIjoxODAwMDAwMDAwMDAwfX0=",
          "dependencies": [
            "azurerm_resource_group.prod_group"
          ]
        }
      ]
    },
    {
      "mode": "managed",
      "type": "azurerm_virtual_network",
      "name": "vnet_prod_controller",
      "provider": "provider[\"registry.terraform.io/hashicorp/azurerm\"]",
      "instances": [
        {
          "schema_version": 0,
          "attributes": {
            "address_space": [
              "10.1.0.0/16"
            ],
            "bgp_community": "",
            "ddos_protection_plan": [],
            "dns_servers": [],
            "edge_zone": "",
            "encryption": [],
            "flow_timeout_in_minutes": 0,
            "guid": "9504513b-1a67-4408-bc96-327955293406",
            "id": "/subscriptions/c20f51b2-62aa-4af4-8033-ed6246ab50ca/resourceGroups/production_group/providers/Microsoft.Network/virtualNetworks/vnet_prod_controller",
            "location": "centralus",
            "name": "vnet_prod_controller",
            "resource_group_name": "production_group",
            "subnet": [],
            "tags": null,
            "timeouts": null
          },
          "sensitive_attributes": [],
          "private": "eyJlMmJmYjczMC1lY2FhLTExZTYtOGY4OC0zNDM2M2JjN2M0YzAiOnsiY3JlYXRlIjoxODAwMDAwMDAwMDAwLCJkZWxldGUiOjE4MDAwMDAwMDAwMDAsInJlYWQiOjMwMDAwMDAwMDAwMCwidXBkYXRlIjoxODAwMDAwMDAwMDAwfX0=",
          "dependencies": [
            "azurerm_resource_group.prod_group"
          ]
        }
      ]
    },
    {
      "mode": "managed",
      "type": "azurerm_virtual_network_peering",
      "name": "vnet_controller_to_prod",
      "provider": "provider[\"registry.terraform.io/hashicorp/azurerm\"]",
      "instances": [
        {
          "schema_version": 0,
          "attributes": {
            "allow_forwarded_traffic": false,
            "allow_gateway_transit": false,
            "allow_virtual_network_access": true,
            "id": "/subscriptions/c20f51b2-62aa-4af4-8033-ed6246ab50ca/resourceGroups/production_group/providers/Microsoft.Network/virtualNetworks/vnet_prod_controller/virtualNetworkPeerings/vnet-controller-to-prod",
            "name": "vnet-controller-to-prod",
            "remote_virtual_network_id": "/subscriptions/c20f51b2-62aa-4af4-8033-ed6246ab50ca/resourceGroups/production_group/providers/Microsoft.Network/virtualNetworks/vnet_prod",
            "resource_group_name": "production_group",
            "timeouts": null,
            "triggers": null,
            "use_remote_gateways": false,
            "virtual_network_name": "vnet_prod_controller"
          },
          "sensitive_attributes": [],
          "private": "eyJlMmJmYjczMC1lY2FhLTExZTYtOGY4OC0zNDM2M2JjN2M0YzAiOnsiY3JlYXRlIjoxODAwMDAwMDAwMDAwLCJkZWxldGUiOjE4MDAwMDAwMDAwMDAsInJlYWQiOjMwMDAwMDAwMDAwMCwidXBkYXRlIjoxODAwMDAwMDAwMDAwfX0=",
          "dependencies": [
            "azurerm_resource_group.prod_group",
            "azurerm_virtual_network.vnet_prod",
            "azurerm_virtual_network.vnet_prod_controller"
          ]
        }
      ]
    },
    {
      "mode": "managed",
      "type": "azurerm_virtual_network_peering",
      "name": "vnet_prod_to_controller",
      "provider": "provider[\"registry.terraform.io/hashicorp/azurerm\"]",
      "instances": [
        {
          "schema_version": 0,
          "attributes": {
            "allow_forwarded_traffic": false,
            "allow_gateway_transit": false,
            "allow_virtual_network_access": true,
            "id": "/subscriptions/c20f51b2-62aa-4af4-8033-ed6246ab50ca/resourceGroups/production_group/providers/Microsoft.Network/virtualNetworks/vnet_prod/virtualNetworkPeerings/vnet-prod-to-controller",
            "name": "vnet-prod-to-controller",
            "remote_virtual_network_id": "/subscriptions/c20f51b2-62aa-4af4-8033-ed6246ab50ca/resourceGroups/production_group/providers/Microsoft.Network/virtualNetworks/vnet_prod_controller",
            "resource_group_name": "production_group",
            "timeouts": null,
            "triggers": null,
            "use_remote_gateways": false,
            "virtual_network_name": "vnet_prod"
          },
          "sensitive_attributes": [],
          "private": "eyJlMmJmYjczMC1lY2FhLTExZTYtOGY4OC0zNDM2M2JjN2M0YzAiOnsiY3JlYXRlIjoxODAwMDAwMDAwMDAwLCJkZWxldGUiOjE4MDAwMDAwMDAwMDAsInJlYWQiOjMwMDAwMDAwMDAwMCwidXBkYXRlIjoxODAwMDAwMDAwMDAwfX0=",
          "dependencies": [
            "azurerm_resource_group.prod_group",
            "azurerm_virtual_network.vnet_prod",
            "azurerm_virtual_network.vnet_prod_controller"
          ]
        }
      ]
    },
    {
      "mode": "managed",
      "type": "local_file",
      "name": "export_private_key",
      "provider": "provider[\"registry.terraform.io/hashicorp/local\"]",
      "instances": [
        {
          "schema_version": 0,
          "attributes": {
            "content": "-----BEGIN RSA PRIVATE KEY-----\nMIIJJwIBAAKCAgEAufr+GK0Cs0f9TrVYA2yuQjAX9wN0ezgI9fhDZh7FoLYudzJb\n3MzKTYHz/SmMlMKCmkbngC/91qx+xyKKM79ypgCaxHJTgnIGuSQfc5OGxP6eMYXK\nfb3SivHQ8cO9qDGzM8glrHfkkD4ym9wjfR2Pn49i3sG4ObPep9IixIovODA8oS04\nj4KnuDFjQd8Nvt5Q+yQX8sgl4FR8x6FaBo7oSgFZ/afoRTTPBpcCSMhcquDq1lJF\nfwbVSYGGgnUWZ6tJxNZl/cDvAUr1wRPvDO84kb1pBREkbnDnRLc+/FJk+WSzZ6Ft\nKgd6OsWq15ay1V/srGv2EspNiUbsPVwzaP/TC8T8yu9Ad+ylE8LKmurkFE+hfw8L\ndLbOXsxR7XiJJjPt3K9Y6b1O2xf39RNaU6UWa1+AQVwLh9PoKdWm181/EuHx0jNZ\nRUvMGJCQtFIl0IYEHqiviGFEtms5MJI9dVekFlzuKX1jIv9G7mEKx4UxXRQHhQJT\nVi9vbL9AjSsZtaXo6FYfp9YYCOxpFdGXHRnBEXavt/HUrC3FmeAESF/TCVu31w2i\n09i8VIUvcSc3QQ/z5d3OMeh6IGg2eSj+9UXH3JawemdDiVE/CEBsBtzcdVozHaEe\nXwIGFQShIrTinUAQmfHoauYUOkxx4HMeb3hTuhEZNHgTtwnOFMO7B1eFdnECAwEA\nAQKCAgAP8sofa5azsRSzzzFA+eznmCA1+oHenyuFjEibVUA1S+ooJpViFd2zT9WQ\nfCOmDhgNCs+HWpY19ozYnsmjLmOygJLFDdjDcuvIrKRV0OzZr8v5CzQWHFUVvS7h\nzJtS9RAc/KjeZVmgVPUaEIKqlAJg+HbOC2a07AvH8Gky2Xa7JsfMOoiDJf0j+ng8\nidgv6fif0LSNCUTWO+iHZfrGXTLmRb9l1SRB6wll00VK4IOx05/PyTZUck2QBB94\nyHmnYjTtQEV2wTi9r6Prbr4tKcZ8GPYMjS/GmL/8UIqCML6f9Fa+KEWoOQPuTk0c\nN7wWOCefkZKEgfysLPzNNj7iXi3GyxPPDJ15XdQC4CIXignenFcAMbkUxVRlMvqj\nCfR7ZC5asB/+gqEMdWNVwL8IxLxEY1w7mV0RxrHIBWmIX3zASMWOmfg0LkUp8HXP\ndUGdfyCY338HfLjpYiLrOfWQm4epT+McymUP8JKJRwoem29iyhjE7MCPtDmncGfe\n+T5eDuGNpgVi+zZ5xgHWmvWP3W2ajdAMwUbleut6uw7adFh667wfvdNU7TZawFll\n2PzzGB9C06TQW+x0XfLJDvEQwZd17nKnPRbDiWNN2Rk3VCzKxJyAZ5xMsvl5SERR\nVEWiN8l+2g0o3bttKKLdSmUPToO5iuzEQD7cA6eFGzqY2i5WkQKCAQEA6rwAORk/\n3yvEfIXOqxkhRDbxasaFefK+ynKAJpPdjT1faHZzWAOt7DRbFkTXCss+n3T1YfPg\nP5mC5Nk58t7+ccN8nHwHIw9l69rXoT2OxqHViBmgqiYPWobyLQ5dHnWEDprQCmP8\nsFA6TF+g5GcIjfD7hzZMlZeOyZWMlE97Cu9VmFEkKOxCjcw6TQNLRbn+dOubsYTO\n0dfmpAV9YOinlfRUrb10ohSTv4kDaQB960vaVFiLm6UFJAxYQzx/719JZBBkZ7Ev\n5bm/+OwoAZ4fQxlpMZS0JR2g2zyTtEefjvW4BqLkzolVK7pJjDSrX4SiJydSTi9x\nklR9zSODGs4QcwKCAQEAytRIO4Ejfr5VdoJmBoQKoXscGBguK9wOc/ECVoj96pKo\nthcuq0fwM/kG8cBTzIkS5NJQRvP7OQq/ZJ2dcXDmFqI/BGy5N8yKTUNCClJblkrH\n8E4pgM3W2L7A/0tm4vxtKAr7i1PzlKLN4dxFiEiuGg9LGNYjcD0Bwq5+FBY9pWDc\nMKQDvYDSAkBzcRLe/juM7fgau658hlbCD0hV35/klkBYMjRS+xtGBiT2SgVhboZi\nf9Gp6SDkIWbZNjK2FPyMXoKsgzc3tHS8gjZsAMXDiEiq9LLU/FSsM7SoHrd75WlL\nEqCtInYsjMO1ozUfODFM0LH3b4j5X0NB7gqq1FlYiwKCAQB4hViT+Ivb2QwEZ2tq\nW/fBn3gqu40yxNkC9vEnXYpGh3liGFc2nIUDHwqZj3Td/ObFVnba+S1tWjNjrsjb\nE3WPEbD8Y44CiVhqVa2bAxE4mUUaoRXl5q7Ba0ISsipLhkjser5QZ3AJUtfr+LmS\nK/ivcEik7tM5h1xv0hIg4AIr5iCLmTW4sT2msnJIsmVGgq3MeGAzMB5EjdbE5nCu\nfiX1j0KfBgRJZ8lIcV/H3NHKKuMJpYDgxES0coYq13hUfhcfgm8a8lXGXK3db9tG\noVopyHVDWLd5yxGZHywzRwb8jtsSxTY3eTm6vuYeT7ihzWa4Na9Dp4ZnfGwvFImv\nDJhTAoIBADjDYhetE2b0E2zgH3dxWpxInNstYTaLFkxiRZo8KnuMYcTcBgaPUmzp\nI4ViotEaB3ycUzUYMNWM6XVaGubVhr8M1wABAXDZQFdRHFlRJSqRcRUSetD+SkNM\nVyzbSEb8B/xt3mnmq8OMMHwmLhtu47KNVyHzQ+W0XRrDxKsQcl4nFlhSfm15cMyK\nhwQ9GMUjm1Q53BlsQpNCEns+bjHwSIO4LDaYqCR4RIeRro+Wo+bPmx9UaO3Cc7XZ\nV66wUH7dEtecUHVEbcWF6f+zBVTOA+PPGnDy32Jiu/KYe3hlNzpD1mu3Jd0AH4Wh\ne+LaCguq2GmLdMj1F30OkJPyzk4xVvMCggEAJCIQVk7seK0irx5Z5y0kZNpQqxcX\ny/rwKsmP4vPSEcWCwkUAd23DH0ljttAlcL/MsZuFG57GyZMHMfBXLpwV5SpcmKLO\nX9NZqtXuUrDll/dbCW58tF6mI082MNSudwo3TH0odmkAopMw7adpbz8wIQWq2P+g\nRkxCRjpou473miATGmKXnWB+XN6vEQKPiIWV7yYCovxEIFxH6CgKvTV+Baz+cWlG\nTEqRlSQGmFtLPvHuqudPZTPF6xEmiOvM2JWcwIPst7+AwetK9QduwPjaqwXcaiMy\n2v2WsU0HrNc3M/RqV1WHxIt7s4HuBp4lfOpIg0VeVoZNnRtuHYS4Fyp7Tw==\n-----END RSA PRIVATE KEY-----\n",
            "content_base64": null,
            "content_base64sha256": "lDVSzFAwholS8psCeSwrEqU9I7UKJIWYZMECjnYbEI8=",
            "content_base64sha512": "py/HAHtIuQ+ZQtLdJcDhl9u6k3pSHeadw9KHEh4BH3b10CTThkpYPX9EzD1kMgd6ItSCnzxtccNKcI2w02RFdQ==",
            "content_md5": "d7f062d00f75fde421f52a27671120b4",
            "content_sha1": "c4409ce0390f1b5815f9959d16bd00e34aea2032",
            "content_sha256": "943552cc5030868952f29b02792c2b12a53d23b50a24859864c1028e761b108f",
            "content_sha512": "a72fc7007b48b90f9942d2dd25c0e197dbba937a521de69dc3d287121e011f76f5d024d3864a583d7f44cc3d6432077a22d4829f3c6d71c34a708db0d3644575",
            "directory_permission": "0777",
            "file_permission": "0777",
            "filename": "priv.pem",
            "id": "c4409ce0390f1b5815f9959d16bd00e34aea2032",
            "sensitive_content": null,
            "source": null
          },
          "sensitive_attributes": [
            [
              {
                "type": "get_attr",
                "value": "content"
              }
            ]
          ],
          "dependencies": [
            "tls_private_key.ssh_key_linux_openssh"
          ]
        }
      ]
    },
    {
      "mode": "managed",
      "type": "local_file",
      "name": "export_public_key",
      "provider": "provider[\"registry.terraform.io/hashicorp/local\"]",
      "instances": [
        {
          "schema_version": 0,
          "attributes": {
            "content": "ssh-rsa AAAAB3NzaC1yc2EAAAADAQABAAACAQC5+v4YrQKzR/1OtVgDbK5CMBf3A3R7OAj1+ENmHsWgti53MlvczMpNgfP9KYyUwoKaRueAL/3WrH7HIoozv3KmAJrEclOCcga5JB9zk4bE/p4xhcp9vdKK8dDxw72oMbMzyCWsd+SQPjKb3CN9HY+fj2Lewbg5s96n0iLEii84MDyhLTiPgqe4MWNB3w2+3lD7JBfyyCXgVHzHoVoGjuhKAVn9p+hFNM8GlwJIyFyq4OrWUkV/BtVJgYaCdRZnq0nE1mX9wO8BSvXBE+8M7ziRvWkFESRucOdEtz78UmT5ZLNnoW0qB3o6xarXlrLVX+ysa/YSyk2JRuw9XDNo/9MLxPzK70B37KUTwsqa6uQUT6F/Dwt0ts5ezFHteIkmM+3cr1jpvU7bF/f1E1pTpRZrX4BBXAuH0+gp1abXzX8S4fHSM1lFS8wYkJC0UiXQhgQeqK+IYUS2azkwkj11V6QWXO4pfWMi/0buYQrHhTFdFAeFAlNWL29sv0CNKxm1pejoVh+n1hgI7GkV0ZcdGcERdq+38dSsLcWZ4ARIX9MJW7fXDaLT2LxUhS9xJzdBD/Pl3c4x6HogaDZ5KP71RcfclrB6Z0OJUT8IQGwG3Nx1WjMdoR5fAgYVBKEitOKdQBCZ8ehq5hQ6THHgcx5veFO6ERk0eBO3Cc4Uw7sHV4V2cQ==\n",
            "content_base64": null,
            "content_base64sha256": "qy9jYR6/mrVTL5XPhOs8/2M0K8UosvH/E7pk6R5fbRY=",
            "content_base64sha512": "1qLZjBYH3qZv4JKulc6CzB5DSkwL1vuDApKlj9LLjbrfBk8ZHPdTrtX6JCRZ4Wh5G/LA0y0MQLV700kCewzv3A==",
            "content_md5": "429d4df9c16c360a49a23a7e4b47d38e",
            "content_sha1": "51323344af5d5bc7cf011ab60f69bdecb67bb1f1",
            "content_sha256": "ab2f63611ebf9ab5532f95cf84eb3cff63342bc528b2f1ff13ba64e91e5f6d16",
            "content_sha512": "d6a2d98c1607dea66fe092ae95ce82cc1e434a4c0bd6fb830292a58fd2cb8dbadf064f191cf753aed5fa242459e168791bf2c0d32d0c40b57bd349027b0cefdc",
            "directory_permission": "0777",
            "file_permission": "0777",
            "filename": "public.pub",
            "id": "51323344af5d5bc7cf011ab60f69bdecb67bb1f1",
            "sensitive_content": null,
            "source": null
          },
          "sensitive_attributes": [],
          "dependencies": [
            "tls_private_key.ssh_key_linux_openssh"
          ]
        }
      ]
    },
    {
      "mode": "managed",
      "type": "null_resource",
      "name": "controller_provision",
      "provider": "provider[\"registry.terraform.io/hashicorp/null\"]",
      "instances": [
        {
          "schema_version": 0,
          "attributes": {
            "id": "3573558333879323816",
            "triggers": null
          },
          "sensitive_attributes": [],
          "dependencies": [
            "azurerm_linux_virtual_machine.nodes",
            "azurerm_network_interface.nic_prod_nodes",
            "azurerm_public_ip.pubip_controller",
            "azurerm_public_ip.pubip_node_web",
            "azurerm_resource_group.prod_group",
            "azurerm_subnet.subnet_prod",
            "azurerm_virtual_network.vnet_prod",
            "azurerm_virtual_network.vnet_prod_controller",
            "azurerm_virtual_network_peering.vnet_controller_to_prod",
            "azurerm_virtual_network_peering.vnet_prod_to_controller",
            "null_resource.output_private_ips",
            "tls_private_key.ssh_key_linux_openssh"
          ]
        }
      ]
    },
    {
      "mode": "managed",
      "type": "null_resource",
      "name": "cp_iplist",
      "provider": "provider[\"registry.terraform.io/hashicorp/null\"]",
      "instances": [
        {
          "schema_version": 0,
          "attributes": {
            "id": "1550623493317971653",
            "triggers": null
          },
          "sensitive_attributes": [],
          "dependencies": [
            "azurerm_linux_virtual_machine.nodes",
            "azurerm_network_interface.nic_prod_nodes",
            "azurerm_public_ip.pubip_controller",
            "azurerm_public_ip.pubip_node_web",
            "azurerm_resource_group.prod_group",
            "azurerm_subnet.subnet_prod",
            "azurerm_virtual_network.vnet_prod",
            "null_resource.output_private_ips",
            "tls_private_key.ssh_key_linux_openssh"
          ]
        }
      ]
    },
    {
      "mode": "managed",
      "type": "null_resource",
      "name": "cp_playbooks",
      "provider": "provider[\"registry.terraform.io/hashicorp/null\"]",
      "instances": [
        {
          "schema_version": 0,
          "attributes": {
            "id": "7603140727769179464",
            "triggers": null
          },
          "sensitive_attributes": [],
          "dependencies": [
            "azurerm_public_ip.pubip_controller",
            "azurerm_resource_group.prod_group",
            "tls_private_key.ssh_key_linux_openssh"
          ]
        }
      ]
    },
    {
      "mode": "managed",
      "type": "null_resource",
      "name": "output_private_ips",
      "provider": "provider[\"registry.terraform.io/hashicorp/null\"]",
      "instances": [
        {
          "schema_version": 0,
          "attributes": {
            "id": "4933091758918897628",
            "triggers": null
          },
          "sensitive_attributes": [],
          "dependencies": [
            "azurerm_linux_virtual_machine.nodes",
            "azurerm_network_interface.nic_prod_nodes",
            "azurerm_public_ip.pubip_node_web",
            "azurerm_resource_group.prod_group",
            "azurerm_subnet.subnet_prod",
            "azurerm_virtual_network.vnet_prod",
            "tls_private_key.ssh_key_linux_openssh"
          ]
        }
      ]
    },
    {
      "mode": "managed",
      "type": "tls_private_key",
      "name": "ssh_key_linux_openssh",
      "provider": "provider[\"registry.terraform.io/hashicorp/tls\"]",
      "instances": [
        {
          "schema_version": 1,
          "attributes": {
            "algorithm": "RSA",
            "ecdsa_curve": "P224",
            "id": "d551b2cc50295b360495f861d6344db2ac13eae9",
            "private_key_openssh": "-----BEGIN OPENSSH PRIVATE KEY-----\nb3BlbnNzaC1rZXktdjEAAAAABG5vbmUAAAAEbm9uZQAAAAAAAAABAAACFwAAAAdz\nc2gtcnNhAAAAAwEAAQAAAgEAufr+GK0Cs0f9TrVYA2yuQjAX9wN0ezgI9fhDZh7F\noLYudzJb3MzKTYHz/SmMlMKCmkbngC/91qx+xyKKM79ypgCaxHJTgnIGuSQfc5OG\nxP6eMYXKfb3SivHQ8cO9qDGzM8glrHfkkD4ym9wjfR2Pn49i3sG4ObPep9IixIov\nODA8oS04j4KnuDFjQd8Nvt5Q+yQX8sgl4FR8x6FaBo7oSgFZ/afoRTTPBpcCSMhc\nquDq1lJFfwbVSYGGgnUWZ6tJxNZl/cDvAUr1wRPvDO84kb1pBREkbnDnRLc+/FJk\n+WSzZ6FtKgd6OsWq15ay1V/srGv2EspNiUbsPVwzaP/TC8T8yu9Ad+ylE8LKmurk\nFE+hfw8LdLbOXsxR7XiJJjPt3K9Y6b1O2xf39RNaU6UWa1+AQVwLh9PoKdWm181/\nEuHx0jNZRUvMGJCQtFIl0IYEHqiviGFEtms5MJI9dVekFlzuKX1jIv9G7mEKx4Ux\nXRQHhQJTVi9vbL9AjSsZtaXo6FYfp9YYCOxpFdGXHRnBEXavt/HUrC3FmeAESF/T\nCVu31w2i09i8VIUvcSc3QQ/z5d3OMeh6IGg2eSj+9UXH3JawemdDiVE/CEBsBtzc\ndVozHaEeXwIGFQShIrTinUAQmfHoauYUOkxx4HMeb3hTuhEZNHgTtwnOFMO7B1eF\ndnEAAAc4Vv7uH1b+7h8AAAAHc3NoLXJzYQAAAgEAufr+GK0Cs0f9TrVYA2yuQjAX\n9wN0ezgI9fhDZh7FoLYudzJb3MzKTYHz/SmMlMKCmkbngC/91qx+xyKKM79ypgCa\nxHJTgnIGuSQfc5OGxP6eMYXKfb3SivHQ8cO9qDGzM8glrHfkkD4ym9wjfR2Pn49i\n3sG4ObPep9IixIovODA8oS04j4KnuDFjQd8Nvt5Q+yQX8sgl4FR8x6FaBo7oSgFZ\n/afoRTTPBpcCSMhcquDq1lJFfwbVSYGGgnUWZ6tJxNZl/cDvAUr1wRPvDO84kb1p\nBREkbnDnRLc+/FJk+WSzZ6FtKgd6OsWq15ay1V/srGv2EspNiUbsPVwzaP/TC8T8\nyu9Ad+ylE8LKmurkFE+hfw8LdLbOXsxR7XiJJjPt3K9Y6b1O2xf39RNaU6UWa1+A\nQVwLh9PoKdWm181/EuHx0jNZRUvMGJCQtFIl0IYEHqiviGFEtms5MJI9dVekFlzu\nKX1jIv9G7mEKx4UxXRQHhQJTVi9vbL9AjSsZtaXo6FYfp9YYCOxpFdGXHRnBEXav\nt/HUrC3FmeAESF/TCVu31w2i09i8VIUvcSc3QQ/z5d3OMeh6IGg2eSj+9UXH3Jaw\nemdDiVE/CEBsBtzcdVozHaEeXwIGFQShIrTinUAQmfHoauYUOkxx4HMeb3hTuhEZ\nNHgTtwnOFMO7B1eFdnEAAAADAQABAAACAA/yyh9rlrOxFLPPMUD57OeYIDX6gd6f\nK4WMSJtVQDVL6igmlWIV3bNP1ZB8I6YOGA0Kz4daljX2jNieyaMuY7KAksUN2MNy\n68ispFXQ7Nmvy/kLNBYcVRW9LuHMm1L1EBz8qN5lWaBU9RoQgqqUAmD4ds4LZrTs\nC8fwaTLZdrsmx8w6iIMl/SP6eDyJ2C/p+J/QtI0JRNY76Idl+sZdMuZFv2XVJEHr\nCWXTRUrgg7HTn8/JNlRyTZAEH3jIeadiNO1ARXbBOL2vo+tuvi0pxnwY9gyNL8aY\nv/xQioIwvp/0Vr4oRag5A+5OTRw3vBY4J5+RkoSB/Kws/M02PuJeLcbLE88MnXld\n1ALgIheKCd6cVwAxuRTFVGUy+qMJ9HtkLlqwH/6CoQx1Y1XAvwjEvERjXDuZXRHG\nscgFaYhffMBIxY6Z+DQuRSnwdc91QZ1/IJjffwd8uOliIus59ZCbh6lP4xzKZQ/w\nkolHCh6bb2LKGMTswI+0OadwZ975Pl4O4Y2mBWL7NnnGAdaa9Y/dbZqN0AzBRuV6\n63q7Dtp0WHrrvB+901TtNlrAWWXY/PMYH0LTpNBb7HRd8skO8RDBl3Xucqc9FsOJ\nY03ZGTdULMrEnIBnnEyy+XlIRFFURaI3yX7aDSjdu20oot1KZQ9Og7mK7MRAPtwD\np4UbOpjaLlaRAAABACQiEFZO7HitIq8eWectJGTaUKsXF8v68CrJj+Lz0hHFgsJF\nAHdtwx9JY7bQJXC/zLGbhRuexsmTBzHwVy6cFeUqXJiizl/TWarV7lKw5Zf3Wwlu\nfLRepiNPNjDUrncKN0x9KHZpAKKTMO2naW8/MCEFqtj/oEZMQkY6aLuO95ogExpi\nl51gflzerxECj4iFle8mAqL8RCBcR+goCr01fgWs/nFpRkxKkZUkBphbSz7x7qrn\nT2UzxesRJojrzNiVnMCD7Le/gMHrSvUHbsD42qsF3GojMtr9lrFNB6zXNzP0aldV\nh8SLe7OB7gaeJXzqSINFXlaGTZ0bbh2EuBcqe08AAAEBAOq8ADkZP98rxHyFzqsZ\nIUQ28WrGhXnyvspygCaT3Y09X2h2c1gDrew0WxZE1wrLPp909WHz4D+ZguTZOfLe\n/nHDfJx8ByMPZeva16E9jsah1YgZoKomD1qG8i0OXR51hA6a0Apj/LBQOkxfoORn\nCI3w+4c2TJWXjsmVjJRPewrvVZhRJCjsQo3MOk0DS0W5/nTrm7GEztHX5qQFfWDo\np5X0VK29dKIUk7+JA2kAfetL2lRYi5ulBSQMWEM8f+9fSWQQZGexL+W5v/jsKAGe\nH0MZaTGUtCUdoNs8k7RHn471uAai5M6JVSu6SYw0q1+EoicnUk4vcZJUfc0jgxrO\nEHMAAAEBAMrUSDuBI36+VXaCZgaECqF7HBgYLivcDnPxAlaI/eqSqLYXLqtH8DP5\nBvHAU8yJEuTSUEbz+zkKv2SdnXFw5haiPwRsuTfMik1DQgpSW5ZKx/BOKYDN1ti+\nwP9LZuL8bSgK+4tT85SizeHcRYhIrhoPSxjWI3A9AcKufhQWPaVg3DCkA72A0gJA\nc3ES3v47jO34GruufIZWwg9IVd+f5JZAWDI0UvsbRgYk9koFYW6GYn/Rqekg5CFm\n2TYythT8jF6CrIM3N7R0vII2bADFw4hIqvSy1PxUrDO0qB63e+VpSxKgrSJ2LIzD\ntaM1HzgxTNCx92+I+V9DQe4KqtRZWIsAAAAAAQID\n-----END OPENSSH PRIVATE KEY-----\n",
            "private_key_pem": "-----BEGIN RSA PRIVATE KEY-----\nMIIJJwIBAAKCAgEAufr+GK0Cs0f9TrVYA2yuQjAX9wN0ezgI9fhDZh7FoLYudzJb\n3MzKTYHz/SmMlMKCmkbngC/91qx+xyKKM79ypgCaxHJTgnIGuSQfc5OGxP6eMYXK\nfb3SivHQ8cO9qDGzM8glrHfkkD4ym9wjfR2Pn49i3sG4ObPep9IixIovODA8oS04\nj4KnuDFjQd8Nvt5Q+yQX8sgl4FR8x6FaBo7oSgFZ/afoRTTPBpcCSMhcquDq1lJF\nfwbVSYGGgnUWZ6tJxNZl/cDvAUr1wRPvDO84kb1pBREkbnDnRLc+/FJk+WSzZ6Ft\nKgd6OsWq15ay1V/srGv2EspNiUbsPVwzaP/TC8T8yu9Ad+ylE8LKmurkFE+hfw8L\ndLbOXsxR7XiJJjPt3K9Y6b1O2xf39RNaU6UWa1+AQVwLh9PoKdWm181/EuHx0jNZ\nRUvMGJCQtFIl0IYEHqiviGFEtms5MJI9dVekFlzuKX1jIv9G7mEKx4UxXRQHhQJT\nVi9vbL9AjSsZtaXo6FYfp9YYCOxpFdGXHRnBEXavt/HUrC3FmeAESF/TCVu31w2i\n09i8VIUvcSc3QQ/z5d3OMeh6IGg2eSj+9UXH3JawemdDiVE/CEBsBtzcdVozHaEe\nXwIGFQShIrTinUAQmfHoauYUOkxx4HMeb3hTuhEZNHgTtwnOFMO7B1eFdnECAwEA\nAQKCAgAP8sofa5azsRSzzzFA+eznmCA1+oHenyuFjEibVUA1S+ooJpViFd2zT9WQ\nfCOmDhgNCs+HWpY19ozYnsmjLmOygJLFDdjDcuvIrKRV0OzZr8v5CzQWHFUVvS7h\nzJtS9RAc/KjeZVmgVPUaEIKqlAJg+HbOC2a07AvH8Gky2Xa7JsfMOoiDJf0j+ng8\nidgv6fif0LSNCUTWO+iHZfrGXTLmRb9l1SRB6wll00VK4IOx05/PyTZUck2QBB94\nyHmnYjTtQEV2wTi9r6Prbr4tKcZ8GPYMjS/GmL/8UIqCML6f9Fa+KEWoOQPuTk0c\nN7wWOCefkZKEgfysLPzNNj7iXi3GyxPPDJ15XdQC4CIXignenFcAMbkUxVRlMvqj\nCfR7ZC5asB/+gqEMdWNVwL8IxLxEY1w7mV0RxrHIBWmIX3zASMWOmfg0LkUp8HXP\ndUGdfyCY338HfLjpYiLrOfWQm4epT+McymUP8JKJRwoem29iyhjE7MCPtDmncGfe\n+T5eDuGNpgVi+zZ5xgHWmvWP3W2ajdAMwUbleut6uw7adFh667wfvdNU7TZawFll\n2PzzGB9C06TQW+x0XfLJDvEQwZd17nKnPRbDiWNN2Rk3VCzKxJyAZ5xMsvl5SERR\nVEWiN8l+2g0o3bttKKLdSmUPToO5iuzEQD7cA6eFGzqY2i5WkQKCAQEA6rwAORk/\n3yvEfIXOqxkhRDbxasaFefK+ynKAJpPdjT1faHZzWAOt7DRbFkTXCss+n3T1YfPg\nP5mC5Nk58t7+ccN8nHwHIw9l69rXoT2OxqHViBmgqiYPWobyLQ5dHnWEDprQCmP8\nsFA6TF+g5GcIjfD7hzZMlZeOyZWMlE97Cu9VmFEkKOxCjcw6TQNLRbn+dOubsYTO\n0dfmpAV9YOinlfRUrb10ohSTv4kDaQB960vaVFiLm6UFJAxYQzx/719JZBBkZ7Ev\n5bm/+OwoAZ4fQxlpMZS0JR2g2zyTtEefjvW4BqLkzolVK7pJjDSrX4SiJydSTi9x\nklR9zSODGs4QcwKCAQEAytRIO4Ejfr5VdoJmBoQKoXscGBguK9wOc/ECVoj96pKo\nthcuq0fwM/kG8cBTzIkS5NJQRvP7OQq/ZJ2dcXDmFqI/BGy5N8yKTUNCClJblkrH\n8E4pgM3W2L7A/0tm4vxtKAr7i1PzlKLN4dxFiEiuGg9LGNYjcD0Bwq5+FBY9pWDc\nMKQDvYDSAkBzcRLe/juM7fgau658hlbCD0hV35/klkBYMjRS+xtGBiT2SgVhboZi\nf9Gp6SDkIWbZNjK2FPyMXoKsgzc3tHS8gjZsAMXDiEiq9LLU/FSsM7SoHrd75WlL\nEqCtInYsjMO1ozUfODFM0LH3b4j5X0NB7gqq1FlYiwKCAQB4hViT+Ivb2QwEZ2tq\nW/fBn3gqu40yxNkC9vEnXYpGh3liGFc2nIUDHwqZj3Td/ObFVnba+S1tWjNjrsjb\nE3WPEbD8Y44CiVhqVa2bAxE4mUUaoRXl5q7Ba0ISsipLhkjser5QZ3AJUtfr+LmS\nK/ivcEik7tM5h1xv0hIg4AIr5iCLmTW4sT2msnJIsmVGgq3MeGAzMB5EjdbE5nCu\nfiX1j0KfBgRJZ8lIcV/H3NHKKuMJpYDgxES0coYq13hUfhcfgm8a8lXGXK3db9tG\noVopyHVDWLd5yxGZHywzRwb8jtsSxTY3eTm6vuYeT7ihzWa4Na9Dp4ZnfGwvFImv\nDJhTAoIBADjDYhetE2b0E2zgH3dxWpxInNstYTaLFkxiRZo8KnuMYcTcBgaPUmzp\nI4ViotEaB3ycUzUYMNWM6XVaGubVhr8M1wABAXDZQFdRHFlRJSqRcRUSetD+SkNM\nVyzbSEb8B/xt3mnmq8OMMHwmLhtu47KNVyHzQ+W0XRrDxKsQcl4nFlhSfm15cMyK\nhwQ9GMUjm1Q53BlsQpNCEns+bjHwSIO4LDaYqCR4RIeRro+Wo+bPmx9UaO3Cc7XZ\nV66wUH7dEtecUHVEbcWF6f+zBVTOA+PPGnDy32Jiu/KYe3hlNzpD1mu3Jd0AH4Wh\ne+LaCguq2GmLdMj1F30OkJPyzk4xVvMCggEAJCIQVk7seK0irx5Z5y0kZNpQqxcX\ny/rwKsmP4vPSEcWCwkUAd23DH0ljttAlcL/MsZuFG57GyZMHMfBXLpwV5SpcmKLO\nX9NZqtXuUrDll/dbCW58tF6mI082MNSudwo3TH0odmkAopMw7adpbz8wIQWq2P+g\nRkxCRjpou473miATGmKXnWB+XN6vEQKPiIWV7yYCovxEIFxH6CgKvTV+Baz+cWlG\nTEqRlSQGmFtLPvHuqudPZTPF6xEmiOvM2JWcwIPst7+AwetK9QduwPjaqwXcaiMy\n2v2WsU0HrNc3M/RqV1WHxIt7s4HuBp4lfOpIg0VeVoZNnRtuHYS4Fyp7Tw==\n-----END RSA PRIVATE KEY-----\n",
            "private_key_pem_pkcs8": "-----BEGIN PRIVATE KEY-----\nMIIJQQIBADANBgkqhkiG9w0BAQEFAASCCSswggknAgEAAoICAQC5+v4YrQKzR/1O\ntVgDbK5CMBf3A3R7OAj1+ENmHsWgti53MlvczMpNgfP9KYyUwoKaRueAL/3WrH7H\nIoozv3KmAJrEclOCcga5JB9zk4bE/p4xhcp9vdKK8dDxw72oMbMzyCWsd+SQPjKb\n3CN9HY+fj2Lewbg5s96n0iLEii84MDyhLTiPgqe4MWNB3w2+3lD7JBfyyCXgVHzH\noVoGjuhKAVn9p+hFNM8GlwJIyFyq4OrWUkV/BtVJgYaCdRZnq0nE1mX9wO8BSvXB\nE+8M7ziRvWkFESRucOdEtz78UmT5ZLNnoW0qB3o6xarXlrLVX+ysa/YSyk2JRuw9\nXDNo/9MLxPzK70B37KUTwsqa6uQUT6F/Dwt0ts5ezFHteIkmM+3cr1jpvU7bF/f1\nE1pTpRZrX4BBXAuH0+gp1abXzX8S4fHSM1lFS8wYkJC0UiXQhgQeqK+IYUS2azkw\nkj11V6QWXO4pfWMi/0buYQrHhTFdFAeFAlNWL29sv0CNKxm1pejoVh+n1hgI7GkV\n0ZcdGcERdq+38dSsLcWZ4ARIX9MJW7fXDaLT2LxUhS9xJzdBD/Pl3c4x6HogaDZ5\nKP71RcfclrB6Z0OJUT8IQGwG3Nx1WjMdoR5fAgYVBKEitOKdQBCZ8ehq5hQ6THHg\ncx5veFO6ERk0eBO3Cc4Uw7sHV4V2cQIDAQABAoICAA/yyh9rlrOxFLPPMUD57OeY\nIDX6gd6fK4WMSJtVQDVL6igmlWIV3bNP1ZB8I6YOGA0Kz4daljX2jNieyaMuY7KA\nksUN2MNy68ispFXQ7Nmvy/kLNBYcVRW9LuHMm1L1EBz8qN5lWaBU9RoQgqqUAmD4\nds4LZrTsC8fwaTLZdrsmx8w6iIMl/SP6eDyJ2C/p+J/QtI0JRNY76Idl+sZdMuZF\nv2XVJEHrCWXTRUrgg7HTn8/JNlRyTZAEH3jIeadiNO1ARXbBOL2vo+tuvi0pxnwY\n9gyNL8aYv/xQioIwvp/0Vr4oRag5A+5OTRw3vBY4J5+RkoSB/Kws/M02PuJeLcbL\nE88MnXld1ALgIheKCd6cVwAxuRTFVGUy+qMJ9HtkLlqwH/6CoQx1Y1XAvwjEvERj\nXDuZXRHGscgFaYhffMBIxY6Z+DQuRSnwdc91QZ1/IJjffwd8uOliIus59ZCbh6lP\n4xzKZQ/wkolHCh6bb2LKGMTswI+0OadwZ975Pl4O4Y2mBWL7NnnGAdaa9Y/dbZqN\n0AzBRuV663q7Dtp0WHrrvB+901TtNlrAWWXY/PMYH0LTpNBb7HRd8skO8RDBl3Xu\ncqc9FsOJY03ZGTdULMrEnIBnnEyy+XlIRFFURaI3yX7aDSjdu20oot1KZQ9Og7mK\n7MRAPtwDp4UbOpjaLlaRAoIBAQDqvAA5GT/fK8R8hc6rGSFENvFqxoV58r7KcoAm\nk92NPV9odnNYA63sNFsWRNcKyz6fdPVh8+A/mYLk2Tny3v5xw3ycfAcjD2Xr2teh\nPY7GodWIGaCqJg9ahvItDl0edYQOmtAKY/ywUDpMX6DkZwiN8PuHNkyVl47JlYyU\nT3sK71WYUSQo7EKNzDpNA0tFuf5065uxhM7R1+akBX1g6KeV9FStvXSiFJO/iQNp\nAH3rS9pUWIubpQUkDFhDPH/vX0lkEGRnsS/lub/47CgBnh9DGWkxlLQlHaDbPJO0\nR5+O9bgGouTOiVUrukmMNKtfhKInJ1JOL3GSVH3NI4MazhBzAoIBAQDK1Eg7gSN+\nvlV2gmYGhAqhexwYGC4r3A5z8QJWiP3qkqi2Fy6rR/Az+QbxwFPMiRLk0lBG8/s5\nCr9knZ1xcOYWoj8EbLk3zIpNQ0IKUluWSsfwTimAzdbYvsD/S2bi/G0oCvuLU/OU\nos3h3EWISK4aD0sY1iNwPQHCrn4UFj2lYNwwpAO9gNICQHNxEt7+O4zt+Bq7rnyG\nVsIPSFXfn+SWQFgyNFL7G0YGJPZKBWFuhmJ/0anpIOQhZtk2MrYU/IxegqyDNze0\ndLyCNmwAxcOISKr0stT8VKwztKget3vlaUsSoK0idiyMw7WjNR84MUzQsfdviPlf\nQ0HuCqrUWViLAoIBAHiFWJP4i9vZDARna2pb98GfeCq7jTLE2QL28SddikaHeWIY\nVzachQMfCpmPdN385sVWdtr5LW1aM2OuyNsTdY8RsPxjjgKJWGpVrZsDETiZRRqh\nFeXmrsFrQhKyKkuGSOx6vlBncAlS1+v4uZIr+K9wSKTu0zmHXG/SEiDgAivmIIuZ\nNbixPaayckiyZUaCrcx4YDMwHkSN1sTmcK5+JfWPQp8GBElnyUhxX8fc0coq4wml\ngODERLRyhirXeFR+Fx+CbxryVcZcrd1v20ahWinIdUNYt3nLEZkfLDNHBvyO2xLF\nNjd5Obq+5h5PuKHNZrg1r0Onhmd8bC8Uia8MmFMCggEAOMNiF60TZvQTbOAfd3Fa\nnEic2y1hNosWTGJFmjwqe4xhxNwGBo9SbOkjhWKi0RoHfJxTNRgw1YzpdVoa5tWG\nvwzXAAEBcNlAV1EcWVElKpFxFRJ60P5KQ0xXLNtIRvwH/G3eaearw4wwfCYuG27j\nso1XIfND5bRdGsPEqxByXicWWFJ+bXlwzIqHBD0YxSObVDncGWxCk0ISez5uMfBI\ng7gsNpioJHhEh5Guj5aj5s+bH1Ro7cJztdlXrrBQft0S15xQdURtxYXp/7MFVM4D\n488acPLfYmK78ph7eGU3OkPWa7cl3QAfhaF74toKC6rYaYt0yPUXfQ6Qk/LOTjFW\n8wKCAQAkIhBWTux4rSKvHlnnLSRk2lCrFxfL+vAqyY/i89IRxYLCRQB3bcMfSWO2\n0CVwv8yxm4UbnsbJkwcx8FcunBXlKlyYos5f01mq1e5SsOWX91sJbny0XqYjTzYw\n1K53CjdMfSh2aQCikzDtp2lvPzAhBarY/6BGTEJGOmi7jveaIBMaYpedYH5c3q8R\nAo+IhZXvJgKi/EQgXEfoKAq9NX4FrP5xaUZMSpGVJAaYW0s+8e6q509lM8XrESaI\n68zYlZzAg+y3v4DB60r1B27A+NqrBdxqIzLa/ZaxTQes1zcz9GpXVYfEi3uzge4G\nniV86kiDRV5Whk2dG24dhLgXKntP\n-----END PRIVATE KEY-----\n",
            "public_key_fingerprint_md5": "09:ef:c7:cc:ab:7b:e6:b2:bd:26:97:92:50:ea:c4:31",
            "public_key_fingerprint_sha256": "SHA256:n6F1WCNIuKcKlK5o58YdFK3TUzodwNykZiRrrgMjGf0",
            "public_key_openssh": "ssh-rsa AAAAB3NzaC1yc2EAAAADAQABAAACAQC5+v4YrQKzR/1OtVgDbK5CMBf3A3R7OAj1+ENmHsWgti53MlvczMpNgfP9KYyUwoKaRueAL/3WrH7HIoozv3KmAJrEclOCcga5JB9zk4bE/p4xhcp9vdKK8dDxw72oMbMzyCWsd+SQPjKb3CN9HY+fj2Lewbg5s96n0iLEii84MDyhLTiPgqe4MWNB3w2+3lD7JBfyyCXgVHzHoVoGjuhKAVn9p+hFNM8GlwJIyFyq4OrWUkV/BtVJgYaCdRZnq0nE1mX9wO8BSvXBE+8M7ziRvWkFESRucOdEtz78UmT5ZLNnoW0qB3o6xarXlrLVX+ysa/YSyk2JRuw9XDNo/9MLxPzK70B37KUTwsqa6uQUT6F/Dwt0ts5ezFHteIkmM+3cr1jpvU7bF/f1E1pTpRZrX4BBXAuH0+gp1abXzX8S4fHSM1lFS8wYkJC0UiXQhgQeqK+IYUS2azkwkj11V6QWXO4pfWMi/0buYQrHhTFdFAeFAlNWL29sv0CNKxm1pejoVh+n1hgI7GkV0ZcdGcERdq+38dSsLcWZ4ARIX9MJW7fXDaLT2LxUhS9xJzdBD/Pl3c4x6HogaDZ5KP71RcfclrB6Z0OJUT8IQGwG3Nx1WjMdoR5fAgYVBKEitOKdQBCZ8ehq5hQ6THHgcx5veFO6ERk0eBO3Cc4Uw7sHV4V2cQ==\n",
            "public_key_pem": "-----BEGIN PUBLIC KEY-----\nMIICIjANBgkqhkiG9w0BAQEFAAOCAg8AMIICCgKCAgEAufr+GK0Cs0f9TrVYA2yu\nQjAX9wN0ezgI9fhDZh7FoLYudzJb3MzKTYHz/SmMlMKCmkbngC/91qx+xyKKM79y\npgCaxHJTgnIGuSQfc5OGxP6eMYXKfb3SivHQ8cO9qDGzM8glrHfkkD4ym9wjfR2P\nn49i3sG4ObPep9IixIovODA8oS04j4KnuDFjQd8Nvt5Q+yQX8sgl4FR8x6FaBo7o\nSgFZ/afoRTTPBpcCSMhcquDq1lJFfwbVSYGGgnUWZ6tJxNZl/cDvAUr1wRPvDO84\nkb1pBREkbnDnRLc+/FJk+WSzZ6FtKgd6OsWq15ay1V/srGv2EspNiUbsPVwzaP/T\nC8T8yu9Ad+ylE8LKmurkFE+hfw8LdLbOXsxR7XiJJjPt3K9Y6b1O2xf39RNaU6UW\na1+AQVwLh9PoKdWm181/EuHx0jNZRUvMGJCQtFIl0IYEHqiviGFEtms5MJI9dVek\nFlzuKX1jIv9G7mEKx4UxXRQHhQJTVi9vbL9AjSsZtaXo6FYfp9YYCOxpFdGXHRnB\nEXavt/HUrC3FmeAESF/TCVu31w2i09i8VIUvcSc3QQ/z5d3OMeh6IGg2eSj+9UXH\n3JawemdDiVE/CEBsBtzcdVozHaEeXwIGFQShIrTinUAQmfHoauYUOkxx4HMeb3hT\nuhEZNHgTtwnOFMO7B1eFdnECAwEAAQ==\n-----END PUBLIC KEY-----\n",
            "rsa_bits": 4096
          },
          "sensitive_attributes": []
        }
      ]
    }
  ],
  "check_results": null
}
