{
  "version": 4,
  "terraform_version": "1.7.3",
  "serial": 475,
  "lineage": "4653457f-6116-d8c5-20b9-1de3d8e4134c",
  "outputs": {
    "controller_public_ip": {
      "value": "52.176.147.203",
      "type": "string"
    },
    "private_ips": {
      "value": {
        "0": "10.0.1.10",
        "1": "10.0.1.11",
        "2": "10.0.1.12"
      },
      "type": [
        "object",
        {
          "0": "string",
          "1": "string",
          "2": "string"
        }
      ]
    },
    "webapp_public_ip": {
      "value": "52.176.149.127",
      "type": "string"
    }
  },
  "resources": [
    {
      "module": "module.prod_modules",
      "mode": "managed",
      "type": "azurerm_linux_virtual_machine",
      "name": "nodecontroller",
      "provider": "provider[\"registry.terraform.io/hashicorp/azurerm\"]",
      "instances": [
        {
          "schema_version": 0,
          "attributes": {
            "additional_capabilities": [],
            "admin_password": "P@ssw0rd!123",
            "admin_ssh_key": [
              {
                "public_key": "ssh-rsa AAAAB3NzaC1yc2EAAAADAQABAAACAQDMLSh4m0UlLcwAUnUvcJCuUmTI88Tap0EJSI5b74tJIiupvBFDMkuc/Rw2zBCc0oHc+R1ws9AlCf/3CyAgsDVppKdOl/gmd5whne7tE1WYU8jjEm1ZtpPqlnpAZOzj8jxF9C+IAkUjvifc0gPkjYaRD1ebu91Pcg7ZEx//zHT0Ry5E3f03sxsh0gJeytucJlKxtEoigdGzF2tW4Gt6sBLQCCRbMOqSvxk/QYgy3AXDHiPNrw7LCjtZHwu34mI40WC58dLe751254yszqXv47Q2K35Q3cN0vSusVmKszJlvLpU618scWhrUFSizgKl32/BTfXMCw87YmBfeDgQisU1KyfUEIiAepg63G69KDW5FkzIQuroPOdIpFIzHd0GL2+6Cp42nxRVFB2HIvugke66ip20QHUjMtVnJIGSLvlXogHakmlAsOy2TNZnoo2nYxr6YIQ9BDQ7n8K9wlbn7Ej8yKDXCQ25FbLWGofU31v7M277v5OYMY4I9kNa0wX/iJN/MbtSwOi6LynpTTgthZOoj8K/ZQmj0EqcLhbO9V6G9HGTIA1SO0SY8L89dubisPBDj22531gVsSYHAQFLcNcPKUE+fGn11K+tVqcpB14L/bs50/mr47qdRI8VwKwNTj04kh8uWgFST1mPTjfZWIZhXM5gydmAqB1fXsBaAxoZpgQ==\n",
                "username": "rooty"
              }
            ],
            "admin_username": "rooty",
            "allow_extension_operations": true,
            "availability_set_id": "",
            "boot_diagnostics": [],
            "bypass_platform_safety_checks_on_user_schedule_enabled": false,
            "capacity_reservation_group_id": "",
            "computer_name": "nodecontroller",
            "custom_data": null,
            "dedicated_host_group_id": "",
            "dedicated_host_id": "",
            "disable_password_authentication": true,
            "disk_controller_type": "",
            "edge_zone": "",
            "encryption_at_host_enabled": false,
            "eviction_policy": "",
            "extensions_time_budget": "PT1H30M",
            "gallery_application": [],
            "id": "/subscriptions/c20f51b2-62aa-4af4-8033-ed6246ab50ca/resourceGroups/production_group/providers/Microsoft.Compute/virtualMachines/nodecontroller",
            "identity": [],
            "license_type": "",
            "location": "centralus",
            "max_bid_price": -1,
            "name": "nodecontroller",
            "network_interface_ids": [
              "/subscriptions/c20f51b2-62aa-4af4-8033-ed6246ab50ca/resourceGroups/production_group/providers/Microsoft.Network/networkInterfaces/nic_prod_controller"
            ],
            "os_disk": [
              {
                "caching": "ReadWrite",
                "diff_disk_settings": [],
                "disk_encryption_set_id": "",
                "disk_size_gb": 30,
                "name": "NodeControlDisk",
                "secure_vm_disk_encryption_set_id": "",
                "security_encryption_type": "",
                "storage_account_type": "Premium_LRS",
                "write_accelerator_enabled": false
              }
            ],
            "os_image_notification": [],
            "patch_assessment_mode": "ImageDefault",
            "patch_mode": "ImageDefault",
            "plan": [],
            "platform_fault_domain": -1,
            "priority": "Regular",
            "private_ip_address": "10.1.1.4",
            "private_ip_addresses": [
              "10.1.1.4"
            ],
            "provision_vm_agent": true,
            "proximity_placement_group_id": "",
            "public_ip_address": "52.176.147.203",
            "public_ip_addresses": [
              "52.176.147.203"
            ],
            "reboot_setting": "",
            "resource_group_name": "production_group",
            "secret": [],
            "secure_boot_enabled": false,
            "size": "Standard_DS1_v2",
            "source_image_id": "",
            "source_image_reference": [
              {
                "offer": "0001-com-ubuntu-server-jammy",
                "publisher": "Canonical",
                "sku": "22_04-lts",
                "version": "latest"
              }
            ],
            "tags": null,
            "termination_notification": null,
            "timeouts": null,
            "user_data": "",
            "virtual_machine_id": "50fd07ad-7eeb-47bc-acaa-eae811eb6d61",
            "virtual_machine_scale_set_id": "",
            "vm_agent_platform_updates_enabled": false,
            "vtpm_enabled": false,
            "zone": ""
          },
          "sensitive_attributes": [],
          "private": "eyJlMmJmYjczMC1lY2FhLTExZTYtOGY4OC0zNDM2M2JjN2M0YzAiOnsiY3JlYXRlIjoyNzAwMDAwMDAwMDAwLCJkZWxldGUiOjI3MDAwMDAwMDAwMDAsInJlYWQiOjMwMDAwMDAwMDAwMCwidXBkYXRlIjoyNzAwMDAwMDAwMDAwfX0=",
          "dependencies": [
            "module.prod_modules.azurerm_network_interface.nic_prod_controller",
            "module.prod_modules.azurerm_public_ip.pubip_controller",
            "module.prod_modules.azurerm_resource_group.prod_group",
            "module.prod_modules.azurerm_subnet.subnet_prod_controller",
            "module.prod_modules.azurerm_virtual_network.vnet_prod_controller",
            "module.prod_modules.tls_private_key.ssh_key_linux_openssh"
          ]
        }
      ]
    },
    {
      "module": "module.prod_modules",
      "mode": "managed",
      "type": "azurerm_linux_virtual_machine",
      "name": "nodes",
      "provider": "provider[\"registry.terraform.io/hashicorp/azurerm\"]",
      "instances": [
        {
          "index_key": 0,
          "schema_version": 0,
          "attributes": {
            "additional_capabilities": [],
            "admin_password": "P@ssw0rd!123",
            "admin_ssh_key": [
              {
                "public_key": "ssh-rsa AAAAB3NzaC1yc2EAAAADAQABAAACAQDMLSh4m0UlLcwAUnUvcJCuUmTI88Tap0EJSI5b74tJIiupvBFDMkuc/Rw2zBCc0oHc+R1ws9AlCf/3CyAgsDVppKdOl/gmd5whne7tE1WYU8jjEm1ZtpPqlnpAZOzj8jxF9C+IAkUjvifc0gPkjYaRD1ebu91Pcg7ZEx//zHT0Ry5E3f03sxsh0gJeytucJlKxtEoigdGzF2tW4Gt6sBLQCCRbMOqSvxk/QYgy3AXDHiPNrw7LCjtZHwu34mI40WC58dLe751254yszqXv47Q2K35Q3cN0vSusVmKszJlvLpU618scWhrUFSizgKl32/BTfXMCw87YmBfeDgQisU1KyfUEIiAepg63G69KDW5FkzIQuroPOdIpFIzHd0GL2+6Cp42nxRVFB2HIvugke66ip20QHUjMtVnJIGSLvlXogHakmlAsOy2TNZnoo2nYxr6YIQ9BDQ7n8K9wlbn7Ej8yKDXCQ25FbLWGofU31v7M277v5OYMY4I9kNa0wX/iJN/MbtSwOi6LynpTTgthZOoj8K/ZQmj0EqcLhbO9V6G9HGTIA1SO0SY8L89dubisPBDj22531gVsSYHAQFLcNcPKUE+fGn11K+tVqcpB14L/bs50/mr47qdRI8VwKwNTj04kh8uWgFST1mPTjfZWIZhXM5gydmAqB1fXsBaAxoZpgQ==\n",
                "username": "rooty"
              }
            ],
            "admin_username": "rooty",
            "allow_extension_operations": true,
            "availability_set_id": "",
            "boot_diagnostics": [],
            "bypass_platform_safety_checks_on_user_schedule_enabled": false,
            "capacity_reservation_group_id": "",
            "computer_name": "node-web01",
            "custom_data": null,
            "dedicated_host_group_id": "",
            "dedicated_host_id": "",
            "disable_password_authentication": true,
            "disk_controller_type": "",
            "edge_zone": "",
            "encryption_at_host_enabled": false,
            "eviction_policy": "",
            "extensions_time_budget": "PT1H30M",
            "gallery_application": [],
            "id": "/subscriptions/c20f51b2-62aa-4af4-8033-ed6246ab50ca/resourceGroups/production_group/providers/Microsoft.Compute/virtualMachines/node-web01",
            "identity": [],
            "license_type": "",
            "location": "centralus",
            "max_bid_price": -1,
            "name": "node-web01",
            "network_interface_ids": [
              "/subscriptions/c20f51b2-62aa-4af4-8033-ed6246ab50ca/resourceGroups/production_group/providers/Microsoft.Network/networkInterfaces/nic_prod_node_0"
            ],
            "os_disk": [
              {
                "caching": "ReadWrite",
                "diff_disk_settings": [],
                "disk_encryption_set_id": "",
                "disk_size_gb": 30,
                "name": "node0Disk",
                "secure_vm_disk_encryption_set_id": "",
                "security_encryption_type": "",
                "storage_account_type": "Premium_LRS",
                "write_accelerator_enabled": false
              }
            ],
            "os_image_notification": [],
            "patch_assessment_mode": "ImageDefault",
            "patch_mode": "ImageDefault",
            "plan": [],
            "platform_fault_domain": -1,
            "priority": "Regular",
            "private_ip_address": "10.0.1.10",
            "private_ip_addresses": [
              "10.0.1.10"
            ],
            "provision_vm_agent": true,
            "proximity_placement_group_id": "",
            "public_ip_address": "52.176.149.127",
            "public_ip_addresses": [
              "52.176.149.127"
            ],
            "reboot_setting": "",
            "resource_group_name": "production_group",
            "secret": [],
            "secure_boot_enabled": false,
            "size": "Standard_DS1_v2",
            "source_image_id": "",
            "source_image_reference": [
              {
                "offer": "0001-com-ubuntu-server-jammy",
                "publisher": "Canonical",
                "sku": "22_04-lts",
                "version": "latest"
              }
            ],
            "tags": null,
            "termination_notification": null,
            "timeouts": null,
            "user_data": "",
            "virtual_machine_id": "c39869d8-0dbf-4bc8-b227-dcfb167a94dc",
            "virtual_machine_scale_set_id": "",
            "vm_agent_platform_updates_enabled": false,
            "vtpm_enabled": false,
            "zone": ""
          },
          "sensitive_attributes": [],
          "private": "eyJlMmJmYjczMC1lY2FhLTExZTYtOGY4OC0zNDM2M2JjN2M0YzAiOnsiY3JlYXRlIjoyNzAwMDAwMDAwMDAwLCJkZWxldGUiOjI3MDAwMDAwMDAwMDAsInJlYWQiOjMwMDAwMDAwMDAwMCwidXBkYXRlIjoyNzAwMDAwMDAwMDAwfX0=",
          "dependencies": [
            "module.prod_modules.azurerm_network_interface.nic_prod_nodes",
            "module.prod_modules.azurerm_public_ip.pubip_node_web",
            "module.prod_modules.azurerm_resource_group.prod_group",
            "module.prod_modules.azurerm_subnet.subnet_prod",
            "module.prod_modules.azurerm_virtual_network.vnet_prod",
            "module.prod_modules.tls_private_key.ssh_key_linux_openssh"
          ]
        },
        {
          "index_key": 1,
          "schema_version": 0,
          "attributes": {
            "additional_capabilities": [],
            "admin_password": "P@ssw0rd!123",
            "admin_ssh_key": [
              {
                "public_key": "ssh-rsa AAAAB3NzaC1yc2EAAAADAQABAAACAQDMLSh4m0UlLcwAUnUvcJCuUmTI88Tap0EJSI5b74tJIiupvBFDMkuc/Rw2zBCc0oHc+R1ws9AlCf/3CyAgsDVppKdOl/gmd5whne7tE1WYU8jjEm1ZtpPqlnpAZOzj8jxF9C+IAkUjvifc0gPkjYaRD1ebu91Pcg7ZEx//zHT0Ry5E3f03sxsh0gJeytucJlKxtEoigdGzF2tW4Gt6sBLQCCRbMOqSvxk/QYgy3AXDHiPNrw7LCjtZHwu34mI40WC58dLe751254yszqXv47Q2K35Q3cN0vSusVmKszJlvLpU618scWhrUFSizgKl32/BTfXMCw87YmBfeDgQisU1KyfUEIiAepg63G69KDW5FkzIQuroPOdIpFIzHd0GL2+6Cp42nxRVFB2HIvugke66ip20QHUjMtVnJIGSLvlXogHakmlAsOy2TNZnoo2nYxr6YIQ9BDQ7n8K9wlbn7Ej8yKDXCQ25FbLWGofU31v7M277v5OYMY4I9kNa0wX/iJN/MbtSwOi6LynpTTgthZOoj8K/ZQmj0EqcLhbO9V6G9HGTIA1SO0SY8L89dubisPBDj22531gVsSYHAQFLcNcPKUE+fGn11K+tVqcpB14L/bs50/mr47qdRI8VwKwNTj04kh8uWgFST1mPTjfZWIZhXM5gydmAqB1fXsBaAxoZpgQ==\n",
                "username": "rooty"
              }
            ],
            "admin_username": "rooty",
            "allow_extension_operations": true,
            "availability_set_id": "",
            "boot_diagnostics": [],
            "bypass_platform_safety_checks_on_user_schedule_enabled": false,
            "capacity_reservation_group_id": "",
            "computer_name": "node-database02",
            "custom_data": null,
            "dedicated_host_group_id": "",
            "dedicated_host_id": "",
            "disable_password_authentication": true,
            "disk_controller_type": "",
            "edge_zone": "",
            "encryption_at_host_enabled": false,
            "eviction_policy": "",
            "extensions_time_budget": "PT1H30M",
            "gallery_application": [],
            "id": "/subscriptions/c20f51b2-62aa-4af4-8033-ed6246ab50ca/resourceGroups/production_group/providers/Microsoft.Compute/virtualMachines/node-database02",
            "identity": [],
            "license_type": "",
            "location": "centralus",
            "max_bid_price": -1,
            "name": "node-database02",
            "network_interface_ids": [
              "/subscriptions/c20f51b2-62aa-4af4-8033-ed6246ab50ca/resourceGroups/production_group/providers/Microsoft.Network/networkInterfaces/nic_prod_node_1"
            ],
            "os_disk": [
              {
                "caching": "ReadWrite",
                "diff_disk_settings": [],
                "disk_encryption_set_id": "",
                "disk_size_gb": 30,
                "name": "node1Disk",
                "secure_vm_disk_encryption_set_id": "",
                "security_encryption_type": "",
                "storage_account_type": "Premium_LRS",
                "write_accelerator_enabled": false
              }
            ],
            "os_image_notification": [],
            "patch_assessment_mode": "ImageDefault",
            "patch_mode": "ImageDefault",
            "plan": [],
            "platform_fault_domain": -1,
            "priority": "Regular",
            "private_ip_address": "10.0.1.11",
            "private_ip_addresses": [
              "10.0.1.11"
            ],
            "provision_vm_agent": true,
            "proximity_placement_group_id": "",
            "public_ip_address": "",
            "public_ip_addresses": [],
            "reboot_setting": "",
            "resource_group_name": "production_group",
            "secret": [],
            "secure_boot_enabled": false,
            "size": "Standard_DS1_v2",
            "source_image_id": "",
            "source_image_reference": [
              {
                "offer": "0001-com-ubuntu-server-jammy",
                "publisher": "Canonical",
                "sku": "22_04-lts",
                "version": "latest"
              }
            ],
            "tags": null,
            "termination_notification": null,
            "timeouts": null,
            "user_data": "",
            "virtual_machine_id": "62c0da83-eda3-4c29-aa14-1ae86af26590",
            "virtual_machine_scale_set_id": "",
            "vm_agent_platform_updates_enabled": false,
            "vtpm_enabled": false,
            "zone": ""
          },
          "sensitive_attributes": [],
          "private": "eyJlMmJmYjczMC1lY2FhLTExZTYtOGY4OC0zNDM2M2JjN2M0YzAiOnsiY3JlYXRlIjoyNzAwMDAwMDAwMDAwLCJkZWxldGUiOjI3MDAwMDAwMDAwMDAsInJlYWQiOjMwMDAwMDAwMDAwMCwidXBkYXRlIjoyNzAwMDAwMDAwMDAwfX0=",
          "dependencies": [
            "module.prod_modules.azurerm_network_interface.nic_prod_nodes",
            "module.prod_modules.azurerm_public_ip.pubip_node_web",
            "module.prod_modules.azurerm_resource_group.prod_group",
            "module.prod_modules.azurerm_subnet.subnet_prod",
            "module.prod_modules.azurerm_virtual_network.vnet_prod",
            "module.prod_modules.tls_private_key.ssh_key_linux_openssh"
          ]
        },
        {
          "index_key": 2,
          "schema_version": 0,
          "attributes": {
            "additional_capabilities": [],
            "admin_password": "P@ssw0rd!123",
            "admin_ssh_key": [
              {
                "public_key": "ssh-rsa AAAAB3NzaC1yc2EAAAADAQABAAACAQDMLSh4m0UlLcwAUnUvcJCuUmTI88Tap0EJSI5b74tJIiupvBFDMkuc/Rw2zBCc0oHc+R1ws9AlCf/3CyAgsDVppKdOl/gmd5whne7tE1WYU8jjEm1ZtpPqlnpAZOzj8jxF9C+IAkUjvifc0gPkjYaRD1ebu91Pcg7ZEx//zHT0Ry5E3f03sxsh0gJeytucJlKxtEoigdGzF2tW4Gt6sBLQCCRbMOqSvxk/QYgy3AXDHiPNrw7LCjtZHwu34mI40WC58dLe751254yszqXv47Q2K35Q3cN0vSusVmKszJlvLpU618scWhrUFSizgKl32/BTfXMCw87YmBfeDgQisU1KyfUEIiAepg63G69KDW5FkzIQuroPOdIpFIzHd0GL2+6Cp42nxRVFB2HIvugke66ip20QHUjMtVnJIGSLvlXogHakmlAsOy2TNZnoo2nYxr6YIQ9BDQ7n8K9wlbn7Ej8yKDXCQ25FbLWGofU31v7M277v5OYMY4I9kNa0wX/iJN/MbtSwOi6LynpTTgthZOoj8K/ZQmj0EqcLhbO9V6G9HGTIA1SO0SY8L89dubisPBDj22531gVsSYHAQFLcNcPKUE+fGn11K+tVqcpB14L/bs50/mr47qdRI8VwKwNTj04kh8uWgFST1mPTjfZWIZhXM5gydmAqB1fXsBaAxoZpgQ==\n",
                "username": "rooty"
              }
            ],
            "admin_username": "rooty",
            "allow_extension_operations": true,
            "availability_set_id": "",
            "boot_diagnostics": [],
            "bypass_platform_safety_checks_on_user_schedule_enabled": false,
            "capacity_reservation_group_id": "",
            "computer_name": "node-api03",
            "custom_data": null,
            "dedicated_host_group_id": "",
            "dedicated_host_id": "",
            "disable_password_authentication": true,
            "disk_controller_type": "",
            "edge_zone": "",
            "encryption_at_host_enabled": false,
            "eviction_policy": "",
            "extensions_time_budget": "PT1H30M",
            "gallery_application": [],
            "id": "/subscriptions/c20f51b2-62aa-4af4-8033-ed6246ab50ca/resourceGroups/production_group/providers/Microsoft.Compute/virtualMachines/node-api03",
            "identity": [],
            "license_type": "",
            "location": "centralus",
            "max_bid_price": -1,
            "name": "node-api03",
            "network_interface_ids": [
              "/subscriptions/c20f51b2-62aa-4af4-8033-ed6246ab50ca/resourceGroups/production_group/providers/Microsoft.Network/networkInterfaces/nic_prod_node_2"
            ],
            "os_disk": [
              {
                "caching": "ReadWrite",
                "diff_disk_settings": [],
                "disk_encryption_set_id": "",
                "disk_size_gb": 30,
                "name": "node2Disk",
                "secure_vm_disk_encryption_set_id": "",
                "security_encryption_type": "",
                "storage_account_type": "Premium_LRS",
                "write_accelerator_enabled": false
              }
            ],
            "os_image_notification": [],
            "patch_assessment_mode": "ImageDefault",
            "patch_mode": "ImageDefault",
            "plan": [],
            "platform_fault_domain": -1,
            "priority": "Regular",
            "private_ip_address": "10.0.1.12",
            "private_ip_addresses": [
              "10.0.1.12"
            ],
            "provision_vm_agent": true,
            "proximity_placement_group_id": "",
            "public_ip_address": "",
            "public_ip_addresses": [],
            "reboot_setting": "",
            "resource_group_name": "production_group",
            "secret": [],
            "secure_boot_enabled": false,
            "size": "Standard_DS1_v2",
            "source_image_id": "",
            "source_image_reference": [
              {
                "offer": "0001-com-ubuntu-server-jammy",
                "publisher": "Canonical",
                "sku": "22_04-lts",
                "version": "latest"
              }
            ],
            "tags": null,
            "termination_notification": null,
            "timeouts": null,
            "user_data": "",
            "virtual_machine_id": "91c1d9d5-2c5d-4213-8a7f-6ab992a9cd55",
            "virtual_machine_scale_set_id": "",
            "vm_agent_platform_updates_enabled": false,
            "vtpm_enabled": false,
            "zone": ""
          },
          "sensitive_attributes": [],
          "private": "eyJlMmJmYjczMC1lY2FhLTExZTYtOGY4OC0zNDM2M2JjN2M0YzAiOnsiY3JlYXRlIjoyNzAwMDAwMDAwMDAwLCJkZWxldGUiOjI3MDAwMDAwMDAwMDAsInJlYWQiOjMwMDAwMDAwMDAwMCwidXBkYXRlIjoyNzAwMDAwMDAwMDAwfX0=",
          "dependencies": [
            "module.prod_modules.azurerm_network_interface.nic_prod_nodes",
            "module.prod_modules.azurerm_public_ip.pubip_node_web",
            "module.prod_modules.azurerm_resource_group.prod_group",
            "module.prod_modules.azurerm_subnet.subnet_prod",
            "module.prod_modules.azurerm_virtual_network.vnet_prod",
            "module.prod_modules.tls_private_key.ssh_key_linux_openssh"
          ]
        }
      ]
    },
    {
      "module": "module.prod_modules",
      "mode": "managed",
      "type": "azurerm_network_interface",
      "name": "nic_prod_controller",
      "provider": "provider[\"registry.terraform.io/hashicorp/azurerm\"]",
      "instances": [
        {
          "schema_version": 0,
          "attributes": {
            "applied_dns_servers": [],
            "auxiliary_mode": "",
            "auxiliary_sku": "",
            "dns_servers": [],
            "edge_zone": "",
            "enable_accelerated_networking": false,
            "enable_ip_forwarding": false,
            "id": "/subscriptions/c20f51b2-62aa-4af4-8033-ed6246ab50ca/resourceGroups/production_group/providers/Microsoft.Network/networkInterfaces/nic_prod_controller",
            "internal_dns_name_label": "",
            "internal_domain_name_suffix": "ca1hrn3v4uce1muoumjnrpnbtf.gx.internal.cloudapp.net",
            "ip_configuration": [
              {
                "gateway_load_balancer_frontend_ip_configuration_id": "",
                "name": "nic_controller_config",
                "primary": true,
                "private_ip_address": "10.1.1.4",
                "private_ip_address_allocation": "Dynamic",
                "private_ip_address_version": "IPv4",
                "public_ip_address_id": "/subscriptions/c20f51b2-62aa-4af4-8033-ed6246ab50ca/resourceGroups/production_group/providers/Microsoft.Network/publicIPAddresses/pubip_controller",
                "subnet_id": "/subscriptions/c20f51b2-62aa-4af4-8033-ed6246ab50ca/resourceGroups/production_group/providers/Microsoft.Network/virtualNetworks/vnet_prod_controller/subnets/subnet_controller_prod_internal"
              }
            ],
            "location": "centralus",
            "mac_address": "",
            "name": "nic_prod_controller",
            "private_ip_address": "10.1.1.4",
            "private_ip_addresses": [
              "10.1.1.4"
            ],
            "resource_group_name": "production_group",
            "tags": null,
            "timeouts": null,
            "virtual_machine_id": ""
          },
          "sensitive_attributes": [],
          "private": "eyJlMmJmYjczMC1lY2FhLTExZTYtOGY4OC0zNDM2M2JjN2M0YzAiOnsiY3JlYXRlIjoxODAwMDAwMDAwMDAwLCJkZWxldGUiOjE4MDAwMDAwMDAwMDAsInJlYWQiOjMwMDAwMDAwMDAwMCwidXBkYXRlIjoxODAwMDAwMDAwMDAwfX0=",
          "dependencies": [
            "module.prod_modules.azurerm_public_ip.pubip_controller",
            "module.prod_modules.azurerm_resource_group.prod_group",
            "module.prod_modules.azurerm_subnet.subnet_prod_controller",
            "module.prod_modules.azurerm_virtual_network.vnet_prod_controller"
          ]
        }
      ]
    },
    {
      "module": "module.prod_modules",
      "mode": "managed",
      "type": "azurerm_network_interface",
      "name": "nic_prod_nodes",
      "provider": "provider[\"registry.terraform.io/hashicorp/azurerm\"]",
      "instances": [
        {
          "index_key": 0,
          "schema_version": 0,
          "attributes": {
            "applied_dns_servers": [],
            "auxiliary_mode": "",
            "auxiliary_sku": "",
            "dns_servers": [],
            "edge_zone": "",
            "enable_accelerated_networking": false,
            "enable_ip_forwarding": false,
            "id": "/subscriptions/c20f51b2-62aa-4af4-8033-ed6246ab50ca/resourceGroups/production_group/providers/Microsoft.Network/networkInterfaces/nic_prod_node_0",
            "internal_dns_name_label": "",
            "internal_domain_name_suffix": "0qujvq32dq3exfdrdwowlbqweh.gx.internal.cloudapp.net",
            "ip_configuration": [
              {
                "gateway_load_balancer_frontend_ip_configuration_id": "",
                "name": "nic_node_0_config",
                "primary": true,
                "private_ip_address": "10.0.1.10",
                "private_ip_address_allocation": "Static",
                "private_ip_address_version": "IPv4",
                "public_ip_address_id": "/subscriptions/c20f51b2-62aa-4af4-8033-ed6246ab50ca/resourceGroups/production_group/providers/Microsoft.Network/publicIPAddresses/pubip_node_web",
                "subnet_id": "/subscriptions/c20f51b2-62aa-4af4-8033-ed6246ab50ca/resourceGroups/production_group/providers/Microsoft.Network/virtualNetworks/vnet_prod/subnets/subnet_prod_internal"
              }
            ],
            "location": "centralus",
            "mac_address": "",
            "name": "nic_prod_node_0",
            "private_ip_address": "10.0.1.10",
            "private_ip_addresses": [
              "10.0.1.10"
            ],
            "resource_group_name": "production_group",
            "tags": null,
            "timeouts": null,
            "virtual_machine_id": ""
          },
          "sensitive_attributes": [],
          "private": "eyJlMmJmYjczMC1lY2FhLTExZTYtOGY4OC0zNDM2M2JjN2M0YzAiOnsiY3JlYXRlIjoxODAwMDAwMDAwMDAwLCJkZWxldGUiOjE4MDAwMDAwMDAwMDAsInJlYWQiOjMwMDAwMDAwMDAwMCwidXBkYXRlIjoxODAwMDAwMDAwMDAwfX0=",
          "dependencies": [
            "module.prod_modules.azurerm_public_ip.pubip_node_web",
            "module.prod_modules.azurerm_resource_group.prod_group",
            "module.prod_modules.azurerm_subnet.subnet_prod",
            "module.prod_modules.azurerm_virtual_network.vnet_prod"
          ]
        },
        {
          "index_key": 1,
          "schema_version": 0,
          "attributes": {
            "applied_dns_servers": [],
            "auxiliary_mode": "",
            "auxiliary_sku": "",
            "dns_servers": [],
            "edge_zone": "",
            "enable_accelerated_networking": false,
            "enable_ip_forwarding": false,
            "id": "/subscriptions/c20f51b2-62aa-4af4-8033-ed6246ab50ca/resourceGroups/production_group/providers/Microsoft.Network/networkInterfaces/nic_prod_node_1",
            "internal_dns_name_label": "",
            "internal_domain_name_suffix": "0qujvq32dq3exfdrdwowlbqweh.gx.internal.cloudapp.net",
            "ip_configuration": [
              {
                "gateway_load_balancer_frontend_ip_configuration_id": "",
                "name": "nic_node_1_config",
                "primary": true,
                "private_ip_address": "10.0.1.11",
                "private_ip_address_allocation": "Static",
                "private_ip_address_version": "IPv4",
                "public_ip_address_id": "",
                "subnet_id": "/subscriptions/c20f51b2-62aa-4af4-8033-ed6246ab50ca/resourceGroups/production_group/providers/Microsoft.Network/virtualNetworks/vnet_prod/subnets/subnet_prod_internal"
              }
            ],
            "location": "centralus",
            "mac_address": "",
            "name": "nic_prod_node_1",
            "private_ip_address": "10.0.1.11",
            "private_ip_addresses": [
              "10.0.1.11"
            ],
            "resource_group_name": "production_group",
            "tags": null,
            "timeouts": null,
            "virtual_machine_id": ""
          },
          "sensitive_attributes": [],
          "private": "eyJlMmJmYjczMC1lY2FhLTExZTYtOGY4OC0zNDM2M2JjN2M0YzAiOnsiY3JlYXRlIjoxODAwMDAwMDAwMDAwLCJkZWxldGUiOjE4MDAwMDAwMDAwMDAsInJlYWQiOjMwMDAwMDAwMDAwMCwidXBkYXRlIjoxODAwMDAwMDAwMDAwfX0=",
          "dependencies": [
            "module.prod_modules.azurerm_public_ip.pubip_node_web",
            "module.prod_modules.azurerm_resource_group.prod_group",
            "module.prod_modules.azurerm_subnet.subnet_prod",
            "module.prod_modules.azurerm_virtual_network.vnet_prod"
          ]
        },
        {
          "index_key": 2,
          "schema_version": 0,
          "attributes": {
            "applied_dns_servers": [],
            "auxiliary_mode": "",
            "auxiliary_sku": "",
            "dns_servers": [],
            "edge_zone": "",
            "enable_accelerated_networking": false,
            "enable_ip_forwarding": false,
            "id": "/subscriptions/c20f51b2-62aa-4af4-8033-ed6246ab50ca/resourceGroups/production_group/providers/Microsoft.Network/networkInterfaces/nic_prod_node_2",
            "internal_dns_name_label": "",
            "internal_domain_name_suffix": "0qujvq32dq3exfdrdwowlbqweh.gx.internal.cloudapp.net",
            "ip_configuration": [
              {
                "gateway_load_balancer_frontend_ip_configuration_id": "",
                "name": "nic_node_2_config",
                "primary": true,
                "private_ip_address": "10.0.1.12",
                "private_ip_address_allocation": "Static",
                "private_ip_address_version": "IPv4",
                "public_ip_address_id": "",
                "subnet_id": "/subscriptions/c20f51b2-62aa-4af4-8033-ed6246ab50ca/resourceGroups/production_group/providers/Microsoft.Network/virtualNetworks/vnet_prod/subnets/subnet_prod_internal"
              }
            ],
            "location": "centralus",
            "mac_address": "",
            "name": "nic_prod_node_2",
            "private_ip_address": "10.0.1.12",
            "private_ip_addresses": [
              "10.0.1.12"
            ],
            "resource_group_name": "production_group",
            "tags": null,
            "timeouts": null,
            "virtual_machine_id": ""
          },
          "sensitive_attributes": [],
          "private": "eyJlMmJmYjczMC1lY2FhLTExZTYtOGY4OC0zNDM2M2JjN2M0YzAiOnsiY3JlYXRlIjoxODAwMDAwMDAwMDAwLCJkZWxldGUiOjE4MDAwMDAwMDAwMDAsInJlYWQiOjMwMDAwMDAwMDAwMCwidXBkYXRlIjoxODAwMDAwMDAwMDAwfX0=",
          "dependencies": [
            "module.prod_modules.azurerm_public_ip.pubip_node_web",
            "module.prod_modules.azurerm_resource_group.prod_group",
            "module.prod_modules.azurerm_subnet.subnet_prod",
            "module.prod_modules.azurerm_virtual_network.vnet_prod"
          ]
        }
      ]
    },
    {
      "module": "module.prod_modules",
      "mode": "managed",
      "type": "azurerm_network_interface_security_group_association",
      "name": "prod_sga_controller",
      "provider": "provider[\"registry.terraform.io/hashicorp/azurerm\"]",
      "instances": [
        {
          "schema_version": 0,
          "attributes": {
            "id": "/subscriptions/c20f51b2-62aa-4af4-8033-ed6246ab50ca/resourceGroups/production_group/providers/Microsoft.Network/networkInterfaces/nic_prod_controller|/subscriptions/c20f51b2-62aa-4af4-8033-ed6246ab50ca/resourceGroups/production_group/providers/Microsoft.Network/networkSecurityGroups/prod_security_group_controller",
            "network_interface_id": "/subscriptions/c20f51b2-62aa-4af4-8033-ed6246ab50ca/resourceGroups/production_group/providers/Microsoft.Network/networkInterfaces/nic_prod_controller",
            "network_security_group_id": "/subscriptions/c20f51b2-62aa-4af4-8033-ed6246ab50ca/resourceGroups/production_group/providers/Microsoft.Network/networkSecurityGroups/prod_security_group_controller",
            "timeouts": null
          },
          "sensitive_attributes": [],
          "private": "eyJlMmJmYjczMC1lY2FhLTExZTYtOGY4OC0zNDM2M2JjN2M0YzAiOnsiY3JlYXRlIjoxODAwMDAwMDAwMDAwLCJkZWxldGUiOjE4MDAwMDAwMDAwMDAsInJlYWQiOjMwMDAwMDAwMDAwMH19",
          "dependencies": [
            "module.prod_modules.azurerm_network_interface.nic_prod_controller",
            "module.prod_modules.azurerm_network_security_group.prod_security_group_controller",
            "module.prod_modules.azurerm_public_ip.pubip_controller",
            "module.prod_modules.azurerm_resource_group.prod_group",
            "module.prod_modules.azurerm_subnet.subnet_prod_controller",
            "module.prod_modules.azurerm_virtual_network.vnet_prod_controller"
          ]
        }
      ]
    },
    {
      "module": "module.prod_modules",
      "mode": "managed",
      "type": "azurerm_network_interface_security_group_association",
      "name": "prod_sga_nodes",
      "provider": "provider[\"registry.terraform.io/hashicorp/azurerm\"]",
      "instances": [
        {
          "index_key": "0",
          "schema_version": 0,
          "attributes": {
            "id": "/subscriptions/c20f51b2-62aa-4af4-8033-ed6246ab50ca/resourceGroups/production_group/providers/Microsoft.Network/networkInterfaces/nic_prod_node_0|/subscriptions/c20f51b2-62aa-4af4-8033-ed6246ab50ca/resourceGroups/production_group/providers/Microsoft.Network/networkSecurityGroups/prod_security_group_nodes",
            "network_interface_id": "/subscriptions/c20f51b2-62aa-4af4-8033-ed6246ab50ca/resourceGroups/production_group/providers/Microsoft.Network/networkInterfaces/nic_prod_node_0",
            "network_security_group_id": "/subscriptions/c20f51b2-62aa-4af4-8033-ed6246ab50ca/resourceGroups/production_group/providers/Microsoft.Network/networkSecurityGroups/prod_security_group_nodes",
            "timeouts": null
          },
          "sensitive_attributes": [],
          "private": "eyJlMmJmYjczMC1lY2FhLTExZTYtOGY4OC0zNDM2M2JjN2M0YzAiOnsiY3JlYXRlIjoxODAwMDAwMDAwMDAwLCJkZWxldGUiOjE4MDAwMDAwMDAwMDAsInJlYWQiOjMwMDAwMDAwMDAwMH19",
          "dependencies": [
            "module.prod_modules.azurerm_network_interface.nic_prod_nodes",
            "module.prod_modules.azurerm_network_security_group.prod_security_group_nodes",
            "module.prod_modules.azurerm_public_ip.pubip_node_web",
            "module.prod_modules.azurerm_resource_group.prod_group",
            "module.prod_modules.azurerm_subnet.subnet_prod",
            "module.prod_modules.azurerm_virtual_network.vnet_prod"
          ]
        },
        {
          "index_key": "1",
          "schema_version": 0,
          "attributes": {
            "id": "/subscriptions/c20f51b2-62aa-4af4-8033-ed6246ab50ca/resourceGroups/production_group/providers/Microsoft.Network/networkInterfaces/nic_prod_node_1|/subscriptions/c20f51b2-62aa-4af4-8033-ed6246ab50ca/resourceGroups/production_group/providers/Microsoft.Network/networkSecurityGroups/prod_security_group_nodes",
            "network_interface_id": "/subscriptions/c20f51b2-62aa-4af4-8033-ed6246ab50ca/resourceGroups/production_group/providers/Microsoft.Network/networkInterfaces/nic_prod_node_1",
            "network_security_group_id": "/subscriptions/c20f51b2-62aa-4af4-8033-ed6246ab50ca/resourceGroups/production_group/providers/Microsoft.Network/networkSecurityGroups/prod_security_group_nodes",
            "timeouts": null
          },
          "sensitive_attributes": [],
          "private": "eyJlMmJmYjczMC1lY2FhLTExZTYtOGY4OC0zNDM2M2JjN2M0YzAiOnsiY3JlYXRlIjoxODAwMDAwMDAwMDAwLCJkZWxldGUiOjE4MDAwMDAwMDAwMDAsInJlYWQiOjMwMDAwMDAwMDAwMH19",
          "dependencies": [
            "module.prod_modules.azurerm_network_interface.nic_prod_nodes",
            "module.prod_modules.azurerm_network_security_group.prod_security_group_nodes",
            "module.prod_modules.azurerm_public_ip.pubip_node_web",
            "module.prod_modules.azurerm_resource_group.prod_group",
            "module.prod_modules.azurerm_subnet.subnet_prod",
            "module.prod_modules.azurerm_virtual_network.vnet_prod"
          ]
        },
        {
          "index_key": "2",
          "schema_version": 0,
          "attributes": {
            "id": "/subscriptions/c20f51b2-62aa-4af4-8033-ed6246ab50ca/resourceGroups/production_group/providers/Microsoft.Network/networkInterfaces/nic_prod_node_2|/subscriptions/c20f51b2-62aa-4af4-8033-ed6246ab50ca/resourceGroups/production_group/providers/Microsoft.Network/networkSecurityGroups/prod_security_group_nodes",
            "network_interface_id": "/subscriptions/c20f51b2-62aa-4af4-8033-ed6246ab50ca/resourceGroups/production_group/providers/Microsoft.Network/networkInterfaces/nic_prod_node_2",
            "network_security_group_id": "/subscriptions/c20f51b2-62aa-4af4-8033-ed6246ab50ca/resourceGroups/production_group/providers/Microsoft.Network/networkSecurityGroups/prod_security_group_nodes",
            "timeouts": null
          },
          "sensitive_attributes": [],
          "private": "eyJlMmJmYjczMC1lY2FhLTExZTYtOGY4OC0zNDM2M2JjN2M0YzAiOnsiY3JlYXRlIjoxODAwMDAwMDAwMDAwLCJkZWxldGUiOjE4MDAwMDAwMDAwMDAsInJlYWQiOjMwMDAwMDAwMDAwMH19",
          "dependencies": [
            "module.prod_modules.azurerm_network_interface.nic_prod_nodes",
            "module.prod_modules.azurerm_network_security_group.prod_security_group_nodes",
            "module.prod_modules.azurerm_public_ip.pubip_node_web",
            "module.prod_modules.azurerm_resource_group.prod_group",
            "module.prod_modules.azurerm_subnet.subnet_prod",
            "module.prod_modules.azurerm_virtual_network.vnet_prod"
          ]
        }
      ]
    },
    {
      "module": "module.prod_modules",
      "mode": "managed",
      "type": "azurerm_network_security_group",
      "name": "prod_security_group_controller",
      "provider": "provider[\"registry.terraform.io/hashicorp/azurerm\"]",
      "instances": [
        {
          "schema_version": 0,
          "attributes": {
            "id": "/subscriptions/c20f51b2-62aa-4af4-8033-ed6246ab50ca/resourceGroups/production_group/providers/Microsoft.Network/networkSecurityGroups/prod_security_group_controller",
            "location": "centralus",
            "name": "prod_security_group_controller",
            "resource_group_name": "production_group",
            "security_rule": [
              {
                "access": "Allow",
                "description": "",
                "destination_address_prefix": "10.1.1.0/24",
                "destination_address_prefixes": [],
                "destination_application_security_group_ids": [],
                "destination_port_range": "22",
                "destination_port_ranges": [],
                "direction": "Inbound",
                "name": "SSH",
                "priority": 100,
                "protocol": "Tcp",
                "source_address_prefix": "*",
                "source_address_prefixes": [],
                "source_application_security_group_ids": [],
                "source_port_range": "*",
                "source_port_ranges": []
              }
            ],
            "tags": {
              "env": "Production"
            },
            "timeouts": null
          },
          "sensitive_attributes": [],
          "private": "eyJlMmJmYjczMC1lY2FhLTExZTYtOGY4OC0zNDM2M2JjN2M0YzAiOnsiY3JlYXRlIjoxODAwMDAwMDAwMDAwLCJkZWxldGUiOjE4MDAwMDAwMDAwMDAsInJlYWQiOjMwMDAwMDAwMDAwMCwidXBkYXRlIjoxODAwMDAwMDAwMDAwfX0=",
          "dependencies": [
            "module.prod_modules.azurerm_resource_group.prod_group",
            "module.prod_modules.azurerm_subnet.subnet_prod_controller",
            "module.prod_modules.azurerm_virtual_network.vnet_prod_controller"
          ]
        }
      ]
    },
    {
      "module": "module.prod_modules",
      "mode": "managed",
      "type": "azurerm_network_security_group",
      "name": "prod_security_group_nodes",
      "provider": "provider[\"registry.terraform.io/hashicorp/azurerm\"]",
      "instances": [
        {
          "schema_version": 0,
          "attributes": {
            "id": "/subscriptions/c20f51b2-62aa-4af4-8033-ed6246ab50ca/resourceGroups/production_group/providers/Microsoft.Network/networkSecurityGroups/prod_security_group_nodes",
            "location": "centralus",
            "name": "prod_security_group_nodes",
            "resource_group_name": "production_group",
            "security_rule": [
              {
                "access": "Allow",
                "description": "",
                "destination_address_prefix": "10.0.1.0/24",
                "destination_address_prefixes": [],
                "destination_application_security_group_ids": [],
                "destination_port_range": "22",
                "destination_port_ranges": [],
                "direction": "Inbound",
                "name": "SSH",
                "priority": 100,
                "protocol": "Tcp",
                "source_address_prefix": "10.1.1.0/24",
                "source_address_prefixes": [],
                "source_application_security_group_ids": [],
                "source_port_range": "*",
                "source_port_ranges": []
              },
              {
                "access": "Allow",
                "description": "",
                "destination_address_prefix": "10.0.1.10/32",
                "destination_address_prefixes": [],
                "destination_application_security_group_ids": [],
                "destination_port_range": "80",
                "destination_port_ranges": [],
                "direction": "Inbound",
                "name": "HTTP-APP",
                "priority": 101,
                "protocol": "Tcp",
                "source_address_prefix": "*",
                "source_address_prefixes": [],
                "source_application_security_group_ids": [],
                "source_port_range": "*",
                "source_port_ranges": []
              },
              {
                "access": "Allow",
                "description": "",
                "destination_address_prefix": "10.0.1.11/32",
                "destination_address_prefixes": [],
                "destination_application_security_group_ids": [],
                "destination_port_range": "80",
                "destination_port_ranges": [],
                "direction": "Inbound",
                "name": "HTTP-API",
                "priority": 102,
                "protocol": "Tcp",
                "source_address_prefix": "10.0.1.10/32",
                "source_address_prefixes": [],
                "source_application_security_group_ids": [],
                "source_port_range": "*",
                "source_port_ranges": []
              },
              {
                "access": "Allow",
                "description": "",
                "destination_address_prefix": "10.0.1.12/32",
                "destination_address_prefixes": [],
                "destination_application_security_group_ids": [],
                "destination_port_range": "3306",
                "destination_port_ranges": [],
                "direction": "Inbound",
                "name": "MYSQL",
                "priority": 103,
                "protocol": "Tcp",
                "source_address_prefix": "10.0.1.11/32",
                "source_address_prefixes": [],
                "source_application_security_group_ids": [],
                "source_port_range": "*",
                "source_port_ranges": []
              }
            ],
            "tags": {
              "env": "Production"
            },
            "timeouts": null
          },
          "sensitive_attributes": [],
          "private": "eyJlMmJmYjczMC1lY2FhLTExZTYtOGY4OC0zNDM2M2JjN2M0YzAiOnsiY3JlYXRlIjoxODAwMDAwMDAwMDAwLCJkZWxldGUiOjE4MDAwMDAwMDAwMDAsInJlYWQiOjMwMDAwMDAwMDAwMCwidXBkYXRlIjoxODAwMDAwMDAwMDAwfX0=",
          "dependencies": [
            "module.prod_modules.azurerm_resource_group.prod_group"
          ]
        }
      ]
    },
    {
      "module": "module.prod_modules",
      "mode": "managed",
      "type": "azurerm_public_ip",
      "name": "pubip_controller",
      "provider": "provider[\"registry.terraform.io/hashicorp/azurerm\"]",
      "instances": [
        {
          "schema_version": 0,
          "attributes": {
            "allocation_method": "Static",
            "ddos_protection_mode": "VirtualNetworkInherited",
            "ddos_protection_plan_id": null,
            "domain_name_label": null,
            "edge_zone": "",
            "fqdn": null,
            "id": "/subscriptions/c20f51b2-62aa-4af4-8033-ed6246ab50ca/resourceGroups/production_group/providers/Microsoft.Network/publicIPAddresses/pubip_controller",
            "idle_timeout_in_minutes": 4,
            "ip_address": "52.176.147.203",
            "ip_tags": null,
            "ip_version": "IPv4",
            "location": "centralus",
            "name": "pubip_controller",
            "public_ip_prefix_id": null,
            "resource_group_name": "production_group",
            "reverse_fqdn": null,
            "sku": "Basic",
            "sku_tier": "Regional",
            "tags": {
              "environment": "Production"
            },
            "timeouts": null,
            "zones": null
          },
          "sensitive_attributes": [],
          "private": "eyJlMmJmYjczMC1lY2FhLTExZTYtOGY4OC0zNDM2M2JjN2M0YzAiOnsiY3JlYXRlIjoxODAwMDAwMDAwMDAwLCJkZWxldGUiOjE4MDAwMDAwMDAwMDAsInJlYWQiOjMwMDAwMDAwMDAwMCwidXBkYXRlIjoxODAwMDAwMDAwMDAwfX0=",
          "dependencies": [
            "module.prod_modules.azurerm_resource_group.prod_group"
          ]
        }
      ]
    },
    {
      "module": "module.prod_modules",
      "mode": "managed",
      "type": "azurerm_public_ip",
      "name": "pubip_node_web",
      "provider": "provider[\"registry.terraform.io/hashicorp/azurerm\"]",
      "instances": [
        {
          "schema_version": 0,
          "attributes": {
            "allocation_method": "Static",
            "ddos_protection_mode": "VirtualNetworkInherited",
            "ddos_protection_plan_id": null,
            "domain_name_label": null,
            "edge_zone": "",
            "fqdn": null,
            "id": "/subscriptions/c20f51b2-62aa-4af4-8033-ed6246ab50ca/resourceGroups/production_group/providers/Microsoft.Network/publicIPAddresses/pubip_node_web",
            "idle_timeout_in_minutes": 4,
            "ip_address": "52.176.149.127",
            "ip_tags": null,
            "ip_version": "IPv4",
            "location": "centralus",
            "name": "pubip_node_web",
            "public_ip_prefix_id": null,
            "resource_group_name": "production_group",
            "reverse_fqdn": null,
            "sku": "Basic",
            "sku_tier": "Regional",
            "tags": {
              "environment": "Production"
            },
            "timeouts": null,
            "zones": null
          },
          "sensitive_attributes": [],
          "private": "eyJlMmJmYjczMC1lY2FhLTExZTYtOGY4OC0zNDM2M2JjN2M0YzAiOnsiY3JlYXRlIjoxODAwMDAwMDAwMDAwLCJkZWxldGUiOjE4MDAwMDAwMDAwMDAsInJlYWQiOjMwMDAwMDAwMDAwMCwidXBkYXRlIjoxODAwMDAwMDAwMDAwfX0=",
          "dependencies": [
            "module.prod_modules.azurerm_resource_group.prod_group"
          ]
        }
      ]
    },
    {
      "module": "module.prod_modules",
      "mode": "managed",
      "type": "azurerm_resource_group",
      "name": "prod_group",
      "provider": "provider[\"registry.terraform.io/hashicorp/azurerm\"]",
      "instances": [
        {
          "schema_version": 0,
          "attributes": {
            "id": "/subscriptions/c20f51b2-62aa-4af4-8033-ed6246ab50ca/resourceGroups/production_group",
            "location": "centralus",
            "managed_by": "",
            "name": "production_group",
            "tags": null,
            "timeouts": null
          },
          "sensitive_attributes": [],
          "private": "eyJlMmJmYjczMC1lY2FhLTExZTYtOGY4OC0zNDM2M2JjN2M0YzAiOnsiY3JlYXRlIjo1NDAwMDAwMDAwMDAwLCJkZWxldGUiOjU0MDAwMDAwMDAwMDAsInJlYWQiOjMwMDAwMDAwMDAwMCwidXBkYXRlIjo1NDAwMDAwMDAwMDAwfX0="
        }
      ]
    },
    {
      "module": "module.prod_modules",
      "mode": "managed",
      "type": "azurerm_subnet",
      "name": "subnet_prod",
      "provider": "provider[\"registry.terraform.io/hashicorp/azurerm\"]",
      "instances": [
        {
          "schema_version": 0,
          "attributes": {
            "address_prefixes": [
              "10.0.0.0/16"
            ],
            "delegation": [],
            "enforce_private_link_endpoint_network_policies": false,
            "enforce_private_link_service_network_policies": false,
            "id": "/subscriptions/c20f51b2-62aa-4af4-8033-ed6246ab50ca/resourceGroups/production_group/providers/Microsoft.Network/virtualNetworks/vnet_prod/subnets/subnet_prod_internal",
            "name": "subnet_prod_internal",
            "private_endpoint_network_policies_enabled": true,
            "private_link_service_network_policies_enabled": true,
            "resource_group_name": "production_group",
            "service_endpoint_policy_ids": null,
            "service_endpoints": null,
            "timeouts": null,
            "virtual_network_name": "vnet_prod"
          },
          "sensitive_attributes": [],
          "private": "eyJlMmJmYjczMC1lY2FhLTExZTYtOGY4OC0zNDM2M2JjN2M0YzAiOnsiY3JlYXRlIjoxODAwMDAwMDAwMDAwLCJkZWxldGUiOjE4MDAwMDAwMDAwMDAsInJlYWQiOjMwMDAwMDAwMDAwMCwidXBkYXRlIjoxODAwMDAwMDAwMDAwfX0=",
          "dependencies": [
            "module.prod_modules.azurerm_resource_group.prod_group",
            "module.prod_modules.azurerm_virtual_network.vnet_prod"
          ]
        }
      ]
    },
    {
      "module": "module.prod_modules",
      "mode": "managed",
      "type": "azurerm_subnet",
      "name": "subnet_prod_controller",
      "provider": "provider[\"registry.terraform.io/hashicorp/azurerm\"]",
      "instances": [
        {
          "schema_version": 0,
          "attributes": {
            "address_prefixes": [
              "10.1.1.0/24"
            ],
            "delegation": [],
            "enforce_private_link_endpoint_network_policies": false,
            "enforce_private_link_service_network_policies": false,
            "id": "/subscriptions/c20f51b2-62aa-4af4-8033-ed6246ab50ca/resourceGroups/production_group/providers/Microsoft.Network/virtualNetworks/vnet_prod_controller/subnets/subnet_controller_prod_internal",
            "name": "subnet_controller_prod_internal",
            "private_endpoint_network_policies_enabled": true,
            "private_link_service_network_policies_enabled": true,
            "resource_group_name": "production_group",
            "service_endpoint_policy_ids": null,
            "service_endpoints": null,
            "timeouts": null,
            "virtual_network_name": "vnet_prod_controller"
          },
          "sensitive_attributes": [],
          "private": "eyJlMmJmYjczMC1lY2FhLTExZTYtOGY4OC0zNDM2M2JjN2M0YzAiOnsiY3JlYXRlIjoxODAwMDAwMDAwMDAwLCJkZWxldGUiOjE4MDAwMDAwMDAwMDAsInJlYWQiOjMwMDAwMDAwMDAwMCwidXBkYXRlIjoxODAwMDAwMDAwMDAwfX0=",
          "dependencies": [
            "module.prod_modules.azurerm_resource_group.prod_group",
            "module.prod_modules.azurerm_virtual_network.vnet_prod_controller"
          ]
        }
      ]
    },
    {
      "module": "module.prod_modules",
      "mode": "managed",
      "type": "azurerm_virtual_network",
      "name": "vnet_prod",
      "provider": "provider[\"registry.terraform.io/hashicorp/azurerm\"]",
      "instances": [
        {
          "schema_version": 0,
          "attributes": {
            "address_space": [
              "10.0.0.0/16"
            ],
            "bgp_community": "",
            "ddos_protection_plan": [],
            "dns_servers": [],
            "edge_zone": "",
            "encryption": [],
            "flow_timeout_in_minutes": 0,
            "guid": "c39a28d4-1cbc-4b3a-9471-1d9d65861627",
            "id": "/subscriptions/c20f51b2-62aa-4af4-8033-ed6246ab50ca/resourceGroups/production_group/providers/Microsoft.Network/virtualNetworks/vnet_prod",
            "location": "centralus",
            "name": "vnet_prod",
            "resource_group_name": "production_group",
            "subnet": [],
            "tags": null,
            "timeouts": null
          },
          "sensitive_attributes": [],
          "private": "eyJlMmJmYjczMC1lY2FhLTExZTYtOGY4OC0zNDM2M2JjN2M0YzAiOnsiY3JlYXRlIjoxODAwMDAwMDAwMDAwLCJkZWxldGUiOjE4MDAwMDAwMDAwMDAsInJlYWQiOjMwMDAwMDAwMDAwMCwidXBkYXRlIjoxODAwMDAwMDAwMDAwfX0=",
          "dependencies": [
            "module.prod_modules.azurerm_resource_group.prod_group"
          ]
        }
      ]
    },
    {
      "module": "module.prod_modules",
      "mode": "managed",
      "type": "azurerm_virtual_network",
      "name": "vnet_prod_controller",
      "provider": "provider[\"registry.terraform.io/hashicorp/azurerm\"]",
      "instances": [
        {
          "schema_version": 0,
          "attributes": {
            "address_space": [
              "10.1.0.0/16"
            ],
            "bgp_community": "",
            "ddos_protection_plan": [],
            "dns_servers": [],
            "edge_zone": "",
            "encryption": [],
            "flow_timeout_in_minutes": 0,
            "guid": "b7783610-f5b5-4d04-b28e-a312d8bda19d",
            "id": "/subscriptions/c20f51b2-62aa-4af4-8033-ed6246ab50ca/resourceGroups/production_group/providers/Microsoft.Network/virtualNetworks/vnet_prod_controller",
            "location": "centralus",
            "name": "vnet_prod_controller",
            "resource_group_name": "production_group",
            "subnet": [],
            "tags": null,
            "timeouts": null
          },
          "sensitive_attributes": [],
          "private": "eyJlMmJmYjczMC1lY2FhLTExZTYtOGY4OC0zNDM2M2JjN2M0YzAiOnsiY3JlYXRlIjoxODAwMDAwMDAwMDAwLCJkZWxldGUiOjE4MDAwMDAwMDAwMDAsInJlYWQiOjMwMDAwMDAwMDAwMCwidXBkYXRlIjoxODAwMDAwMDAwMDAwfX0=",
          "dependencies": [
            "module.prod_modules.azurerm_resource_group.prod_group"
          ]
        }
      ]
    },
    {
      "module": "module.prod_modules",
      "mode": "managed",
      "type": "azurerm_virtual_network_peering",
      "name": "vnet_controller_to_prod",
      "provider": "provider[\"registry.terraform.io/hashicorp/azurerm\"]",
      "instances": [
        {
          "schema_version": 0,
          "attributes": {
            "allow_forwarded_traffic": false,
            "allow_gateway_transit": false,
            "allow_virtual_network_access": true,
            "id": "/subscriptions/c20f51b2-62aa-4af4-8033-ed6246ab50ca/resourceGroups/production_group/providers/Microsoft.Network/virtualNetworks/vnet_prod_controller/virtualNetworkPeerings/vnet-controller-to-prod",
            "name": "vnet-controller-to-prod",
            "remote_virtual_network_id": "/subscriptions/c20f51b2-62aa-4af4-8033-ed6246ab50ca/resourceGroups/production_group/providers/Microsoft.Network/virtualNetworks/vnet_prod",
            "resource_group_name": "production_group",
            "timeouts": null,
            "triggers": null,
            "use_remote_gateways": false,
            "virtual_network_name": "vnet_prod_controller"
          },
          "sensitive_attributes": [],
          "private": "eyJlMmJmYjczMC1lY2FhLTExZTYtOGY4OC0zNDM2M2JjN2M0YzAiOnsiY3JlYXRlIjoxODAwMDAwMDAwMDAwLCJkZWxldGUiOjE4MDAwMDAwMDAwMDAsInJlYWQiOjMwMDAwMDAwMDAwMCwidXBkYXRlIjoxODAwMDAwMDAwMDAwfX0=",
          "dependencies": [
            "module.prod_modules.azurerm_resource_group.prod_group",
            "module.prod_modules.azurerm_virtual_network.vnet_prod",
            "module.prod_modules.azurerm_virtual_network.vnet_prod_controller"
          ]
        }
      ]
    },
    {
      "module": "module.prod_modules",
      "mode": "managed",
      "type": "azurerm_virtual_network_peering",
      "name": "vnet_prod_to_controller",
      "provider": "provider[\"registry.terraform.io/hashicorp/azurerm\"]",
      "instances": [
        {
          "schema_version": 0,
          "attributes": {
            "allow_forwarded_traffic": false,
            "allow_gateway_transit": false,
            "allow_virtual_network_access": true,
            "id": "/subscriptions/c20f51b2-62aa-4af4-8033-ed6246ab50ca/resourceGroups/production_group/providers/Microsoft.Network/virtualNetworks/vnet_prod/virtualNetworkPeerings/vnet-prod-to-controller",
            "name": "vnet-prod-to-controller",
            "remote_virtual_network_id": "/subscriptions/c20f51b2-62aa-4af4-8033-ed6246ab50ca/resourceGroups/production_group/providers/Microsoft.Network/virtualNetworks/vnet_prod_controller",
            "resource_group_name": "production_group",
            "timeouts": null,
            "triggers": null,
            "use_remote_gateways": false,
            "virtual_network_name": "vnet_prod"
          },
          "sensitive_attributes": [],
          "private": "eyJlMmJmYjczMC1lY2FhLTExZTYtOGY4OC0zNDM2M2JjN2M0YzAiOnsiY3JlYXRlIjoxODAwMDAwMDAwMDAwLCJkZWxldGUiOjE4MDAwMDAwMDAwMDAsInJlYWQiOjMwMDAwMDAwMDAwMCwidXBkYXRlIjoxODAwMDAwMDAwMDAwfX0=",
          "dependencies": [
            "module.prod_modules.azurerm_resource_group.prod_group",
            "module.prod_modules.azurerm_virtual_network.vnet_prod",
            "module.prod_modules.azurerm_virtual_network.vnet_prod_controller"
          ]
        }
      ]
    },
    {
      "module": "module.prod_modules",
      "mode": "managed",
      "type": "local_file",
      "name": "export_private_key",
      "provider": "provider[\"registry.terraform.io/hashicorp/local\"]",
      "instances": [
        {
          "schema_version": 0,
          "attributes": {
            "content": "-----BEGIN RSA PRIVATE KEY-----\nMIIJJgIBAAKCAgEAzC0oeJtFJS3MAFJ1L3CQrlJkyPPE2qdBCUiOW++LSSIrqbwR\nQzJLnP0cNswQnNKB3PkdcLPQJQn/9wsgILA1aaSnTpf4JnecIZ3u7RNVmFPI4xJt\nWbaT6pZ6QGTs4/I8RfQviAJFI74n3NID5I2GkQ9Xm7vdT3IO2RMf/8x09EcuRN39\nN7MbIdICXsrbnCZSsbRKIoHRsxdrVuBrerAS0AgkWzDqkr8ZP0GIMtwFwx4jza8O\nywo7WR8Lt+JiONFgufHS3u+ddueMrM6l7+O0Nit+UN3DdL0rrFZirMyZby6VOtfL\nHFoa1BUos4Cpd9vwU31zAsPO2JgX3g4EIrFNSsn1BCIgHqYOtxuvSg1uRZMyELq6\nDznSKRSMx3dBi9vugqeNp8UVRQdhyL7oJHuuoqdtEB1IzLVZySBki75V6IB2pJpQ\nLDstkzWZ6KNp2Ma+mCEPQQ0O5/CvcJW5+xI/Mig1wkNuRWy1hqH1N9b+zNu+7+Tm\nDGOCPZDWtMF/4iTfzG7UsDoui8p6U04LYWTqI/Cv2UJo9BKnC4WzvVehvRxkyANU\njtEmPC/PXbm4rDwQ49tud9YFbEmBwEBS3DXDylBPnxp9dSvrVanKQdeC/27OdP5q\n+O6nUSPFcCsDU49OJIfLloBUk9Zj0432ViGYVzOYMnZgKgdX17AWgMaGaYECAwEA\nAQKCAgBi9KP/yCk7+rU7lrtK8cB9bFuCdXr8CkHgEPVGI5QbLt+AlTC8o5y4Cohp\nGoAWsYPVKDuXit6fhPg0sISysxRADlg0JD1Vz3Sxak0JQ+yhNkJPo3eyGmYYNTQt\nD30sgROrR8zdm1QNHbVONc9DL0B//7KTPPrm7T27AaTpohsw5WrMX9bA7yKAQrt5\nW9ISHRTJIbsofEi5Bum0InKU9M85WijctZmK4+mFmeo71B1K0snBf02pJF1dNUnF\npoe6R+gcVtK/z9w+a7znaAROfsqx0mSXJtP7OU/4Z6nNXCAlHauf6ER9ikIkddjT\nHtGD0OnqXQun1GTk3tn6ekqQ0ePGNPDNJz1OXfNF204CP+VNI3KPnNCp9ALblSge\nzZY6LpWHkBAKLoybZDbXymDCJM2mffoW4MHZc6UlC0l4Myub/ckhmiYrR1B56f9x\n35H4hhctTa/izH8lVjb/iVHjRtAmnxR7BZv9niLci4VxMWVjs1tXz2oV+0pZbcKb\n7E5Nk0fGFeny4zR5iwQry+VlgXjO+kDi2x/LD5wEJjGB5dBKEESdZjmhYT56fdOm\nh8V/Q+HVuwZreT0Dq8AcvqD+ORvtSMDfobrKcf2uFyCMcrcl4Yj5XhL5hNS0Njo6\nTBgea2XNjjbFxDLvPKm5nKNuPJk2UqQQTrK6SCja556wvzndAQKCAQEA6VhpOPJe\no7eiDedvVLb3mDaUJqTnrVHnLSm1zF//Qu6ZAK1IwKXeb1SVnZ8sQn2qYyFh/SlZ\njuD1T3VFjfSc96IXaYU2sqtQKBJqOgcogwQZOqYt16BO/c+CeoCqzH2MgQ9K8bhZ\nxeG8yAekrxBH97vq5psSu95SkjOQMTyk82mTfEIY2wSJ0Kgn+TuxY3jdevOUESVv\nxPSaHq/Oam6bvKUd2tP86IIfpSrlSG+e91RIQxAdxt4raI7C89pEP4lYL8/5aNa9\n1RN9c2uHr1+2VEel5bRXmFMyS3SynYVYlfNx4WBSi/07CZo9LT1mkPc7rbZMZ0t7\ngvWKzrLVEM2LMQKCAQEA3//HZFfddxqUZn6q/BlDB4Bh5diSV6WmTaaX649RarcV\nikirb0CAe633Y8oIiB0LOebpOGq95FI/h8wARBh5dJdmRrFdu6x6DGHEdVTK+VDW\niL9LMDGUMMttod2dF4GoXf/qb17E7H/dj+yNtXzJuwUU2UR51Umo42EMP4TSW3dS\n3KqFqdFvCSDuGez1A4cEQ+EYGS8oEr1hxeF2FcM9GEk2zRbGCCO05Dd8BILzzgyF\n07wrr70fx4npR9CO6wQcvLG2AHzcW/Gkm5QYBJDLvNeHDwG71Lwpp1ElsowWuCpr\nsUGzp2nx9BY5jSnH0oehp0+XbCNA+H+1qSC9d02PUQKCAQAr5cb9wJLPR9eDuBs4\nm6cein36eyFeeL79vxAFX7XcuJguCWtbWpjq5sWyvmQMKinotjoB70p615Uumog4\nOWFiMKso3be5iwLsVvKG8hvL8fRxFRwgqXbSxrvsIdJ/38qT6PWXXa/9ywbBtrZj\nfLOdRkvdkCTJFP0BphOlP5xkcmMdiC223jay+z9x4qnvZah83d/oDdvl+IIZ7cbu\nPNqtdX6VUTYN45TidJxnsR/9tWxWuWxwohEWfWzthQ07yrG9ZOmtsGBL+nuqP/tp\noZ7iYgwyl2e3L0eR7GVBvvk4VHEDDiTZUw1NNCf4H8nw0aH3fwkGkautqlWvpvLw\nU0qxAoH/bV92/Ifqmz1fOKyg0HeFQyRsqM4WprU7fq7Zfyt7lZ/P5LWW/7t/AOTw\n5si/YbbMxHj7Z5C3J8UBQE1b0+Qfac6DIgF4wyp0bZdPVfsRIKtYFW1SSTXsJecu\noNqU2eV1UHClB7w+azwD80KN7w//cFIK3AuTcZGF5YB9eoZgMEkTLKwWl9SrYsmx\nePc6q35BluNR4PollwDhvL1Z60ZpjnIxT/LOvyqwKL7uz0UhxnpW3gwDSMwPuF6e\niXJMVnSrk3cyZwqQjlRvC4hEMfaBhLO4PpuaG0XFEO2Oep/seAA+lU5/aj9Q5N31\nO/gqmaGgTRGP3j1Ye/3ftbVGzfoRAoIBAQC/aEl7v6KrBxHCp3V91ROaTctRU04V\nS1AaTg3NgDrEYHAz36t0/5qZoIwA0aUot7ffb4xcbSoywyosMMXL/Y0DEz8WYW8N\nVgbE2xs9FyRKyIg3Ilw5VC9PFrwqmfF+6gWjANsMpLgKdBDkYceNnbTjxNY1uy52\neq/ohrLq/esPr+7R2chPq9YHtgSeanpXzSeRtLV1uZiSthttQ54KbzKdOFa++TZk\nT+018czB8OTWBmm0rFimJuWgrj3YandoZgV+wsqPmJ+AqR/g/bKoRiApH/2zed9B\niwMW9puwzUSPXY0QbVqLMAnFfhXb7iccS9mPDcA2aleDJiB711B6NAEi\n-----END RSA PRIVATE KEY-----\n",
            "content_base64": null,
            "content_base64sha256": "1vnjQ8rFxLOIfjgTbm26p+hRcoPV0fcFDdAW6FchEdw=",
            "content_base64sha512": "SHNkxsRGY2mxtDtcHoTrmEw3rf8CbIwfJJdZbLSgfQtlxn3BHMA8CISPswEkv3Vu8z05wv94jXlxExQO+G1QSw==",
            "content_md5": "2acc9f07c1e98922ab953f50f3ef3eca",
            "content_sha1": "962f8289161bf4c068f0ce3eac71937f6846858a",
            "content_sha256": "d6f9e343cac5c4b3887e38136e6dbaa7e8517283d5d1f7050dd016e8572111dc",
            "content_sha512": "487364c6c4466369b1b43b5c1e84eb984c37adff026c8c1f2497596cb4a07d0b65c67dc11cc03c08848fb30124bf756ef33d39c2ff788d797113140ef86d504b",
            "directory_permission": "0777",
            "file_permission": "0777",
            "filename": "priv.pem",
            "id": "962f8289161bf4c068f0ce3eac71937f6846858a",
            "sensitive_content": null,
            "source": null
          },
          "sensitive_attributes": [
            [
              {
                "type": "get_attr",
                "value": "content"
              }
            ]
          ],
          "dependencies": [
            "module.prod_modules.tls_private_key.ssh_key_linux_openssh"
          ]
        }
      ]
    },
    {
      "module": "module.prod_modules",
      "mode": "managed",
      "type": "local_file",
      "name": "export_public_key",
      "provider": "provider[\"registry.terraform.io/hashicorp/local\"]",
      "instances": [
        {
          "schema_version": 0,
          "attributes": {
            "content": "ssh-rsa AAAAB3NzaC1yc2EAAAADAQABAAACAQDMLSh4m0UlLcwAUnUvcJCuUmTI88Tap0EJSI5b74tJIiupvBFDMkuc/Rw2zBCc0oHc+R1ws9AlCf/3CyAgsDVppKdOl/gmd5whne7tE1WYU8jjEm1ZtpPqlnpAZOzj8jxF9C+IAkUjvifc0gPkjYaRD1ebu91Pcg7ZEx//zHT0Ry5E3f03sxsh0gJeytucJlKxtEoigdGzF2tW4Gt6sBLQCCRbMOqSvxk/QYgy3AXDHiPNrw7LCjtZHwu34mI40WC58dLe751254yszqXv47Q2K35Q3cN0vSusVmKszJlvLpU618scWhrUFSizgKl32/BTfXMCw87YmBfeDgQisU1KyfUEIiAepg63G69KDW5FkzIQuroPOdIpFIzHd0GL2+6Cp42nxRVFB2HIvugke66ip20QHUjMtVnJIGSLvlXogHakmlAsOy2TNZnoo2nYxr6YIQ9BDQ7n8K9wlbn7Ej8yKDXCQ25FbLWGofU31v7M277v5OYMY4I9kNa0wX/iJN/MbtSwOi6LynpTTgthZOoj8K/ZQmj0EqcLhbO9V6G9HGTIA1SO0SY8L89dubisPBDj22531gVsSYHAQFLcNcPKUE+fGn11K+tVqcpB14L/bs50/mr47qdRI8VwKwNTj04kh8uWgFST1mPTjfZWIZhXM5gydmAqB1fXsBaAxoZpgQ==\n",
            "content_base64": null,
            "content_base64sha256": "itm2vlvSc+kntXjQASUUg8FxYdAA3K+iS8Tvj/d8kZI=",
            "content_base64sha512": "DZx7GjNP70owPP7AbvNugDem14LwYrttKvvZMKPVQjgAedyMQXgvn7bFuQ2/PKM52hk5r2SpyH0Bd9yfT8dv+w==",
            "content_md5": "e5e1814f72a41b9caad05a1a9770d762",
            "content_sha1": "71fd19a785c4a33c8d157fb695d32742c0edd3c7",
            "content_sha256": "8ad9b6be5bd273e927b578d001251483c17161d000dcafa24bc4ef8ff77c9192",
            "content_sha512": "0d9c7b1a334fef4a303cfec06ef36e8037a6d782f062bb6d2afbd930a3d542380079dc8c41782f9fb6c5b90dbf3ca339da1939af64a9c87d0177dc9f4fc76ffb",
            "directory_permission": "0777",
            "file_permission": "0777",
            "filename": "public.pub",
            "id": "71fd19a785c4a33c8d157fb695d32742c0edd3c7",
            "sensitive_content": null,
            "source": null
          },
          "sensitive_attributes": [],
          "dependencies": [
            "module.prod_modules.tls_private_key.ssh_key_linux_openssh"
          ]
        }
      ]
    },
    {
      "module": "module.prod_modules",
      "mode": "managed",
      "type": "null_resource",
      "name": "controller_provision",
      "provider": "provider[\"registry.terraform.io/hashicorp/null\"]",
      "instances": [
        {
          "schema_version": 0,
          "attributes": {
            "id": "7380498176638368271",
            "triggers": null
          },
          "sensitive_attributes": [],
          "dependencies": [
            "module.prod_modules.azurerm_linux_virtual_machine.nodes",
            "module.prod_modules.azurerm_network_interface.nic_prod_nodes",
            "module.prod_modules.azurerm_public_ip.pubip_controller",
            "module.prod_modules.azurerm_public_ip.pubip_node_web",
            "module.prod_modules.azurerm_resource_group.prod_group",
            "module.prod_modules.azurerm_subnet.subnet_prod",
            "module.prod_modules.azurerm_virtual_network.vnet_prod",
            "module.prod_modules.azurerm_virtual_network.vnet_prod_controller",
            "module.prod_modules.azurerm_virtual_network_peering.vnet_controller_to_prod",
            "module.prod_modules.azurerm_virtual_network_peering.vnet_prod_to_controller",
            "module.prod_modules.null_resource.output_private_ips",
            "module.prod_modules.tls_private_key.ssh_key_linux_openssh"
          ]
        }
      ]
    },
    {
      "module": "module.prod_modules",
      "mode": "managed",
      "type": "null_resource",
      "name": "cp_iplist",
      "provider": "provider[\"registry.terraform.io/hashicorp/null\"]",
      "instances": [
        {
          "schema_version": 0,
          "attributes": {
            "id": "3944952818666040010",
            "triggers": null
          },
          "sensitive_attributes": [],
          "dependencies": [
            "module.prod_modules.azurerm_linux_virtual_machine.nodes",
            "module.prod_modules.azurerm_network_interface.nic_prod_nodes",
            "module.prod_modules.azurerm_public_ip.pubip_controller",
            "module.prod_modules.azurerm_public_ip.pubip_node_web",
            "module.prod_modules.azurerm_resource_group.prod_group",
            "module.prod_modules.azurerm_subnet.subnet_prod",
            "module.prod_modules.azurerm_virtual_network.vnet_prod",
            "module.prod_modules.null_resource.output_private_ips",
            "module.prod_modules.tls_private_key.ssh_key_linux_openssh"
          ]
        }
      ]
    },
    {
      "module": "module.prod_modules",
      "mode": "managed",
      "type": "null_resource",
      "name": "cp_playbooks",
      "provider": "provider[\"registry.terraform.io/hashicorp/null\"]",
      "instances": [
        {
          "schema_version": 0,
          "attributes": {
            "id": "3562094965112661010",
            "triggers": null
          },
          "sensitive_attributes": [],
          "dependencies": [
            "module.prod_modules.azurerm_public_ip.pubip_controller",
            "module.prod_modules.azurerm_resource_group.prod_group",
            "module.prod_modules.tls_private_key.ssh_key_linux_openssh"
          ]
        }
      ]
    },
    {
      "module": "module.prod_modules",
      "mode": "managed",
      "type": "null_resource",
      "name": "output_private_ips",
      "provider": "provider[\"registry.terraform.io/hashicorp/null\"]",
      "instances": [
        {
          "schema_version": 0,
          "attributes": {
            "id": "6769886538545494415",
            "triggers": null
          },
          "sensitive_attributes": [],
          "dependencies": [
            "module.prod_modules.azurerm_linux_virtual_machine.nodes",
            "module.prod_modules.azurerm_network_interface.nic_prod_nodes",
            "module.prod_modules.azurerm_public_ip.pubip_node_web",
            "module.prod_modules.azurerm_resource_group.prod_group",
            "module.prod_modules.azurerm_subnet.subnet_prod",
            "module.prod_modules.azurerm_virtual_network.vnet_prod",
            "module.prod_modules.tls_private_key.ssh_key_linux_openssh"
          ]
        }
      ]
    },
    {
      "module": "module.prod_modules",
      "mode": "managed",
      "type": "tls_private_key",
      "name": "ssh_key_linux_openssh",
      "provider": "provider[\"registry.terraform.io/hashicorp/tls\"]",
      "instances": [
        {
          "schema_version": 1,
          "attributes": {
            "algorithm": "RSA",
            "ecdsa_curve": "P224",
            "id": "11418a619f16b217524488670e29965d66591763",
            "private_key_openssh": "-----BEGIN OPENSSH PRIVATE KEY-----\nb3BlbnNzaC1rZXktdjEAAAAABG5vbmUAAAAEbm9uZQAAAAAAAAABAAACFwAAAAdz\nc2gtcnNhAAAAAwEAAQAAAgEAzC0oeJtFJS3MAFJ1L3CQrlJkyPPE2qdBCUiOW++L\nSSIrqbwRQzJLnP0cNswQnNKB3PkdcLPQJQn/9wsgILA1aaSnTpf4JnecIZ3u7RNV\nmFPI4xJtWbaT6pZ6QGTs4/I8RfQviAJFI74n3NID5I2GkQ9Xm7vdT3IO2RMf/8x0\n9EcuRN39N7MbIdICXsrbnCZSsbRKIoHRsxdrVuBrerAS0AgkWzDqkr8ZP0GIMtwF\nwx4jza8Oywo7WR8Lt+JiONFgufHS3u+ddueMrM6l7+O0Nit+UN3DdL0rrFZirMyZ\nby6VOtfLHFoa1BUos4Cpd9vwU31zAsPO2JgX3g4EIrFNSsn1BCIgHqYOtxuvSg1u\nRZMyELq6DznSKRSMx3dBi9vugqeNp8UVRQdhyL7oJHuuoqdtEB1IzLVZySBki75V\n6IB2pJpQLDstkzWZ6KNp2Ma+mCEPQQ0O5/CvcJW5+xI/Mig1wkNuRWy1hqH1N9b+\nzNu+7+TmDGOCPZDWtMF/4iTfzG7UsDoui8p6U04LYWTqI/Cv2UJo9BKnC4WzvVeh\nvRxkyANUjtEmPC/PXbm4rDwQ49tud9YFbEmBwEBS3DXDylBPnxp9dSvrVanKQdeC\n/27OdP5q+O6nUSPFcCsDU49OJIfLloBUk9Zj0432ViGYVzOYMnZgKgdX17AWgMaG\naYEAAAc4PCME9zwjBPcAAAAHc3NoLXJzYQAAAgEAzC0oeJtFJS3MAFJ1L3CQrlJk\nyPPE2qdBCUiOW++LSSIrqbwRQzJLnP0cNswQnNKB3PkdcLPQJQn/9wsgILA1aaSn\nTpf4JnecIZ3u7RNVmFPI4xJtWbaT6pZ6QGTs4/I8RfQviAJFI74n3NID5I2GkQ9X\nm7vdT3IO2RMf/8x09EcuRN39N7MbIdICXsrbnCZSsbRKIoHRsxdrVuBrerAS0Agk\nWzDqkr8ZP0GIMtwFwx4jza8Oywo7WR8Lt+JiONFgufHS3u+ddueMrM6l7+O0Nit+\nUN3DdL0rrFZirMyZby6VOtfLHFoa1BUos4Cpd9vwU31zAsPO2JgX3g4EIrFNSsn1\nBCIgHqYOtxuvSg1uRZMyELq6DznSKRSMx3dBi9vugqeNp8UVRQdhyL7oJHuuoqdt\nEB1IzLVZySBki75V6IB2pJpQLDstkzWZ6KNp2Ma+mCEPQQ0O5/CvcJW5+xI/Mig1\nwkNuRWy1hqH1N9b+zNu+7+TmDGOCPZDWtMF/4iTfzG7UsDoui8p6U04LYWTqI/Cv\n2UJo9BKnC4WzvVehvRxkyANUjtEmPC/PXbm4rDwQ49tud9YFbEmBwEBS3DXDylBP\nnxp9dSvrVanKQdeC/27OdP5q+O6nUSPFcCsDU49OJIfLloBUk9Zj0432ViGYVzOY\nMnZgKgdX17AWgMaGaYEAAAADAQABAAACAGL0o//IKTv6tTuWu0rxwH1sW4J1evwK\nQeAQ9UYjlBsu34CVMLyjnLgKiGkagBaxg9UoO5eK3p+E+DSwhLKzFEAOWDQkPVXP\ndLFqTQlD7KE2Qk+jd7IaZhg1NC0PfSyBE6tHzN2bVA0dtU41z0MvQH//spM8+ubt\nPbsBpOmiGzDlasxf1sDvIoBCu3lb0hIdFMkhuyh8SLkG6bQicpT0zzlaKNy1mYrj\n6YWZ6jvUHUrSycF/TakkXV01ScWmh7pH6BxW0r/P3D5rvOdoBE5+yrHSZJcm0/s5\nT/hnqc1cICUdq5/oRH2KQiR12NMe0YPQ6epdC6fUZOTe2fp6SpDR48Y08M0nPU5d\n80XbTgI/5U0jco+c0Kn0AtuVKB7NljoulYeQEAoujJtkNtfKYMIkzaZ9+hbgwdlz\npSULSXgzK5v9ySGaJitHUHnp/3HfkfiGFy1Nr+LMfyVWNv+JUeNG0CafFHsFm/2e\nItyLhXExZWOzW1fPahX7SlltwpvsTk2TR8YV6fLjNHmLBCvL5WWBeM76QOLbH8sP\nnAQmMYHl0EoQRJ1mOaFhPnp906aHxX9D4dW7Bmt5PQOrwBy+oP45G+1IwN+huspx\n/a4XIIxytyXhiPleEvmE1LQ2OjpMGB5rZc2ONsXEMu88qbmco248mTZSpBBOsrpI\nKNrnnrC/Od0BAAABAQC/aEl7v6KrBxHCp3V91ROaTctRU04VS1AaTg3NgDrEYHAz\n36t0/5qZoIwA0aUot7ffb4xcbSoywyosMMXL/Y0DEz8WYW8NVgbE2xs9FyRKyIg3\nIlw5VC9PFrwqmfF+6gWjANsMpLgKdBDkYceNnbTjxNY1uy52eq/ohrLq/esPr+7R\n2chPq9YHtgSeanpXzSeRtLV1uZiSthttQ54KbzKdOFa++TZkT+018czB8OTWBmm0\nrFimJuWgrj3YandoZgV+wsqPmJ+AqR/g/bKoRiApH/2zed9BiwMW9puwzUSPXY0Q\nbVqLMAnFfhXb7iccS9mPDcA2aleDJiB711B6NAEiAAABAQDpWGk48l6jt6IN529U\ntveYNpQmpOetUectKbXMX/9C7pkArUjApd5vVJWdnyxCfapjIWH9KVmO4PVPdUWN\n9Jz3ohdphTayq1AoEmo6ByiDBBk6pi3XoE79z4J6gKrMfYyBD0rxuFnF4bzIB6Sv\nEEf3u+rmmxK73lKSM5AxPKTzaZN8QhjbBInQqCf5O7FjeN1685QRJW/E9Joer85q\nbpu8pR3a0/zogh+lKuVIb573VEhDEB3G3itojsLz2kQ/iVgvz/lo1r3VE31za4ev\nX7ZUR6XltFeYUzJLdLKdhViV83HhYFKL/TsJmj0tPWaQ9zuttkxnS3uC9YrOstUQ\nzYsxAAABAQDf/8dkV913GpRmfqr8GUMHgGHl2JJXpaZNppfrj1FqtxWKSKtvQIB7\nrfdjygiIHQs55uk4ar3kUj+HzABEGHl0l2ZGsV27rHoMYcR1VMr5UNaIv0swMZQw\ny22h3Z0Xgahd/+pvXsTsf92P7I21fMm7BRTZRHnVSajjYQw/hNJbd1LcqoWp0W8J\nIO4Z7PUDhwRD4RgZLygSvWHF4XYVwz0YSTbNFsYII7TkN3wEgvPODIXTvCuvvR/H\nielH0I7rBBy8sbYAfNxb8aSblBgEkMu814cPAbvUvCmnUSWyjBa4KmuxQbOnafH0\nFjmNKcfSh6GnT5dsI0D4f7WpIL13TY9RAAAAAAEC\n-----END OPENSSH PRIVATE KEY-----\n",
            "private_key_pem": "-----BEGIN RSA PRIVATE KEY-----\nMIIJJgIBAAKCAgEAzC0oeJtFJS3MAFJ1L3CQrlJkyPPE2qdBCUiOW++LSSIrqbwR\nQzJLnP0cNswQnNKB3PkdcLPQJQn/9wsgILA1aaSnTpf4JnecIZ3u7RNVmFPI4xJt\nWbaT6pZ6QGTs4/I8RfQviAJFI74n3NID5I2GkQ9Xm7vdT3IO2RMf/8x09EcuRN39\nN7MbIdICXsrbnCZSsbRKIoHRsxdrVuBrerAS0AgkWzDqkr8ZP0GIMtwFwx4jza8O\nywo7WR8Lt+JiONFgufHS3u+ddueMrM6l7+O0Nit+UN3DdL0rrFZirMyZby6VOtfL\nHFoa1BUos4Cpd9vwU31zAsPO2JgX3g4EIrFNSsn1BCIgHqYOtxuvSg1uRZMyELq6\nDznSKRSMx3dBi9vugqeNp8UVRQdhyL7oJHuuoqdtEB1IzLVZySBki75V6IB2pJpQ\nLDstkzWZ6KNp2Ma+mCEPQQ0O5/CvcJW5+xI/Mig1wkNuRWy1hqH1N9b+zNu+7+Tm\nDGOCPZDWtMF/4iTfzG7UsDoui8p6U04LYWTqI/Cv2UJo9BKnC4WzvVehvRxkyANU\njtEmPC/PXbm4rDwQ49tud9YFbEmBwEBS3DXDylBPnxp9dSvrVanKQdeC/27OdP5q\n+O6nUSPFcCsDU49OJIfLloBUk9Zj0432ViGYVzOYMnZgKgdX17AWgMaGaYECAwEA\nAQKCAgBi9KP/yCk7+rU7lrtK8cB9bFuCdXr8CkHgEPVGI5QbLt+AlTC8o5y4Cohp\nGoAWsYPVKDuXit6fhPg0sISysxRADlg0JD1Vz3Sxak0JQ+yhNkJPo3eyGmYYNTQt\nD30sgROrR8zdm1QNHbVONc9DL0B//7KTPPrm7T27AaTpohsw5WrMX9bA7yKAQrt5\nW9ISHRTJIbsofEi5Bum0InKU9M85WijctZmK4+mFmeo71B1K0snBf02pJF1dNUnF\npoe6R+gcVtK/z9w+a7znaAROfsqx0mSXJtP7OU/4Z6nNXCAlHauf6ER9ikIkddjT\nHtGD0OnqXQun1GTk3tn6ekqQ0ePGNPDNJz1OXfNF204CP+VNI3KPnNCp9ALblSge\nzZY6LpWHkBAKLoybZDbXymDCJM2mffoW4MHZc6UlC0l4Myub/ckhmiYrR1B56f9x\n35H4hhctTa/izH8lVjb/iVHjRtAmnxR7BZv9niLci4VxMWVjs1tXz2oV+0pZbcKb\n7E5Nk0fGFeny4zR5iwQry+VlgXjO+kDi2x/LD5wEJjGB5dBKEESdZjmhYT56fdOm\nh8V/Q+HVuwZreT0Dq8AcvqD+ORvtSMDfobrKcf2uFyCMcrcl4Yj5XhL5hNS0Njo6\nTBgea2XNjjbFxDLvPKm5nKNuPJk2UqQQTrK6SCja556wvzndAQKCAQEA6VhpOPJe\no7eiDedvVLb3mDaUJqTnrVHnLSm1zF//Qu6ZAK1IwKXeb1SVnZ8sQn2qYyFh/SlZ\njuD1T3VFjfSc96IXaYU2sqtQKBJqOgcogwQZOqYt16BO/c+CeoCqzH2MgQ9K8bhZ\nxeG8yAekrxBH97vq5psSu95SkjOQMTyk82mTfEIY2wSJ0Kgn+TuxY3jdevOUESVv\nxPSaHq/Oam6bvKUd2tP86IIfpSrlSG+e91RIQxAdxt4raI7C89pEP4lYL8/5aNa9\n1RN9c2uHr1+2VEel5bRXmFMyS3SynYVYlfNx4WBSi/07CZo9LT1mkPc7rbZMZ0t7\ngvWKzrLVEM2LMQKCAQEA3//HZFfddxqUZn6q/BlDB4Bh5diSV6WmTaaX649RarcV\nikirb0CAe633Y8oIiB0LOebpOGq95FI/h8wARBh5dJdmRrFdu6x6DGHEdVTK+VDW\niL9LMDGUMMttod2dF4GoXf/qb17E7H/dj+yNtXzJuwUU2UR51Umo42EMP4TSW3dS\n3KqFqdFvCSDuGez1A4cEQ+EYGS8oEr1hxeF2FcM9GEk2zRbGCCO05Dd8BILzzgyF\n07wrr70fx4npR9CO6wQcvLG2AHzcW/Gkm5QYBJDLvNeHDwG71Lwpp1ElsowWuCpr\nsUGzp2nx9BY5jSnH0oehp0+XbCNA+H+1qSC9d02PUQKCAQAr5cb9wJLPR9eDuBs4\nm6cein36eyFeeL79vxAFX7XcuJguCWtbWpjq5sWyvmQMKinotjoB70p615Uumog4\nOWFiMKso3be5iwLsVvKG8hvL8fRxFRwgqXbSxrvsIdJ/38qT6PWXXa/9ywbBtrZj\nfLOdRkvdkCTJFP0BphOlP5xkcmMdiC223jay+z9x4qnvZah83d/oDdvl+IIZ7cbu\nPNqtdX6VUTYN45TidJxnsR/9tWxWuWxwohEWfWzthQ07yrG9ZOmtsGBL+nuqP/tp\noZ7iYgwyl2e3L0eR7GVBvvk4VHEDDiTZUw1NNCf4H8nw0aH3fwkGkautqlWvpvLw\nU0qxAoH/bV92/Ifqmz1fOKyg0HeFQyRsqM4WprU7fq7Zfyt7lZ/P5LWW/7t/AOTw\n5si/YbbMxHj7Z5C3J8UBQE1b0+Qfac6DIgF4wyp0bZdPVfsRIKtYFW1SSTXsJecu\noNqU2eV1UHClB7w+azwD80KN7w//cFIK3AuTcZGF5YB9eoZgMEkTLKwWl9SrYsmx\nePc6q35BluNR4PollwDhvL1Z60ZpjnIxT/LOvyqwKL7uz0UhxnpW3gwDSMwPuF6e\niXJMVnSrk3cyZwqQjlRvC4hEMfaBhLO4PpuaG0XFEO2Oep/seAA+lU5/aj9Q5N31\nO/gqmaGgTRGP3j1Ye/3ftbVGzfoRAoIBAQC/aEl7v6KrBxHCp3V91ROaTctRU04V\nS1AaTg3NgDrEYHAz36t0/5qZoIwA0aUot7ffb4xcbSoywyosMMXL/Y0DEz8WYW8N\nVgbE2xs9FyRKyIg3Ilw5VC9PFrwqmfF+6gWjANsMpLgKdBDkYceNnbTjxNY1uy52\neq/ohrLq/esPr+7R2chPq9YHtgSeanpXzSeRtLV1uZiSthttQ54KbzKdOFa++TZk\nT+018czB8OTWBmm0rFimJuWgrj3YandoZgV+wsqPmJ+AqR/g/bKoRiApH/2zed9B\niwMW9puwzUSPXY0QbVqLMAnFfhXb7iccS9mPDcA2aleDJiB711B6NAEi\n-----END RSA PRIVATE KEY-----\n",
            "private_key_pem_pkcs8": "-----BEGIN PRIVATE KEY-----\nMIIJQAIBADANBgkqhkiG9w0BAQEFAASCCSowggkmAgEAAoICAQDMLSh4m0UlLcwA\nUnUvcJCuUmTI88Tap0EJSI5b74tJIiupvBFDMkuc/Rw2zBCc0oHc+R1ws9AlCf/3\nCyAgsDVppKdOl/gmd5whne7tE1WYU8jjEm1ZtpPqlnpAZOzj8jxF9C+IAkUjvifc\n0gPkjYaRD1ebu91Pcg7ZEx//zHT0Ry5E3f03sxsh0gJeytucJlKxtEoigdGzF2tW\n4Gt6sBLQCCRbMOqSvxk/QYgy3AXDHiPNrw7LCjtZHwu34mI40WC58dLe751254ys\nzqXv47Q2K35Q3cN0vSusVmKszJlvLpU618scWhrUFSizgKl32/BTfXMCw87YmBfe\nDgQisU1KyfUEIiAepg63G69KDW5FkzIQuroPOdIpFIzHd0GL2+6Cp42nxRVFB2HI\nvugke66ip20QHUjMtVnJIGSLvlXogHakmlAsOy2TNZnoo2nYxr6YIQ9BDQ7n8K9w\nlbn7Ej8yKDXCQ25FbLWGofU31v7M277v5OYMY4I9kNa0wX/iJN/MbtSwOi6LynpT\nTgthZOoj8K/ZQmj0EqcLhbO9V6G9HGTIA1SO0SY8L89dubisPBDj22531gVsSYHA\nQFLcNcPKUE+fGn11K+tVqcpB14L/bs50/mr47qdRI8VwKwNTj04kh8uWgFST1mPT\njfZWIZhXM5gydmAqB1fXsBaAxoZpgQIDAQABAoICAGL0o//IKTv6tTuWu0rxwH1s\nW4J1evwKQeAQ9UYjlBsu34CVMLyjnLgKiGkagBaxg9UoO5eK3p+E+DSwhLKzFEAO\nWDQkPVXPdLFqTQlD7KE2Qk+jd7IaZhg1NC0PfSyBE6tHzN2bVA0dtU41z0MvQH//\nspM8+ubtPbsBpOmiGzDlasxf1sDvIoBCu3lb0hIdFMkhuyh8SLkG6bQicpT0zzla\nKNy1mYrj6YWZ6jvUHUrSycF/TakkXV01ScWmh7pH6BxW0r/P3D5rvOdoBE5+yrHS\nZJcm0/s5T/hnqc1cICUdq5/oRH2KQiR12NMe0YPQ6epdC6fUZOTe2fp6SpDR48Y0\n8M0nPU5d80XbTgI/5U0jco+c0Kn0AtuVKB7NljoulYeQEAoujJtkNtfKYMIkzaZ9\n+hbgwdlzpSULSXgzK5v9ySGaJitHUHnp/3HfkfiGFy1Nr+LMfyVWNv+JUeNG0Caf\nFHsFm/2eItyLhXExZWOzW1fPahX7SlltwpvsTk2TR8YV6fLjNHmLBCvL5WWBeM76\nQOLbH8sPnAQmMYHl0EoQRJ1mOaFhPnp906aHxX9D4dW7Bmt5PQOrwBy+oP45G+1I\nwN+huspx/a4XIIxytyXhiPleEvmE1LQ2OjpMGB5rZc2ONsXEMu88qbmco248mTZS\npBBOsrpIKNrnnrC/Od0BAoIBAQDpWGk48l6jt6IN529UtveYNpQmpOetUectKbXM\nX/9C7pkArUjApd5vVJWdnyxCfapjIWH9KVmO4PVPdUWN9Jz3ohdphTayq1AoEmo6\nByiDBBk6pi3XoE79z4J6gKrMfYyBD0rxuFnF4bzIB6SvEEf3u+rmmxK73lKSM5Ax\nPKTzaZN8QhjbBInQqCf5O7FjeN1685QRJW/E9Joer85qbpu8pR3a0/zogh+lKuVI\nb573VEhDEB3G3itojsLz2kQ/iVgvz/lo1r3VE31za4evX7ZUR6XltFeYUzJLdLKd\nhViV83HhYFKL/TsJmj0tPWaQ9zuttkxnS3uC9YrOstUQzYsxAoIBAQDf/8dkV913\nGpRmfqr8GUMHgGHl2JJXpaZNppfrj1FqtxWKSKtvQIB7rfdjygiIHQs55uk4ar3k\nUj+HzABEGHl0l2ZGsV27rHoMYcR1VMr5UNaIv0swMZQwy22h3Z0Xgahd/+pvXsTs\nf92P7I21fMm7BRTZRHnVSajjYQw/hNJbd1LcqoWp0W8JIO4Z7PUDhwRD4RgZLygS\nvWHF4XYVwz0YSTbNFsYII7TkN3wEgvPODIXTvCuvvR/HielH0I7rBBy8sbYAfNxb\n8aSblBgEkMu814cPAbvUvCmnUSWyjBa4KmuxQbOnafH0FjmNKcfSh6GnT5dsI0D4\nf7WpIL13TY9RAoIBACvlxv3Aks9H14O4Gzibpx6Kffp7IV54vv2/EAVftdy4mC4J\na1tamOrmxbK+ZAwqKei2OgHvSnrXlS6aiDg5YWIwqyjdt7mLAuxW8obyG8vx9HEV\nHCCpdtLGu+wh0n/fypPo9Zddr/3LBsG2tmN8s51GS92QJMkU/QGmE6U/nGRyYx2I\nLbbeNrL7P3Hiqe9lqHzd3+gN2+X4ghntxu482q11fpVRNg3jlOJ0nGexH/21bFa5\nbHCiERZ9bO2FDTvKsb1k6a2wYEv6e6o/+2mhnuJiDDKXZ7cvR5HsZUG++ThUcQMO\nJNlTDU00J/gfyfDRofd/CQaRq62qVa+m8vBTSrECgf9tX3b8h+qbPV84rKDQd4VD\nJGyozhamtTt+rtl/K3uVn8/ktZb/u38A5PDmyL9htszEePtnkLcnxQFATVvT5B9p\nzoMiAXjDKnRtl09V+xEgq1gVbVJJNewl5y6g2pTZ5XVQcKUHvD5rPAPzQo3vD/9w\nUgrcC5NxkYXlgH16hmAwSRMsrBaX1KtiybF49zqrfkGW41Hg+iWXAOG8vVnrRmmO\ncjFP8s6/KrAovu7PRSHGelbeDANIzA+4Xp6JckxWdKuTdzJnCpCOVG8LiEQx9oGE\ns7g+m5obRcUQ7Y56n+x4AD6VTn9qP1Dk3fU7+CqZoaBNEY/ePVh7/d+1tUbN+hEC\nggEBAL9oSXu/oqsHEcKndX3VE5pNy1FTThVLUBpODc2AOsRgcDPfq3T/mpmgjADR\npSi3t99vjFxtKjLDKiwwxcv9jQMTPxZhbw1WBsTbGz0XJErIiDciXDlUL08WvCqZ\n8X7qBaMA2wykuAp0EORhx42dtOPE1jW7LnZ6r+iGsur96w+v7tHZyE+r1ge2BJ5q\nelfNJ5G0tXW5mJK2G21DngpvMp04Vr75NmRP7TXxzMHw5NYGabSsWKYm5aCuPdhq\nd2hmBX7Cyo+Yn4CpH+D9sqhGICkf/bN530GLAxb2m7DNRI9djRBtWoswCcV+Fdvu\nJxxL2Y8NwDZqV4MmIHvXUHo0ASI=\n-----END PRIVATE KEY-----\n",
            "public_key_fingerprint_md5": "d9:30:1d:55:81:2d:39:06:50:bc:1a:a4:24:75:f1:e8",
            "public_key_fingerprint_sha256": "SHA256:kAiSO8mWmq6MyQQSQnJkQMPu7cxpYey9B5hHg98R/N4",
            "public_key_openssh": "ssh-rsa AAAAB3NzaC1yc2EAAAADAQABAAACAQDMLSh4m0UlLcwAUnUvcJCuUmTI88Tap0EJSI5b74tJIiupvBFDMkuc/Rw2zBCc0oHc+R1ws9AlCf/3CyAgsDVppKdOl/gmd5whne7tE1WYU8jjEm1ZtpPqlnpAZOzj8jxF9C+IAkUjvifc0gPkjYaRD1ebu91Pcg7ZEx//zHT0Ry5E3f03sxsh0gJeytucJlKxtEoigdGzF2tW4Gt6sBLQCCRbMOqSvxk/QYgy3AXDHiPNrw7LCjtZHwu34mI40WC58dLe751254yszqXv47Q2K35Q3cN0vSusVmKszJlvLpU618scWhrUFSizgKl32/BTfXMCw87YmBfeDgQisU1KyfUEIiAepg63G69KDW5FkzIQuroPOdIpFIzHd0GL2+6Cp42nxRVFB2HIvugke66ip20QHUjMtVnJIGSLvlXogHakmlAsOy2TNZnoo2nYxr6YIQ9BDQ7n8K9wlbn7Ej8yKDXCQ25FbLWGofU31v7M277v5OYMY4I9kNa0wX/iJN/MbtSwOi6LynpTTgthZOoj8K/ZQmj0EqcLhbO9V6G9HGTIA1SO0SY8L89dubisPBDj22531gVsSYHAQFLcNcPKUE+fGn11K+tVqcpB14L/bs50/mr47qdRI8VwKwNTj04kh8uWgFST1mPTjfZWIZhXM5gydmAqB1fXsBaAxoZpgQ==\n",
            "public_key_pem": "-----BEGIN PUBLIC KEY-----\nMIICIjANBgkqhkiG9w0BAQEFAAOCAg8AMIICCgKCAgEAzC0oeJtFJS3MAFJ1L3CQ\nrlJkyPPE2qdBCUiOW++LSSIrqbwRQzJLnP0cNswQnNKB3PkdcLPQJQn/9wsgILA1\naaSnTpf4JnecIZ3u7RNVmFPI4xJtWbaT6pZ6QGTs4/I8RfQviAJFI74n3NID5I2G\nkQ9Xm7vdT3IO2RMf/8x09EcuRN39N7MbIdICXsrbnCZSsbRKIoHRsxdrVuBrerAS\n0AgkWzDqkr8ZP0GIMtwFwx4jza8Oywo7WR8Lt+JiONFgufHS3u+ddueMrM6l7+O0\nNit+UN3DdL0rrFZirMyZby6VOtfLHFoa1BUos4Cpd9vwU31zAsPO2JgX3g4EIrFN\nSsn1BCIgHqYOtxuvSg1uRZMyELq6DznSKRSMx3dBi9vugqeNp8UVRQdhyL7oJHuu\noqdtEB1IzLVZySBki75V6IB2pJpQLDstkzWZ6KNp2Ma+mCEPQQ0O5/CvcJW5+xI/\nMig1wkNuRWy1hqH1N9b+zNu+7+TmDGOCPZDWtMF/4iTfzG7UsDoui8p6U04LYWTq\nI/Cv2UJo9BKnC4WzvVehvRxkyANUjtEmPC/PXbm4rDwQ49tud9YFbEmBwEBS3DXD\nylBPnxp9dSvrVanKQdeC/27OdP5q+O6nUSPFcCsDU49OJIfLloBUk9Zj0432ViGY\nVzOYMnZgKgdX17AWgMaGaYECAwEAAQ==\n-----END PUBLIC KEY-----\n",
            "rsa_bits": 4096
          },
          "sensitive_attributes": []
        }
      ]
    }
  ],
  "check_results": null
}
