{
  "version": 4,
  "terraform_version": "1.7.3",
  "serial": 351,
  "lineage": "4653457f-6116-d8c5-20b9-1de3d8e4134c",
  "outputs": {
    "controller_public_ip": {
      "value": "52.176.150.1",
      "type": "string"
    },
    "private_ips": {
      "value": {
        "0": "10.0.1.10",
        "1": "10.0.1.11",
        "2": "10.0.1.12"
      },
      "type": [
        "object",
        {
          "0": "string",
          "1": "string",
          "2": "string"
        }
      ]
    },
    "webapp_public_ip": {
      "value": "52.176.149.194",
      "type": "string"
    }
  },
  "resources": [
    {
      "module": "module.prod_modules",
      "mode": "managed",
      "type": "azurerm_linux_virtual_machine",
      "name": "nodecontroller",
      "provider": "provider[\"registry.terraform.io/hashicorp/azurerm\"]",
      "instances": [
        {
          "schema_version": 0,
          "attributes": {
            "additional_capabilities": [],
            "admin_password": "P@ssw0rd!123",
            "admin_ssh_key": [
              {
                "public_key": "ssh-rsa AAAAB3NzaC1yc2EAAAADAQABAAACAQDbdaScs2ktO3EW3+DZnPKUPWRZ69PbQuBItLg9XM2HdOGRqsJZANXv3q0TYTwLfWk8iOjSr5XFCiuXdvbhftphPd6vExIUHomu73ZUooMBLzpoaWOFKvNOPW/kLm/Rp5s6SDgB9R82WIJJ+sYyPBcjH4iiUYGR+9eokwjuNest6SouqEJXAJLJCY5mtBk7WSpQPsg/dgwZTbyNcWtBgUvdP2p+azKkLQchpFwLIp4ha6pRxip0OEUoDUQAf6AtaYcwfgHABskzKPLoTpxKzsGMal9FdWyiAAr0pEgv85T5ZrAEJcC4ugz+8FyC8XoyjabYAhZKLPFaQ3gZ0fBASEIABDb6e7T5LsD2RvVlejwkOdskys8h2nPnelhpv85Selii70NDNVog75ymlCvjMdA3Zos6ad1p7cEsmWZjyV4mWY9m48JFQitjepb4PDgSWZJK1m3bUj+eS289ajd4YxzIC2Z+G16b5s8jFUOxkClEbwKUEov0eW7PHwgi5327NPLzH1pAK/lvWNvwXaXhRfTUgs/BHrRy9922/j0WGjDfyn6dijs/klK+qVrHD+j8jRtBxRCxtDBzoePWRPX02O3+VEWszboFme1OG9AfQXxz7ao31jwRjuQjAq8BcafVO3jc/BMNpfke61PjdW01pxkBeqhRuTEV1+o0BeKgr9pZ4Q==\n",
                "username": "rooty"
              }
            ],
            "admin_username": "rooty",
            "allow_extension_operations": true,
            "availability_set_id": "",
            "boot_diagnostics": [],
            "bypass_platform_safety_checks_on_user_schedule_enabled": false,
            "capacity_reservation_group_id": "",
            "computer_name": "nodecontroller",
            "custom_data": null,
            "dedicated_host_group_id": "",
            "dedicated_host_id": "",
            "disable_password_authentication": true,
            "disk_controller_type": "",
            "edge_zone": "",
            "encryption_at_host_enabled": false,
            "eviction_policy": "",
            "extensions_time_budget": "PT1H30M",
            "gallery_application": [],
            "id": "/subscriptions/c20f51b2-62aa-4af4-8033-ed6246ab50ca/resourceGroups/production_group/providers/Microsoft.Compute/virtualMachines/nodecontroller",
            "identity": [],
            "license_type": "",
            "location": "centralus",
            "max_bid_price": -1,
            "name": "nodecontroller",
            "network_interface_ids": [
              "/subscriptions/c20f51b2-62aa-4af4-8033-ed6246ab50ca/resourceGroups/production_group/providers/Microsoft.Network/networkInterfaces/nic_prod_controller"
            ],
            "os_disk": [
              {
                "caching": "ReadWrite",
                "diff_disk_settings": [],
                "disk_encryption_set_id": "",
                "disk_size_gb": 30,
                "name": "NodeControlDisk",
                "secure_vm_disk_encryption_set_id": "",
                "security_encryption_type": "",
                "storage_account_type": "Premium_LRS",
                "write_accelerator_enabled": false
              }
            ],
            "os_image_notification": [],
            "patch_assessment_mode": "ImageDefault",
            "patch_mode": "ImageDefault",
            "plan": [],
            "platform_fault_domain": -1,
            "priority": "Regular",
            "private_ip_address": "10.1.1.4",
            "private_ip_addresses": [
              "10.1.1.4"
            ],
            "provision_vm_agent": true,
            "proximity_placement_group_id": "",
            "public_ip_address": "52.176.150.1",
            "public_ip_addresses": [
              "52.176.150.1"
            ],
            "reboot_setting": "",
            "resource_group_name": "production_group",
            "secret": [],
            "secure_boot_enabled": false,
            "size": "Standard_DS1_v2",
            "source_image_id": "",
            "source_image_reference": [
              {
                "offer": "0001-com-ubuntu-server-jammy",
                "publisher": "Canonical",
                "sku": "22_04-lts",
                "version": "latest"
              }
            ],
            "tags": null,
            "termination_notification": null,
            "timeouts": null,
            "user_data": "",
            "virtual_machine_id": "5a43ee49-2c9a-4b13-b760-2e863fb4fbe0",
            "virtual_machine_scale_set_id": "",
            "vm_agent_platform_updates_enabled": false,
            "vtpm_enabled": false,
            "zone": ""
          },
          "sensitive_attributes": [],
          "private": "eyJlMmJmYjczMC1lY2FhLTExZTYtOGY4OC0zNDM2M2JjN2M0YzAiOnsiY3JlYXRlIjoyNzAwMDAwMDAwMDAwLCJkZWxldGUiOjI3MDAwMDAwMDAwMDAsInJlYWQiOjMwMDAwMDAwMDAwMCwidXBkYXRlIjoyNzAwMDAwMDAwMDAwfX0=",
          "dependencies": [
            "module.prod_modules.azurerm_network_interface.nic_prod_controller",
            "module.prod_modules.azurerm_public_ip.pubip_controller",
            "module.prod_modules.azurerm_resource_group.prod_group",
            "module.prod_modules.azurerm_subnet.subnet_prod_controller",
            "module.prod_modules.azurerm_virtual_network.vnet_prod_controller",
            "module.prod_modules.tls_private_key.ssh_key_linux_openssh"
          ]
        }
      ]
    },
    {
      "module": "module.prod_modules",
      "mode": "managed",
      "type": "azurerm_linux_virtual_machine",
      "name": "nodes",
      "provider": "provider[\"registry.terraform.io/hashicorp/azurerm\"]",
      "instances": [
        {
          "index_key": 0,
          "schema_version": 0,
          "attributes": {
            "additional_capabilities": [],
            "admin_password": "P@ssw0rd!123",
            "admin_ssh_key": [
              {
                "public_key": "ssh-rsa AAAAB3NzaC1yc2EAAAADAQABAAACAQDbdaScs2ktO3EW3+DZnPKUPWRZ69PbQuBItLg9XM2HdOGRqsJZANXv3q0TYTwLfWk8iOjSr5XFCiuXdvbhftphPd6vExIUHomu73ZUooMBLzpoaWOFKvNOPW/kLm/Rp5s6SDgB9R82WIJJ+sYyPBcjH4iiUYGR+9eokwjuNest6SouqEJXAJLJCY5mtBk7WSpQPsg/dgwZTbyNcWtBgUvdP2p+azKkLQchpFwLIp4ha6pRxip0OEUoDUQAf6AtaYcwfgHABskzKPLoTpxKzsGMal9FdWyiAAr0pEgv85T5ZrAEJcC4ugz+8FyC8XoyjabYAhZKLPFaQ3gZ0fBASEIABDb6e7T5LsD2RvVlejwkOdskys8h2nPnelhpv85Selii70NDNVog75ymlCvjMdA3Zos6ad1p7cEsmWZjyV4mWY9m48JFQitjepb4PDgSWZJK1m3bUj+eS289ajd4YxzIC2Z+G16b5s8jFUOxkClEbwKUEov0eW7PHwgi5327NPLzH1pAK/lvWNvwXaXhRfTUgs/BHrRy9922/j0WGjDfyn6dijs/klK+qVrHD+j8jRtBxRCxtDBzoePWRPX02O3+VEWszboFme1OG9AfQXxz7ao31jwRjuQjAq8BcafVO3jc/BMNpfke61PjdW01pxkBeqhRuTEV1+o0BeKgr9pZ4Q==\n",
                "username": "rooty"
              }
            ],
            "admin_username": "rooty",
            "allow_extension_operations": true,
            "availability_set_id": "",
            "boot_diagnostics": [],
            "bypass_platform_safety_checks_on_user_schedule_enabled": false,
            "capacity_reservation_group_id": "",
            "computer_name": "node-web01",
            "custom_data": null,
            "dedicated_host_group_id": "",
            "dedicated_host_id": "",
            "disable_password_authentication": true,
            "disk_controller_type": "",
            "edge_zone": "",
            "encryption_at_host_enabled": false,
            "eviction_policy": "",
            "extensions_time_budget": "PT1H30M",
            "gallery_application": [],
            "id": "/subscriptions/c20f51b2-62aa-4af4-8033-ed6246ab50ca/resourceGroups/production_group/providers/Microsoft.Compute/virtualMachines/node-web01",
            "identity": [],
            "license_type": "",
            "location": "centralus",
            "max_bid_price": -1,
            "name": "node-web01",
            "network_interface_ids": [
              "/subscriptions/c20f51b2-62aa-4af4-8033-ed6246ab50ca/resourceGroups/production_group/providers/Microsoft.Network/networkInterfaces/nic_prod_node_0"
            ],
            "os_disk": [
              {
                "caching": "ReadWrite",
                "diff_disk_settings": [],
                "disk_encryption_set_id": "",
                "disk_size_gb": 30,
                "name": "node0Disk",
                "secure_vm_disk_encryption_set_id": "",
                "security_encryption_type": "",
                "storage_account_type": "Premium_LRS",
                "write_accelerator_enabled": false
              }
            ],
            "os_image_notification": [],
            "patch_assessment_mode": "ImageDefault",
            "patch_mode": "ImageDefault",
            "plan": [],
            "platform_fault_domain": -1,
            "priority": "Regular",
            "private_ip_address": "10.0.1.10",
            "private_ip_addresses": [
              "10.0.1.10"
            ],
            "provision_vm_agent": true,
            "proximity_placement_group_id": "",
            "public_ip_address": "52.176.149.194",
            "public_ip_addresses": [
              "52.176.149.194"
            ],
            "reboot_setting": "",
            "resource_group_name": "production_group",
            "secret": [],
            "secure_boot_enabled": false,
            "size": "Standard_DS1_v2",
            "source_image_id": "",
            "source_image_reference": [
              {
                "offer": "0001-com-ubuntu-server-jammy",
                "publisher": "Canonical",
                "sku": "22_04-lts",
                "version": "latest"
              }
            ],
            "tags": null,
            "termination_notification": null,
            "timeouts": null,
            "user_data": "",
            "virtual_machine_id": "f219cc70-046a-4364-8677-b842720454fd",
            "virtual_machine_scale_set_id": "",
            "vm_agent_platform_updates_enabled": false,
            "vtpm_enabled": false,
            "zone": ""
          },
          "sensitive_attributes": [],
          "private": "eyJlMmJmYjczMC1lY2FhLTExZTYtOGY4OC0zNDM2M2JjN2M0YzAiOnsiY3JlYXRlIjoyNzAwMDAwMDAwMDAwLCJkZWxldGUiOjI3MDAwMDAwMDAwMDAsInJlYWQiOjMwMDAwMDAwMDAwMCwidXBkYXRlIjoyNzAwMDAwMDAwMDAwfX0=",
          "dependencies": [
            "module.prod_modules.azurerm_network_interface.nic_prod_nodes",
            "module.prod_modules.azurerm_public_ip.pubip_node_web",
            "module.prod_modules.azurerm_resource_group.prod_group",
            "module.prod_modules.azurerm_subnet.subnet_prod",
            "module.prod_modules.azurerm_virtual_network.vnet_prod",
            "module.prod_modules.tls_private_key.ssh_key_linux_openssh"
          ]
        },
        {
          "index_key": 1,
          "schema_version": 0,
          "attributes": {
            "additional_capabilities": [],
            "admin_password": "P@ssw0rd!123",
            "admin_ssh_key": [
              {
                "public_key": "ssh-rsa AAAAB3NzaC1yc2EAAAADAQABAAACAQDbdaScs2ktO3EW3+DZnPKUPWRZ69PbQuBItLg9XM2HdOGRqsJZANXv3q0TYTwLfWk8iOjSr5XFCiuXdvbhftphPd6vExIUHomu73ZUooMBLzpoaWOFKvNOPW/kLm/Rp5s6SDgB9R82WIJJ+sYyPBcjH4iiUYGR+9eokwjuNest6SouqEJXAJLJCY5mtBk7WSpQPsg/dgwZTbyNcWtBgUvdP2p+azKkLQchpFwLIp4ha6pRxip0OEUoDUQAf6AtaYcwfgHABskzKPLoTpxKzsGMal9FdWyiAAr0pEgv85T5ZrAEJcC4ugz+8FyC8XoyjabYAhZKLPFaQ3gZ0fBASEIABDb6e7T5LsD2RvVlejwkOdskys8h2nPnelhpv85Selii70NDNVog75ymlCvjMdA3Zos6ad1p7cEsmWZjyV4mWY9m48JFQitjepb4PDgSWZJK1m3bUj+eS289ajd4YxzIC2Z+G16b5s8jFUOxkClEbwKUEov0eW7PHwgi5327NPLzH1pAK/lvWNvwXaXhRfTUgs/BHrRy9922/j0WGjDfyn6dijs/klK+qVrHD+j8jRtBxRCxtDBzoePWRPX02O3+VEWszboFme1OG9AfQXxz7ao31jwRjuQjAq8BcafVO3jc/BMNpfke61PjdW01pxkBeqhRuTEV1+o0BeKgr9pZ4Q==\n",
                "username": "rooty"
              }
            ],
            "admin_username": "rooty",
            "allow_extension_operations": true,
            "availability_set_id": "",
            "boot_diagnostics": [],
            "bypass_platform_safety_checks_on_user_schedule_enabled": false,
            "capacity_reservation_group_id": "",
            "computer_name": "node-database02",
            "custom_data": null,
            "dedicated_host_group_id": "",
            "dedicated_host_id": "",
            "disable_password_authentication": true,
            "disk_controller_type": "",
            "edge_zone": "",
            "encryption_at_host_enabled": false,
            "eviction_policy": "",
            "extensions_time_budget": "PT1H30M",
            "gallery_application": [],
            "id": "/subscriptions/c20f51b2-62aa-4af4-8033-ed6246ab50ca/resourceGroups/production_group/providers/Microsoft.Compute/virtualMachines/node-database02",
            "identity": [],
            "license_type": "",
            "location": "centralus",
            "max_bid_price": -1,
            "name": "node-database02",
            "network_interface_ids": [
              "/subscriptions/c20f51b2-62aa-4af4-8033-ed6246ab50ca/resourceGroups/production_group/providers/Microsoft.Network/networkInterfaces/nic_prod_node_1"
            ],
            "os_disk": [
              {
                "caching": "ReadWrite",
                "diff_disk_settings": [],
                "disk_encryption_set_id": "",
                "disk_size_gb": 30,
                "name": "node1Disk",
                "secure_vm_disk_encryption_set_id": "",
                "security_encryption_type": "",
                "storage_account_type": "Premium_LRS",
                "write_accelerator_enabled": false
              }
            ],
            "os_image_notification": [],
            "patch_assessment_mode": "ImageDefault",
            "patch_mode": "ImageDefault",
            "plan": [],
            "platform_fault_domain": -1,
            "priority": "Regular",
            "private_ip_address": "10.0.1.11",
            "private_ip_addresses": [
              "10.0.1.11"
            ],
            "provision_vm_agent": true,
            "proximity_placement_group_id": "",
            "public_ip_address": "",
            "public_ip_addresses": [],
            "reboot_setting": "",
            "resource_group_name": "production_group",
            "secret": [],
            "secure_boot_enabled": false,
            "size": "Standard_DS1_v2",
            "source_image_id": "",
            "source_image_reference": [
              {
                "offer": "0001-com-ubuntu-server-jammy",
                "publisher": "Canonical",
                "sku": "22_04-lts",
                "version": "latest"
              }
            ],
            "tags": null,
            "termination_notification": null,
            "timeouts": null,
            "user_data": "",
            "virtual_machine_id": "19ecd2b0-5727-4dab-8ce8-fd8ae7f379e1",
            "virtual_machine_scale_set_id": "",
            "vm_agent_platform_updates_enabled": false,
            "vtpm_enabled": false,
            "zone": ""
          },
          "sensitive_attributes": [],
          "private": "eyJlMmJmYjczMC1lY2FhLTExZTYtOGY4OC0zNDM2M2JjN2M0YzAiOnsiY3JlYXRlIjoyNzAwMDAwMDAwMDAwLCJkZWxldGUiOjI3MDAwMDAwMDAwMDAsInJlYWQiOjMwMDAwMDAwMDAwMCwidXBkYXRlIjoyNzAwMDAwMDAwMDAwfX0=",
          "dependencies": [
            "module.prod_modules.azurerm_network_interface.nic_prod_nodes",
            "module.prod_modules.azurerm_public_ip.pubip_node_web",
            "module.prod_modules.azurerm_resource_group.prod_group",
            "module.prod_modules.azurerm_subnet.subnet_prod",
            "module.prod_modules.azurerm_virtual_network.vnet_prod",
            "module.prod_modules.tls_private_key.ssh_key_linux_openssh"
          ]
        },
        {
          "index_key": 2,
          "schema_version": 0,
          "attributes": {
            "additional_capabilities": [],
            "admin_password": "P@ssw0rd!123",
            "admin_ssh_key": [
              {
                "public_key": "ssh-rsa AAAAB3NzaC1yc2EAAAADAQABAAACAQDbdaScs2ktO3EW3+DZnPKUPWRZ69PbQuBItLg9XM2HdOGRqsJZANXv3q0TYTwLfWk8iOjSr5XFCiuXdvbhftphPd6vExIUHomu73ZUooMBLzpoaWOFKvNOPW/kLm/Rp5s6SDgB9R82WIJJ+sYyPBcjH4iiUYGR+9eokwjuNest6SouqEJXAJLJCY5mtBk7WSpQPsg/dgwZTbyNcWtBgUvdP2p+azKkLQchpFwLIp4ha6pRxip0OEUoDUQAf6AtaYcwfgHABskzKPLoTpxKzsGMal9FdWyiAAr0pEgv85T5ZrAEJcC4ugz+8FyC8XoyjabYAhZKLPFaQ3gZ0fBASEIABDb6e7T5LsD2RvVlejwkOdskys8h2nPnelhpv85Selii70NDNVog75ymlCvjMdA3Zos6ad1p7cEsmWZjyV4mWY9m48JFQitjepb4PDgSWZJK1m3bUj+eS289ajd4YxzIC2Z+G16b5s8jFUOxkClEbwKUEov0eW7PHwgi5327NPLzH1pAK/lvWNvwXaXhRfTUgs/BHrRy9922/j0WGjDfyn6dijs/klK+qVrHD+j8jRtBxRCxtDBzoePWRPX02O3+VEWszboFme1OG9AfQXxz7ao31jwRjuQjAq8BcafVO3jc/BMNpfke61PjdW01pxkBeqhRuTEV1+o0BeKgr9pZ4Q==\n",
                "username": "rooty"
              }
            ],
            "admin_username": "rooty",
            "allow_extension_operations": true,
            "availability_set_id": "",
            "boot_diagnostics": [],
            "bypass_platform_safety_checks_on_user_schedule_enabled": false,
            "capacity_reservation_group_id": "",
            "computer_name": "node-api03",
            "custom_data": null,
            "dedicated_host_group_id": "",
            "dedicated_host_id": "",
            "disable_password_authentication": true,
            "disk_controller_type": "",
            "edge_zone": "",
            "encryption_at_host_enabled": false,
            "eviction_policy": "",
            "extensions_time_budget": "PT1H30M",
            "gallery_application": [],
            "id": "/subscriptions/c20f51b2-62aa-4af4-8033-ed6246ab50ca/resourceGroups/production_group/providers/Microsoft.Compute/virtualMachines/node-api03",
            "identity": [],
            "license_type": "",
            "location": "centralus",
            "max_bid_price": -1,
            "name": "node-api03",
            "network_interface_ids": [
              "/subscriptions/c20f51b2-62aa-4af4-8033-ed6246ab50ca/resourceGroups/production_group/providers/Microsoft.Network/networkInterfaces/nic_prod_node_2"
            ],
            "os_disk": [
              {
                "caching": "ReadWrite",
                "diff_disk_settings": [],
                "disk_encryption_set_id": "",
                "disk_size_gb": 30,
                "name": "node2Disk",
                "secure_vm_disk_encryption_set_id": "",
                "security_encryption_type": "",
                "storage_account_type": "Premium_LRS",
                "write_accelerator_enabled": false
              }
            ],
            "os_image_notification": [],
            "patch_assessment_mode": "ImageDefault",
            "patch_mode": "ImageDefault",
            "plan": [],
            "platform_fault_domain": -1,
            "priority": "Regular",
            "private_ip_address": "10.0.1.12",
            "private_ip_addresses": [
              "10.0.1.12"
            ],
            "provision_vm_agent": true,
            "proximity_placement_group_id": "",
            "public_ip_address": "",
            "public_ip_addresses": [],
            "reboot_setting": "",
            "resource_group_name": "production_group",
            "secret": [],
            "secure_boot_enabled": false,
            "size": "Standard_DS1_v2",
            "source_image_id": "",
            "source_image_reference": [
              {
                "offer": "0001-com-ubuntu-server-jammy",
                "publisher": "Canonical",
                "sku": "22_04-lts",
                "version": "latest"
              }
            ],
            "tags": null,
            "termination_notification": null,
            "timeouts": null,
            "user_data": "",
            "virtual_machine_id": "1b921ed6-5eac-456f-a624-4ee85d6cb964",
            "virtual_machine_scale_set_id": "",
            "vm_agent_platform_updates_enabled": false,
            "vtpm_enabled": false,
            "zone": ""
          },
          "sensitive_attributes": [],
          "private": "eyJlMmJmYjczMC1lY2FhLTExZTYtOGY4OC0zNDM2M2JjN2M0YzAiOnsiY3JlYXRlIjoyNzAwMDAwMDAwMDAwLCJkZWxldGUiOjI3MDAwMDAwMDAwMDAsInJlYWQiOjMwMDAwMDAwMDAwMCwidXBkYXRlIjoyNzAwMDAwMDAwMDAwfX0=",
          "dependencies": [
            "module.prod_modules.azurerm_network_interface.nic_prod_nodes",
            "module.prod_modules.azurerm_public_ip.pubip_node_web",
            "module.prod_modules.azurerm_resource_group.prod_group",
            "module.prod_modules.azurerm_subnet.subnet_prod",
            "module.prod_modules.azurerm_virtual_network.vnet_prod",
            "module.prod_modules.tls_private_key.ssh_key_linux_openssh"
          ]
        }
      ]
    },
    {
      "module": "module.prod_modules",
      "mode": "managed",
      "type": "azurerm_network_interface",
      "name": "nic_prod_controller",
      "provider": "provider[\"registry.terraform.io/hashicorp/azurerm\"]",
      "instances": [
        {
          "schema_version": 0,
          "attributes": {
            "applied_dns_servers": [],
            "auxiliary_mode": "",
            "auxiliary_sku": "",
            "dns_servers": [],
            "edge_zone": "",
            "enable_accelerated_networking": false,
            "enable_ip_forwarding": false,
            "id": "/subscriptions/c20f51b2-62aa-4af4-8033-ed6246ab50ca/resourceGroups/production_group/providers/Microsoft.Network/networkInterfaces/nic_prod_controller",
            "internal_dns_name_label": "",
            "internal_domain_name_suffix": "oxe1uzclhdlerojbfnv45r5kvh.gx.internal.cloudapp.net",
            "ip_configuration": [
              {
                "gateway_load_balancer_frontend_ip_configuration_id": "",
                "name": "nic_controller_config",
                "primary": true,
                "private_ip_address": "10.1.1.4",
                "private_ip_address_allocation": "Dynamic",
                "private_ip_address_version": "IPv4",
                "public_ip_address_id": "/subscriptions/c20f51b2-62aa-4af4-8033-ed6246ab50ca/resourceGroups/production_group/providers/Microsoft.Network/publicIPAddresses/pubip_controller",
                "subnet_id": "/subscriptions/c20f51b2-62aa-4af4-8033-ed6246ab50ca/resourceGroups/production_group/providers/Microsoft.Network/virtualNetworks/vnet_prod_controller/subnets/subnet_controller_prod_internal"
              }
            ],
            "location": "centralus",
            "mac_address": "",
            "name": "nic_prod_controller",
            "private_ip_address": "10.1.1.4",
            "private_ip_addresses": [
              "10.1.1.4"
            ],
            "resource_group_name": "production_group",
            "tags": null,
            "timeouts": null,
            "virtual_machine_id": ""
          },
          "sensitive_attributes": [],
          "private": "eyJlMmJmYjczMC1lY2FhLTExZTYtOGY4OC0zNDM2M2JjN2M0YzAiOnsiY3JlYXRlIjoxODAwMDAwMDAwMDAwLCJkZWxldGUiOjE4MDAwMDAwMDAwMDAsInJlYWQiOjMwMDAwMDAwMDAwMCwidXBkYXRlIjoxODAwMDAwMDAwMDAwfX0=",
          "dependencies": [
            "module.prod_modules.azurerm_public_ip.pubip_controller",
            "module.prod_modules.azurerm_resource_group.prod_group",
            "module.prod_modules.azurerm_subnet.subnet_prod_controller",
            "module.prod_modules.azurerm_virtual_network.vnet_prod_controller"
          ]
        }
      ]
    },
    {
      "module": "module.prod_modules",
      "mode": "managed",
      "type": "azurerm_network_interface",
      "name": "nic_prod_nodes",
      "provider": "provider[\"registry.terraform.io/hashicorp/azurerm\"]",
      "instances": [
        {
          "index_key": 0,
          "schema_version": 0,
          "attributes": {
            "applied_dns_servers": [],
            "auxiliary_mode": "",
            "auxiliary_sku": "",
            "dns_servers": [],
            "edge_zone": "",
            "enable_accelerated_networking": false,
            "enable_ip_forwarding": false,
            "id": "/subscriptions/c20f51b2-62aa-4af4-8033-ed6246ab50ca/resourceGroups/production_group/providers/Microsoft.Network/networkInterfaces/nic_prod_node_0",
            "internal_dns_name_label": "",
            "internal_domain_name_suffix": "reazmdknj5mudh2ymfiptqlmxd.gx.internal.cloudapp.net",
            "ip_configuration": [
              {
                "gateway_load_balancer_frontend_ip_configuration_id": "",
                "name": "nic_node_0_config",
                "primary": true,
                "private_ip_address": "10.0.1.10",
                "private_ip_address_allocation": "Static",
                "private_ip_address_version": "IPv4",
                "public_ip_address_id": "/subscriptions/c20f51b2-62aa-4af4-8033-ed6246ab50ca/resourceGroups/production_group/providers/Microsoft.Network/publicIPAddresses/pubip_node_web",
                "subnet_id": "/subscriptions/c20f51b2-62aa-4af4-8033-ed6246ab50ca/resourceGroups/production_group/providers/Microsoft.Network/virtualNetworks/vnet_prod/subnets/subnet_prod_internal"
              }
            ],
            "location": "centralus",
            "mac_address": "",
            "name": "nic_prod_node_0",
            "private_ip_address": "10.0.1.10",
            "private_ip_addresses": [
              "10.0.1.10"
            ],
            "resource_group_name": "production_group",
            "tags": null,
            "timeouts": null,
            "virtual_machine_id": ""
          },
          "sensitive_attributes": [],
          "private": "eyJlMmJmYjczMC1lY2FhLTExZTYtOGY4OC0zNDM2M2JjN2M0YzAiOnsiY3JlYXRlIjoxODAwMDAwMDAwMDAwLCJkZWxldGUiOjE4MDAwMDAwMDAwMDAsInJlYWQiOjMwMDAwMDAwMDAwMCwidXBkYXRlIjoxODAwMDAwMDAwMDAwfX0=",
          "dependencies": [
            "module.prod_modules.azurerm_public_ip.pubip_node_web",
            "module.prod_modules.azurerm_resource_group.prod_group",
            "module.prod_modules.azurerm_subnet.subnet_prod",
            "module.prod_modules.azurerm_virtual_network.vnet_prod"
          ]
        },
        {
          "index_key": 1,
          "schema_version": 0,
          "attributes": {
            "applied_dns_servers": [],
            "auxiliary_mode": "",
            "auxiliary_sku": "",
            "dns_servers": [],
            "edge_zone": "",
            "enable_accelerated_networking": false,
            "enable_ip_forwarding": false,
            "id": "/subscriptions/c20f51b2-62aa-4af4-8033-ed6246ab50ca/resourceGroups/production_group/providers/Microsoft.Network/networkInterfaces/nic_prod_node_1",
            "internal_dns_name_label": "",
            "internal_domain_name_suffix": "reazmdknj5mudh2ymfiptqlmxd.gx.internal.cloudapp.net",
            "ip_configuration": [
              {
                "gateway_load_balancer_frontend_ip_configuration_id": "",
                "name": "nic_node_1_config",
                "primary": true,
                "private_ip_address": "10.0.1.11",
                "private_ip_address_allocation": "Static",
                "private_ip_address_version": "IPv4",
                "public_ip_address_id": "",
                "subnet_id": "/subscriptions/c20f51b2-62aa-4af4-8033-ed6246ab50ca/resourceGroups/production_group/providers/Microsoft.Network/virtualNetworks/vnet_prod/subnets/subnet_prod_internal"
              }
            ],
            "location": "centralus",
            "mac_address": "",
            "name": "nic_prod_node_1",
            "private_ip_address": "10.0.1.11",
            "private_ip_addresses": [
              "10.0.1.11"
            ],
            "resource_group_name": "production_group",
            "tags": null,
            "timeouts": null,
            "virtual_machine_id": ""
          },
          "sensitive_attributes": [],
          "private": "eyJlMmJmYjczMC1lY2FhLTExZTYtOGY4OC0zNDM2M2JjN2M0YzAiOnsiY3JlYXRlIjoxODAwMDAwMDAwMDAwLCJkZWxldGUiOjE4MDAwMDAwMDAwMDAsInJlYWQiOjMwMDAwMDAwMDAwMCwidXBkYXRlIjoxODAwMDAwMDAwMDAwfX0=",
          "dependencies": [
            "module.prod_modules.azurerm_public_ip.pubip_node_web",
            "module.prod_modules.azurerm_resource_group.prod_group",
            "module.prod_modules.azurerm_subnet.subnet_prod",
            "module.prod_modules.azurerm_virtual_network.vnet_prod"
          ]
        },
        {
          "index_key": 2,
          "schema_version": 0,
          "attributes": {
            "applied_dns_servers": [],
            "auxiliary_mode": "",
            "auxiliary_sku": "",
            "dns_servers": [],
            "edge_zone": "",
            "enable_accelerated_networking": false,
            "enable_ip_forwarding": false,
            "id": "/subscriptions/c20f51b2-62aa-4af4-8033-ed6246ab50ca/resourceGroups/production_group/providers/Microsoft.Network/networkInterfaces/nic_prod_node_2",
            "internal_dns_name_label": "",
            "internal_domain_name_suffix": "reazmdknj5mudh2ymfiptqlmxd.gx.internal.cloudapp.net",
            "ip_configuration": [
              {
                "gateway_load_balancer_frontend_ip_configuration_id": "",
                "name": "nic_node_2_config",
                "primary": true,
                "private_ip_address": "10.0.1.12",
                "private_ip_address_allocation": "Static",
                "private_ip_address_version": "IPv4",
                "public_ip_address_id": "",
                "subnet_id": "/subscriptions/c20f51b2-62aa-4af4-8033-ed6246ab50ca/resourceGroups/production_group/providers/Microsoft.Network/virtualNetworks/vnet_prod/subnets/subnet_prod_internal"
              }
            ],
            "location": "centralus",
            "mac_address": "",
            "name": "nic_prod_node_2",
            "private_ip_address": "10.0.1.12",
            "private_ip_addresses": [
              "10.0.1.12"
            ],
            "resource_group_name": "production_group",
            "tags": null,
            "timeouts": null,
            "virtual_machine_id": ""
          },
          "sensitive_attributes": [],
          "private": "eyJlMmJmYjczMC1lY2FhLTExZTYtOGY4OC0zNDM2M2JjN2M0YzAiOnsiY3JlYXRlIjoxODAwMDAwMDAwMDAwLCJkZWxldGUiOjE4MDAwMDAwMDAwMDAsInJlYWQiOjMwMDAwMDAwMDAwMCwidXBkYXRlIjoxODAwMDAwMDAwMDAwfX0=",
          "dependencies": [
            "module.prod_modules.azurerm_public_ip.pubip_node_web",
            "module.prod_modules.azurerm_resource_group.prod_group",
            "module.prod_modules.azurerm_subnet.subnet_prod",
            "module.prod_modules.azurerm_virtual_network.vnet_prod"
          ]
        }
      ]
    },
    {
      "module": "module.prod_modules",
      "mode": "managed",
      "type": "azurerm_network_interface_security_group_association",
      "name": "prod_sga_controller",
      "provider": "provider[\"registry.terraform.io/hashicorp/azurerm\"]",
      "instances": [
        {
          "schema_version": 0,
          "attributes": {
            "id": "/subscriptions/c20f51b2-62aa-4af4-8033-ed6246ab50ca/resourceGroups/production_group/providers/Microsoft.Network/networkInterfaces/nic_prod_controller|/subscriptions/c20f51b2-62aa-4af4-8033-ed6246ab50ca/resourceGroups/production_group/providers/Microsoft.Network/networkSecurityGroups/prod_security_group_controller",
            "network_interface_id": "/subscriptions/c20f51b2-62aa-4af4-8033-ed6246ab50ca/resourceGroups/production_group/providers/Microsoft.Network/networkInterfaces/nic_prod_controller",
            "network_security_group_id": "/subscriptions/c20f51b2-62aa-4af4-8033-ed6246ab50ca/resourceGroups/production_group/providers/Microsoft.Network/networkSecurityGroups/prod_security_group_controller",
            "timeouts": null
          },
          "sensitive_attributes": [],
          "private": "eyJlMmJmYjczMC1lY2FhLTExZTYtOGY4OC0zNDM2M2JjN2M0YzAiOnsiY3JlYXRlIjoxODAwMDAwMDAwMDAwLCJkZWxldGUiOjE4MDAwMDAwMDAwMDAsInJlYWQiOjMwMDAwMDAwMDAwMH19",
          "dependencies": [
            "module.prod_modules.azurerm_network_interface.nic_prod_controller",
            "module.prod_modules.azurerm_network_security_group.prod_security_group_controller",
            "module.prod_modules.azurerm_public_ip.pubip_controller",
            "module.prod_modules.azurerm_resource_group.prod_group",
            "module.prod_modules.azurerm_subnet.subnet_prod_controller",
            "module.prod_modules.azurerm_virtual_network.vnet_prod_controller"
          ]
        }
      ]
    },
    {
      "module": "module.prod_modules",
      "mode": "managed",
      "type": "azurerm_network_interface_security_group_association",
      "name": "prod_sga_nodes",
      "provider": "provider[\"registry.terraform.io/hashicorp/azurerm\"]",
      "instances": [
        {
          "index_key": "0",
          "schema_version": 0,
          "attributes": {
            "id": "/subscriptions/c20f51b2-62aa-4af4-8033-ed6246ab50ca/resourceGroups/production_group/providers/Microsoft.Network/networkInterfaces/nic_prod_node_0|/subscriptions/c20f51b2-62aa-4af4-8033-ed6246ab50ca/resourceGroups/production_group/providers/Microsoft.Network/networkSecurityGroups/prod_security_group_nodes",
            "network_interface_id": "/subscriptions/c20f51b2-62aa-4af4-8033-ed6246ab50ca/resourceGroups/production_group/providers/Microsoft.Network/networkInterfaces/nic_prod_node_0",
            "network_security_group_id": "/subscriptions/c20f51b2-62aa-4af4-8033-ed6246ab50ca/resourceGroups/production_group/providers/Microsoft.Network/networkSecurityGroups/prod_security_group_nodes",
            "timeouts": null
          },
          "sensitive_attributes": [],
          "private": "eyJlMmJmYjczMC1lY2FhLTExZTYtOGY4OC0zNDM2M2JjN2M0YzAiOnsiY3JlYXRlIjoxODAwMDAwMDAwMDAwLCJkZWxldGUiOjE4MDAwMDAwMDAwMDAsInJlYWQiOjMwMDAwMDAwMDAwMH19",
          "dependencies": [
            "module.prod_modules.azurerm_network_interface.nic_prod_nodes",
            "module.prod_modules.azurerm_network_security_group.prod_security_group_nodes",
            "module.prod_modules.azurerm_public_ip.pubip_node_web",
            "module.prod_modules.azurerm_resource_group.prod_group",
            "module.prod_modules.azurerm_subnet.subnet_prod",
            "module.prod_modules.azurerm_virtual_network.vnet_prod"
          ]
        },
        {
          "index_key": "1",
          "schema_version": 0,
          "attributes": {
            "id": "/subscriptions/c20f51b2-62aa-4af4-8033-ed6246ab50ca/resourceGroups/production_group/providers/Microsoft.Network/networkInterfaces/nic_prod_node_1|/subscriptions/c20f51b2-62aa-4af4-8033-ed6246ab50ca/resourceGroups/production_group/providers/Microsoft.Network/networkSecurityGroups/prod_security_group_nodes",
            "network_interface_id": "/subscriptions/c20f51b2-62aa-4af4-8033-ed6246ab50ca/resourceGroups/production_group/providers/Microsoft.Network/networkInterfaces/nic_prod_node_1",
            "network_security_group_id": "/subscriptions/c20f51b2-62aa-4af4-8033-ed6246ab50ca/resourceGroups/production_group/providers/Microsoft.Network/networkSecurityGroups/prod_security_group_nodes",
            "timeouts": null
          },
          "sensitive_attributes": [],
          "private": "eyJlMmJmYjczMC1lY2FhLTExZTYtOGY4OC0zNDM2M2JjN2M0YzAiOnsiY3JlYXRlIjoxODAwMDAwMDAwMDAwLCJkZWxldGUiOjE4MDAwMDAwMDAwMDAsInJlYWQiOjMwMDAwMDAwMDAwMH19",
          "dependencies": [
            "module.prod_modules.azurerm_network_interface.nic_prod_nodes",
            "module.prod_modules.azurerm_network_security_group.prod_security_group_nodes",
            "module.prod_modules.azurerm_public_ip.pubip_node_web",
            "module.prod_modules.azurerm_resource_group.prod_group",
            "module.prod_modules.azurerm_subnet.subnet_prod",
            "module.prod_modules.azurerm_virtual_network.vnet_prod"
          ]
        },
        {
          "index_key": "2",
          "schema_version": 0,
          "attributes": {
            "id": "/subscriptions/c20f51b2-62aa-4af4-8033-ed6246ab50ca/resourceGroups/production_group/providers/Microsoft.Network/networkInterfaces/nic_prod_node_2|/subscriptions/c20f51b2-62aa-4af4-8033-ed6246ab50ca/resourceGroups/production_group/providers/Microsoft.Network/networkSecurityGroups/prod_security_group_nodes",
            "network_interface_id": "/subscriptions/c20f51b2-62aa-4af4-8033-ed6246ab50ca/resourceGroups/production_group/providers/Microsoft.Network/networkInterfaces/nic_prod_node_2",
            "network_security_group_id": "/subscriptions/c20f51b2-62aa-4af4-8033-ed6246ab50ca/resourceGroups/production_group/providers/Microsoft.Network/networkSecurityGroups/prod_security_group_nodes",
            "timeouts": null
          },
          "sensitive_attributes": [],
          "private": "eyJlMmJmYjczMC1lY2FhLTExZTYtOGY4OC0zNDM2M2JjN2M0YzAiOnsiY3JlYXRlIjoxODAwMDAwMDAwMDAwLCJkZWxldGUiOjE4MDAwMDAwMDAwMDAsInJlYWQiOjMwMDAwMDAwMDAwMH19",
          "dependencies": [
            "module.prod_modules.azurerm_network_interface.nic_prod_nodes",
            "module.prod_modules.azurerm_network_security_group.prod_security_group_nodes",
            "module.prod_modules.azurerm_public_ip.pubip_node_web",
            "module.prod_modules.azurerm_resource_group.prod_group",
            "module.prod_modules.azurerm_subnet.subnet_prod",
            "module.prod_modules.azurerm_virtual_network.vnet_prod"
          ]
        }
      ]
    },
    {
      "module": "module.prod_modules",
      "mode": "managed",
      "type": "azurerm_network_security_group",
      "name": "prod_security_group_controller",
      "provider": "provider[\"registry.terraform.io/hashicorp/azurerm\"]",
      "instances": [
        {
          "schema_version": 0,
          "attributes": {
            "id": "/subscriptions/c20f51b2-62aa-4af4-8033-ed6246ab50ca/resourceGroups/production_group/providers/Microsoft.Network/networkSecurityGroups/prod_security_group_controller",
            "location": "centralus",
            "name": "prod_security_group_controller",
            "resource_group_name": "production_group",
            "security_rule": [
              {
                "access": "Allow",
                "description": "",
                "destination_address_prefix": "10.1.1.0/24",
                "destination_address_prefixes": [],
                "destination_application_security_group_ids": [],
                "destination_port_range": "22",
                "destination_port_ranges": [],
                "direction": "Inbound",
                "name": "SSH",
                "priority": 100,
                "protocol": "Tcp",
                "source_address_prefix": "*",
                "source_address_prefixes": [],
                "source_application_security_group_ids": [],
                "source_port_range": "*",
                "source_port_ranges": []
              }
            ],
            "tags": {
              "env": "Production"
            },
            "timeouts": null
          },
          "sensitive_attributes": [],
          "private": "eyJlMmJmYjczMC1lY2FhLTExZTYtOGY4OC0zNDM2M2JjN2M0YzAiOnsiY3JlYXRlIjoxODAwMDAwMDAwMDAwLCJkZWxldGUiOjE4MDAwMDAwMDAwMDAsInJlYWQiOjMwMDAwMDAwMDAwMCwidXBkYXRlIjoxODAwMDAwMDAwMDAwfX0=",
          "dependencies": [
            "module.prod_modules.azurerm_resource_group.prod_group",
            "module.prod_modules.azurerm_subnet.subnet_prod_controller",
            "module.prod_modules.azurerm_virtual_network.vnet_prod_controller"
          ]
        }
      ]
    },
    {
      "module": "module.prod_modules",
      "mode": "managed",
      "type": "azurerm_network_security_group",
      "name": "prod_security_group_nodes",
      "provider": "provider[\"registry.terraform.io/hashicorp/azurerm\"]",
      "instances": [
        {
          "schema_version": 0,
          "attributes": {
            "id": "/subscriptions/c20f51b2-62aa-4af4-8033-ed6246ab50ca/resourceGroups/production_group/providers/Microsoft.Network/networkSecurityGroups/prod_security_group_nodes",
            "location": "centralus",
            "name": "prod_security_group_nodes",
            "resource_group_name": "production_group",
            "security_rule": [
              {
                "access": "Allow",
                "description": "",
                "destination_address_prefix": "10.0.1.0/24",
                "destination_address_prefixes": [],
                "destination_application_security_group_ids": [],
                "destination_port_range": "22",
                "destination_port_ranges": [],
                "direction": "Inbound",
                "name": "SSH",
                "priority": 100,
                "protocol": "Tcp",
                "source_address_prefix": "10.1.1.0/24",
                "source_address_prefixes": [],
                "source_application_security_group_ids": [],
                "source_port_range": "*",
                "source_port_ranges": []
              },
              {
                "access": "Allow",
                "description": "",
                "destination_address_prefix": "10.0.1.10/32",
                "destination_address_prefixes": [],
                "destination_application_security_group_ids": [],
                "destination_port_range": "80",
                "destination_port_ranges": [],
                "direction": "Inbound",
                "name": "HTTP-APP",
                "priority": 101,
                "protocol": "Tcp",
                "source_address_prefix": "*",
                "source_address_prefixes": [],
                "source_application_security_group_ids": [],
                "source_port_range": "*",
                "source_port_ranges": []
              },
              {
                "access": "Allow",
                "description": "",
                "destination_address_prefix": "10.0.1.11/32",
                "destination_address_prefixes": [],
                "destination_application_security_group_ids": [],
                "destination_port_range": "80",
                "destination_port_ranges": [],
                "direction": "Inbound",
                "name": "HTTP-API",
                "priority": 102,
                "protocol": "Tcp",
                "source_address_prefix": "10.0.1.10/32",
                "source_address_prefixes": [],
                "source_application_security_group_ids": [],
                "source_port_range": "*",
                "source_port_ranges": []
              },
              {
                "access": "Allow",
                "description": "",
                "destination_address_prefix": "10.0.1.12/32",
                "destination_address_prefixes": [],
                "destination_application_security_group_ids": [],
                "destination_port_range": "3306",
                "destination_port_ranges": [],
                "direction": "Inbound",
                "name": "MYSQL",
                "priority": 103,
                "protocol": "Tcp",
                "source_address_prefix": "10.0.1.11/32",
                "source_address_prefixes": [],
                "source_application_security_group_ids": [],
                "source_port_range": "*",
                "source_port_ranges": []
              }
            ],
            "tags": {
              "env": "Production"
            },
            "timeouts": null
          },
          "sensitive_attributes": [],
          "private": "eyJlMmJmYjczMC1lY2FhLTExZTYtOGY4OC0zNDM2M2JjN2M0YzAiOnsiY3JlYXRlIjoxODAwMDAwMDAwMDAwLCJkZWxldGUiOjE4MDAwMDAwMDAwMDAsInJlYWQiOjMwMDAwMDAwMDAwMCwidXBkYXRlIjoxODAwMDAwMDAwMDAwfX0=",
          "dependencies": [
            "module.prod_modules.azurerm_resource_group.prod_group"
          ]
        }
      ]
    },
    {
      "module": "module.prod_modules",
      "mode": "managed",
      "type": "azurerm_public_ip",
      "name": "pubip_controller",
      "provider": "provider[\"registry.terraform.io/hashicorp/azurerm\"]",
      "instances": [
        {
          "schema_version": 0,
          "attributes": {
            "allocation_method": "Static",
            "ddos_protection_mode": "VirtualNetworkInherited",
            "ddos_protection_plan_id": null,
            "domain_name_label": null,
            "edge_zone": "",
            "fqdn": null,
            "id": "/subscriptions/c20f51b2-62aa-4af4-8033-ed6246ab50ca/resourceGroups/production_group/providers/Microsoft.Network/publicIPAddresses/pubip_controller",
            "idle_timeout_in_minutes": 4,
            "ip_address": "52.176.150.1",
            "ip_tags": null,
            "ip_version": "IPv4",
            "location": "centralus",
            "name": "pubip_controller",
            "public_ip_prefix_id": null,
            "resource_group_name": "production_group",
            "reverse_fqdn": null,
            "sku": "Basic",
            "sku_tier": "Regional",
            "tags": {
              "environment": "Production"
            },
            "timeouts": null,
            "zones": null
          },
          "sensitive_attributes": [],
          "private": "eyJlMmJmYjczMC1lY2FhLTExZTYtOGY4OC0zNDM2M2JjN2M0YzAiOnsiY3JlYXRlIjoxODAwMDAwMDAwMDAwLCJkZWxldGUiOjE4MDAwMDAwMDAwMDAsInJlYWQiOjMwMDAwMDAwMDAwMCwidXBkYXRlIjoxODAwMDAwMDAwMDAwfX0=",
          "dependencies": [
            "module.prod_modules.azurerm_resource_group.prod_group"
          ]
        }
      ]
    },
    {
      "module": "module.prod_modules",
      "mode": "managed",
      "type": "azurerm_public_ip",
      "name": "pubip_node_web",
      "provider": "provider[\"registry.terraform.io/hashicorp/azurerm\"]",
      "instances": [
        {
          "schema_version": 0,
          "attributes": {
            "allocation_method": "Static",
            "ddos_protection_mode": "VirtualNetworkInherited",
            "ddos_protection_plan_id": null,
            "domain_name_label": null,
            "edge_zone": "",
            "fqdn": null,
            "id": "/subscriptions/c20f51b2-62aa-4af4-8033-ed6246ab50ca/resourceGroups/production_group/providers/Microsoft.Network/publicIPAddresses/pubip_node_web",
            "idle_timeout_in_minutes": 4,
            "ip_address": "52.176.149.194",
            "ip_tags": null,
            "ip_version": "IPv4",
            "location": "centralus",
            "name": "pubip_node_web",
            "public_ip_prefix_id": null,
            "resource_group_name": "production_group",
            "reverse_fqdn": null,
            "sku": "Basic",
            "sku_tier": "Regional",
            "tags": {
              "environment": "Production"
            },
            "timeouts": null,
            "zones": null
          },
          "sensitive_attributes": [],
          "private": "eyJlMmJmYjczMC1lY2FhLTExZTYtOGY4OC0zNDM2M2JjN2M0YzAiOnsiY3JlYXRlIjoxODAwMDAwMDAwMDAwLCJkZWxldGUiOjE4MDAwMDAwMDAwMDAsInJlYWQiOjMwMDAwMDAwMDAwMCwidXBkYXRlIjoxODAwMDAwMDAwMDAwfX0=",
          "dependencies": [
            "module.prod_modules.azurerm_resource_group.prod_group"
          ]
        }
      ]
    },
    {
      "module": "module.prod_modules",
      "mode": "managed",
      "type": "azurerm_resource_group",
      "name": "prod_group",
      "provider": "provider[\"registry.terraform.io/hashicorp/azurerm\"]",
      "instances": [
        {
          "schema_version": 0,
          "attributes": {
            "id": "/subscriptions/c20f51b2-62aa-4af4-8033-ed6246ab50ca/resourceGroups/production_group",
            "location": "centralus",
            "managed_by": "",
            "name": "production_group",
            "tags": null,
            "timeouts": null
          },
          "sensitive_attributes": [],
          "private": "eyJlMmJmYjczMC1lY2FhLTExZTYtOGY4OC0zNDM2M2JjN2M0YzAiOnsiY3JlYXRlIjo1NDAwMDAwMDAwMDAwLCJkZWxldGUiOjU0MDAwMDAwMDAwMDAsInJlYWQiOjMwMDAwMDAwMDAwMCwidXBkYXRlIjo1NDAwMDAwMDAwMDAwfX0="
        }
      ]
    },
    {
      "module": "module.prod_modules",
      "mode": "managed",
      "type": "azurerm_subnet",
      "name": "subnet_prod",
      "provider": "provider[\"registry.terraform.io/hashicorp/azurerm\"]",
      "instances": [
        {
          "schema_version": 0,
          "attributes": {
            "address_prefixes": [
              "10.0.0.0/16"
            ],
            "delegation": [],
            "enforce_private_link_endpoint_network_policies": false,
            "enforce_private_link_service_network_policies": false,
            "id": "/subscriptions/c20f51b2-62aa-4af4-8033-ed6246ab50ca/resourceGroups/production_group/providers/Microsoft.Network/virtualNetworks/vnet_prod/subnets/subnet_prod_internal",
            "name": "subnet_prod_internal",
            "private_endpoint_network_policies_enabled": true,
            "private_link_service_network_policies_enabled": true,
            "resource_group_name": "production_group",
            "service_endpoint_policy_ids": null,
            "service_endpoints": null,
            "timeouts": null,
            "virtual_network_name": "vnet_prod"
          },
          "sensitive_attributes": [],
          "private": "eyJlMmJmYjczMC1lY2FhLTExZTYtOGY4OC0zNDM2M2JjN2M0YzAiOnsiY3JlYXRlIjoxODAwMDAwMDAwMDAwLCJkZWxldGUiOjE4MDAwMDAwMDAwMDAsInJlYWQiOjMwMDAwMDAwMDAwMCwidXBkYXRlIjoxODAwMDAwMDAwMDAwfX0=",
          "dependencies": [
            "module.prod_modules.azurerm_resource_group.prod_group",
            "module.prod_modules.azurerm_virtual_network.vnet_prod"
          ]
        }
      ]
    },
    {
      "module": "module.prod_modules",
      "mode": "managed",
      "type": "azurerm_subnet",
      "name": "subnet_prod_controller",
      "provider": "provider[\"registry.terraform.io/hashicorp/azurerm\"]",
      "instances": [
        {
          "schema_version": 0,
          "attributes": {
            "address_prefixes": [
              "10.1.1.0/24"
            ],
            "delegation": [],
            "enforce_private_link_endpoint_network_policies": false,
            "enforce_private_link_service_network_policies": false,
            "id": "/subscriptions/c20f51b2-62aa-4af4-8033-ed6246ab50ca/resourceGroups/production_group/providers/Microsoft.Network/virtualNetworks/vnet_prod_controller/subnets/subnet_controller_prod_internal",
            "name": "subnet_controller_prod_internal",
            "private_endpoint_network_policies_enabled": true,
            "private_link_service_network_policies_enabled": true,
            "resource_group_name": "production_group",
            "service_endpoint_policy_ids": null,
            "service_endpoints": null,
            "timeouts": null,
            "virtual_network_name": "vnet_prod_controller"
          },
          "sensitive_attributes": [],
          "private": "eyJlMmJmYjczMC1lY2FhLTExZTYtOGY4OC0zNDM2M2JjN2M0YzAiOnsiY3JlYXRlIjoxODAwMDAwMDAwMDAwLCJkZWxldGUiOjE4MDAwMDAwMDAwMDAsInJlYWQiOjMwMDAwMDAwMDAwMCwidXBkYXRlIjoxODAwMDAwMDAwMDAwfX0=",
          "dependencies": [
            "module.prod_modules.azurerm_resource_group.prod_group",
            "module.prod_modules.azurerm_virtual_network.vnet_prod_controller"
          ]
        }
      ]
    },
    {
      "module": "module.prod_modules",
      "mode": "managed",
      "type": "azurerm_virtual_network",
      "name": "vnet_prod",
      "provider": "provider[\"registry.terraform.io/hashicorp/azurerm\"]",
      "instances": [
        {
          "schema_version": 0,
          "attributes": {
            "address_space": [
              "10.0.0.0/16"
            ],
            "bgp_community": "",
            "ddos_protection_plan": [],
            "dns_servers": [],
            "edge_zone": "",
            "encryption": [],
            "flow_timeout_in_minutes": 0,
            "guid": "0d960189-4f4d-41d9-9f98-6150f9c16cbb",
            "id": "/subscriptions/c20f51b2-62aa-4af4-8033-ed6246ab50ca/resourceGroups/production_group/providers/Microsoft.Network/virtualNetworks/vnet_prod",
            "location": "centralus",
            "name": "vnet_prod",
            "resource_group_name": "production_group",
            "subnet": [],
            "tags": null,
            "timeouts": null
          },
          "sensitive_attributes": [],
          "private": "eyJlMmJmYjczMC1lY2FhLTExZTYtOGY4OC0zNDM2M2JjN2M0YzAiOnsiY3JlYXRlIjoxODAwMDAwMDAwMDAwLCJkZWxldGUiOjE4MDAwMDAwMDAwMDAsInJlYWQiOjMwMDAwMDAwMDAwMCwidXBkYXRlIjoxODAwMDAwMDAwMDAwfX0=",
          "dependencies": [
            "module.prod_modules.azurerm_resource_group.prod_group"
          ]
        }
      ]
    },
    {
      "module": "module.prod_modules",
      "mode": "managed",
      "type": "azurerm_virtual_network",
      "name": "vnet_prod_controller",
      "provider": "provider[\"registry.terraform.io/hashicorp/azurerm\"]",
      "instances": [
        {
          "schema_version": 0,
          "attributes": {
            "address_space": [
              "10.1.0.0/16"
            ],
            "bgp_community": "",
            "ddos_protection_plan": [],
            "dns_servers": [],
            "edge_zone": "",
            "encryption": [],
            "flow_timeout_in_minutes": 0,
            "guid": "64bac975-384b-48d6-b921-2b6befc7eaaf",
            "id": "/subscriptions/c20f51b2-62aa-4af4-8033-ed6246ab50ca/resourceGroups/production_group/providers/Microsoft.Network/virtualNetworks/vnet_prod_controller",
            "location": "centralus",
            "name": "vnet_prod_controller",
            "resource_group_name": "production_group",
            "subnet": [],
            "tags": null,
            "timeouts": null
          },
          "sensitive_attributes": [],
          "private": "eyJlMmJmYjczMC1lY2FhLTExZTYtOGY4OC0zNDM2M2JjN2M0YzAiOnsiY3JlYXRlIjoxODAwMDAwMDAwMDAwLCJkZWxldGUiOjE4MDAwMDAwMDAwMDAsInJlYWQiOjMwMDAwMDAwMDAwMCwidXBkYXRlIjoxODAwMDAwMDAwMDAwfX0=",
          "dependencies": [
            "module.prod_modules.azurerm_resource_group.prod_group"
          ]
        }
      ]
    },
    {
      "module": "module.prod_modules",
      "mode": "managed",
      "type": "azurerm_virtual_network_peering",
      "name": "vnet_controller_to_prod",
      "provider": "provider[\"registry.terraform.io/hashicorp/azurerm\"]",
      "instances": [
        {
          "schema_version": 0,
          "attributes": {
            "allow_forwarded_traffic": false,
            "allow_gateway_transit": false,
            "allow_virtual_network_access": true,
            "id": "/subscriptions/c20f51b2-62aa-4af4-8033-ed6246ab50ca/resourceGroups/production_group/providers/Microsoft.Network/virtualNetworks/vnet_prod_controller/virtualNetworkPeerings/vnet-controller-to-prod",
            "name": "vnet-controller-to-prod",
            "remote_virtual_network_id": "/subscriptions/c20f51b2-62aa-4af4-8033-ed6246ab50ca/resourceGroups/production_group/providers/Microsoft.Network/virtualNetworks/vnet_prod",
            "resource_group_name": "production_group",
            "timeouts": null,
            "triggers": null,
            "use_remote_gateways": false,
            "virtual_network_name": "vnet_prod_controller"
          },
          "sensitive_attributes": [],
          "private": "eyJlMmJmYjczMC1lY2FhLTExZTYtOGY4OC0zNDM2M2JjN2M0YzAiOnsiY3JlYXRlIjoxODAwMDAwMDAwMDAwLCJkZWxldGUiOjE4MDAwMDAwMDAwMDAsInJlYWQiOjMwMDAwMDAwMDAwMCwidXBkYXRlIjoxODAwMDAwMDAwMDAwfX0=",
          "dependencies": [
            "module.prod_modules.azurerm_resource_group.prod_group",
            "module.prod_modules.azurerm_virtual_network.vnet_prod",
            "module.prod_modules.azurerm_virtual_network.vnet_prod_controller"
          ]
        }
      ]
    },
    {
      "module": "module.prod_modules",
      "mode": "managed",
      "type": "azurerm_virtual_network_peering",
      "name": "vnet_prod_to_controller",
      "provider": "provider[\"registry.terraform.io/hashicorp/azurerm\"]",
      "instances": [
        {
          "schema_version": 0,
          "attributes": {
            "allow_forwarded_traffic": false,
            "allow_gateway_transit": false,
            "allow_virtual_network_access": true,
            "id": "/subscriptions/c20f51b2-62aa-4af4-8033-ed6246ab50ca/resourceGroups/production_group/providers/Microsoft.Network/virtualNetworks/vnet_prod/virtualNetworkPeerings/vnet-prod-to-controller",
            "name": "vnet-prod-to-controller",
            "remote_virtual_network_id": "/subscriptions/c20f51b2-62aa-4af4-8033-ed6246ab50ca/resourceGroups/production_group/providers/Microsoft.Network/virtualNetworks/vnet_prod_controller",
            "resource_group_name": "production_group",
            "timeouts": null,
            "triggers": null,
            "use_remote_gateways": false,
            "virtual_network_name": "vnet_prod"
          },
          "sensitive_attributes": [],
          "private": "eyJlMmJmYjczMC1lY2FhLTExZTYtOGY4OC0zNDM2M2JjN2M0YzAiOnsiY3JlYXRlIjoxODAwMDAwMDAwMDAwLCJkZWxldGUiOjE4MDAwMDAwMDAwMDAsInJlYWQiOjMwMDAwMDAwMDAwMCwidXBkYXRlIjoxODAwMDAwMDAwMDAwfX0=",
          "dependencies": [
            "module.prod_modules.azurerm_resource_group.prod_group",
            "module.prod_modules.azurerm_virtual_network.vnet_prod",
            "module.prod_modules.azurerm_virtual_network.vnet_prod_controller"
          ]
        }
      ]
    },
    {
      "module": "module.prod_modules",
      "mode": "managed",
      "type": "local_file",
      "name": "export_private_key",
      "provider": "provider[\"registry.terraform.io/hashicorp/local\"]",
      "instances": [
        {
          "schema_version": 0,
          "attributes": {
            "content": "-----BEGIN RSA PRIVATE KEY-----\nMIIJKwIBAAKCAgEA23WknLNpLTtxFt/g2ZzylD1kWevT20LgSLS4PVzNh3ThkarC\nWQDV796tE2E8C31pPIjo0q+VxQorl3b24X7aYT3erxMSFB6Jru92VKKDAS86aGlj\nhSrzTj1v5C5v0aebOkg4AfUfNliCSfrGMjwXIx+IolGBkfvXqJMI7jXrLekqLqhC\nVwCSyQmOZrQZO1kqUD7IP3YMGU28jXFrQYFL3T9qfmsypC0HIaRcCyKeIWuqUcYq\ndDhFKA1EAH+gLWmHMH4BwAbJMyjy6E6cSs7BjGpfRXVsogAK9KRIL/OU+WawBCXA\nuLoM/vBcgvF6Mo2m2AIWSizxWkN4GdHwQEhCAAQ2+nu0+S7A9kb1ZXo8JDnbJMrP\nIdpz53pYab/OUnpYou9DQzVaIO+cppQr4zHQN2aLOmndae3BLJlmY8leJlmPZuPC\nRUIrY3qW+Dw4ElmSStZt21I/nktvPWo3eGMcyAtmfhtem+bPIxVDsZApRG8ClBKL\n9Hluzx8IIud9uzTy8x9aQCv5b1jb8F2l4UX01ILPwR60cvfdtv49Fhow38p+nYo7\nP5JSvqlaxw/o/I0bQcUQsbQwc6Hj1kT19Njt/lRFrM26BZntThvQH0F8c+2qN9Y8\nEY7kIwKvAXGn1Tt43PwTDaX5HutT43VtNacZAXqoUbkxFdfqNAXioK/aWeECAwEA\nAQKCAgEAo9NHZf78Zdq4ykWoGWrzHzxRHFtSlJxwx3W5D32mpBbZiJ87Y6ufCOhm\ntU/hvgYJuDnP6+9NU4ELF4+kLqM+rFa+VF1dIo3FZES4Refm+cxiwqzhsPhmFqMA\nUwtjR9PhqfldbgCpIy2hXU6KA9gdwYd5vQoxOmQREnNouEKh5Gzpo1jR5Ra1fMPY\nfMy3BTnDv5GOdOlPkNgaCFCBq620j14WxnaJoEtIxpFmcJ2QBAzWYSMYcBfNcF+u\nwtyDG0NquwVlkw69xaYs5sRAIgwEKikCI9zLkoeLpiK5DKq+LAu/G+l+26dvqiSO\nOuW+vdxGj3vHXen85c/16Phya9pFAVGxNdCGV74ece+T1v4QKR4+fK7M1e8tHM5t\ndIZ5BgqtbJCK/DYBOKoOtjgD9FCFJcifAnnH8T2KlUR+1HnduR5TFocF7tpyLV7U\nYcEs4SA7KrFWjGFevR3DmoyECAXK3NigJvXf53VweVe8wH7Q9RaiDsxmpOwDxdZL\nAMyyf4nU0bYJjdp7Fe7POm3SgrC3UDKQpWhaTZ5Ln3PpuTLVxq0cg2FLuF2aIoi5\nuY0+wv8QurhCA6GGJZPe9Cd8uxNB77JuftpioxD9tE0KwF3i7Z7KYC7ZAnU+8d+H\nJ0IcKgoknNligaf4uc+as/8Hhu0/w/cRZ8Aw4ZAsoDZh61pHoW0CggEBAOAATAtg\nX6Ckw8rH6xMFppKCify+Xv0dh6Bp/9N0FnoDCpY7iJlC5xi8yCv02Pv/tSRoliV0\nOTdrXjH6e9S9x9HdOeopxIDbgslqoO097yK1KEhD7gXBX2jNa0qtPY9sigXS6IGs\nwrdpt1/2v+8oSomXtJimemLzUZFu1QO888voolT0hFQWFne7vmrjZWEgFLQxf5HB\nHmGTAAD+OLpCbeKrQpPJ2OpmscoYh3TZ6TFgWIV0X9ZwXDrQn9Aj9LtWUDD2d13I\nVPwoqMOq3ROEb9iQPzG0egc9hPPA96QFJQ4PO7t8hOzDLti3hjNQGaDgyXp8FTnr\nICEPpcHBTrI6dKcCggEBAPrPQmkr2e5GpQocZUTNPozgOf421J/WSxx5bnXcLPbM\nRDtqVzg6NVZ3jEf1q83qo6+liECcGWc5BFJKkueXOPmBpJ7Q8uj1ytMVHX6cxh+v\nxIwIZa7aERYAzFHKubM/CNAhLFwjRrGMvubpUn/IwEvuR6GCzUzaE+Yp0MryzBYt\nrOh1O88iUhqEboREHHwRH+7DeKP93TBrjn7mmp+SYhZxXsXotr8EQuaNRLaGFPnj\n6nEM+baO+gVXRO1+FJthsc8yoaPS6flXgXMBOVKN7N8gRC+qnjtNr9TUtTW479jx\nWHccbFwTriuRchn/OxzuYlGIyHQSbJM2dgiMv88BpjcCggEBAJSVnduuAcC9imJo\nWjYz+VoV3RIZ9UhQ3jY6GchZqM8mVU9yDhobls+B6gW+VHBUHgQYnAAcKBfq0IC2\ndo2XlYRQCqqZKg+PjCGu6TB1dLrBEAdfh/OpYXBTUmgmoj8Q8D0Muc3Kmx6usUSm\nmIo7X7YFO3ZGd8hLPkAKFKJ2JAGOPp+70ks0m5Kwpo6gaA8VCKa+brBwOYbfy5Dd\nESP8DIfesjr2GTzjAevceX25TkXCcvWTTD8iKQuad2fJcf0SM/9Gfcdnq3fYQJoK\nLLtVjhtJE6IU5R0IYbiOt7XE899vm1+yKToj/l8i3ZIL//QHJ55n0Gyq2pUTnA/5\n+gmfXOECggEBALj1Y1o/1mUbf9Ym/p9wZHJrYRkRwldlJtsGyejsx9Pw61iNoWh7\ntJ3hZ3ghueMO6Es93W8YLruqln9BM3jKUl/dtVLRcHFP4ZUseyXF4222p1FFWAdM\nFVGOoR6oS63eDFfAPwBrm1SQILAU3JwTpYvZWsXGujO0lvwjVjB0QQESCfMbkVG9\nU6LuirnLqN3tmwju6ea17gopJ1p6IQkQYHmAfY2hgjL3p4ZyI3wfARUPePKJyRVR\n9xs9Mj2ZvwSfVQshoYY4ogcY+wOeoXE57LbXCrHENxAwyDxB6KiHi4kG4mBke5yj\nfsvuZKC7UhKR0bujDYBbneoqPX0snr6/zp0CggEBAKOdPErmlu31ew0xGezn/5fK\nJrWo8D6tqL2hz/rB72/kCJhZip0qcPQoSsDJuD2huNTTKSH/8KHhjNJz2fasfdiB\n/U6SjJlFyTNR71/0rXBewpQz1qHybY7seQdCNq5CyEOaGAtYe1WKiarokpsVVJhE\n1qWPL0hmxeb5Ybbsp3G/CZ36wwN07geYBN2XHp0rmjDgdjDDEVrgNzOdZCuAWgGA\njxT7hcMMs875WHl6z2Mo+fBxlTJoayl9gvSAlo9bxsGRShlX/LGovG+OWdUSBuvO\nGf4CexZLCulk6oSBhiRDLCE6YaQzuBWU2RhHyMs2CbmH0FuZIXFv/rKzgD7PEdI=\n-----END RSA PRIVATE KEY-----\n",
            "content_base64": null,
            "content_base64sha256": "nFpIFJ1n1McG1T7emnhyr5TAtVL/9cqdwzvGgmHV200=",
            "content_base64sha512": "kgdznTH6PNyeO9HCnHMLk50evhgd+EhLn4MnsVSoZjtE2fPpmm68nAuwJYM0NBib924ZH7/PriADOIXssd7UvA==",
            "content_md5": "f4dcb6acaf08f21a6ef77da900510d00",
            "content_sha1": "1a468b97a4e5e32fc1d6d830e34a123bf9235d68",
            "content_sha256": "9c5a48149d67d4c706d53ede9a7872af94c0b552fff5ca9dc33bc68261d5db4d",
            "content_sha512": "9207739d31fa3cdc9e3bd1c29c730b939d1ebe181df8484b9f8327b154a8663b44d9f3e99a6ebc9c0bb025833434189bf76e191fbfcfae20033885ecb1ded4bc",
            "directory_permission": "0777",
            "file_permission": "0777",
            "filename": "priv.pem",
            "id": "1a468b97a4e5e32fc1d6d830e34a123bf9235d68",
            "sensitive_content": null,
            "source": null
          },
          "sensitive_attributes": [
            [
              {
                "type": "get_attr",
                "value": "content"
              }
            ]
          ],
          "dependencies": [
            "module.prod_modules.tls_private_key.ssh_key_linux_openssh"
          ]
        }
      ]
    },
    {
      "module": "module.prod_modules",
      "mode": "managed",
      "type": "local_file",
      "name": "export_public_key",
      "provider": "provider[\"registry.terraform.io/hashicorp/local\"]",
      "instances": [
        {
          "schema_version": 0,
          "attributes": {
            "content": "ssh-rsa AAAAB3NzaC1yc2EAAAADAQABAAACAQDbdaScs2ktO3EW3+DZnPKUPWRZ69PbQuBItLg9XM2HdOGRqsJZANXv3q0TYTwLfWk8iOjSr5XFCiuXdvbhftphPd6vExIUHomu73ZUooMBLzpoaWOFKvNOPW/kLm/Rp5s6SDgB9R82WIJJ+sYyPBcjH4iiUYGR+9eokwjuNest6SouqEJXAJLJCY5mtBk7WSpQPsg/dgwZTbyNcWtBgUvdP2p+azKkLQchpFwLIp4ha6pRxip0OEUoDUQAf6AtaYcwfgHABskzKPLoTpxKzsGMal9FdWyiAAr0pEgv85T5ZrAEJcC4ugz+8FyC8XoyjabYAhZKLPFaQ3gZ0fBASEIABDb6e7T5LsD2RvVlejwkOdskys8h2nPnelhpv85Selii70NDNVog75ymlCvjMdA3Zos6ad1p7cEsmWZjyV4mWY9m48JFQitjepb4PDgSWZJK1m3bUj+eS289ajd4YxzIC2Z+G16b5s8jFUOxkClEbwKUEov0eW7PHwgi5327NPLzH1pAK/lvWNvwXaXhRfTUgs/BHrRy9922/j0WGjDfyn6dijs/klK+qVrHD+j8jRtBxRCxtDBzoePWRPX02O3+VEWszboFme1OG9AfQXxz7ao31jwRjuQjAq8BcafVO3jc/BMNpfke61PjdW01pxkBeqhRuTEV1+o0BeKgr9pZ4Q==\n",
            "content_base64": null,
            "content_base64sha256": "LmOjbSW2r1CIh5yilQn9KhEl2lW1ItElVXPTUTE5fU0=",
            "content_base64sha512": "46z1fxBWHjrgycMo0oR6tQADhbdF2s0lCh35clPvlbLEMua6ZE7FKpX/sfCn81Yd0pvFZ/Z5TYSa1dxH+7+zaw==",
            "content_md5": "9d46a60a19bf8771b2063b6cdec204c8",
            "content_sha1": "27cfd85cdfce102b3b1035b4b23bde846c7f1d8c",
            "content_sha256": "2e63a36d25b6af5088879ca29509fd2a1125da55b522d1255573d35131397d4d",
            "content_sha512": "e3acf57f10561e3ae0c9c328d2847ab5000385b745dacd250a1df97253ef95b2c432e6ba644ec52a95ffb1f0a7f3561dd29bc567f6794d849ad5dc47fbbfb36b",
            "directory_permission": "0777",
            "file_permission": "0777",
            "filename": "public.pub",
            "id": "27cfd85cdfce102b3b1035b4b23bde846c7f1d8c",
            "sensitive_content": null,
            "source": null
          },
          "sensitive_attributes": [],
          "dependencies": [
            "module.prod_modules.tls_private_key.ssh_key_linux_openssh"
          ]
        }
      ]
    },
    {
      "module": "module.prod_modules",
      "mode": "managed",
      "type": "null_resource",
      "name": "controller_provision",
      "provider": "provider[\"registry.terraform.io/hashicorp/null\"]",
      "instances": [
        {
          "schema_version": 0,
          "attributes": {
            "id": "4111292136200932457",
            "triggers": null
          },
          "sensitive_attributes": [],
          "dependencies": [
            "module.prod_modules.azurerm_linux_virtual_machine.nodes",
            "module.prod_modules.azurerm_network_interface.nic_prod_nodes",
            "module.prod_modules.azurerm_public_ip.pubip_controller",
            "module.prod_modules.azurerm_public_ip.pubip_node_web",
            "module.prod_modules.azurerm_resource_group.prod_group",
            "module.prod_modules.azurerm_subnet.subnet_prod",
            "module.prod_modules.azurerm_virtual_network.vnet_prod",
            "module.prod_modules.azurerm_virtual_network.vnet_prod_controller",
            "module.prod_modules.azurerm_virtual_network_peering.vnet_controller_to_prod",
            "module.prod_modules.azurerm_virtual_network_peering.vnet_prod_to_controller",
            "module.prod_modules.null_resource.output_private_ips",
            "module.prod_modules.tls_private_key.ssh_key_linux_openssh"
          ]
        }
      ]
    },
    {
      "module": "module.prod_modules",
      "mode": "managed",
      "type": "null_resource",
      "name": "cp_iplist",
      "provider": "provider[\"registry.terraform.io/hashicorp/null\"]",
      "instances": [
        {
          "schema_version": 0,
          "attributes": {
            "id": "6694928088921022498",
            "triggers": null
          },
          "sensitive_attributes": [],
          "dependencies": [
            "module.prod_modules.azurerm_linux_virtual_machine.nodes",
            "module.prod_modules.azurerm_network_interface.nic_prod_nodes",
            "module.prod_modules.azurerm_public_ip.pubip_controller",
            "module.prod_modules.azurerm_public_ip.pubip_node_web",
            "module.prod_modules.azurerm_resource_group.prod_group",
            "module.prod_modules.azurerm_subnet.subnet_prod",
            "module.prod_modules.azurerm_virtual_network.vnet_prod",
            "module.prod_modules.null_resource.output_private_ips",
            "module.prod_modules.tls_private_key.ssh_key_linux_openssh"
          ]
        }
      ]
    },
    {
      "module": "module.prod_modules",
      "mode": "managed",
      "type": "null_resource",
      "name": "cp_playbooks",
      "provider": "provider[\"registry.terraform.io/hashicorp/null\"]",
      "instances": [
        {
          "schema_version": 0,
          "attributes": {
            "id": "3734235456373213406",
            "triggers": null
          },
          "sensitive_attributes": [],
          "dependencies": [
            "module.prod_modules.azurerm_public_ip.pubip_controller",
            "module.prod_modules.azurerm_resource_group.prod_group",
            "module.prod_modules.tls_private_key.ssh_key_linux_openssh"
          ]
        }
      ]
    },
    {
      "module": "module.prod_modules",
      "mode": "managed",
      "type": "null_resource",
      "name": "output_private_ips",
      "provider": "provider[\"registry.terraform.io/hashicorp/null\"]",
      "instances": [
        {
          "schema_version": 0,
          "attributes": {
            "id": "703981687057041674",
            "triggers": null
          },
          "sensitive_attributes": [],
          "dependencies": [
            "module.prod_modules.azurerm_linux_virtual_machine.nodes",
            "module.prod_modules.azurerm_network_interface.nic_prod_nodes",
            "module.prod_modules.azurerm_public_ip.pubip_node_web",
            "module.prod_modules.azurerm_resource_group.prod_group",
            "module.prod_modules.azurerm_subnet.subnet_prod",
            "module.prod_modules.azurerm_virtual_network.vnet_prod",
            "module.prod_modules.tls_private_key.ssh_key_linux_openssh"
          ]
        }
      ]
    },
    {
      "module": "module.prod_modules",
      "mode": "managed",
      "type": "tls_private_key",
      "name": "ssh_key_linux_openssh",
      "provider": "provider[\"registry.terraform.io/hashicorp/tls\"]",
      "instances": [
        {
          "schema_version": 1,
          "attributes": {
            "algorithm": "RSA",
            "ecdsa_curve": "P224",
            "id": "304b7a4ec67f937323bc905ed43e2453048e9157",
            "private_key_openssh": "-----BEGIN OPENSSH PRIVATE KEY-----\nb3BlbnNzaC1rZXktdjEAAAAABG5vbmUAAAAEbm9uZQAAAAAAAAABAAACFwAAAAdz\nc2gtcnNhAAAAAwEAAQAAAgEA23WknLNpLTtxFt/g2ZzylD1kWevT20LgSLS4PVzN\nh3ThkarCWQDV796tE2E8C31pPIjo0q+VxQorl3b24X7aYT3erxMSFB6Jru92VKKD\nAS86aGljhSrzTj1v5C5v0aebOkg4AfUfNliCSfrGMjwXIx+IolGBkfvXqJMI7jXr\nLekqLqhCVwCSyQmOZrQZO1kqUD7IP3YMGU28jXFrQYFL3T9qfmsypC0HIaRcCyKe\nIWuqUcYqdDhFKA1EAH+gLWmHMH4BwAbJMyjy6E6cSs7BjGpfRXVsogAK9KRIL/OU\n+WawBCXAuLoM/vBcgvF6Mo2m2AIWSizxWkN4GdHwQEhCAAQ2+nu0+S7A9kb1ZXo8\nJDnbJMrPIdpz53pYab/OUnpYou9DQzVaIO+cppQr4zHQN2aLOmndae3BLJlmY8le\nJlmPZuPCRUIrY3qW+Dw4ElmSStZt21I/nktvPWo3eGMcyAtmfhtem+bPIxVDsZAp\nRG8ClBKL9Hluzx8IIud9uzTy8x9aQCv5b1jb8F2l4UX01ILPwR60cvfdtv49Fhow\n38p+nYo7P5JSvqlaxw/o/I0bQcUQsbQwc6Hj1kT19Njt/lRFrM26BZntThvQH0F8\nc+2qN9Y8EY7kIwKvAXGn1Tt43PwTDaX5HutT43VtNacZAXqoUbkxFdfqNAXioK/a\nWeEAAAc4ofMTQaHzE0EAAAAHc3NoLXJzYQAAAgEA23WknLNpLTtxFt/g2ZzylD1k\nWevT20LgSLS4PVzNh3ThkarCWQDV796tE2E8C31pPIjo0q+VxQorl3b24X7aYT3e\nrxMSFB6Jru92VKKDAS86aGljhSrzTj1v5C5v0aebOkg4AfUfNliCSfrGMjwXIx+I\nolGBkfvXqJMI7jXrLekqLqhCVwCSyQmOZrQZO1kqUD7IP3YMGU28jXFrQYFL3T9q\nfmsypC0HIaRcCyKeIWuqUcYqdDhFKA1EAH+gLWmHMH4BwAbJMyjy6E6cSs7BjGpf\nRXVsogAK9KRIL/OU+WawBCXAuLoM/vBcgvF6Mo2m2AIWSizxWkN4GdHwQEhCAAQ2\n+nu0+S7A9kb1ZXo8JDnbJMrPIdpz53pYab/OUnpYou9DQzVaIO+cppQr4zHQN2aL\nOmndae3BLJlmY8leJlmPZuPCRUIrY3qW+Dw4ElmSStZt21I/nktvPWo3eGMcyAtm\nfhtem+bPIxVDsZApRG8ClBKL9Hluzx8IIud9uzTy8x9aQCv5b1jb8F2l4UX01ILP\nwR60cvfdtv49Fhow38p+nYo7P5JSvqlaxw/o/I0bQcUQsbQwc6Hj1kT19Njt/lRF\nrM26BZntThvQH0F8c+2qN9Y8EY7kIwKvAXGn1Tt43PwTDaX5HutT43VtNacZAXqo\nUbkxFdfqNAXioK/aWeEAAAADAQABAAACAQCj00dl/vxl2rjKRagZavMfPFEcW1KU\nnHDHdbkPfaakFtmInztjq58I6Ga1T+G+Bgm4Oc/r701TgQsXj6Quoz6sVr5UXV0i\njcVkRLhF5+b5zGLCrOGw+GYWowBTC2NH0+Gp+V1uAKkjLaFdTooD2B3Bh3m9CjE6\nZBESc2i4QqHkbOmjWNHlFrV8w9h8zLcFOcO/kY506U+Q2BoIUIGrrbSPXhbGdomg\nS0jGkWZwnZAEDNZhIxhwF81wX67C3IMbQ2q7BWWTDr3FpizmxEAiDAQqKQIj3MuS\nh4umIrkMqr4sC78b6X7bp2+qJI465b693EaPe8dd6fzlz/Xo+HJr2kUBUbE10IZX\nvh5x75PW/hApHj58rszV7y0czm10hnkGCq1skIr8NgE4qg62OAP0UIUlyJ8Cecfx\nPYqVRH7Ued25HlMWhwXu2nItXtRhwSzhIDsqsVaMYV69HcOajIQIBcrc2KAm9d/n\ndXB5V7zAftD1FqIOzGak7APF1ksAzLJ/idTRtgmN2nsV7s86bdKCsLdQMpClaFpN\nnkufc+m5MtXGrRyDYUu4XZoiiLm5jT7C/xC6uEIDoYYlk970J3y7E0Hvsm5+2mKj\nEP20TQrAXeLtnspgLtkCdT7x34cnQhwqCiSc2WKBp/i5z5qz/weG7T/D9xFnwDDh\nkCygNmHrWkehbQAAAQEAo508SuaW7fV7DTEZ7Of/l8omtajwPq2ovaHP+sHvb+QI\nmFmKnSpw9ChKwMm4PaG41NMpIf/woeGM0nPZ9qx92IH9TpKMmUXJM1HvX/StcF7C\nlDPWofJtjux5B0I2rkLIQ5oYC1h7VYqJquiSmxVUmETWpY8vSGbF5vlhtuyncb8J\nnfrDA3TuB5gE3ZcenSuaMOB2MMMRWuA3M51kK4BaAYCPFPuFwwyzzvlYeXrPYyj5\n8HGVMmhrKX2C9ICWj1vGwZFKGVf8sai8b45Z1RIG684Z/gJ7FksK6WTqhIGGJEMs\nITphpDO4FZTZGEfIyzYJuYfQW5khcW/+srOAPs8R0gAAAQEA4ABMC2BfoKTDysfr\nEwWmkoKJ/L5e/R2HoGn/03QWegMKljuImULnGLzIK/TY+/+1JGiWJXQ5N2teMfp7\n1L3H0d056inEgNuCyWqg7T3vIrUoSEPuBcFfaM1rSq09j2yKBdLogazCt2m3X/a/\n7yhKiZe0mKZ6YvNRkW7VA7zzy+iiVPSEVBYWd7u+auNlYSAUtDF/kcEeYZMAAP44\nukJt4qtCk8nY6maxyhiHdNnpMWBYhXRf1nBcOtCf0CP0u1ZQMPZ3XchU/Ciow6rd\nE4Rv2JA/MbR6Bz2E88D3pAUlDg87u3yE7MMu2LeGM1AZoODJenwVOesgIQ+lwcFO\nsjp0pwAAAQEA+s9CaSvZ7kalChxlRM0+jOA5/jbUn9ZLHHluddws9sxEO2pXODo1\nVneMR/Wrzeqjr6WIQJwZZzkEUkqS55c4+YGkntDy6PXK0xUdfpzGH6/EjAhlrtoR\nFgDMUcq5sz8I0CEsXCNGsYy+5ulSf8jAS+5HoYLNTNoT5inQyvLMFi2s6HU7zyJS\nGoRuhEQcfBEf7sN4o/3dMGuOfuaan5JiFnFexei2vwRC5o1EtoYU+ePqcQz5to76\nBVdE7X4Um2GxzzKho9Lp+VeBcwE5Uo3s3yBEL6qeO02v1NS1Nbjv2PFYdxxsXBOu\nK5FyGf87HO5iUYjIdBJskzZ2CIy/zwGmNwAAAAAB\n-----END OPENSSH PRIVATE KEY-----\n",
            "private_key_pem": "-----BEGIN RSA PRIVATE KEY-----\nMIIJKwIBAAKCAgEA23WknLNpLTtxFt/g2ZzylD1kWevT20LgSLS4PVzNh3ThkarC\nWQDV796tE2E8C31pPIjo0q+VxQorl3b24X7aYT3erxMSFB6Jru92VKKDAS86aGlj\nhSrzTj1v5C5v0aebOkg4AfUfNliCSfrGMjwXIx+IolGBkfvXqJMI7jXrLekqLqhC\nVwCSyQmOZrQZO1kqUD7IP3YMGU28jXFrQYFL3T9qfmsypC0HIaRcCyKeIWuqUcYq\ndDhFKA1EAH+gLWmHMH4BwAbJMyjy6E6cSs7BjGpfRXVsogAK9KRIL/OU+WawBCXA\nuLoM/vBcgvF6Mo2m2AIWSizxWkN4GdHwQEhCAAQ2+nu0+S7A9kb1ZXo8JDnbJMrP\nIdpz53pYab/OUnpYou9DQzVaIO+cppQr4zHQN2aLOmndae3BLJlmY8leJlmPZuPC\nRUIrY3qW+Dw4ElmSStZt21I/nktvPWo3eGMcyAtmfhtem+bPIxVDsZApRG8ClBKL\n9Hluzx8IIud9uzTy8x9aQCv5b1jb8F2l4UX01ILPwR60cvfdtv49Fhow38p+nYo7\nP5JSvqlaxw/o/I0bQcUQsbQwc6Hj1kT19Njt/lRFrM26BZntThvQH0F8c+2qN9Y8\nEY7kIwKvAXGn1Tt43PwTDaX5HutT43VtNacZAXqoUbkxFdfqNAXioK/aWeECAwEA\nAQKCAgEAo9NHZf78Zdq4ykWoGWrzHzxRHFtSlJxwx3W5D32mpBbZiJ87Y6ufCOhm\ntU/hvgYJuDnP6+9NU4ELF4+kLqM+rFa+VF1dIo3FZES4Refm+cxiwqzhsPhmFqMA\nUwtjR9PhqfldbgCpIy2hXU6KA9gdwYd5vQoxOmQREnNouEKh5Gzpo1jR5Ra1fMPY\nfMy3BTnDv5GOdOlPkNgaCFCBq620j14WxnaJoEtIxpFmcJ2QBAzWYSMYcBfNcF+u\nwtyDG0NquwVlkw69xaYs5sRAIgwEKikCI9zLkoeLpiK5DKq+LAu/G+l+26dvqiSO\nOuW+vdxGj3vHXen85c/16Phya9pFAVGxNdCGV74ece+T1v4QKR4+fK7M1e8tHM5t\ndIZ5BgqtbJCK/DYBOKoOtjgD9FCFJcifAnnH8T2KlUR+1HnduR5TFocF7tpyLV7U\nYcEs4SA7KrFWjGFevR3DmoyECAXK3NigJvXf53VweVe8wH7Q9RaiDsxmpOwDxdZL\nAMyyf4nU0bYJjdp7Fe7POm3SgrC3UDKQpWhaTZ5Ln3PpuTLVxq0cg2FLuF2aIoi5\nuY0+wv8QurhCA6GGJZPe9Cd8uxNB77JuftpioxD9tE0KwF3i7Z7KYC7ZAnU+8d+H\nJ0IcKgoknNligaf4uc+as/8Hhu0/w/cRZ8Aw4ZAsoDZh61pHoW0CggEBAOAATAtg\nX6Ckw8rH6xMFppKCify+Xv0dh6Bp/9N0FnoDCpY7iJlC5xi8yCv02Pv/tSRoliV0\nOTdrXjH6e9S9x9HdOeopxIDbgslqoO097yK1KEhD7gXBX2jNa0qtPY9sigXS6IGs\nwrdpt1/2v+8oSomXtJimemLzUZFu1QO888voolT0hFQWFne7vmrjZWEgFLQxf5HB\nHmGTAAD+OLpCbeKrQpPJ2OpmscoYh3TZ6TFgWIV0X9ZwXDrQn9Aj9LtWUDD2d13I\nVPwoqMOq3ROEb9iQPzG0egc9hPPA96QFJQ4PO7t8hOzDLti3hjNQGaDgyXp8FTnr\nICEPpcHBTrI6dKcCggEBAPrPQmkr2e5GpQocZUTNPozgOf421J/WSxx5bnXcLPbM\nRDtqVzg6NVZ3jEf1q83qo6+liECcGWc5BFJKkueXOPmBpJ7Q8uj1ytMVHX6cxh+v\nxIwIZa7aERYAzFHKubM/CNAhLFwjRrGMvubpUn/IwEvuR6GCzUzaE+Yp0MryzBYt\nrOh1O88iUhqEboREHHwRH+7DeKP93TBrjn7mmp+SYhZxXsXotr8EQuaNRLaGFPnj\n6nEM+baO+gVXRO1+FJthsc8yoaPS6flXgXMBOVKN7N8gRC+qnjtNr9TUtTW479jx\nWHccbFwTriuRchn/OxzuYlGIyHQSbJM2dgiMv88BpjcCggEBAJSVnduuAcC9imJo\nWjYz+VoV3RIZ9UhQ3jY6GchZqM8mVU9yDhobls+B6gW+VHBUHgQYnAAcKBfq0IC2\ndo2XlYRQCqqZKg+PjCGu6TB1dLrBEAdfh/OpYXBTUmgmoj8Q8D0Muc3Kmx6usUSm\nmIo7X7YFO3ZGd8hLPkAKFKJ2JAGOPp+70ks0m5Kwpo6gaA8VCKa+brBwOYbfy5Dd\nESP8DIfesjr2GTzjAevceX25TkXCcvWTTD8iKQuad2fJcf0SM/9Gfcdnq3fYQJoK\nLLtVjhtJE6IU5R0IYbiOt7XE899vm1+yKToj/l8i3ZIL//QHJ55n0Gyq2pUTnA/5\n+gmfXOECggEBALj1Y1o/1mUbf9Ym/p9wZHJrYRkRwldlJtsGyejsx9Pw61iNoWh7\ntJ3hZ3ghueMO6Es93W8YLruqln9BM3jKUl/dtVLRcHFP4ZUseyXF4222p1FFWAdM\nFVGOoR6oS63eDFfAPwBrm1SQILAU3JwTpYvZWsXGujO0lvwjVjB0QQESCfMbkVG9\nU6LuirnLqN3tmwju6ea17gopJ1p6IQkQYHmAfY2hgjL3p4ZyI3wfARUPePKJyRVR\n9xs9Mj2ZvwSfVQshoYY4ogcY+wOeoXE57LbXCrHENxAwyDxB6KiHi4kG4mBke5yj\nfsvuZKC7UhKR0bujDYBbneoqPX0snr6/zp0CggEBAKOdPErmlu31ew0xGezn/5fK\nJrWo8D6tqL2hz/rB72/kCJhZip0qcPQoSsDJuD2huNTTKSH/8KHhjNJz2fasfdiB\n/U6SjJlFyTNR71/0rXBewpQz1qHybY7seQdCNq5CyEOaGAtYe1WKiarokpsVVJhE\n1qWPL0hmxeb5Ybbsp3G/CZ36wwN07geYBN2XHp0rmjDgdjDDEVrgNzOdZCuAWgGA\njxT7hcMMs875WHl6z2Mo+fBxlTJoayl9gvSAlo9bxsGRShlX/LGovG+OWdUSBuvO\nGf4CexZLCulk6oSBhiRDLCE6YaQzuBWU2RhHyMs2CbmH0FuZIXFv/rKzgD7PEdI=\n-----END RSA PRIVATE KEY-----\n",
            "private_key_pem_pkcs8": "-----BEGIN PRIVATE KEY-----\nMIIJRQIBADANBgkqhkiG9w0BAQEFAASCCS8wggkrAgEAAoICAQDbdaScs2ktO3EW\n3+DZnPKUPWRZ69PbQuBItLg9XM2HdOGRqsJZANXv3q0TYTwLfWk8iOjSr5XFCiuX\ndvbhftphPd6vExIUHomu73ZUooMBLzpoaWOFKvNOPW/kLm/Rp5s6SDgB9R82WIJJ\n+sYyPBcjH4iiUYGR+9eokwjuNest6SouqEJXAJLJCY5mtBk7WSpQPsg/dgwZTbyN\ncWtBgUvdP2p+azKkLQchpFwLIp4ha6pRxip0OEUoDUQAf6AtaYcwfgHABskzKPLo\nTpxKzsGMal9FdWyiAAr0pEgv85T5ZrAEJcC4ugz+8FyC8XoyjabYAhZKLPFaQ3gZ\n0fBASEIABDb6e7T5LsD2RvVlejwkOdskys8h2nPnelhpv85Selii70NDNVog75ym\nlCvjMdA3Zos6ad1p7cEsmWZjyV4mWY9m48JFQitjepb4PDgSWZJK1m3bUj+eS289\najd4YxzIC2Z+G16b5s8jFUOxkClEbwKUEov0eW7PHwgi5327NPLzH1pAK/lvWNvw\nXaXhRfTUgs/BHrRy9922/j0WGjDfyn6dijs/klK+qVrHD+j8jRtBxRCxtDBzoePW\nRPX02O3+VEWszboFme1OG9AfQXxz7ao31jwRjuQjAq8BcafVO3jc/BMNpfke61Pj\ndW01pxkBeqhRuTEV1+o0BeKgr9pZ4QIDAQABAoICAQCj00dl/vxl2rjKRagZavMf\nPFEcW1KUnHDHdbkPfaakFtmInztjq58I6Ga1T+G+Bgm4Oc/r701TgQsXj6Quoz6s\nVr5UXV0ijcVkRLhF5+b5zGLCrOGw+GYWowBTC2NH0+Gp+V1uAKkjLaFdTooD2B3B\nh3m9CjE6ZBESc2i4QqHkbOmjWNHlFrV8w9h8zLcFOcO/kY506U+Q2BoIUIGrrbSP\nXhbGdomgS0jGkWZwnZAEDNZhIxhwF81wX67C3IMbQ2q7BWWTDr3FpizmxEAiDAQq\nKQIj3MuSh4umIrkMqr4sC78b6X7bp2+qJI465b693EaPe8dd6fzlz/Xo+HJr2kUB\nUbE10IZXvh5x75PW/hApHj58rszV7y0czm10hnkGCq1skIr8NgE4qg62OAP0UIUl\nyJ8CecfxPYqVRH7Ued25HlMWhwXu2nItXtRhwSzhIDsqsVaMYV69HcOajIQIBcrc\n2KAm9d/ndXB5V7zAftD1FqIOzGak7APF1ksAzLJ/idTRtgmN2nsV7s86bdKCsLdQ\nMpClaFpNnkufc+m5MtXGrRyDYUu4XZoiiLm5jT7C/xC6uEIDoYYlk970J3y7E0Hv\nsm5+2mKjEP20TQrAXeLtnspgLtkCdT7x34cnQhwqCiSc2WKBp/i5z5qz/weG7T/D\n9xFnwDDhkCygNmHrWkehbQKCAQEA4ABMC2BfoKTDysfrEwWmkoKJ/L5e/R2HoGn/\n03QWegMKljuImULnGLzIK/TY+/+1JGiWJXQ5N2teMfp71L3H0d056inEgNuCyWqg\n7T3vIrUoSEPuBcFfaM1rSq09j2yKBdLogazCt2m3X/a/7yhKiZe0mKZ6YvNRkW7V\nA7zzy+iiVPSEVBYWd7u+auNlYSAUtDF/kcEeYZMAAP44ukJt4qtCk8nY6maxyhiH\ndNnpMWBYhXRf1nBcOtCf0CP0u1ZQMPZ3XchU/Ciow6rdE4Rv2JA/MbR6Bz2E88D3\npAUlDg87u3yE7MMu2LeGM1AZoODJenwVOesgIQ+lwcFOsjp0pwKCAQEA+s9CaSvZ\n7kalChxlRM0+jOA5/jbUn9ZLHHluddws9sxEO2pXODo1VneMR/Wrzeqjr6WIQJwZ\nZzkEUkqS55c4+YGkntDy6PXK0xUdfpzGH6/EjAhlrtoRFgDMUcq5sz8I0CEsXCNG\nsYy+5ulSf8jAS+5HoYLNTNoT5inQyvLMFi2s6HU7zyJSGoRuhEQcfBEf7sN4o/3d\nMGuOfuaan5JiFnFexei2vwRC5o1EtoYU+ePqcQz5to76BVdE7X4Um2GxzzKho9Lp\n+VeBcwE5Uo3s3yBEL6qeO02v1NS1Nbjv2PFYdxxsXBOuK5FyGf87HO5iUYjIdBJs\nkzZ2CIy/zwGmNwKCAQEAlJWd264BwL2KYmhaNjP5WhXdEhn1SFDeNjoZyFmozyZV\nT3IOGhuWz4HqBb5UcFQeBBicABwoF+rQgLZ2jZeVhFAKqpkqD4+MIa7pMHV0usEQ\nB1+H86lhcFNSaCaiPxDwPQy5zcqbHq6xRKaYijtftgU7dkZ3yEs+QAoUonYkAY4+\nn7vSSzSbkrCmjqBoDxUIpr5usHA5ht/LkN0RI/wMh96yOvYZPOMB69x5fblORcJy\n9ZNMPyIpC5p3Z8lx/RIz/0Z9x2erd9hAmgosu1WOG0kTohTlHQhhuI63tcTz32+b\nX7IpOiP+XyLdkgv/9AcnnmfQbKralROcD/n6CZ9c4QKCAQEAuPVjWj/WZRt/1ib+\nn3BkcmthGRHCV2Um2wbJ6OzH0/DrWI2haHu0neFneCG54w7oSz3dbxguu6qWf0Ez\neMpSX921UtFwcU/hlSx7JcXjbbanUUVYB0wVUY6hHqhLrd4MV8A/AGubVJAgsBTc\nnBOli9laxca6M7SW/CNWMHRBARIJ8xuRUb1Tou6Kucuo3e2bCO7p5rXuCiknWnoh\nCRBgeYB9jaGCMvenhnIjfB8BFQ948onJFVH3Gz0yPZm/BJ9VCyGhhjiiBxj7A56h\ncTnsttcKscQ3EDDIPEHoqIeLiQbiYGR7nKN+y+5koLtSEpHRu6MNgFud6io9fSye\nvr/OnQKCAQEAo508SuaW7fV7DTEZ7Of/l8omtajwPq2ovaHP+sHvb+QImFmKnSpw\n9ChKwMm4PaG41NMpIf/woeGM0nPZ9qx92IH9TpKMmUXJM1HvX/StcF7ClDPWofJt\njux5B0I2rkLIQ5oYC1h7VYqJquiSmxVUmETWpY8vSGbF5vlhtuyncb8JnfrDA3Tu\nB5gE3ZcenSuaMOB2MMMRWuA3M51kK4BaAYCPFPuFwwyzzvlYeXrPYyj58HGVMmhr\nKX2C9ICWj1vGwZFKGVf8sai8b45Z1RIG684Z/gJ7FksK6WTqhIGGJEMsITphpDO4\nFZTZGEfIyzYJuYfQW5khcW/+srOAPs8R0g==\n-----END PRIVATE KEY-----\n",
            "public_key_fingerprint_md5": "05:e0:02:7b:56:6b:49:25:32:df:a7:43:0c:b6:34:38",
            "public_key_fingerprint_sha256": "SHA256:Ozg6SQ0W8pCrWB3iHo+xqk3ee+MXg253+lbXHlwXXHQ",
            "public_key_openssh": "ssh-rsa AAAAB3NzaC1yc2EAAAADAQABAAACAQDbdaScs2ktO3EW3+DZnPKUPWRZ69PbQuBItLg9XM2HdOGRqsJZANXv3q0TYTwLfWk8iOjSr5XFCiuXdvbhftphPd6vExIUHomu73ZUooMBLzpoaWOFKvNOPW/kLm/Rp5s6SDgB9R82WIJJ+sYyPBcjH4iiUYGR+9eokwjuNest6SouqEJXAJLJCY5mtBk7WSpQPsg/dgwZTbyNcWtBgUvdP2p+azKkLQchpFwLIp4ha6pRxip0OEUoDUQAf6AtaYcwfgHABskzKPLoTpxKzsGMal9FdWyiAAr0pEgv85T5ZrAEJcC4ugz+8FyC8XoyjabYAhZKLPFaQ3gZ0fBASEIABDb6e7T5LsD2RvVlejwkOdskys8h2nPnelhpv85Selii70NDNVog75ymlCvjMdA3Zos6ad1p7cEsmWZjyV4mWY9m48JFQitjepb4PDgSWZJK1m3bUj+eS289ajd4YxzIC2Z+G16b5s8jFUOxkClEbwKUEov0eW7PHwgi5327NPLzH1pAK/lvWNvwXaXhRfTUgs/BHrRy9922/j0WGjDfyn6dijs/klK+qVrHD+j8jRtBxRCxtDBzoePWRPX02O3+VEWszboFme1OG9AfQXxz7ao31jwRjuQjAq8BcafVO3jc/BMNpfke61PjdW01pxkBeqhRuTEV1+o0BeKgr9pZ4Q==\n",
            "public_key_pem": "-----BEGIN PUBLIC KEY-----\nMIICIjANBgkqhkiG9w0BAQEFAAOCAg8AMIICCgKCAgEA23WknLNpLTtxFt/g2Zzy\nlD1kWevT20LgSLS4PVzNh3ThkarCWQDV796tE2E8C31pPIjo0q+VxQorl3b24X7a\nYT3erxMSFB6Jru92VKKDAS86aGljhSrzTj1v5C5v0aebOkg4AfUfNliCSfrGMjwX\nIx+IolGBkfvXqJMI7jXrLekqLqhCVwCSyQmOZrQZO1kqUD7IP3YMGU28jXFrQYFL\n3T9qfmsypC0HIaRcCyKeIWuqUcYqdDhFKA1EAH+gLWmHMH4BwAbJMyjy6E6cSs7B\njGpfRXVsogAK9KRIL/OU+WawBCXAuLoM/vBcgvF6Mo2m2AIWSizxWkN4GdHwQEhC\nAAQ2+nu0+S7A9kb1ZXo8JDnbJMrPIdpz53pYab/OUnpYou9DQzVaIO+cppQr4zHQ\nN2aLOmndae3BLJlmY8leJlmPZuPCRUIrY3qW+Dw4ElmSStZt21I/nktvPWo3eGMc\nyAtmfhtem+bPIxVDsZApRG8ClBKL9Hluzx8IIud9uzTy8x9aQCv5b1jb8F2l4UX0\n1ILPwR60cvfdtv49Fhow38p+nYo7P5JSvqlaxw/o/I0bQcUQsbQwc6Hj1kT19Njt\n/lRFrM26BZntThvQH0F8c+2qN9Y8EY7kIwKvAXGn1Tt43PwTDaX5HutT43VtNacZ\nAXqoUbkxFdfqNAXioK/aWeECAwEAAQ==\n-----END PUBLIC KEY-----\n",
            "rsa_bits": 4096
          },
          "sensitive_attributes": []
        }
      ]
    }
  ],
  "check_results": null
}
